{
  "version": 4,
  "terraform_version": "1.15.4",
  "serial": 635,
  "lineage": "9b45159c-69e3-c3f0-22f9-ecbfc70f2fc7",
  "outputs": {
    "artifact_stage_url": {
      "value": "@CSTA_MARKETING_SHARED.ARTIFACTS.CSTA_DBT_ARTIFACTS",
      "type": "string"
    },
    "database_names": {
      "value": {
        "dev": "CSTA_MARKETING_DEV",
        "prod": "CSTA_MARKETING_PROD",
        "shared": "CSTA_MARKETING_SHARED",
        "uat": "CSTA_MARKETING_UAT"
      },
      "type": [
        "object",
        {
          "dev": "string",
          "prod": "string",
          "shared": "string",
          "uat": "string"
        }
      ]
    },
    "functional_role_names": {
      "value": {
        "CSTA_ANALYST_ROLE": "CSTA_ANALYST_ROLE",
        "CSTA_CORTEX_ROLE": "CSTA_CORTEX_ROLE",
        "CSTA_DBT_DEV_ROLE": "CSTA_DBT_DEV_ROLE",
        "CSTA_DBT_PROD_ROLE": "CSTA_DBT_PROD_ROLE",
        "CSTA_DBT_UAT_ROLE": "CSTA_DBT_UAT_ROLE",
        "CSTA_DEV_ROLE": "CSTA_DEV_ROLE",
        "CSTA_OBSERVER_ROLE": "CSTA_OBSERVER_ROLE",
        "CSTA_STREAMLIT_ROLE": "CSTA_STREAMLIT_ROLE",
        "CSTA_UAT_DEV_ROLE": "CSTA_UAT_DEV_ROLE"
      },
      "type": [
        "object",
        {
          "CSTA_ANALYST_ROLE": "string",
          "CSTA_CORTEX_ROLE": "string",
          "CSTA_DBT_DEV_ROLE": "string",
          "CSTA_DBT_PROD_ROLE": "string",
          "CSTA_DBT_UAT_ROLE": "string",
          "CSTA_DEV_ROLE": "string",
          "CSTA_OBSERVER_ROLE": "string",
          "CSTA_STREAMLIT_ROLE": "string",
          "CSTA_UAT_DEV_ROLE": "string"
        }
      ]
    },
    "warehouse_names": {
      "value": {
        "dev": "CSTA_DBT_DEV_WH",
        "prod": "CSTA_DBT_PROD_WH",
        "uat": "CSTA_DBT_UAT_WH"
      },
      "type": [
        "object",
        {
          "dev": "string",
          "prod": "string",
          "uat": "string"
        }
      ]
    }
  },
  "resources": [
    {
      "module": "module.databases",
      "mode": "managed",
      "type": "snowflake_database",
      "name": "this",
      "provider": "provider[\"registry.terraform.io/snowflakedb/snowflake\"]",
      "instances": [
        {
          "index_key": "dev",
          "schema_version": 1,
          "attributes": {
            "catalog": "",
            "comment": "Development environment — feature branches and dev branch",
            "data_retention_time_in_days": 1,
            "default_ddl_collation": "",
            "drop_public_schema_on_creation": null,
            "enable_console_output": false,
            "external_volume": "",
            "fully_qualified_name": "\"CSTA_MARKETING_DEV\"",
            "id": "CSTA_MARKETING_DEV",
            "is_transient": false,
            "log_level": "OFF",
            "max_data_extension_time_in_days": 14,
            "name": "CSTA_MARKETING_DEV",
            "quoted_identifiers_ignore_case": false,
            "replace_invalid_characters": false,
            "replication": [],
            "storage_serialization_policy": "OPTIMIZED",
            "suspend_task_after_num_failures": 10,
            "task_auto_retry_attempts": 0,
            "trace_level": "OFF",
            "user_task_managed_initial_warehouse_size": "Medium",
            "user_task_minimum_trigger_interval_in_seconds": 30,
            "user_task_timeout_ms": 3600000
          },
          "sensitive_attributes": [],
          "identity_schema_version": 0,
          "private": "eyJzY2hlbWFfdmVyc2lvbiI6IjEifQ=="
        },
        {
          "index_key": "prod",
          "schema_version": 1,
          "attributes": {
            "catalog": "",
            "comment": "Production environment — main branch; source of truth",
            "data_retention_time_in_days": 14,
            "default_ddl_collation": "",
            "drop_public_schema_on_creation": null,
            "enable_console_output": false,
            "external_volume": "",
            "fully_qualified_name": "\"CSTA_MARKETING_PROD\"",
            "id": "CSTA_MARKETING_PROD",
            "is_transient": false,
            "log_level": "OFF",
            "max_data_extension_time_in_days": 14,
            "name": "CSTA_MARKETING_PROD",
            "quoted_identifiers_ignore_case": false,
            "replace_invalid_characters": false,
            "replication": [],
            "storage_serialization_policy": "OPTIMIZED",
            "suspend_task_after_num_failures": 10,
            "task_auto_retry_attempts": 0,
            "trace_level": "OFF",
            "user_task_managed_initial_warehouse_size": "Medium",
            "user_task_minimum_trigger_interval_in_seconds": 30,
            "user_task_timeout_ms": 3600000
          },
          "sensitive_attributes": [],
          "identity_schema_version": 0,
          "private": "eyJzY2hlbWFfdmVyc2lvbiI6IjEifQ=="
        },
        {
          "index_key": "shared",
          "schema_version": 1,
          "attributes": {
            "catalog": "",
            "comment": "Shared artefact stage and observability schema — accessible to all envs",
            "data_retention_time_in_days": 14,
            "default_ddl_collation": "",
            "drop_public_schema_on_creation": null,
            "enable_console_output": false,
            "external_volume": "",
            "fully_qualified_name": "\"CSTA_MARKETING_SHARED\"",
            "id": "CSTA_MARKETING_SHARED",
            "is_transient": false,
            "log_level": "OFF",
            "max_data_extension_time_in_days": 14,
            "name": "CSTA_MARKETING_SHARED",
            "quoted_identifiers_ignore_case": false,
            "replace_invalid_characters": false,
            "replication": [],
            "storage_serialization_policy": "OPTIMIZED",
            "suspend_task_after_num_failures": 10,
            "task_auto_retry_attempts": 0,
            "trace_level": "OFF",
            "user_task_managed_initial_warehouse_size": "Medium",
            "user_task_minimum_trigger_interval_in_seconds": 30,
            "user_task_timeout_ms": 3600000
          },
          "sensitive_attributes": [],
          "identity_schema_version": 0,
          "private": "eyJzY2hlbWFfdmVyc2lvbiI6IjEifQ=="
        },
        {
          "index_key": "uat",
          "schema_version": 1,
          "attributes": {
            "catalog": "",
            "comment": "UAT environment — uat branch; staging for prod promotion",
            "data_retention_time_in_days": 7,
            "default_ddl_collation": "",
            "drop_public_schema_on_creation": null,
            "enable_console_output": false,
            "external_volume": "",
            "fully_qualified_name": "\"CSTA_MARKETING_UAT\"",
            "id": "CSTA_MARKETING_UAT",
            "is_transient": false,
            "log_level": "OFF",
            "max_data_extension_time_in_days": 14,
            "name": "CSTA_MARKETING_UAT",
            "quoted_identifiers_ignore_case": false,
            "replace_invalid_characters": false,
            "replication": [],
            "storage_serialization_policy": "OPTIMIZED",
            "suspend_task_after_num_failures": 10,
            "task_auto_retry_attempts": 0,
            "trace_level": "OFF",
            "user_task_managed_initial_warehouse_size": "Medium",
            "user_task_minimum_trigger_interval_in_seconds": 30,
            "user_task_timeout_ms": 3600000
          },
          "sensitive_attributes": [],
          "identity_schema_version": 0,
          "private": "eyJzY2hlbWFfdmVyc2lvbiI6IjEifQ=="
        }
      ]
    },
    {
      "module": "module.databases",
      "mode": "managed",
      "type": "snowflake_schema",
      "name": "this",
      "provider": "provider[\"registry.terraform.io/snowflakedb/snowflake\"]",
      "instances": [
        {
          "index_key": "dev_BRONZE",
          "schema_version": 2,
          "attributes": {
            "catalog": "",
            "comment": "Raw typed tables sourced from Olist CSVs and synthetic seed data",
            "data_retention_time_in_days": 1,
            "database": "CSTA_MARKETING_DEV",
            "default_ddl_collation": "",
            "describe_output": [],
            "enable_console_output": false,
            "external_volume": "",
            "fully_qualified_name": "\"CSTA_MARKETING_DEV\".\"BRONZE\"",
            "id": "\"CSTA_MARKETING_DEV\".\"BRONZE\"",
            "is_transient": "default",
            "log_level": "OFF",
            "max_data_extension_time_in_days": 14,
            "name": "BRONZE",
            "parameters": [
              {
                "catalog": [
                  {
                    "default": "",
                    "description": "Name of the catalog integration to use for iceberg tables",
                    "key": "CATALOG",
                    "level": "",
                    "value": ""
                  }
                ],
                "data_retention_time_in_days": [
                  {
                    "default": "1",
                    "description": "number of days to retain the old version of deleted/updated data",
                    "key": "DATA_RETENTION_TIME_IN_DAYS",
                    "level": "DATABASE",
                    "value": "1"
                  }
                ],
                "default_ddl_collation": [
                  {
                    "default": "",
                    "description": "Collation that is used for all the new columns created by the DDL statements (if not specified)",
                    "key": "DEFAULT_DDL_COLLATION",
                    "level": "",
                    "value": ""
                  }
                ],
                "enable_console_output": [
                  {
                    "default": "false",
                    "description": "Enable stdout/stderr fast path logging for anonyous stored procs. This is a public parameter (similar to LOG_LEVEL).",
                    "key": "ENABLE_CONSOLE_OUTPUT",
                    "level": "",
                    "value": "false"
                  }
                ],
                "external_volume": [
                  {
                    "default": "",
                    "description": "Name of an external volume that will be used for persisted Iceberg metadata and data files.",
                    "key": "EXTERNAL_VOLUME",
                    "level": "",
                    "value": ""
                  }
                ],
                "log_level": [
                  {
                    "default": "OFF",
                    "description": "LOG_LEVEL to use when filtering events",
                    "key": "LOG_LEVEL",
                    "level": "",
                    "value": "OFF"
                  }
                ],
                "max_data_extension_time_in_days": [
                  {
                    "default": "14",
                    "description": "Maximum number of days to extend data retention beyond the retention period to prevent a stream becoming stale.",
                    "key": "MAX_DATA_EXTENSION_TIME_IN_DAYS",
                    "level": "",
                    "value": "14"
                  }
                ],
                "pipe_execution_paused": [
                  {
                    "default": "false",
                    "description": "Pause processing of files for a pipe",
                    "key": "PIPE_EXECUTION_PAUSED",
                    "level": "",
                    "value": "false"
                  }
                ],
                "quoted_identifiers_ignore_case": [
                  {
                    "default": "false",
                    "description": "If true, the case of quoted identifiers is ignored",
                    "key": "QUOTED_IDENTIFIERS_IGNORE_CASE",
                    "level": "",
                    "value": "false"
                  }
                ],
                "replace_invalid_characters": [
                  {
                    "default": "false",
                    "description": "Replace invalid UTF-8 characters found in Iceberg table external data files with the Unicode replacement character",
                    "key": "REPLACE_INVALID_CHARACTERS",
                    "level": "",
                    "value": "false"
                  }
                ],
                "storage_serialization_policy": [
                  {
                    "default": "OPTIMIZED",
                    "description": "Storage serialization policy used for managed Iceberg table. This include encodings and compressions",
                    "key": "STORAGE_SERIALIZATION_POLICY",
                    "level": "",
                    "value": "OPTIMIZED"
                  }
                ],
                "suspend_task_after_num_failures": [
                  {
                    "default": "10",
                    "description": "How many times a task must fail in a row before it is automatically suspended. 0 disables auto-suspending.",
                    "key": "SUSPEND_TASK_AFTER_NUM_FAILURES",
                    "level": "",
                    "value": "10"
                  }
                ],
                "task_auto_retry_attempts": [
                  {
                    "default": "0",
                    "description": "Maximum Automatic Retries Allowed For A User Task",
                    "key": "TASK_AUTO_RETRY_ATTEMPTS",
                    "level": "",
                    "value": "0"
                  }
                ],
                "trace_level": [
                  {
                    "default": "OFF",
                    "description": "Trace level value to use when generating/filtering trace events",
                    "key": "TRACE_LEVEL",
                    "level": "",
                    "value": "OFF"
                  }
                ],
                "user_task_managed_initial_warehouse_size": [
                  {
                    "default": "Medium",
                    "description": "The initial size of warehouse to use for managed warehouses in the absence of history",
                    "key": "USER_TASK_MANAGED_INITIAL_WAREHOUSE_SIZE",
                    "level": "",
                    "value": "Medium"
                  }
                ],
                "user_task_minimum_trigger_interval_in_seconds": [
                  {
                    "default": "30",
                    "description": "Minimum amount of time between Triggered Task executions in seconds",
                    "key": "USER_TASK_MINIMUM_TRIGGER_INTERVAL_IN_SECONDS",
                    "level": "",
                    "value": "30"
                  }
                ],
                "user_task_timeout_ms": [
                  {
                    "default": "3600000",
                    "description": "User task execution timeout in milliseconds",
                    "key": "USER_TASK_TIMEOUT_MS",
                    "level": "",
                    "value": "3600000"
                  }
                ]
              }
            ],
            "pipe_execution_paused": false,
            "quoted_identifiers_ignore_case": false,
            "replace_invalid_characters": false,
            "show_output": [
              {
                "comment": "Raw typed tables sourced from Olist CSVs and synthetic seed data",
                "created_on": "2026-06-18 23:53:05.322 -0700 PDT",
                "database_name": "CSTA_MARKETING_DEV",
                "dropped_on": "0001-01-01 00:00:00 +0000 UTC",
                "is_current": false,
                "is_default": false,
                "name": "BRONZE",
                "options": "",
                "owner": "ACCOUNTADMIN",
                "owner_role_type": "ROLE",
                "retention_time": "1"
              }
            ],
            "storage_serialization_policy": "OPTIMIZED",
            "suspend_task_after_num_failures": 10,
            "task_auto_retry_attempts": 0,
            "trace_level": "OFF",
            "user_task_managed_initial_warehouse_size": "Medium",
            "user_task_minimum_trigger_interval_in_seconds": 30,
            "user_task_timeout_ms": 3600000,
            "with_managed_access": "default"
          },
          "sensitive_attributes": [],
          "identity_schema_version": 0,
          "private": "eyJzY2hlbWFfdmVyc2lvbiI6IjIifQ==",
          "dependencies": [
            "module.databases.snowflake_database.this"
          ]
        },
        {
          "index_key": "dev_GOLD",
          "schema_version": 2,
          "attributes": {
            "catalog": "",
            "comment": "Consumption-ready mart tables — segments, MMM attribution, NBA actions",
            "data_retention_time_in_days": 1,
            "database": "CSTA_MARKETING_DEV",
            "default_ddl_collation": "",
            "describe_output": [],
            "enable_console_output": false,
            "external_volume": "",
            "fully_qualified_name": "\"CSTA_MARKETING_DEV\".\"GOLD\"",
            "id": "\"CSTA_MARKETING_DEV\".\"GOLD\"",
            "is_transient": "default",
            "log_level": "OFF",
            "max_data_extension_time_in_days": 14,
            "name": "GOLD",
            "parameters": [
              {
                "catalog": [
                  {
                    "default": "",
                    "description": "Name of the catalog integration to use for iceberg tables",
                    "key": "CATALOG",
                    "level": "",
                    "value": ""
                  }
                ],
                "data_retention_time_in_days": [
                  {
                    "default": "1",
                    "description": "number of days to retain the old version of deleted/updated data",
                    "key": "DATA_RETENTION_TIME_IN_DAYS",
                    "level": "DATABASE",
                    "value": "1"
                  }
                ],
                "default_ddl_collation": [
                  {
                    "default": "",
                    "description": "Collation that is used for all the new columns created by the DDL statements (if not specified)",
                    "key": "DEFAULT_DDL_COLLATION",
                    "level": "",
                    "value": ""
                  }
                ],
                "enable_console_output": [
                  {
                    "default": "false",
                    "description": "Enable stdout/stderr fast path logging for anonyous stored procs. This is a public parameter (similar to LOG_LEVEL).",
                    "key": "ENABLE_CONSOLE_OUTPUT",
                    "level": "",
                    "value": "false"
                  }
                ],
                "external_volume": [
                  {
                    "default": "",
                    "description": "Name of an external volume that will be used for persisted Iceberg metadata and data files.",
                    "key": "EXTERNAL_VOLUME",
                    "level": "",
                    "value": ""
                  }
                ],
                "log_level": [
                  {
                    "default": "OFF",
                    "description": "LOG_LEVEL to use when filtering events",
                    "key": "LOG_LEVEL",
                    "level": "",
                    "value": "OFF"
                  }
                ],
                "max_data_extension_time_in_days": [
                  {
                    "default": "14",
                    "description": "Maximum number of days to extend data retention beyond the retention period to prevent a stream becoming stale.",
                    "key": "MAX_DATA_EXTENSION_TIME_IN_DAYS",
                    "level": "",
                    "value": "14"
                  }
                ],
                "pipe_execution_paused": [
                  {
                    "default": "false",
                    "description": "Pause processing of files for a pipe",
                    "key": "PIPE_EXECUTION_PAUSED",
                    "level": "",
                    "value": "false"
                  }
                ],
                "quoted_identifiers_ignore_case": [
                  {
                    "default": "false",
                    "description": "If true, the case of quoted identifiers is ignored",
                    "key": "QUOTED_IDENTIFIERS_IGNORE_CASE",
                    "level": "",
                    "value": "false"
                  }
                ],
                "replace_invalid_characters": [
                  {
                    "default": "false",
                    "description": "Replace invalid UTF-8 characters found in Iceberg table external data files with the Unicode replacement character",
                    "key": "REPLACE_INVALID_CHARACTERS",
                    "level": "",
                    "value": "false"
                  }
                ],
                "storage_serialization_policy": [
                  {
                    "default": "OPTIMIZED",
                    "description": "Storage serialization policy used for managed Iceberg table. This include encodings and compressions",
                    "key": "STORAGE_SERIALIZATION_POLICY",
                    "level": "",
                    "value": "OPTIMIZED"
                  }
                ],
                "suspend_task_after_num_failures": [
                  {
                    "default": "10",
                    "description": "How many times a task must fail in a row before it is automatically suspended. 0 disables auto-suspending.",
                    "key": "SUSPEND_TASK_AFTER_NUM_FAILURES",
                    "level": "",
                    "value": "10"
                  }
                ],
                "task_auto_retry_attempts": [
                  {
                    "default": "0",
                    "description": "Maximum Automatic Retries Allowed For A User Task",
                    "key": "TASK_AUTO_RETRY_ATTEMPTS",
                    "level": "",
                    "value": "0"
                  }
                ],
                "trace_level": [
                  {
                    "default": "OFF",
                    "description": "Trace level value to use when generating/filtering trace events",
                    "key": "TRACE_LEVEL",
                    "level": "",
                    "value": "OFF"
                  }
                ],
                "user_task_managed_initial_warehouse_size": [
                  {
                    "default": "Medium",
                    "description": "The initial size of warehouse to use for managed warehouses in the absence of history",
                    "key": "USER_TASK_MANAGED_INITIAL_WAREHOUSE_SIZE",
                    "level": "",
                    "value": "Medium"
                  }
                ],
                "user_task_minimum_trigger_interval_in_seconds": [
                  {
                    "default": "30",
                    "description": "Minimum amount of time between Triggered Task executions in seconds",
                    "key": "USER_TASK_MINIMUM_TRIGGER_INTERVAL_IN_SECONDS",
                    "level": "",
                    "value": "30"
                  }
                ],
                "user_task_timeout_ms": [
                  {
                    "default": "3600000",
                    "description": "User task execution timeout in milliseconds",
                    "key": "USER_TASK_TIMEOUT_MS",
                    "level": "",
                    "value": "3600000"
                  }
                ]
              }
            ],
            "pipe_execution_paused": false,
            "quoted_identifiers_ignore_case": false,
            "replace_invalid_characters": false,
            "show_output": [
              {
                "comment": "Consumption-ready mart tables — segments, MMM attribution, NBA actions",
                "created_on": "2026-06-18 23:53:04.98 -0700 PDT",
                "database_name": "CSTA_MARKETING_DEV",
                "dropped_on": "0001-01-01 00:00:00 +0000 UTC",
                "is_current": false,
                "is_default": false,
                "name": "GOLD",
                "options": "",
                "owner": "ACCOUNTADMIN",
                "owner_role_type": "ROLE",
                "retention_time": "1"
              }
            ],
            "storage_serialization_policy": "OPTIMIZED",
            "suspend_task_after_num_failures": 10,
            "task_auto_retry_attempts": 0,
            "trace_level": "OFF",
            "user_task_managed_initial_warehouse_size": "Medium",
            "user_task_minimum_trigger_interval_in_seconds": 30,
            "user_task_timeout_ms": 3600000,
            "with_managed_access": "default"
          },
          "sensitive_attributes": [],
          "identity_schema_version": 0,
          "private": "eyJzY2hlbWFfdmVyc2lvbiI6IjIifQ==",
          "dependencies": [
            "module.databases.snowflake_database.this"
          ]
        },
        {
          "index_key": "dev_ORCHESTRATION",
          "schema_version": 2,
          "attributes": {
            "catalog": "",
            "comment": "Snowflake Task DAG definitions and dbt stored procedure",
            "data_retention_time_in_days": 1,
            "database": "CSTA_MARKETING_DEV",
            "default_ddl_collation": "",
            "describe_output": [],
            "enable_console_output": false,
            "external_volume": "",
            "fully_qualified_name": "\"CSTA_MARKETING_DEV\".\"ORCHESTRATION\"",
            "id": "\"CSTA_MARKETING_DEV\".\"ORCHESTRATION\"",
            "is_transient": "default",
            "log_level": "OFF",
            "max_data_extension_time_in_days": 14,
            "name": "ORCHESTRATION",
            "parameters": [
              {
                "catalog": [
                  {
                    "default": "",
                    "description": "Name of the catalog integration to use for iceberg tables",
                    "key": "CATALOG",
                    "level": "",
                    "value": ""
                  }
                ],
                "data_retention_time_in_days": [
                  {
                    "default": "1",
                    "description": "number of days to retain the old version of deleted/updated data",
                    "key": "DATA_RETENTION_TIME_IN_DAYS",
                    "level": "DATABASE",
                    "value": "1"
                  }
                ],
                "default_ddl_collation": [
                  {
                    "default": "",
                    "description": "Collation that is used for all the new columns created by the DDL statements (if not specified)",
                    "key": "DEFAULT_DDL_COLLATION",
                    "level": "",
                    "value": ""
                  }
                ],
                "enable_console_output": [
                  {
                    "default": "false",
                    "description": "Enable stdout/stderr fast path logging for anonyous stored procs. This is a public parameter (similar to LOG_LEVEL).",
                    "key": "ENABLE_CONSOLE_OUTPUT",
                    "level": "",
                    "value": "false"
                  }
                ],
                "external_volume": [
                  {
                    "default": "",
                    "description": "Name of an external volume that will be used for persisted Iceberg metadata and data files.",
                    "key": "EXTERNAL_VOLUME",
                    "level": "",
                    "value": ""
                  }
                ],
                "log_level": [
                  {
                    "default": "OFF",
                    "description": "LOG_LEVEL to use when filtering events",
                    "key": "LOG_LEVEL",
                    "level": "",
                    "value": "OFF"
                  }
                ],
                "max_data_extension_time_in_days": [
                  {
                    "default": "14",
                    "description": "Maximum number of days to extend data retention beyond the retention period to prevent a stream becoming stale.",
                    "key": "MAX_DATA_EXTENSION_TIME_IN_DAYS",
                    "level": "",
                    "value": "14"
                  }
                ],
                "pipe_execution_paused": [
                  {
                    "default": "false",
                    "description": "Pause processing of files for a pipe",
                    "key": "PIPE_EXECUTION_PAUSED",
                    "level": "",
                    "value": "false"
                  }
                ],
                "quoted_identifiers_ignore_case": [
                  {
                    "default": "false",
                    "description": "If true, the case of quoted identifiers is ignored",
                    "key": "QUOTED_IDENTIFIERS_IGNORE_CASE",
                    "level": "",
                    "value": "false"
                  }
                ],
                "replace_invalid_characters": [
                  {
                    "default": "false",
                    "description": "Replace invalid UTF-8 characters found in Iceberg table external data files with the Unicode replacement character",
                    "key": "REPLACE_INVALID_CHARACTERS",
                    "level": "",
                    "value": "false"
                  }
                ],
                "storage_serialization_policy": [
                  {
                    "default": "OPTIMIZED",
                    "description": "Storage serialization policy used for managed Iceberg table. This include encodings and compressions",
                    "key": "STORAGE_SERIALIZATION_POLICY",
                    "level": "",
                    "value": "OPTIMIZED"
                  }
                ],
                "suspend_task_after_num_failures": [
                  {
                    "default": "10",
                    "description": "How many times a task must fail in a row before it is automatically suspended. 0 disables auto-suspending.",
                    "key": "SUSPEND_TASK_AFTER_NUM_FAILURES",
                    "level": "",
                    "value": "10"
                  }
                ],
                "task_auto_retry_attempts": [
                  {
                    "default": "0",
                    "description": "Maximum Automatic Retries Allowed For A User Task",
                    "key": "TASK_AUTO_RETRY_ATTEMPTS",
                    "level": "",
                    "value": "0"
                  }
                ],
                "trace_level": [
                  {
                    "default": "OFF",
                    "description": "Trace level value to use when generating/filtering trace events",
                    "key": "TRACE_LEVEL",
                    "level": "",
                    "value": "OFF"
                  }
                ],
                "user_task_managed_initial_warehouse_size": [
                  {
                    "default": "Medium",
                    "description": "The initial size of warehouse to use for managed warehouses in the absence of history",
                    "key": "USER_TASK_MANAGED_INITIAL_WAREHOUSE_SIZE",
                    "level": "",
                    "value": "Medium"
                  }
                ],
                "user_task_minimum_trigger_interval_in_seconds": [
                  {
                    "default": "30",
                    "description": "Minimum amount of time between Triggered Task executions in seconds",
                    "key": "USER_TASK_MINIMUM_TRIGGER_INTERVAL_IN_SECONDS",
                    "level": "",
                    "value": "30"
                  }
                ],
                "user_task_timeout_ms": [
                  {
                    "default": "3600000",
                    "description": "User task execution timeout in milliseconds",
                    "key": "USER_TASK_TIMEOUT_MS",
                    "level": "",
                    "value": "3600000"
                  }
                ]
              }
            ],
            "pipe_execution_paused": false,
            "quoted_identifiers_ignore_case": false,
            "replace_invalid_characters": false,
            "show_output": [
              {
                "comment": "Snowflake Task DAG definitions and dbt stored procedure",
                "created_on": "2026-06-18 23:53:04.995 -0700 PDT",
                "database_name": "CSTA_MARKETING_DEV",
                "dropped_on": "0001-01-01 00:00:00 +0000 UTC",
                "is_current": false,
                "is_default": false,
                "name": "ORCHESTRATION",
                "options": "",
                "owner": "ACCOUNTADMIN",
                "owner_role_type": "ROLE",
                "retention_time": "1"
              }
            ],
            "storage_serialization_policy": "OPTIMIZED",
            "suspend_task_after_num_failures": 10,
            "task_auto_retry_attempts": 0,
            "trace_level": "OFF",
            "user_task_managed_initial_warehouse_size": "Medium",
            "user_task_minimum_trigger_interval_in_seconds": 30,
            "user_task_timeout_ms": 3600000,
            "with_managed_access": "default"
          },
          "sensitive_attributes": [],
          "identity_schema_version": 0,
          "private": "eyJzY2hlbWFfdmVyc2lvbiI6IjIifQ==",
          "dependencies": [
            "module.databases.snowflake_database.this"
          ]
        },
        {
          "index_key": "dev_SILVER",
          "schema_version": 2,
          "attributes": {
            "catalog": "",
            "comment": "Enriched and joined tables including Cortex NLP outputs",
            "data_retention_time_in_days": 1,
            "database": "CSTA_MARKETING_DEV",
            "default_ddl_collation": "",
            "describe_output": [],
            "enable_console_output": false,
            "external_volume": "",
            "fully_qualified_name": "\"CSTA_MARKETING_DEV\".\"SILVER\"",
            "id": "\"CSTA_MARKETING_DEV\".\"SILVER\"",
            "is_transient": "default",
            "log_level": "OFF",
            "max_data_extension_time_in_days": 14,
            "name": "SILVER",
            "parameters": [
              {
                "catalog": [
                  {
                    "default": "",
                    "description": "Name of the catalog integration to use for iceberg tables",
                    "key": "CATALOG",
                    "level": "",
                    "value": ""
                  }
                ],
                "data_retention_time_in_days": [
                  {
                    "default": "1",
                    "description": "number of days to retain the old version of deleted/updated data",
                    "key": "DATA_RETENTION_TIME_IN_DAYS",
                    "level": "DATABASE",
                    "value": "1"
                  }
                ],
                "default_ddl_collation": [
                  {
                    "default": "",
                    "description": "Collation that is used for all the new columns created by the DDL statements (if not specified)",
                    "key": "DEFAULT_DDL_COLLATION",
                    "level": "",
                    "value": ""
                  }
                ],
                "enable_console_output": [
                  {
                    "default": "false",
                    "description": "Enable stdout/stderr fast path logging for anonyous stored procs. This is a public parameter (similar to LOG_LEVEL).",
                    "key": "ENABLE_CONSOLE_OUTPUT",
                    "level": "",
                    "value": "false"
                  }
                ],
                "external_volume": [
                  {
                    "default": "",
                    "description": "Name of an external volume that will be used for persisted Iceberg metadata and data files.",
                    "key": "EXTERNAL_VOLUME",
                    "level": "",
                    "value": ""
                  }
                ],
                "log_level": [
                  {
                    "default": "OFF",
                    "description": "LOG_LEVEL to use when filtering events",
                    "key": "LOG_LEVEL",
                    "level": "",
                    "value": "OFF"
                  }
                ],
                "max_data_extension_time_in_days": [
                  {
                    "default": "14",
                    "description": "Maximum number of days to extend data retention beyond the retention period to prevent a stream becoming stale.",
                    "key": "MAX_DATA_EXTENSION_TIME_IN_DAYS",
                    "level": "",
                    "value": "14"
                  }
                ],
                "pipe_execution_paused": [
                  {
                    "default": "false",
                    "description": "Pause processing of files for a pipe",
                    "key": "PIPE_EXECUTION_PAUSED",
                    "level": "",
                    "value": "false"
                  }
                ],
                "quoted_identifiers_ignore_case": [
                  {
                    "default": "false",
                    "description": "If true, the case of quoted identifiers is ignored",
                    "key": "QUOTED_IDENTIFIERS_IGNORE_CASE",
                    "level": "",
                    "value": "false"
                  }
                ],
                "replace_invalid_characters": [
                  {
                    "default": "false",
                    "description": "Replace invalid UTF-8 characters found in Iceberg table external data files with the Unicode replacement character",
                    "key": "REPLACE_INVALID_CHARACTERS",
                    "level": "",
                    "value": "false"
                  }
                ],
                "storage_serialization_policy": [
                  {
                    "default": "OPTIMIZED",
                    "description": "Storage serialization policy used for managed Iceberg table. This include encodings and compressions",
                    "key": "STORAGE_SERIALIZATION_POLICY",
                    "level": "",
                    "value": "OPTIMIZED"
                  }
                ],
                "suspend_task_after_num_failures": [
                  {
                    "default": "10",
                    "description": "How many times a task must fail in a row before it is automatically suspended. 0 disables auto-suspending.",
                    "key": "SUSPEND_TASK_AFTER_NUM_FAILURES",
                    "level": "",
                    "value": "10"
                  }
                ],
                "task_auto_retry_attempts": [
                  {
                    "default": "0",
                    "description": "Maximum Automatic Retries Allowed For A User Task",
                    "key": "TASK_AUTO_RETRY_ATTEMPTS",
                    "level": "",
                    "value": "0"
                  }
                ],
                "trace_level": [
                  {
                    "default": "OFF",
                    "description": "Trace level value to use when generating/filtering trace events",
                    "key": "TRACE_LEVEL",
                    "level": "",
                    "value": "OFF"
                  }
                ],
                "user_task_managed_initial_warehouse_size": [
                  {
                    "default": "Medium",
                    "description": "The initial size of warehouse to use for managed warehouses in the absence of history",
                    "key": "USER_TASK_MANAGED_INITIAL_WAREHOUSE_SIZE",
                    "level": "",
                    "value": "Medium"
                  }
                ],
                "user_task_minimum_trigger_interval_in_seconds": [
                  {
                    "default": "30",
                    "description": "Minimum amount of time between Triggered Task executions in seconds",
                    "key": "USER_TASK_MINIMUM_TRIGGER_INTERVAL_IN_SECONDS",
                    "level": "",
                    "value": "30"
                  }
                ],
                "user_task_timeout_ms": [
                  {
                    "default": "3600000",
                    "description": "User task execution timeout in milliseconds",
                    "key": "USER_TASK_TIMEOUT_MS",
                    "level": "",
                    "value": "3600000"
                  }
                ]
              }
            ],
            "pipe_execution_paused": false,
            "quoted_identifiers_ignore_case": false,
            "replace_invalid_characters": false,
            "show_output": [
              {
                "comment": "Enriched and joined tables including Cortex NLP outputs",
                "created_on": "2026-06-18 23:53:05.313 -0700 PDT",
                "database_name": "CSTA_MARKETING_DEV",
                "dropped_on": "0001-01-01 00:00:00 +0000 UTC",
                "is_current": false,
                "is_default": false,
                "name": "SILVER",
                "options": "",
                "owner": "ACCOUNTADMIN",
                "owner_role_type": "ROLE",
                "retention_time": "1"
              }
            ],
            "storage_serialization_policy": "OPTIMIZED",
            "suspend_task_after_num_failures": 10,
            "task_auto_retry_attempts": 0,
            "trace_level": "OFF",
            "user_task_managed_initial_warehouse_size": "Medium",
            "user_task_minimum_trigger_interval_in_seconds": 30,
            "user_task_timeout_ms": 3600000,
            "with_managed_access": "default"
          },
          "sensitive_attributes": [],
          "identity_schema_version": 0,
          "private": "eyJzY2hlbWFfdmVyc2lvbiI6IjIifQ==",
          "dependencies": [
            "module.databases.snowflake_database.this"
          ]
        },
        {
          "index_key": "prod_BRONZE",
          "schema_version": 2,
          "attributes": {
            "catalog": "",
            "comment": "Raw typed tables sourced from Olist CSVs and synthetic seed data",
            "data_retention_time_in_days": 14,
            "database": "CSTA_MARKETING_PROD",
            "default_ddl_collation": "",
            "describe_output": [],
            "enable_console_output": false,
            "external_volume": "",
            "fully_qualified_name": "\"CSTA_MARKETING_PROD\".\"BRONZE\"",
            "id": "\"CSTA_MARKETING_PROD\".\"BRONZE\"",
            "is_transient": "default",
            "log_level": "OFF",
            "max_data_extension_time_in_days": 14,
            "name": "BRONZE",
            "parameters": [
              {
                "catalog": [
                  {
                    "default": "",
                    "description": "Name of the catalog integration to use for iceberg tables",
                    "key": "CATALOG",
                    "level": "",
                    "value": ""
                  }
                ],
                "data_retention_time_in_days": [
                  {
                    "default": "1",
                    "description": "number of days to retain the old version of deleted/updated data",
                    "key": "DATA_RETENTION_TIME_IN_DAYS",
                    "level": "DATABASE",
                    "value": "14"
                  }
                ],
                "default_ddl_collation": [
                  {
                    "default": "",
                    "description": "Collation that is used for all the new columns created by the DDL statements (if not specified)",
                    "key": "DEFAULT_DDL_COLLATION",
                    "level": "",
                    "value": ""
                  }
                ],
                "enable_console_output": [
                  {
                    "default": "false",
                    "description": "Enable stdout/stderr fast path logging for anonyous stored procs. This is a public parameter (similar to LOG_LEVEL).",
                    "key": "ENABLE_CONSOLE_OUTPUT",
                    "level": "",
                    "value": "false"
                  }
                ],
                "external_volume": [
                  {
                    "default": "",
                    "description": "Name of an external volume that will be used for persisted Iceberg metadata and data files.",
                    "key": "EXTERNAL_VOLUME",
                    "level": "",
                    "value": ""
                  }
                ],
                "log_level": [
                  {
                    "default": "OFF",
                    "description": "LOG_LEVEL to use when filtering events",
                    "key": "LOG_LEVEL",
                    "level": "",
                    "value": "OFF"
                  }
                ],
                "max_data_extension_time_in_days": [
                  {
                    "default": "14",
                    "description": "Maximum number of days to extend data retention beyond the retention period to prevent a stream becoming stale.",
                    "key": "MAX_DATA_EXTENSION_TIME_IN_DAYS",
                    "level": "",
                    "value": "14"
                  }
                ],
                "pipe_execution_paused": [
                  {
                    "default": "false",
                    "description": "Pause processing of files for a pipe",
                    "key": "PIPE_EXECUTION_PAUSED",
                    "level": "",
                    "value": "false"
                  }
                ],
                "quoted_identifiers_ignore_case": [
                  {
                    "default": "false",
                    "description": "If true, the case of quoted identifiers is ignored",
                    "key": "QUOTED_IDENTIFIERS_IGNORE_CASE",
                    "level": "",
                    "value": "false"
                  }
                ],
                "replace_invalid_characters": [
                  {
                    "default": "false",
                    "description": "Replace invalid UTF-8 characters found in Iceberg table external data files with the Unicode replacement character",
                    "key": "REPLACE_INVALID_CHARACTERS",
                    "level": "",
                    "value": "false"
                  }
                ],
                "storage_serialization_policy": [
                  {
                    "default": "OPTIMIZED",
                    "description": "Storage serialization policy used for managed Iceberg table. This include encodings and compressions",
                    "key": "STORAGE_SERIALIZATION_POLICY",
                    "level": "",
                    "value": "OPTIMIZED"
                  }
                ],
                "suspend_task_after_num_failures": [
                  {
                    "default": "10",
                    "description": "How many times a task must fail in a row before it is automatically suspended. 0 disables auto-suspending.",
                    "key": "SUSPEND_TASK_AFTER_NUM_FAILURES",
                    "level": "",
                    "value": "10"
                  }
                ],
                "task_auto_retry_attempts": [
                  {
                    "default": "0",
                    "description": "Maximum Automatic Retries Allowed For A User Task",
                    "key": "TASK_AUTO_RETRY_ATTEMPTS",
                    "level": "",
                    "value": "0"
                  }
                ],
                "trace_level": [
                  {
                    "default": "OFF",
                    "description": "Trace level value to use when generating/filtering trace events",
                    "key": "TRACE_LEVEL",
                    "level": "",
                    "value": "OFF"
                  }
                ],
                "user_task_managed_initial_warehouse_size": [
                  {
                    "default": "Medium",
                    "description": "The initial size of warehouse to use for managed warehouses in the absence of history",
                    "key": "USER_TASK_MANAGED_INITIAL_WAREHOUSE_SIZE",
                    "level": "",
                    "value": "Medium"
                  }
                ],
                "user_task_minimum_trigger_interval_in_seconds": [
                  {
                    "default": "30",
                    "description": "Minimum amount of time between Triggered Task executions in seconds",
                    "key": "USER_TASK_MINIMUM_TRIGGER_INTERVAL_IN_SECONDS",
                    "level": "",
                    "value": "30"
                  }
                ],
                "user_task_timeout_ms": [
                  {
                    "default": "3600000",
                    "description": "User task execution timeout in milliseconds",
                    "key": "USER_TASK_TIMEOUT_MS",
                    "level": "",
                    "value": "3600000"
                  }
                ]
              }
            ],
            "pipe_execution_paused": false,
            "quoted_identifiers_ignore_case": false,
            "replace_invalid_characters": false,
            "show_output": [
              {
                "comment": "Raw typed tables sourced from Olist CSVs and synthetic seed data",
                "created_on": "2026-06-18 23:53:05.266 -0700 PDT",
                "database_name": "CSTA_MARKETING_PROD",
                "dropped_on": "0001-01-01 00:00:00 +0000 UTC",
                "is_current": false,
                "is_default": false,
                "name": "BRONZE",
                "options": "",
                "owner": "ACCOUNTADMIN",
                "owner_role_type": "ROLE",
                "retention_time": "14"
              }
            ],
            "storage_serialization_policy": "OPTIMIZED",
            "suspend_task_after_num_failures": 10,
            "task_auto_retry_attempts": 0,
            "trace_level": "OFF",
            "user_task_managed_initial_warehouse_size": "Medium",
            "user_task_minimum_trigger_interval_in_seconds": 30,
            "user_task_timeout_ms": 3600000,
            "with_managed_access": "default"
          },
          "sensitive_attributes": [],
          "identity_schema_version": 0,
          "private": "eyJzY2hlbWFfdmVyc2lvbiI6IjIifQ==",
          "dependencies": [
            "module.databases.snowflake_database.this"
          ]
        },
        {
          "index_key": "prod_GOLD",
          "schema_version": 2,
          "attributes": {
            "catalog": "",
            "comment": "Consumption-ready mart tables — segments, MMM attribution, NBA actions",
            "data_retention_time_in_days": 14,
            "database": "CSTA_MARKETING_PROD",
            "default_ddl_collation": "",
            "describe_output": [],
            "enable_console_output": false,
            "external_volume": "",
            "fully_qualified_name": "\"CSTA_MARKETING_PROD\".\"GOLD\"",
            "id": "\"CSTA_MARKETING_PROD\".\"GOLD\"",
            "is_transient": "default",
            "log_level": "OFF",
            "max_data_extension_time_in_days": 14,
            "name": "GOLD",
            "parameters": [
              {
                "catalog": [
                  {
                    "default": "",
                    "description": "Name of the catalog integration to use for iceberg tables",
                    "key": "CATALOG",
                    "level": "",
                    "value": ""
                  }
                ],
                "data_retention_time_in_days": [
                  {
                    "default": "1",
                    "description": "number of days to retain the old version of deleted/updated data",
                    "key": "DATA_RETENTION_TIME_IN_DAYS",
                    "level": "DATABASE",
                    "value": "14"
                  }
                ],
                "default_ddl_collation": [
                  {
                    "default": "",
                    "description": "Collation that is used for all the new columns created by the DDL statements (if not specified)",
                    "key": "DEFAULT_DDL_COLLATION",
                    "level": "",
                    "value": ""
                  }
                ],
                "enable_console_output": [
                  {
                    "default": "false",
                    "description": "Enable stdout/stderr fast path logging for anonyous stored procs. This is a public parameter (similar to LOG_LEVEL).",
                    "key": "ENABLE_CONSOLE_OUTPUT",
                    "level": "",
                    "value": "false"
                  }
                ],
                "external_volume": [
                  {
                    "default": "",
                    "description": "Name of an external volume that will be used for persisted Iceberg metadata and data files.",
                    "key": "EXTERNAL_VOLUME",
                    "level": "",
                    "value": ""
                  }
                ],
                "log_level": [
                  {
                    "default": "OFF",
                    "description": "LOG_LEVEL to use when filtering events",
                    "key": "LOG_LEVEL",
                    "level": "",
                    "value": "OFF"
                  }
                ],
                "max_data_extension_time_in_days": [
                  {
                    "default": "14",
                    "description": "Maximum number of days to extend data retention beyond the retention period to prevent a stream becoming stale.",
                    "key": "MAX_DATA_EXTENSION_TIME_IN_DAYS",
                    "level": "",
                    "value": "14"
                  }
                ],
                "pipe_execution_paused": [
                  {
                    "default": "false",
                    "description": "Pause processing of files for a pipe",
                    "key": "PIPE_EXECUTION_PAUSED",
                    "level": "",
                    "value": "false"
                  }
                ],
                "quoted_identifiers_ignore_case": [
                  {
                    "default": "false",
                    "description": "If true, the case of quoted identifiers is ignored",
                    "key": "QUOTED_IDENTIFIERS_IGNORE_CASE",
                    "level": "",
                    "value": "false"
                  }
                ],
                "replace_invalid_characters": [
                  {
                    "default": "false",
                    "description": "Replace invalid UTF-8 characters found in Iceberg table external data files with the Unicode replacement character",
                    "key": "REPLACE_INVALID_CHARACTERS",
                    "level": "",
                    "value": "false"
                  }
                ],
                "storage_serialization_policy": [
                  {
                    "default": "OPTIMIZED",
                    "description": "Storage serialization policy used for managed Iceberg table. This include encodings and compressions",
                    "key": "STORAGE_SERIALIZATION_POLICY",
                    "level": "",
                    "value": "OPTIMIZED"
                  }
                ],
                "suspend_task_after_num_failures": [
                  {
                    "default": "10",
                    "description": "How many times a task must fail in a row before it is automatically suspended. 0 disables auto-suspending.",
                    "key": "SUSPEND_TASK_AFTER_NUM_FAILURES",
                    "level": "",
                    "value": "10"
                  }
                ],
                "task_auto_retry_attempts": [
                  {
                    "default": "0",
                    "description": "Maximum Automatic Retries Allowed For A User Task",
                    "key": "TASK_AUTO_RETRY_ATTEMPTS",
                    "level": "",
                    "value": "0"
                  }
                ],
                "trace_level": [
                  {
                    "default": "OFF",
                    "description": "Trace level value to use when generating/filtering trace events",
                    "key": "TRACE_LEVEL",
                    "level": "",
                    "value": "OFF"
                  }
                ],
                "user_task_managed_initial_warehouse_size": [
                  {
                    "default": "Medium",
                    "description": "The initial size of warehouse to use for managed warehouses in the absence of history",
                    "key": "USER_TASK_MANAGED_INITIAL_WAREHOUSE_SIZE",
                    "level": "",
                    "value": "Medium"
                  }
                ],
                "user_task_minimum_trigger_interval_in_seconds": [
                  {
                    "default": "30",
                    "description": "Minimum amount of time between Triggered Task executions in seconds",
                    "key": "USER_TASK_MINIMUM_TRIGGER_INTERVAL_IN_SECONDS",
                    "level": "",
                    "value": "30"
                  }
                ],
                "user_task_timeout_ms": [
                  {
                    "default": "3600000",
                    "description": "User task execution timeout in milliseconds",
                    "key": "USER_TASK_TIMEOUT_MS",
                    "level": "",
                    "value": "3600000"
                  }
                ]
              }
            ],
            "pipe_execution_paused": false,
            "quoted_identifiers_ignore_case": false,
            "replace_invalid_characters": false,
            "show_output": [
              {
                "comment": "Consumption-ready mart tables — segments, MMM attribution, NBA actions",
                "created_on": "2026-06-18 23:53:05.07 -0700 PDT",
                "database_name": "CSTA_MARKETING_PROD",
                "dropped_on": "0001-01-01 00:00:00 +0000 UTC",
                "is_current": false,
                "is_default": false,
                "name": "GOLD",
                "options": "",
                "owner": "ACCOUNTADMIN",
                "owner_role_type": "ROLE",
                "retention_time": "14"
              }
            ],
            "storage_serialization_policy": "OPTIMIZED",
            "suspend_task_after_num_failures": 10,
            "task_auto_retry_attempts": 0,
            "trace_level": "OFF",
            "user_task_managed_initial_warehouse_size": "Medium",
            "user_task_minimum_trigger_interval_in_seconds": 30,
            "user_task_timeout_ms": 3600000,
            "with_managed_access": "default"
          },
          "sensitive_attributes": [],
          "identity_schema_version": 0,
          "private": "eyJzY2hlbWFfdmVyc2lvbiI6IjIifQ==",
          "dependencies": [
            "module.databases.snowflake_database.this"
          ]
        },
        {
          "index_key": "prod_ORCHESTRATION",
          "schema_version": 2,
          "attributes": {
            "catalog": "",
            "comment": "Snowflake Task DAG definitions and dbt stored procedure",
            "data_retention_time_in_days": 14,
            "database": "CSTA_MARKETING_PROD",
            "default_ddl_collation": "",
            "describe_output": [],
            "enable_console_output": false,
            "external_volume": "",
            "fully_qualified_name": "\"CSTA_MARKETING_PROD\".\"ORCHESTRATION\"",
            "id": "\"CSTA_MARKETING_PROD\".\"ORCHESTRATION\"",
            "is_transient": "default",
            "log_level": "OFF",
            "max_data_extension_time_in_days": 14,
            "name": "ORCHESTRATION",
            "parameters": [
              {
                "catalog": [
                  {
                    "default": "",
                    "description": "Name of the catalog integration to use for iceberg tables",
                    "key": "CATALOG",
                    "level": "",
                    "value": ""
                  }
                ],
                "data_retention_time_in_days": [
                  {
                    "default": "1",
                    "description": "number of days to retain the old version of deleted/updated data",
                    "key": "DATA_RETENTION_TIME_IN_DAYS",
                    "level": "DATABASE",
                    "value": "14"
                  }
                ],
                "default_ddl_collation": [
                  {
                    "default": "",
                    "description": "Collation that is used for all the new columns created by the DDL statements (if not specified)",
                    "key": "DEFAULT_DDL_COLLATION",
                    "level": "",
                    "value": ""
                  }
                ],
                "enable_console_output": [
                  {
                    "default": "false",
                    "description": "Enable stdout/stderr fast path logging for anonyous stored procs. This is a public parameter (similar to LOG_LEVEL).",
                    "key": "ENABLE_CONSOLE_OUTPUT",
                    "level": "",
                    "value": "false"
                  }
                ],
                "external_volume": [
                  {
                    "default": "",
                    "description": "Name of an external volume that will be used for persisted Iceberg metadata and data files.",
                    "key": "EXTERNAL_VOLUME",
                    "level": "",
                    "value": ""
                  }
                ],
                "log_level": [
                  {
                    "default": "OFF",
                    "description": "LOG_LEVEL to use when filtering events",
                    "key": "LOG_LEVEL",
                    "level": "",
                    "value": "OFF"
                  }
                ],
                "max_data_extension_time_in_days": [
                  {
                    "default": "14",
                    "description": "Maximum number of days to extend data retention beyond the retention period to prevent a stream becoming stale.",
                    "key": "MAX_DATA_EXTENSION_TIME_IN_DAYS",
                    "level": "",
                    "value": "14"
                  }
                ],
                "pipe_execution_paused": [
                  {
                    "default": "false",
                    "description": "Pause processing of files for a pipe",
                    "key": "PIPE_EXECUTION_PAUSED",
                    "level": "",
                    "value": "false"
                  }
                ],
                "quoted_identifiers_ignore_case": [
                  {
                    "default": "false",
                    "description": "If true, the case of quoted identifiers is ignored",
                    "key": "QUOTED_IDENTIFIERS_IGNORE_CASE",
                    "level": "",
                    "value": "false"
                  }
                ],
                "replace_invalid_characters": [
                  {
                    "default": "false",
                    "description": "Replace invalid UTF-8 characters found in Iceberg table external data files with the Unicode replacement character",
                    "key": "REPLACE_INVALID_CHARACTERS",
                    "level": "",
                    "value": "false"
                  }
                ],
                "storage_serialization_policy": [
                  {
                    "default": "OPTIMIZED",
                    "description": "Storage serialization policy used for managed Iceberg table. This include encodings and compressions",
                    "key": "STORAGE_SERIALIZATION_POLICY",
                    "level": "",
                    "value": "OPTIMIZED"
                  }
                ],
                "suspend_task_after_num_failures": [
                  {
                    "default": "10",
                    "description": "How many times a task must fail in a row before it is automatically suspended. 0 disables auto-suspending.",
                    "key": "SUSPEND_TASK_AFTER_NUM_FAILURES",
                    "level": "",
                    "value": "10"
                  }
                ],
                "task_auto_retry_attempts": [
                  {
                    "default": "0",
                    "description": "Maximum Automatic Retries Allowed For A User Task",
                    "key": "TASK_AUTO_RETRY_ATTEMPTS",
                    "level": "",
                    "value": "0"
                  }
                ],
                "trace_level": [
                  {
                    "default": "OFF",
                    "description": "Trace level value to use when generating/filtering trace events",
                    "key": "TRACE_LEVEL",
                    "level": "",
                    "value": "OFF"
                  }
                ],
                "user_task_managed_initial_warehouse_size": [
                  {
                    "default": "Medium",
                    "description": "The initial size of warehouse to use for managed warehouses in the absence of history",
                    "key": "USER_TASK_MANAGED_INITIAL_WAREHOUSE_SIZE",
                    "level": "",
                    "value": "Medium"
                  }
                ],
                "user_task_minimum_trigger_interval_in_seconds": [
                  {
                    "default": "30",
                    "description": "Minimum amount of time between Triggered Task executions in seconds",
                    "key": "USER_TASK_MINIMUM_TRIGGER_INTERVAL_IN_SECONDS",
                    "level": "",
                    "value": "30"
                  }
                ],
                "user_task_timeout_ms": [
                  {
                    "default": "3600000",
                    "description": "User task execution timeout in milliseconds",
                    "key": "USER_TASK_TIMEOUT_MS",
                    "level": "",
                    "value": "3600000"
                  }
                ]
              }
            ],
            "pipe_execution_paused": false,
            "quoted_identifiers_ignore_case": false,
            "replace_invalid_characters": false,
            "show_output": [
              {
                "comment": "Snowflake Task DAG definitions and dbt stored procedure",
                "created_on": "2026-06-18 23:53:05.085 -0700 PDT",
                "database_name": "CSTA_MARKETING_PROD",
                "dropped_on": "0001-01-01 00:00:00 +0000 UTC",
                "is_current": false,
                "is_default": false,
                "name": "ORCHESTRATION",
                "options": "",
                "owner": "ACCOUNTADMIN",
                "owner_role_type": "ROLE",
                "retention_time": "14"
              }
            ],
            "storage_serialization_policy": "OPTIMIZED",
            "suspend_task_after_num_failures": 10,
            "task_auto_retry_attempts": 0,
            "trace_level": "OFF",
            "user_task_managed_initial_warehouse_size": "Medium",
            "user_task_minimum_trigger_interval_in_seconds": 30,
            "user_task_timeout_ms": 3600000,
            "with_managed_access": "default"
          },
          "sensitive_attributes": [],
          "identity_schema_version": 0,
          "private": "eyJzY2hlbWFfdmVyc2lvbiI6IjIifQ==",
          "dependencies": [
            "module.databases.snowflake_database.this"
          ]
        },
        {
          "index_key": "prod_SILVER",
          "schema_version": 2,
          "attributes": {
            "catalog": "",
            "comment": "Enriched and joined tables including Cortex NLP outputs",
            "data_retention_time_in_days": 14,
            "database": "CSTA_MARKETING_PROD",
            "default_ddl_collation": "",
            "describe_output": [],
            "enable_console_output": false,
            "external_volume": "",
            "fully_qualified_name": "\"CSTA_MARKETING_PROD\".\"SILVER\"",
            "id": "\"CSTA_MARKETING_PROD\".\"SILVER\"",
            "is_transient": "default",
            "log_level": "OFF",
            "max_data_extension_time_in_days": 14,
            "name": "SILVER",
            "parameters": [
              {
                "catalog": [
                  {
                    "default": "",
                    "description": "Name of the catalog integration to use for iceberg tables",
                    "key": "CATALOG",
                    "level": "",
                    "value": ""
                  }
                ],
                "data_retention_time_in_days": [
                  {
                    "default": "1",
                    "description": "number of days to retain the old version of deleted/updated data",
                    "key": "DATA_RETENTION_TIME_IN_DAYS",
                    "level": "DATABASE",
                    "value": "14"
                  }
                ],
                "default_ddl_collation": [
                  {
                    "default": "",
                    "description": "Collation that is used for all the new columns created by the DDL statements (if not specified)",
                    "key": "DEFAULT_DDL_COLLATION",
                    "level": "",
                    "value": ""
                  }
                ],
                "enable_console_output": [
                  {
                    "default": "false",
                    "description": "Enable stdout/stderr fast path logging for anonyous stored procs. This is a public parameter (similar to LOG_LEVEL).",
                    "key": "ENABLE_CONSOLE_OUTPUT",
                    "level": "",
                    "value": "false"
                  }
                ],
                "external_volume": [
                  {
                    "default": "",
                    "description": "Name of an external volume that will be used for persisted Iceberg metadata and data files.",
                    "key": "EXTERNAL_VOLUME",
                    "level": "",
                    "value": ""
                  }
                ],
                "log_level": [
                  {
                    "default": "OFF",
                    "description": "LOG_LEVEL to use when filtering events",
                    "key": "LOG_LEVEL",
                    "level": "",
                    "value": "OFF"
                  }
                ],
                "max_data_extension_time_in_days": [
                  {
                    "default": "14",
                    "description": "Maximum number of days to extend data retention beyond the retention period to prevent a stream becoming stale.",
                    "key": "MAX_DATA_EXTENSION_TIME_IN_DAYS",
                    "level": "",
                    "value": "14"
                  }
                ],
                "pipe_execution_paused": [
                  {
                    "default": "false",
                    "description": "Pause processing of files for a pipe",
                    "key": "PIPE_EXECUTION_PAUSED",
                    "level": "",
                    "value": "false"
                  }
                ],
                "quoted_identifiers_ignore_case": [
                  {
                    "default": "false",
                    "description": "If true, the case of quoted identifiers is ignored",
                    "key": "QUOTED_IDENTIFIERS_IGNORE_CASE",
                    "level": "",
                    "value": "false"
                  }
                ],
                "replace_invalid_characters": [
                  {
                    "default": "false",
                    "description": "Replace invalid UTF-8 characters found in Iceberg table external data files with the Unicode replacement character",
                    "key": "REPLACE_INVALID_CHARACTERS",
                    "level": "",
                    "value": "false"
                  }
                ],
                "storage_serialization_policy": [
                  {
                    "default": "OPTIMIZED",
                    "description": "Storage serialization policy used for managed Iceberg table. This include encodings and compressions",
                    "key": "STORAGE_SERIALIZATION_POLICY",
                    "level": "",
                    "value": "OPTIMIZED"
                  }
                ],
                "suspend_task_after_num_failures": [
                  {
                    "default": "10",
                    "description": "How many times a task must fail in a row before it is automatically suspended. 0 disables auto-suspending.",
                    "key": "SUSPEND_TASK_AFTER_NUM_FAILURES",
                    "level": "",
                    "value": "10"
                  }
                ],
                "task_auto_retry_attempts": [
                  {
                    "default": "0",
                    "description": "Maximum Automatic Retries Allowed For A User Task",
                    "key": "TASK_AUTO_RETRY_ATTEMPTS",
                    "level": "",
                    "value": "0"
                  }
                ],
                "trace_level": [
                  {
                    "default": "OFF",
                    "description": "Trace level value to use when generating/filtering trace events",
                    "key": "TRACE_LEVEL",
                    "level": "",
                    "value": "OFF"
                  }
                ],
                "user_task_managed_initial_warehouse_size": [
                  {
                    "default": "Medium",
                    "description": "The initial size of warehouse to use for managed warehouses in the absence of history",
                    "key": "USER_TASK_MANAGED_INITIAL_WAREHOUSE_SIZE",
                    "level": "",
                    "value": "Medium"
                  }
                ],
                "user_task_minimum_trigger_interval_in_seconds": [
                  {
                    "default": "30",
                    "description": "Minimum amount of time between Triggered Task executions in seconds",
                    "key": "USER_TASK_MINIMUM_TRIGGER_INTERVAL_IN_SECONDS",
                    "level": "",
                    "value": "30"
                  }
                ],
                "user_task_timeout_ms": [
                  {
                    "default": "3600000",
                    "description": "User task execution timeout in milliseconds",
                    "key": "USER_TASK_TIMEOUT_MS",
                    "level": "",
                    "value": "3600000"
                  }
                ]
              }
            ],
            "pipe_execution_paused": false,
            "quoted_identifiers_ignore_case": false,
            "replace_invalid_characters": false,
            "show_output": [
              {
                "comment": "Enriched and joined tables including Cortex NLP outputs",
                "created_on": "2026-06-18 23:53:05.299 -0700 PDT",
                "database_name": "CSTA_MARKETING_PROD",
                "dropped_on": "0001-01-01 00:00:00 +0000 UTC",
                "is_current": false,
                "is_default": false,
                "name": "SILVER",
                "options": "",
                "owner": "ACCOUNTADMIN",
                "owner_role_type": "ROLE",
                "retention_time": "14"
              }
            ],
            "storage_serialization_policy": "OPTIMIZED",
            "suspend_task_after_num_failures": 10,
            "task_auto_retry_attempts": 0,
            "trace_level": "OFF",
            "user_task_managed_initial_warehouse_size": "Medium",
            "user_task_minimum_trigger_interval_in_seconds": 30,
            "user_task_timeout_ms": 3600000,
            "with_managed_access": "default"
          },
          "sensitive_attributes": [],
          "identity_schema_version": 0,
          "private": "eyJzY2hlbWFfdmVyc2lvbiI6IjIifQ==",
          "dependencies": [
            "module.databases.snowflake_database.this"
          ]
        },
        {
          "index_key": "shared_ARTIFACTS",
          "schema_version": 2,
          "attributes": {
            "catalog": "",
            "comment": "Internal stage for dbt artefacts (manifest.json, run_results.json) shared across envs",
            "data_retention_time_in_days": 14,
            "database": "CSTA_MARKETING_SHARED",
            "default_ddl_collation": "",
            "describe_output": [],
            "enable_console_output": false,
            "external_volume": "",
            "fully_qualified_name": "\"CSTA_MARKETING_SHARED\".\"ARTIFACTS\"",
            "id": "\"CSTA_MARKETING_SHARED\".\"ARTIFACTS\"",
            "is_transient": "default",
            "log_level": "OFF",
            "max_data_extension_time_in_days": 14,
            "name": "ARTIFACTS",
            "parameters": [
              {
                "catalog": [
                  {
                    "default": "",
                    "description": "Name of the catalog integration to use for iceberg tables",
                    "key": "CATALOG",
                    "level": "",
                    "value": ""
                  }
                ],
                "data_retention_time_in_days": [
                  {
                    "default": "1",
                    "description": "number of days to retain the old version of deleted/updated data",
                    "key": "DATA_RETENTION_TIME_IN_DAYS",
                    "level": "DATABASE",
                    "value": "14"
                  }
                ],
                "default_ddl_collation": [
                  {
                    "default": "",
                    "description": "Collation that is used for all the new columns created by the DDL statements (if not specified)",
                    "key": "DEFAULT_DDL_COLLATION",
                    "level": "",
                    "value": ""
                  }
                ],
                "enable_console_output": [
                  {
                    "default": "false",
                    "description": "Enable stdout/stderr fast path logging for anonyous stored procs. This is a public parameter (similar to LOG_LEVEL).",
                    "key": "ENABLE_CONSOLE_OUTPUT",
                    "level": "",
                    "value": "false"
                  }
                ],
                "external_volume": [
                  {
                    "default": "",
                    "description": "Name of an external volume that will be used for persisted Iceberg metadata and data files.",
                    "key": "EXTERNAL_VOLUME",
                    "level": "",
                    "value": ""
                  }
                ],
                "log_level": [
                  {
                    "default": "OFF",
                    "description": "LOG_LEVEL to use when filtering events",
                    "key": "LOG_LEVEL",
                    "level": "",
                    "value": "OFF"
                  }
                ],
                "max_data_extension_time_in_days": [
                  {
                    "default": "14",
                    "description": "Maximum number of days to extend data retention beyond the retention period to prevent a stream becoming stale.",
                    "key": "MAX_DATA_EXTENSION_TIME_IN_DAYS",
                    "level": "",
                    "value": "14"
                  }
                ],
                "pipe_execution_paused": [
                  {
                    "default": "false",
                    "description": "Pause processing of files for a pipe",
                    "key": "PIPE_EXECUTION_PAUSED",
                    "level": "",
                    "value": "false"
                  }
                ],
                "quoted_identifiers_ignore_case": [
                  {
                    "default": "false",
                    "description": "If true, the case of quoted identifiers is ignored",
                    "key": "QUOTED_IDENTIFIERS_IGNORE_CASE",
                    "level": "",
                    "value": "false"
                  }
                ],
                "replace_invalid_characters": [
                  {
                    "default": "false",
                    "description": "Replace invalid UTF-8 characters found in Iceberg table external data files with the Unicode replacement character",
                    "key": "REPLACE_INVALID_CHARACTERS",
                    "level": "",
                    "value": "false"
                  }
                ],
                "storage_serialization_policy": [
                  {
                    "default": "OPTIMIZED",
                    "description": "Storage serialization policy used for managed Iceberg table. This include encodings and compressions",
                    "key": "STORAGE_SERIALIZATION_POLICY",
                    "level": "",
                    "value": "OPTIMIZED"
                  }
                ],
                "suspend_task_after_num_failures": [
                  {
                    "default": "10",
                    "description": "How many times a task must fail in a row before it is automatically suspended. 0 disables auto-suspending.",
                    "key": "SUSPEND_TASK_AFTER_NUM_FAILURES",
                    "level": "",
                    "value": "10"
                  }
                ],
                "task_auto_retry_attempts": [
                  {
                    "default": "0",
                    "description": "Maximum Automatic Retries Allowed For A User Task",
                    "key": "TASK_AUTO_RETRY_ATTEMPTS",
                    "level": "",
                    "value": "0"
                  }
                ],
                "trace_level": [
                  {
                    "default": "OFF",
                    "description": "Trace level value to use when generating/filtering trace events",
                    "key": "TRACE_LEVEL",
                    "level": "",
                    "value": "OFF"
                  }
                ],
                "user_task_managed_initial_warehouse_size": [
                  {
                    "default": "Medium",
                    "description": "The initial size of warehouse to use for managed warehouses in the absence of history",
                    "key": "USER_TASK_MANAGED_INITIAL_WAREHOUSE_SIZE",
                    "level": "",
                    "value": "Medium"
                  }
                ],
                "user_task_minimum_trigger_interval_in_seconds": [
                  {
                    "default": "30",
                    "description": "Minimum amount of time between Triggered Task executions in seconds",
                    "key": "USER_TASK_MINIMUM_TRIGGER_INTERVAL_IN_SECONDS",
                    "level": "",
                    "value": "30"
                  }
                ],
                "user_task_timeout_ms": [
                  {
                    "default": "3600000",
                    "description": "User task execution timeout in milliseconds",
                    "key": "USER_TASK_TIMEOUT_MS",
                    "level": "",
                    "value": "3600000"
                  }
                ]
              }
            ],
            "pipe_execution_paused": false,
            "quoted_identifiers_ignore_case": false,
            "replace_invalid_characters": false,
            "show_output": [
              {
                "comment": "Internal stage for dbt artefacts (manifest.json, run_results.json) shared across envs",
                "created_on": "2026-06-18 23:53:05.036 -0700 PDT",
                "database_name": "CSTA_MARKETING_SHARED",
                "dropped_on": "0001-01-01 00:00:00 +0000 UTC",
                "is_current": false,
                "is_default": false,
                "name": "ARTIFACTS",
                "options": "",
                "owner": "ACCOUNTADMIN",
                "owner_role_type": "ROLE",
                "retention_time": "14"
              }
            ],
            "storage_serialization_policy": "OPTIMIZED",
            "suspend_task_after_num_failures": 10,
            "task_auto_retry_attempts": 0,
            "trace_level": "OFF",
            "user_task_managed_initial_warehouse_size": "Medium",
            "user_task_minimum_trigger_interval_in_seconds": 30,
            "user_task_timeout_ms": 3600000,
            "with_managed_access": "default"
          },
          "sensitive_attributes": [],
          "identity_schema_version": 0,
          "private": "eyJzY2hlbWFfdmVyc2lvbiI6IjIifQ==",
          "dependencies": [
            "module.databases.snowflake_database.this"
          ]
        },
        {
          "index_key": "shared_OBSERVABILITY",
          "schema_version": 2,
          "attributes": {
            "catalog": "",
            "comment": "Pipeline run log, model health, Cortex usage, data quality, and cost tables",
            "data_retention_time_in_days": 14,
            "database": "CSTA_MARKETING_SHARED",
            "default_ddl_collation": "",
            "describe_output": [],
            "enable_console_output": false,
            "external_volume": "",
            "fully_qualified_name": "\"CSTA_MARKETING_SHARED\".\"OBSERVABILITY\"",
            "id": "\"CSTA_MARKETING_SHARED\".\"OBSERVABILITY\"",
            "is_transient": "default",
            "log_level": "OFF",
            "max_data_extension_time_in_days": 14,
            "name": "OBSERVABILITY",
            "parameters": [
              {
                "catalog": [
                  {
                    "default": "",
                    "description": "Name of the catalog integration to use for iceberg tables",
                    "key": "CATALOG",
                    "level": "",
                    "value": ""
                  }
                ],
                "data_retention_time_in_days": [
                  {
                    "default": "1",
                    "description": "number of days to retain the old version of deleted/updated data",
                    "key": "DATA_RETENTION_TIME_IN_DAYS",
                    "level": "DATABASE",
                    "value": "14"
                  }
                ],
                "default_ddl_collation": [
                  {
                    "default": "",
                    "description": "Collation that is used for all the new columns created by the DDL statements (if not specified)",
                    "key": "DEFAULT_DDL_COLLATION",
                    "level": "",
                    "value": ""
                  }
                ],
                "enable_console_output": [
                  {
                    "default": "false",
                    "description": "Enable stdout/stderr fast path logging for anonyous stored procs. This is a public parameter (similar to LOG_LEVEL).",
                    "key": "ENABLE_CONSOLE_OUTPUT",
                    "level": "",
                    "value": "false"
                  }
                ],
                "external_volume": [
                  {
                    "default": "",
                    "description": "Name of an external volume that will be used for persisted Iceberg metadata and data files.",
                    "key": "EXTERNAL_VOLUME",
                    "level": "",
                    "value": ""
                  }
                ],
                "log_level": [
                  {
                    "default": "OFF",
                    "description": "LOG_LEVEL to use when filtering events",
                    "key": "LOG_LEVEL",
                    "level": "",
                    "value": "OFF"
                  }
                ],
                "max_data_extension_time_in_days": [
                  {
                    "default": "14",
                    "description": "Maximum number of days to extend data retention beyond the retention period to prevent a stream becoming stale.",
                    "key": "MAX_DATA_EXTENSION_TIME_IN_DAYS",
                    "level": "",
                    "value": "14"
                  }
                ],
                "pipe_execution_paused": [
                  {
                    "default": "false",
                    "description": "Pause processing of files for a pipe",
                    "key": "PIPE_EXECUTION_PAUSED",
                    "level": "",
                    "value": "false"
                  }
                ],
                "quoted_identifiers_ignore_case": [
                  {
                    "default": "false",
                    "description": "If true, the case of quoted identifiers is ignored",
                    "key": "QUOTED_IDENTIFIERS_IGNORE_CASE",
                    "level": "",
                    "value": "false"
                  }
                ],
                "replace_invalid_characters": [
                  {
                    "default": "false",
                    "description": "Replace invalid UTF-8 characters found in Iceberg table external data files with the Unicode replacement character",
                    "key": "REPLACE_INVALID_CHARACTERS",
                    "level": "",
                    "value": "false"
                  }
                ],
                "storage_serialization_policy": [
                  {
                    "default": "OPTIMIZED",
                    "description": "Storage serialization policy used for managed Iceberg table. This include encodings and compressions",
                    "key": "STORAGE_SERIALIZATION_POLICY",
                    "level": "",
                    "value": "OPTIMIZED"
                  }
                ],
                "suspend_task_after_num_failures": [
                  {
                    "default": "10",
                    "description": "How many times a task must fail in a row before it is automatically suspended. 0 disables auto-suspending.",
                    "key": "SUSPEND_TASK_AFTER_NUM_FAILURES",
                    "level": "",
                    "value": "10"
                  }
                ],
                "task_auto_retry_attempts": [
                  {
                    "default": "0",
                    "description": "Maximum Automatic Retries Allowed For A User Task",
                    "key": "TASK_AUTO_RETRY_ATTEMPTS",
                    "level": "",
                    "value": "0"
                  }
                ],
                "trace_level": [
                  {
                    "default": "OFF",
                    "description": "Trace level value to use when generating/filtering trace events",
                    "key": "TRACE_LEVEL",
                    "level": "",
                    "value": "OFF"
                  }
                ],
                "user_task_managed_initial_warehouse_size": [
                  {
                    "default": "Medium",
                    "description": "The initial size of warehouse to use for managed warehouses in the absence of history",
                    "key": "USER_TASK_MANAGED_INITIAL_WAREHOUSE_SIZE",
                    "level": "",
                    "value": "Medium"
                  }
                ],
                "user_task_minimum_trigger_interval_in_seconds": [
                  {
                    "default": "30",
                    "description": "Minimum amount of time between Triggered Task executions in seconds",
                    "key": "USER_TASK_MINIMUM_TRIGGER_INTERVAL_IN_SECONDS",
                    "level": "",
                    "value": "30"
                  }
                ],
                "user_task_timeout_ms": [
                  {
                    "default": "3600000",
                    "description": "User task execution timeout in milliseconds",
                    "key": "USER_TASK_TIMEOUT_MS",
                    "level": "",
                    "value": "3600000"
                  }
                ]
              }
            ],
            "pipe_execution_paused": false,
            "quoted_identifiers_ignore_case": false,
            "replace_invalid_characters": false,
            "show_output": [
              {
                "comment": "Pipeline run log, model health, Cortex usage, data quality, and cost tables",
                "created_on": "2026-06-18 23:53:04.995 -0700 PDT",
                "database_name": "CSTA_MARKETING_SHARED",
                "dropped_on": "0001-01-01 00:00:00 +0000 UTC",
                "is_current": false,
                "is_default": false,
                "name": "OBSERVABILITY",
                "options": "",
                "owner": "ACCOUNTADMIN",
                "owner_role_type": "ROLE",
                "retention_time": "14"
              }
            ],
            "storage_serialization_policy": "OPTIMIZED",
            "suspend_task_after_num_failures": 10,
            "task_auto_retry_attempts": 0,
            "trace_level": "OFF",
            "user_task_managed_initial_warehouse_size": "Medium",
            "user_task_minimum_trigger_interval_in_seconds": 30,
            "user_task_timeout_ms": 3600000,
            "with_managed_access": "default"
          },
          "sensitive_attributes": [],
          "identity_schema_version": 0,
          "private": "eyJzY2hlbWFfdmVyc2lvbiI6IjIifQ==",
          "dependencies": [
            "module.databases.snowflake_database.this"
          ]
        },
        {
          "index_key": "uat_BRONZE",
          "schema_version": 2,
          "attributes": {
            "catalog": "",
            "comment": "Raw typed tables sourced from Olist CSVs and synthetic seed data",
            "data_retention_time_in_days": 7,
            "database": "CSTA_MARKETING_UAT",
            "default_ddl_collation": "",
            "describe_output": [],
            "enable_console_output": false,
            "external_volume": "",
            "fully_qualified_name": "\"CSTA_MARKETING_UAT\".\"BRONZE\"",
            "id": "\"CSTA_MARKETING_UAT\".\"BRONZE\"",
            "is_transient": "default",
            "log_level": "OFF",
            "max_data_extension_time_in_days": 14,
            "name": "BRONZE",
            "parameters": [
              {
                "catalog": [
                  {
                    "default": "",
                    "description": "Name of the catalog integration to use for iceberg tables",
                    "key": "CATALOG",
                    "level": "",
                    "value": ""
                  }
                ],
                "data_retention_time_in_days": [
                  {
                    "default": "1",
                    "description": "number of days to retain the old version of deleted/updated data",
                    "key": "DATA_RETENTION_TIME_IN_DAYS",
                    "level": "DATABASE",
                    "value": "7"
                  }
                ],
                "default_ddl_collation": [
                  {
                    "default": "",
                    "description": "Collation that is used for all the new columns created by the DDL statements (if not specified)",
                    "key": "DEFAULT_DDL_COLLATION",
                    "level": "",
                    "value": ""
                  }
                ],
                "enable_console_output": [
                  {
                    "default": "false",
                    "description": "Enable stdout/stderr fast path logging for anonyous stored procs. This is a public parameter (similar to LOG_LEVEL).",
                    "key": "ENABLE_CONSOLE_OUTPUT",
                    "level": "",
                    "value": "false"
                  }
                ],
                "external_volume": [
                  {
                    "default": "",
                    "description": "Name of an external volume that will be used for persisted Iceberg metadata and data files.",
                    "key": "EXTERNAL_VOLUME",
                    "level": "",
                    "value": ""
                  }
                ],
                "log_level": [
                  {
                    "default": "OFF",
                    "description": "LOG_LEVEL to use when filtering events",
                    "key": "LOG_LEVEL",
                    "level": "",
                    "value": "OFF"
                  }
                ],
                "max_data_extension_time_in_days": [
                  {
                    "default": "14",
                    "description": "Maximum number of days to extend data retention beyond the retention period to prevent a stream becoming stale.",
                    "key": "MAX_DATA_EXTENSION_TIME_IN_DAYS",
                    "level": "",
                    "value": "14"
                  }
                ],
                "pipe_execution_paused": [
                  {
                    "default": "false",
                    "description": "Pause processing of files for a pipe",
                    "key": "PIPE_EXECUTION_PAUSED",
                    "level": "",
                    "value": "false"
                  }
                ],
                "quoted_identifiers_ignore_case": [
                  {
                    "default": "false",
                    "description": "If true, the case of quoted identifiers is ignored",
                    "key": "QUOTED_IDENTIFIERS_IGNORE_CASE",
                    "level": "",
                    "value": "false"
                  }
                ],
                "replace_invalid_characters": [
                  {
                    "default": "false",
                    "description": "Replace invalid UTF-8 characters found in Iceberg table external data files with the Unicode replacement character",
                    "key": "REPLACE_INVALID_CHARACTERS",
                    "level": "",
                    "value": "false"
                  }
                ],
                "storage_serialization_policy": [
                  {
                    "default": "OPTIMIZED",
                    "description": "Storage serialization policy used for managed Iceberg table. This include encodings and compressions",
                    "key": "STORAGE_SERIALIZATION_POLICY",
                    "level": "",
                    "value": "OPTIMIZED"
                  }
                ],
                "suspend_task_after_num_failures": [
                  {
                    "default": "10",
                    "description": "How many times a task must fail in a row before it is automatically suspended. 0 disables auto-suspending.",
                    "key": "SUSPEND_TASK_AFTER_NUM_FAILURES",
                    "level": "",
                    "value": "10"
                  }
                ],
                "task_auto_retry_attempts": [
                  {
                    "default": "0",
                    "description": "Maximum Automatic Retries Allowed For A User Task",
                    "key": "TASK_AUTO_RETRY_ATTEMPTS",
                    "level": "",
                    "value": "0"
                  }
                ],
                "trace_level": [
                  {
                    "default": "OFF",
                    "description": "Trace level value to use when generating/filtering trace events",
                    "key": "TRACE_LEVEL",
                    "level": "",
                    "value": "OFF"
                  }
                ],
                "user_task_managed_initial_warehouse_size": [
                  {
                    "default": "Medium",
                    "description": "The initial size of warehouse to use for managed warehouses in the absence of history",
                    "key": "USER_TASK_MANAGED_INITIAL_WAREHOUSE_SIZE",
                    "level": "",
                    "value": "Medium"
                  }
                ],
                "user_task_minimum_trigger_interval_in_seconds": [
                  {
                    "default": "30",
                    "description": "Minimum amount of time between Triggered Task executions in seconds",
                    "key": "USER_TASK_MINIMUM_TRIGGER_INTERVAL_IN_SECONDS",
                    "level": "",
                    "value": "30"
                  }
                ],
                "user_task_timeout_ms": [
                  {
                    "default": "3600000",
                    "description": "User task execution timeout in milliseconds",
                    "key": "USER_TASK_TIMEOUT_MS",
                    "level": "",
                    "value": "3600000"
                  }
                ]
              }
            ],
            "pipe_execution_paused": false,
            "quoted_identifiers_ignore_case": false,
            "replace_invalid_characters": false,
            "show_output": [
              {
                "comment": "Raw typed tables sourced from Olist CSVs and synthetic seed data",
                "created_on": "2026-06-18 23:53:05.058 -0700 PDT",
                "database_name": "CSTA_MARKETING_UAT",
                "dropped_on": "0001-01-01 00:00:00 +0000 UTC",
                "is_current": false,
                "is_default": false,
                "name": "BRONZE",
                "options": "",
                "owner": "ACCOUNTADMIN",
                "owner_role_type": "ROLE",
                "retention_time": "7"
              }
            ],
            "storage_serialization_policy": "OPTIMIZED",
            "suspend_task_after_num_failures": 10,
            "task_auto_retry_attempts": 0,
            "trace_level": "OFF",
            "user_task_managed_initial_warehouse_size": "Medium",
            "user_task_minimum_trigger_interval_in_seconds": 30,
            "user_task_timeout_ms": 3600000,
            "with_managed_access": "default"
          },
          "sensitive_attributes": [],
          "identity_schema_version": 0,
          "private": "eyJzY2hlbWFfdmVyc2lvbiI6IjIifQ==",
          "dependencies": [
            "module.databases.snowflake_database.this"
          ]
        },
        {
          "index_key": "uat_GOLD",
          "schema_version": 2,
          "attributes": {
            "catalog": "",
            "comment": "Consumption-ready mart tables — segments, MMM attribution, NBA actions",
            "data_retention_time_in_days": 7,
            "database": "CSTA_MARKETING_UAT",
            "default_ddl_collation": "",
            "describe_output": [],
            "enable_console_output": false,
            "external_volume": "",
            "fully_qualified_name": "\"CSTA_MARKETING_UAT\".\"GOLD\"",
            "id": "\"CSTA_MARKETING_UAT\".\"GOLD\"",
            "is_transient": "default",
            "log_level": "OFF",
            "max_data_extension_time_in_days": 14,
            "name": "GOLD",
            "parameters": [
              {
                "catalog": [
                  {
                    "default": "",
                    "description": "Name of the catalog integration to use for iceberg tables",
                    "key": "CATALOG",
                    "level": "",
                    "value": ""
                  }
                ],
                "data_retention_time_in_days": [
                  {
                    "default": "1",
                    "description": "number of days to retain the old version of deleted/updated data",
                    "key": "DATA_RETENTION_TIME_IN_DAYS",
                    "level": "DATABASE",
                    "value": "7"
                  }
                ],
                "default_ddl_collation": [
                  {
                    "default": "",
                    "description": "Collation that is used for all the new columns created by the DDL statements (if not specified)",
                    "key": "DEFAULT_DDL_COLLATION",
                    "level": "",
                    "value": ""
                  }
                ],
                "enable_console_output": [
                  {
                    "default": "false",
                    "description": "Enable stdout/stderr fast path logging for anonyous stored procs. This is a public parameter (similar to LOG_LEVEL).",
                    "key": "ENABLE_CONSOLE_OUTPUT",
                    "level": "",
                    "value": "false"
                  }
                ],
                "external_volume": [
                  {
                    "default": "",
                    "description": "Name of an external volume that will be used for persisted Iceberg metadata and data files.",
                    "key": "EXTERNAL_VOLUME",
                    "level": "",
                    "value": ""
                  }
                ],
                "log_level": [
                  {
                    "default": "OFF",
                    "description": "LOG_LEVEL to use when filtering events",
                    "key": "LOG_LEVEL",
                    "level": "",
                    "value": "OFF"
                  }
                ],
                "max_data_extension_time_in_days": [
                  {
                    "default": "14",
                    "description": "Maximum number of days to extend data retention beyond the retention period to prevent a stream becoming stale.",
                    "key": "MAX_DATA_EXTENSION_TIME_IN_DAYS",
                    "level": "",
                    "value": "14"
                  }
                ],
                "pipe_execution_paused": [
                  {
                    "default": "false",
                    "description": "Pause processing of files for a pipe",
                    "key": "PIPE_EXECUTION_PAUSED",
                    "level": "",
                    "value": "false"
                  }
                ],
                "quoted_identifiers_ignore_case": [
                  {
                    "default": "false",
                    "description": "If true, the case of quoted identifiers is ignored",
                    "key": "QUOTED_IDENTIFIERS_IGNORE_CASE",
                    "level": "",
                    "value": "false"
                  }
                ],
                "replace_invalid_characters": [
                  {
                    "default": "false",
                    "description": "Replace invalid UTF-8 characters found in Iceberg table external data files with the Unicode replacement character",
                    "key": "REPLACE_INVALID_CHARACTERS",
                    "level": "",
                    "value": "false"
                  }
                ],
                "storage_serialization_policy": [
                  {
                    "default": "OPTIMIZED",
                    "description": "Storage serialization policy used for managed Iceberg table. This include encodings and compressions",
                    "key": "STORAGE_SERIALIZATION_POLICY",
                    "level": "",
                    "value": "OPTIMIZED"
                  }
                ],
                "suspend_task_after_num_failures": [
                  {
                    "default": "10",
                    "description": "How many times a task must fail in a row before it is automatically suspended. 0 disables auto-suspending.",
                    "key": "SUSPEND_TASK_AFTER_NUM_FAILURES",
                    "level": "",
                    "value": "10"
                  }
                ],
                "task_auto_retry_attempts": [
                  {
                    "default": "0",
                    "description": "Maximum Automatic Retries Allowed For A User Task",
                    "key": "TASK_AUTO_RETRY_ATTEMPTS",
                    "level": "",
                    "value": "0"
                  }
                ],
                "trace_level": [
                  {
                    "default": "OFF",
                    "description": "Trace level value to use when generating/filtering trace events",
                    "key": "TRACE_LEVEL",
                    "level": "",
                    "value": "OFF"
                  }
                ],
                "user_task_managed_initial_warehouse_size": [
                  {
                    "default": "Medium",
                    "description": "The initial size of warehouse to use for managed warehouses in the absence of history",
                    "key": "USER_TASK_MANAGED_INITIAL_WAREHOUSE_SIZE",
                    "level": "",
                    "value": "Medium"
                  }
                ],
                "user_task_minimum_trigger_interval_in_seconds": [
                  {
                    "default": "30",
                    "description": "Minimum amount of time between Triggered Task executions in seconds",
                    "key": "USER_TASK_MINIMUM_TRIGGER_INTERVAL_IN_SECONDS",
                    "level": "",
                    "value": "30"
                  }
                ],
                "user_task_timeout_ms": [
                  {
                    "default": "3600000",
                    "description": "User task execution timeout in milliseconds",
                    "key": "USER_TASK_TIMEOUT_MS",
                    "level": "",
                    "value": "3600000"
                  }
                ]
              }
            ],
            "pipe_execution_paused": false,
            "quoted_identifiers_ignore_case": false,
            "replace_invalid_characters": false,
            "show_output": [
              {
                "comment": "Consumption-ready mart tables — segments, MMM attribution, NBA actions",
                "created_on": "2026-06-18 23:53:04.962 -0700 PDT",
                "database_name": "CSTA_MARKETING_UAT",
                "dropped_on": "0001-01-01 00:00:00 +0000 UTC",
                "is_current": false,
                "is_default": false,
                "name": "GOLD",
                "options": "",
                "owner": "ACCOUNTADMIN",
                "owner_role_type": "ROLE",
                "retention_time": "7"
              }
            ],
            "storage_serialization_policy": "OPTIMIZED",
            "suspend_task_after_num_failures": 10,
            "task_auto_retry_attempts": 0,
            "trace_level": "OFF",
            "user_task_managed_initial_warehouse_size": "Medium",
            "user_task_minimum_trigger_interval_in_seconds": 30,
            "user_task_timeout_ms": 3600000,
            "with_managed_access": "default"
          },
          "sensitive_attributes": [],
          "identity_schema_version": 0,
          "private": "eyJzY2hlbWFfdmVyc2lvbiI6IjIifQ==",
          "dependencies": [
            "module.databases.snowflake_database.this"
          ]
        },
        {
          "index_key": "uat_ORCHESTRATION",
          "schema_version": 2,
          "attributes": {
            "catalog": "",
            "comment": "Snowflake Task DAG definitions and dbt stored procedure",
            "data_retention_time_in_days": 7,
            "database": "CSTA_MARKETING_UAT",
            "default_ddl_collation": "",
            "describe_output": [],
            "enable_console_output": false,
            "external_volume": "",
            "fully_qualified_name": "\"CSTA_MARKETING_UAT\".\"ORCHESTRATION\"",
            "id": "\"CSTA_MARKETING_UAT\".\"ORCHESTRATION\"",
            "is_transient": "default",
            "log_level": "OFF",
            "max_data_extension_time_in_days": 14,
            "name": "ORCHESTRATION",
            "parameters": [
              {
                "catalog": [
                  {
                    "default": "",
                    "description": "Name of the catalog integration to use for iceberg tables",
                    "key": "CATALOG",
                    "level": "",
                    "value": ""
                  }
                ],
                "data_retention_time_in_days": [
                  {
                    "default": "1",
                    "description": "number of days to retain the old version of deleted/updated data",
                    "key": "DATA_RETENTION_TIME_IN_DAYS",
                    "level": "DATABASE",
                    "value": "7"
                  }
                ],
                "default_ddl_collation": [
                  {
                    "default": "",
                    "description": "Collation that is used for all the new columns created by the DDL statements (if not specified)",
                    "key": "DEFAULT_DDL_COLLATION",
                    "level": "",
                    "value": ""
                  }
                ],
                "enable_console_output": [
                  {
                    "default": "false",
                    "description": "Enable stdout/stderr fast path logging for anonyous stored procs. This is a public parameter (similar to LOG_LEVEL).",
                    "key": "ENABLE_CONSOLE_OUTPUT",
                    "level": "",
                    "value": "false"
                  }
                ],
                "external_volume": [
                  {
                    "default": "",
                    "description": "Name of an external volume that will be used for persisted Iceberg metadata and data files.",
                    "key": "EXTERNAL_VOLUME",
                    "level": "",
                    "value": ""
                  }
                ],
                "log_level": [
                  {
                    "default": "OFF",
                    "description": "LOG_LEVEL to use when filtering events",
                    "key": "LOG_LEVEL",
                    "level": "",
                    "value": "OFF"
                  }
                ],
                "max_data_extension_time_in_days": [
                  {
                    "default": "14",
                    "description": "Maximum number of days to extend data retention beyond the retention period to prevent a stream becoming stale.",
                    "key": "MAX_DATA_EXTENSION_TIME_IN_DAYS",
                    "level": "",
                    "value": "14"
                  }
                ],
                "pipe_execution_paused": [
                  {
                    "default": "false",
                    "description": "Pause processing of files for a pipe",
                    "key": "PIPE_EXECUTION_PAUSED",
                    "level": "",
                    "value": "false"
                  }
                ],
                "quoted_identifiers_ignore_case": [
                  {
                    "default": "false",
                    "description": "If true, the case of quoted identifiers is ignored",
                    "key": "QUOTED_IDENTIFIERS_IGNORE_CASE",
                    "level": "",
                    "value": "false"
                  }
                ],
                "replace_invalid_characters": [
                  {
                    "default": "false",
                    "description": "Replace invalid UTF-8 characters found in Iceberg table external data files with the Unicode replacement character",
                    "key": "REPLACE_INVALID_CHARACTERS",
                    "level": "",
                    "value": "false"
                  }
                ],
                "storage_serialization_policy": [
                  {
                    "default": "OPTIMIZED",
                    "description": "Storage serialization policy used for managed Iceberg table. This include encodings and compressions",
                    "key": "STORAGE_SERIALIZATION_POLICY",
                    "level": "",
                    "value": "OPTIMIZED"
                  }
                ],
                "suspend_task_after_num_failures": [
                  {
                    "default": "10",
                    "description": "How many times a task must fail in a row before it is automatically suspended. 0 disables auto-suspending.",
                    "key": "SUSPEND_TASK_AFTER_NUM_FAILURES",
                    "level": "",
                    "value": "10"
                  }
                ],
                "task_auto_retry_attempts": [
                  {
                    "default": "0",
                    "description": "Maximum Automatic Retries Allowed For A User Task",
                    "key": "TASK_AUTO_RETRY_ATTEMPTS",
                    "level": "",
                    "value": "0"
                  }
                ],
                "trace_level": [
                  {
                    "default": "OFF",
                    "description": "Trace level value to use when generating/filtering trace events",
                    "key": "TRACE_LEVEL",
                    "level": "",
                    "value": "OFF"
                  }
                ],
                "user_task_managed_initial_warehouse_size": [
                  {
                    "default": "Medium",
                    "description": "The initial size of warehouse to use for managed warehouses in the absence of history",
                    "key": "USER_TASK_MANAGED_INITIAL_WAREHOUSE_SIZE",
                    "level": "",
                    "value": "Medium"
                  }
                ],
                "user_task_minimum_trigger_interval_in_seconds": [
                  {
                    "default": "30",
                    "description": "Minimum amount of time between Triggered Task executions in seconds",
                    "key": "USER_TASK_MINIMUM_TRIGGER_INTERVAL_IN_SECONDS",
                    "level": "",
                    "value": "30"
                  }
                ],
                "user_task_timeout_ms": [
                  {
                    "default": "3600000",
                    "description": "User task execution timeout in milliseconds",
                    "key": "USER_TASK_TIMEOUT_MS",
                    "level": "",
                    "value": "3600000"
                  }
                ]
              }
            ],
            "pipe_execution_paused": false,
            "quoted_identifiers_ignore_case": false,
            "replace_invalid_characters": false,
            "show_output": [
              {
                "comment": "Snowflake Task DAG definitions and dbt stored procedure",
                "created_on": "2026-06-18 23:53:05.026 -0700 PDT",
                "database_name": "CSTA_MARKETING_UAT",
                "dropped_on": "0001-01-01 00:00:00 +0000 UTC",
                "is_current": false,
                "is_default": false,
                "name": "ORCHESTRATION",
                "options": "",
                "owner": "ACCOUNTADMIN",
                "owner_role_type": "ROLE",
                "retention_time": "7"
              }
            ],
            "storage_serialization_policy": "OPTIMIZED",
            "suspend_task_after_num_failures": 10,
            "task_auto_retry_attempts": 0,
            "trace_level": "OFF",
            "user_task_managed_initial_warehouse_size": "Medium",
            "user_task_minimum_trigger_interval_in_seconds": 30,
            "user_task_timeout_ms": 3600000,
            "with_managed_access": "default"
          },
          "sensitive_attributes": [],
          "identity_schema_version": 0,
          "private": "eyJzY2hlbWFfdmVyc2lvbiI6IjIifQ==",
          "dependencies": [
            "module.databases.snowflake_database.this"
          ]
        },
        {
          "index_key": "uat_SILVER",
          "schema_version": 2,
          "attributes": {
            "catalog": "",
            "comment": "Enriched and joined tables including Cortex NLP outputs",
            "data_retention_time_in_days": 7,
            "database": "CSTA_MARKETING_UAT",
            "default_ddl_collation": "",
            "describe_output": [],
            "enable_console_output": false,
            "external_volume": "",
            "fully_qualified_name": "\"CSTA_MARKETING_UAT\".\"SILVER\"",
            "id": "\"CSTA_MARKETING_UAT\".\"SILVER\"",
            "is_transient": "default",
            "log_level": "OFF",
            "max_data_extension_time_in_days": 14,
            "name": "SILVER",
            "parameters": [
              {
                "catalog": [
                  {
                    "default": "",
                    "description": "Name of the catalog integration to use for iceberg tables",
                    "key": "CATALOG",
                    "level": "",
                    "value": ""
                  }
                ],
                "data_retention_time_in_days": [
                  {
                    "default": "1",
                    "description": "number of days to retain the old version of deleted/updated data",
                    "key": "DATA_RETENTION_TIME_IN_DAYS",
                    "level": "DATABASE",
                    "value": "7"
                  }
                ],
                "default_ddl_collation": [
                  {
                    "default": "",
                    "description": "Collation that is used for all the new columns created by the DDL statements (if not specified)",
                    "key": "DEFAULT_DDL_COLLATION",
                    "level": "",
                    "value": ""
                  }
                ],
                "enable_console_output": [
                  {
                    "default": "false",
                    "description": "Enable stdout/stderr fast path logging for anonyous stored procs. This is a public parameter (similar to LOG_LEVEL).",
                    "key": "ENABLE_CONSOLE_OUTPUT",
                    "level": "",
                    "value": "false"
                  }
                ],
                "external_volume": [
                  {
                    "default": "",
                    "description": "Name of an external volume that will be used for persisted Iceberg metadata and data files.",
                    "key": "EXTERNAL_VOLUME",
                    "level": "",
                    "value": ""
                  }
                ],
                "log_level": [
                  {
                    "default": "OFF",
                    "description": "LOG_LEVEL to use when filtering events",
                    "key": "LOG_LEVEL",
                    "level": "",
                    "value": "OFF"
                  }
                ],
                "max_data_extension_time_in_days": [
                  {
                    "default": "14",
                    "description": "Maximum number of days to extend data retention beyond the retention period to prevent a stream becoming stale.",
                    "key": "MAX_DATA_EXTENSION_TIME_IN_DAYS",
                    "level": "",
                    "value": "14"
                  }
                ],
                "pipe_execution_paused": [
                  {
                    "default": "false",
                    "description": "Pause processing of files for a pipe",
                    "key": "PIPE_EXECUTION_PAUSED",
                    "level": "",
                    "value": "false"
                  }
                ],
                "quoted_identifiers_ignore_case": [
                  {
                    "default": "false",
                    "description": "If true, the case of quoted identifiers is ignored",
                    "key": "QUOTED_IDENTIFIERS_IGNORE_CASE",
                    "level": "",
                    "value": "false"
                  }
                ],
                "replace_invalid_characters": [
                  {
                    "default": "false",
                    "description": "Replace invalid UTF-8 characters found in Iceberg table external data files with the Unicode replacement character",
                    "key": "REPLACE_INVALID_CHARACTERS",
                    "level": "",
                    "value": "false"
                  }
                ],
                "storage_serialization_policy": [
                  {
                    "default": "OPTIMIZED",
                    "description": "Storage serialization policy used for managed Iceberg table. This include encodings and compressions",
                    "key": "STORAGE_SERIALIZATION_POLICY",
                    "level": "",
                    "value": "OPTIMIZED"
                  }
                ],
                "suspend_task_after_num_failures": [
                  {
                    "default": "10",
                    "description": "How many times a task must fail in a row before it is automatically suspended. 0 disables auto-suspending.",
                    "key": "SUSPEND_TASK_AFTER_NUM_FAILURES",
                    "level": "",
                    "value": "10"
                  }
                ],
                "task_auto_retry_attempts": [
                  {
                    "default": "0",
                    "description": "Maximum Automatic Retries Allowed For A User Task",
                    "key": "TASK_AUTO_RETRY_ATTEMPTS",
                    "level": "",
                    "value": "0"
                  }
                ],
                "trace_level": [
                  {
                    "default": "OFF",
                    "description": "Trace level value to use when generating/filtering trace events",
                    "key": "TRACE_LEVEL",
                    "level": "",
                    "value": "OFF"
                  }
                ],
                "user_task_managed_initial_warehouse_size": [
                  {
                    "default": "Medium",
                    "description": "The initial size of warehouse to use for managed warehouses in the absence of history",
                    "key": "USER_TASK_MANAGED_INITIAL_WAREHOUSE_SIZE",
                    "level": "",
                    "value": "Medium"
                  }
                ],
                "user_task_minimum_trigger_interval_in_seconds": [
                  {
                    "default": "30",
                    "description": "Minimum amount of time between Triggered Task executions in seconds",
                    "key": "USER_TASK_MINIMUM_TRIGGER_INTERVAL_IN_SECONDS",
                    "level": "",
                    "value": "30"
                  }
                ],
                "user_task_timeout_ms": [
                  {
                    "default": "3600000",
                    "description": "User task execution timeout in milliseconds",
                    "key": "USER_TASK_TIMEOUT_MS",
                    "level": "",
                    "value": "3600000"
                  }
                ]
              }
            ],
            "pipe_execution_paused": false,
            "quoted_identifiers_ignore_case": false,
            "replace_invalid_characters": false,
            "show_output": [
              {
                "comment": "Enriched and joined tables including Cortex NLP outputs",
                "created_on": "2026-06-18 23:53:05.016 -0700 PDT",
                "database_name": "CSTA_MARKETING_UAT",
                "dropped_on": "0001-01-01 00:00:00 +0000 UTC",
                "is_current": false,
                "is_default": false,
                "name": "SILVER",
                "options": "",
                "owner": "ACCOUNTADMIN",
                "owner_role_type": "ROLE",
                "retention_time": "7"
              }
            ],
            "storage_serialization_policy": "OPTIMIZED",
            "suspend_task_after_num_failures": 10,
            "task_auto_retry_attempts": 0,
            "trace_level": "OFF",
            "user_task_managed_initial_warehouse_size": "Medium",
            "user_task_minimum_trigger_interval_in_seconds": 30,
            "user_task_timeout_ms": 3600000,
            "with_managed_access": "default"
          },
          "sensitive_attributes": [],
          "identity_schema_version": 0,
          "private": "eyJzY2hlbWFfdmVyc2lvbiI6IjIifQ==",
          "dependencies": [
            "module.databases.snowflake_database.this"
          ]
        }
      ]
    },
    {
      "module": "module.rbac",
      "mode": "managed",
      "type": "snowflake_account_role",
      "name": "db_access_roles",
      "provider": "provider[\"registry.terraform.io/snowflakedb/snowflake\"]",
      "instances": [
        {
          "index_key": "CSTA_MARKETING_DEV_DB_MODIFY",
          "schema_version": 0,
          "attributes": {
            "comment": "USAGE + CREATE SCHEMA on CSTA_MARKETING_DEV — enables dev schema namespacing",
            "fully_qualified_name": "\"CSTA_MARKETING_DEV_DB_MODIFY\"",
            "id": "CSTA_MARKETING_DEV_DB_MODIFY",
            "name": "CSTA_MARKETING_DEV_DB_MODIFY",
            "show_output": [
              {
                "assigned_to_users": 0,
                "comment": "USAGE + CREATE SCHEMA on CSTA_MARKETING_DEV — enables dev schema namespacing",
                "created_on": "2026-06-17 23:19:36.541 -0700 PDT",
                "granted_roles": 0,
                "granted_to_roles": 2,
                "is_current": false,
                "is_default": false,
                "is_inherited": true,
                "name": "CSTA_MARKETING_DEV_DB_MODIFY",
                "owner": "SECURITYADMIN"
              }
            ]
          },
          "sensitive_attributes": [],
          "identity_schema_version": 0,
          "private": "eyJzY2hlbWFfdmVyc2lvbiI6IjAifQ==",
          "dependencies": [
            "module.databases.snowflake_database.this",
            "module.databases.snowflake_schema.this",
            "module.warehouses.snowflake_warehouse.this"
          ]
        },
        {
          "index_key": "CSTA_MARKETING_DEV_DB_READ",
          "schema_version": 0,
          "attributes": {
            "comment": "USAGE on CSTA_MARKETING_DEV database",
            "fully_qualified_name": "\"CSTA_MARKETING_DEV_DB_READ\"",
            "id": "CSTA_MARKETING_DEV_DB_READ",
            "name": "CSTA_MARKETING_DEV_DB_READ",
            "show_output": [
              {
                "assigned_to_users": 0,
                "comment": "USAGE on CSTA_MARKETING_DEV database",
                "created_on": "2026-06-17 23:19:35.766 -0700 PDT",
                "granted_roles": 0,
                "granted_to_roles": 0,
                "is_current": false,
                "is_default": false,
                "is_inherited": false,
                "name": "CSTA_MARKETING_DEV_DB_READ",
                "owner": "SECURITYADMIN"
              }
            ]
          },
          "sensitive_attributes": [],
          "identity_schema_version": 0,
          "private": "eyJzY2hlbWFfdmVyc2lvbiI6IjAifQ==",
          "dependencies": [
            "module.databases.snowflake_database.this",
            "module.databases.snowflake_schema.this",
            "module.warehouses.snowflake_warehouse.this"
          ]
        },
        {
          "index_key": "CSTA_MARKETING_PROD_DB_MODIFY",
          "schema_version": 0,
          "attributes": {
            "comment": "USAGE + CREATE SCHEMA on CSTA_MARKETING_PROD — enables dev schema namespacing",
            "fully_qualified_name": "\"CSTA_MARKETING_PROD_DB_MODIFY\"",
            "id": "CSTA_MARKETING_PROD_DB_MODIFY",
            "name": "CSTA_MARKETING_PROD_DB_MODIFY",
            "show_output": [
              {
                "assigned_to_users": 0,
                "comment": "USAGE + CREATE SCHEMA on CSTA_MARKETING_PROD — enables dev schema namespacing",
                "created_on": "2026-06-17 23:19:39.603 -0700 PDT",
                "granted_roles": 0,
                "granted_to_roles": 0,
                "is_current": false,
                "is_default": false,
                "is_inherited": false,
                "name": "CSTA_MARKETING_PROD_DB_MODIFY",
                "owner": "SECURITYADMIN"
              }
            ]
          },
          "sensitive_attributes": [],
          "identity_schema_version": 0,
          "private": "bnVsbA==",
          "dependencies": [
            "module.databases.snowflake_database.this",
            "module.databases.snowflake_schema.this",
            "module.warehouses.snowflake_warehouse.this"
          ]
        },
        {
          "index_key": "CSTA_MARKETING_PROD_DB_READ",
          "schema_version": 0,
          "attributes": {
            "comment": "USAGE on CSTA_MARKETING_PROD database",
            "fully_qualified_name": "\"CSTA_MARKETING_PROD_DB_READ\"",
            "id": "CSTA_MARKETING_PROD_DB_READ",
            "name": "CSTA_MARKETING_PROD_DB_READ",
            "show_output": [
              {
                "assigned_to_users": 0,
                "comment": "USAGE on CSTA_MARKETING_PROD database",
                "created_on": "2026-06-17 23:19:38.869 -0700 PDT",
                "granted_roles": 0,
                "granted_to_roles": 3,
                "is_current": false,
                "is_default": false,
                "is_inherited": true,
                "name": "CSTA_MARKETING_PROD_DB_READ",
                "owner": "SECURITYADMIN"
              }
            ]
          },
          "sensitive_attributes": [],
          "identity_schema_version": 0,
          "private": "eyJzY2hlbWFfdmVyc2lvbiI6IjAifQ==",
          "dependencies": [
            "module.databases.snowflake_database.this",
            "module.databases.snowflake_schema.this",
            "module.warehouses.snowflake_warehouse.this"
          ]
        },
        {
          "index_key": "CSTA_MARKETING_SHARED_DB_MODIFY",
          "schema_version": 0,
          "attributes": {
            "comment": "USAGE + CREATE SCHEMA on CSTA_MARKETING_SHARED — enables dev schema namespacing",
            "fully_qualified_name": "\"CSTA_MARKETING_SHARED_DB_MODIFY\"",
            "id": "CSTA_MARKETING_SHARED_DB_MODIFY",
            "name": "CSTA_MARKETING_SHARED_DB_MODIFY",
            "show_output": [
              {
                "assigned_to_users": 0,
                "comment": "USAGE + CREATE SCHEMA on CSTA_MARKETING_SHARED — enables dev schema namespacing",
                "created_on": "2026-06-17 23:19:40.601 -0700 PDT",
                "granted_roles": 0,
                "granted_to_roles": 0,
                "is_current": false,
                "is_default": false,
                "is_inherited": false,
                "name": "CSTA_MARKETING_SHARED_DB_MODIFY",
                "owner": "SECURITYADMIN"
              }
            ]
          },
          "sensitive_attributes": [],
          "identity_schema_version": 0,
          "private": "bnVsbA==",
          "dependencies": [
            "module.databases.snowflake_database.this",
            "module.databases.snowflake_schema.this",
            "module.warehouses.snowflake_warehouse.this"
          ]
        },
        {
          "index_key": "CSTA_MARKETING_SHARED_DB_READ",
          "schema_version": 0,
          "attributes": {
            "comment": "USAGE on CSTA_MARKETING_SHARED database",
            "fully_qualified_name": "\"CSTA_MARKETING_SHARED_DB_READ\"",
            "id": "CSTA_MARKETING_SHARED_DB_READ",
            "name": "CSTA_MARKETING_SHARED_DB_READ",
            "show_output": [
              {
                "assigned_to_users": 0,
                "comment": "USAGE on CSTA_MARKETING_SHARED database",
                "created_on": "2026-06-17 23:19:40.356 -0700 PDT",
                "granted_roles": 0,
                "granted_to_roles": 6,
                "is_current": false,
                "is_default": false,
                "is_inherited": true,
                "name": "CSTA_MARKETING_SHARED_DB_READ",
                "owner": "SECURITYADMIN"
              }
            ]
          },
          "sensitive_attributes": [],
          "identity_schema_version": 0,
          "private": "eyJzY2hlbWFfdmVyc2lvbiI6IjAifQ==",
          "dependencies": [
            "module.databases.snowflake_database.this",
            "module.databases.snowflake_schema.this",
            "module.warehouses.snowflake_warehouse.this"
          ]
        },
        {
          "index_key": "CSTA_MARKETING_UAT_DB_MODIFY",
          "schema_version": 0,
          "attributes": {
            "comment": "USAGE + CREATE SCHEMA on CSTA_MARKETING_UAT — enables dev schema namespacing",
            "fully_qualified_name": "\"CSTA_MARKETING_UAT_DB_MODIFY\"",
            "id": "CSTA_MARKETING_UAT_DB_MODIFY",
            "name": "CSTA_MARKETING_UAT_DB_MODIFY",
            "show_output": [
              {
                "assigned_to_users": 0,
                "comment": "USAGE + CREATE SCHEMA on CSTA_MARKETING_UAT — enables dev schema namespacing",
                "created_on": "2026-06-17 23:19:38.101 -0700 PDT",
                "granted_roles": 0,
                "granted_to_roles": 0,
                "is_current": false,
                "is_default": false,
                "is_inherited": false,
                "name": "CSTA_MARKETING_UAT_DB_MODIFY",
                "owner": "SECURITYADMIN"
              }
            ]
          },
          "sensitive_attributes": [],
          "identity_schema_version": 0,
          "private": "bnVsbA==",
          "dependencies": [
            "module.databases.snowflake_database.this",
            "module.databases.snowflake_schema.this",
            "module.warehouses.snowflake_warehouse.this"
          ]
        },
        {
          "index_key": "CSTA_MARKETING_UAT_DB_READ",
          "schema_version": 0,
          "attributes": {
            "comment": "USAGE on CSTA_MARKETING_UAT database",
            "fully_qualified_name": "\"CSTA_MARKETING_UAT_DB_READ\"",
            "id": "CSTA_MARKETING_UAT_DB_READ",
            "name": "CSTA_MARKETING_UAT_DB_READ",
            "show_output": [
              {
                "assigned_to_users": 0,
                "comment": "USAGE on CSTA_MARKETING_UAT database",
                "created_on": "2026-06-17 23:19:37.283 -0700 PDT",
                "granted_roles": 0,
                "granted_to_roles": 3,
                "is_current": false,
                "is_default": false,
                "is_inherited": true,
                "name": "CSTA_MARKETING_UAT_DB_READ",
                "owner": "SECURITYADMIN"
              }
            ]
          },
          "sensitive_attributes": [],
          "identity_schema_version": 0,
          "private": "eyJzY2hlbWFfdmVyc2lvbiI6IjAifQ==",
          "dependencies": [
            "module.databases.snowflake_database.this",
            "module.databases.snowflake_schema.this",
            "module.warehouses.snowflake_warehouse.this"
          ]
        }
      ]
    },
    {
      "module": "module.rbac",
      "mode": "managed",
      "type": "snowflake_account_role",
      "name": "functional_roles",
      "provider": "provider[\"registry.terraform.io/snowflakedb/snowflake\"]",
      "instances": [
        {
          "index_key": "CSTA_ANALYST_ROLE",
          "schema_version": 0,
          "attributes": {
            "comment": "Read-only access to UAT and PROD GOLD schemas only; for business analysts querying mart tables",
            "fully_qualified_name": "\"CSTA_ANALYST_ROLE\"",
            "id": "CSTA_ANALYST_ROLE",
            "name": "CSTA_ANALYST_ROLE",
            "show_output": [
              {
                "assigned_to_users": 0,
                "comment": "Read-only access to UAT and PROD GOLD schemas only; for business analysts querying mart tables",
                "created_on": "2026-06-17 23:20:19.155 -0700 PDT",
                "granted_roles": 4,
                "granted_to_roles": 1,
                "is_current": false,
                "is_default": false,
                "is_inherited": true,
                "name": "CSTA_ANALYST_ROLE",
                "owner": "SECURITYADMIN"
              }
            ]
          },
          "sensitive_attributes": [],
          "identity_schema_version": 0,
          "private": "bnVsbA==",
          "dependencies": [
            "module.databases.snowflake_database.this",
            "module.databases.snowflake_schema.this",
            "module.warehouses.snowflake_warehouse.this"
          ]
        },
        {
          "index_key": "CSTA_CORTEX_ROLE",
          "schema_version": 0,
          "attributes": {
            "comment": "Wraps SNOWFLAKE.CORTEX_USER database role; granted to all CSTA_DBT_*_ROLEs",
            "fully_qualified_name": "\"CSTA_CORTEX_ROLE\"",
            "id": "CSTA_CORTEX_ROLE",
            "name": "CSTA_CORTEX_ROLE",
            "show_output": [
              {
                "assigned_to_users": 0,
                "comment": "Wraps SNOWFLAKE.CORTEX_USER database role; granted to all CSTA_DBT_*_ROLEs",
                "created_on": "2026-06-17 23:20:16.739 -0700 PDT",
                "granted_roles": 0,
                "granted_to_roles": 6,
                "is_current": false,
                "is_default": false,
                "is_inherited": true,
                "name": "CSTA_CORTEX_ROLE",
                "owner": "SECURITYADMIN"
              }
            ]
          },
          "sensitive_attributes": [],
          "identity_schema_version": 0,
          "private": "eyJzY2hlbWFfdmVyc2lvbiI6IjAifQ==",
          "dependencies": [
            "module.databases.snowflake_database.this",
            "module.databases.snowflake_schema.this",
            "module.warehouses.snowflake_warehouse.this"
          ]
        },
        {
          "index_key": "CSTA_DBT_DEV_ROLE",
          "schema_version": 0,
          "attributes": {
            "comment": "Full access to CSTA_MARKETING_DEV + shared observability/artefacts; used by SVC_CSTA_DBT_DEV and SVC_GITHUB_CI_DEV",
            "fully_qualified_name": "\"CSTA_DBT_DEV_ROLE\"",
            "id": "CSTA_DBT_DEV_ROLE",
            "name": "CSTA_DBT_DEV_ROLE",
            "show_output": [
              {
                "assigned_to_users": 2,
                "comment": "Full access to CSTA_MARKETING_DEV + shared observability/artefacts; used by SVC_CSTA_DBT_DEV and SVC_GITHUB_CI_DEV",
                "created_on": "2026-06-17 23:20:14.49 -0700 PDT",
                "granted_roles": 9,
                "granted_to_roles": 1,
                "is_current": false,
                "is_default": false,
                "is_inherited": true,
                "name": "CSTA_DBT_DEV_ROLE",
                "owner": "SECURITYADMIN"
              }
            ]
          },
          "sensitive_attributes": [],
          "identity_schema_version": 0,
          "private": "eyJzY2hlbWFfdmVyc2lvbiI6IjAifQ==",
          "dependencies": [
            "module.databases.snowflake_database.this",
            "module.databases.snowflake_schema.this",
            "module.warehouses.snowflake_warehouse.this"
          ]
        },
        {
          "index_key": "CSTA_DBT_PROD_ROLE",
          "schema_version": 0,
          "attributes": {
            "comment": "Full access to CSTA_MARKETING_PROD + shared observability/artefacts; used by SVC_CSTA_DBT_PROD and SVC_GITHUB_CI_PROD",
            "fully_qualified_name": "\"CSTA_DBT_PROD_ROLE\"",
            "id": "CSTA_DBT_PROD_ROLE",
            "name": "CSTA_DBT_PROD_ROLE",
            "show_output": [
              {
                "assigned_to_users": 2,
                "comment": "Full access to CSTA_MARKETING_PROD + shared observability/artefacts; used by SVC_CSTA_DBT_PROD and SVC_GITHUB_CI_PROD",
                "created_on": "2026-06-17 23:20:15.985 -0700 PDT",
                "granted_roles": 9,
                "granted_to_roles": 1,
                "is_current": false,
                "is_default": false,
                "is_inherited": true,
                "name": "CSTA_DBT_PROD_ROLE",
                "owner": "SECURITYADMIN"
              }
            ]
          },
          "sensitive_attributes": [],
          "identity_schema_version": 0,
          "private": "eyJzY2hlbWFfdmVyc2lvbiI6IjAifQ==",
          "dependencies": [
            "module.databases.snowflake_database.this",
            "module.databases.snowflake_schema.this",
            "module.warehouses.snowflake_warehouse.this"
          ]
        },
        {
          "index_key": "CSTA_DBT_UAT_ROLE",
          "schema_version": 0,
          "attributes": {
            "comment": "Full access to CSTA_MARKETING_UAT + shared observability/artefacts; used by SVC_CSTA_DBT_UAT and SVC_GITHUB_CI_UAT",
            "fully_qualified_name": "\"CSTA_DBT_UAT_ROLE\"",
            "id": "CSTA_DBT_UAT_ROLE",
            "name": "CSTA_DBT_UAT_ROLE",
            "show_output": [
              {
                "assigned_to_users": 2,
                "comment": "Full access to CSTA_MARKETING_UAT + shared observability/artefacts; used by SVC_CSTA_DBT_UAT and SVC_GITHUB_CI_UAT",
                "created_on": "2026-06-17 23:20:15.245 -0700 PDT",
                "granted_roles": 9,
                "granted_to_roles": 1,
                "is_current": false,
                "is_default": false,
                "is_inherited": true,
                "name": "CSTA_DBT_UAT_ROLE",
                "owner": "SECURITYADMIN"
              }
            ]
          },
          "sensitive_attributes": [],
          "identity_schema_version": 0,
          "private": "eyJzY2hlbWFfdmVyc2lvbiI6IjAifQ==",
          "dependencies": [
            "module.databases.snowflake_database.this",
            "module.databases.snowflake_schema.this",
            "module.warehouses.snowflake_warehouse.this"
          ]
        },
        {
          "index_key": "CSTA_DEV_ROLE",
          "schema_version": 0,
          "attributes": {
            "comment": "Full read/write/create on all DEV database objects; assigned to named human developers",
            "fully_qualified_name": "\"CSTA_DEV_ROLE\"",
            "id": "CSTA_DEV_ROLE",
            "name": "CSTA_DEV_ROLE",
            "show_output": [
              {
                "assigned_to_users": 0,
                "comment": "Full read/write/create on all DEV database objects; assigned to named human developers",
                "created_on": "2026-06-17 23:20:19.989 -0700 PDT",
                "granted_roles": 9,
                "granted_to_roles": 1,
                "is_current": false,
                "is_default": false,
                "is_inherited": true,
                "name": "CSTA_DEV_ROLE",
                "owner": "SECURITYADMIN"
              }
            ]
          },
          "sensitive_attributes": [],
          "identity_schema_version": 0,
          "private": "bnVsbA==",
          "dependencies": [
            "module.databases.snowflake_database.this",
            "module.databases.snowflake_schema.this",
            "module.warehouses.snowflake_warehouse.this"
          ]
        },
        {
          "index_key": "CSTA_OBSERVER_ROLE",
          "schema_version": 0,
          "attributes": {
            "comment": "Read-only access to CSTA_MARKETING_SHARED observability + CSTA_MARKETING_PROD gold; for analysts",
            "fully_qualified_name": "\"CSTA_OBSERVER_ROLE\"",
            "id": "CSTA_OBSERVER_ROLE",
            "name": "CSTA_OBSERVER_ROLE",
            "show_output": [
              {
                "assigned_to_users": 0,
                "comment": "Read-only access to CSTA_MARKETING_SHARED observability + CSTA_MARKETING_PROD gold; for analysts",
                "created_on": "2026-06-17 23:20:17.53 -0700 PDT",
                "granted_roles": 4,
                "granted_to_roles": 2,
                "is_current": false,
                "is_default": false,
                "is_inherited": true,
                "name": "CSTA_OBSERVER_ROLE",
                "owner": "SECURITYADMIN"
              }
            ]
          },
          "sensitive_attributes": [],
          "identity_schema_version": 0,
          "private": "eyJzY2hlbWFfdmVyc2lvbiI6IjAifQ==",
          "dependencies": [
            "module.databases.snowflake_database.this",
            "module.databases.snowflake_schema.this",
            "module.warehouses.snowflake_warehouse.this"
          ]
        },
        {
          "index_key": "CSTA_STREAMLIT_ROLE",
          "schema_version": 0,
          "attributes": {
            "comment": "Service identity for the Observability Streamlit app; inherits CSTA_OBSERVER_ROLE",
            "fully_qualified_name": "\"CSTA_STREAMLIT_ROLE\"",
            "id": "CSTA_STREAMLIT_ROLE",
            "name": "CSTA_STREAMLIT_ROLE",
            "show_output": [
              {
                "assigned_to_users": 1,
                "comment": "Service identity for the Observability Streamlit app; inherits CSTA_OBSERVER_ROLE",
                "created_on": "2026-06-17 23:20:18.36 -0700 PDT",
                "granted_roles": 1,
                "granted_to_roles": 1,
                "is_current": false,
                "is_default": false,
                "is_inherited": true,
                "name": "CSTA_STREAMLIT_ROLE",
                "owner": "SECURITYADMIN"
              }
            ]
          },
          "sensitive_attributes": [],
          "identity_schema_version": 0,
          "private": "eyJzY2hlbWFfdmVyc2lvbiI6IjAifQ==",
          "dependencies": [
            "module.databases.snowflake_database.this",
            "module.databases.snowflake_schema.this",
            "module.warehouses.snowflake_warehouse.this"
          ]
        },
        {
          "index_key": "CSTA_UAT_DEV_ROLE",
          "schema_version": 0,
          "attributes": {
            "comment": "Full read/write/create on all UAT database objects; assigned to named human developers and QA engineers",
            "fully_qualified_name": "\"CSTA_UAT_DEV_ROLE\"",
            "id": "CSTA_UAT_DEV_ROLE",
            "name": "CSTA_UAT_DEV_ROLE",
            "show_output": [
              {
                "assigned_to_users": 0,
                "comment": "Full read/write/create on all UAT database objects; assigned to named human developers and QA engineers",
                "created_on": "2026-06-17 23:20:20.812 -0700 PDT",
                "granted_roles": 9,
                "granted_to_roles": 1,
                "is_current": false,
                "is_default": false,
                "is_inherited": true,
                "name": "CSTA_UAT_DEV_ROLE",
                "owner": "SECURITYADMIN"
              }
            ]
          },
          "sensitive_attributes": [],
          "identity_schema_version": 0,
          "private": "bnVsbA==",
          "dependencies": [
            "module.databases.snowflake_database.this",
            "module.databases.snowflake_schema.this",
            "module.warehouses.snowflake_warehouse.this"
          ]
        }
      ]
    },
    {
      "module": "module.rbac",
      "mode": "managed",
      "type": "snowflake_account_role",
      "name": "schema_access_roles",
      "provider": "provider[\"registry.terraform.io/snowflakedb/snowflake\"]",
      "instances": [
        {
          "index_key": "CSTA_MARKETING_DEV_BRONZE_READ",
          "schema_version": 0,
          "attributes": {
            "comment": "SELECT on CSTA_MARKETING_DEV.BRONZE",
            "fully_qualified_name": "\"CSTA_MARKETING_DEV_BRONZE_READ\"",
            "id": "CSTA_MARKETING_DEV_BRONZE_READ",
            "name": "CSTA_MARKETING_DEV_BRONZE_READ",
            "show_output": [
              {
                "assigned_to_users": 0,
                "comment": "SELECT on CSTA_MARKETING_DEV.BRONZE",
                "created_on": "2026-06-17 23:19:41.388 -0700 PDT",
                "granted_roles": 0,
                "granted_to_roles": 0,
                "is_current": false,
                "is_default": false,
                "is_inherited": false,
                "name": "CSTA_MARKETING_DEV_BRONZE_READ",
                "owner": "SECURITYADMIN"
              }
            ]
          },
          "sensitive_attributes": [],
          "identity_schema_version": 0,
          "private": "eyJzY2hlbWFfdmVyc2lvbiI6IjAifQ==",
          "dependencies": [
            "module.databases.snowflake_database.this",
            "module.databases.snowflake_schema.this",
            "module.warehouses.snowflake_warehouse.this"
          ]
        },
        {
          "index_key": "CSTA_MARKETING_DEV_BRONZE_READ_WRITE",
          "schema_version": 0,
          "attributes": {
            "comment": "SELECT + DML on CSTA_MARKETING_DEV.BRONZE",
            "fully_qualified_name": "\"CSTA_MARKETING_DEV_BRONZE_READ_WRITE\"",
            "id": "CSTA_MARKETING_DEV_BRONZE_READ_WRITE",
            "name": "CSTA_MARKETING_DEV_BRONZE_READ_WRITE",
            "show_output": [
              {
                "assigned_to_users": 0,
                "comment": "SELECT + DML on CSTA_MARKETING_DEV.BRONZE",
                "created_on": "2026-06-17 23:19:42.126 -0700 PDT",
                "granted_roles": 0,
                "granted_to_roles": 0,
                "is_current": false,
                "is_default": false,
                "is_inherited": false,
                "name": "CSTA_MARKETING_DEV_BRONZE_READ_WRITE",
                "owner": "SECURITYADMIN"
              }
            ]
          },
          "sensitive_attributes": [],
          "identity_schema_version": 0,
          "private": "eyJzY2hlbWFfdmVyc2lvbiI6IjAifQ==",
          "dependencies": [
            "module.databases.snowflake_database.this",
            "module.databases.snowflake_schema.this",
            "module.warehouses.snowflake_warehouse.this"
          ]
        },
        {
          "index_key": "CSTA_MARKETING_DEV_BRONZE_READ_WRITE_CREATE",
          "schema_version": 0,
          "attributes": {
            "comment": "SELECT + DML + DDL on CSTA_MARKETING_DEV.BRONZE",
            "fully_qualified_name": "\"CSTA_MARKETING_DEV_BRONZE_READ_WRITE_CREATE\"",
            "id": "CSTA_MARKETING_DEV_BRONZE_READ_WRITE_CREATE",
            "name": "CSTA_MARKETING_DEV_BRONZE_READ_WRITE_CREATE",
            "show_output": [
              {
                "assigned_to_users": 0,
                "comment": "SELECT + DML + DDL on CSTA_MARKETING_DEV.BRONZE",
                "created_on": "2026-06-17 23:19:42.952 -0700 PDT",
                "granted_roles": 0,
                "granted_to_roles": 2,
                "is_current": false,
                "is_default": false,
                "is_inherited": true,
                "name": "CSTA_MARKETING_DEV_BRONZE_READ_WRITE_CREATE",
                "owner": "SECURITYADMIN"
              }
            ]
          },
          "sensitive_attributes": [],
          "identity_schema_version": 0,
          "private": "eyJzY2hlbWFfdmVyc2lvbiI6IjAifQ==",
          "dependencies": [
            "module.databases.snowflake_database.this",
            "module.databases.snowflake_schema.this",
            "module.warehouses.snowflake_warehouse.this"
          ]
        },
        {
          "index_key": "CSTA_MARKETING_DEV_GOLD_READ",
          "schema_version": 0,
          "attributes": {
            "comment": "SELECT on CSTA_MARKETING_DEV.GOLD",
            "fully_qualified_name": "\"CSTA_MARKETING_DEV_GOLD_READ\"",
            "id": "CSTA_MARKETING_DEV_GOLD_READ",
            "name": "CSTA_MARKETING_DEV_GOLD_READ",
            "show_output": [
              {
                "assigned_to_users": 0,
                "comment": "SELECT on CSTA_MARKETING_DEV.GOLD",
                "created_on": "2026-06-17 23:19:45.984 -0700 PDT",
                "granted_roles": 0,
                "granted_to_roles": 0,
                "is_current": false,
                "is_default": false,
                "is_inherited": false,
                "name": "CSTA_MARKETING_DEV_GOLD_READ",
                "owner": "SECURITYADMIN"
              }
            ]
          },
          "sensitive_attributes": [],
          "identity_schema_version": 0,
          "private": "eyJzY2hlbWFfdmVyc2lvbiI6IjAifQ==",
          "dependencies": [
            "module.databases.snowflake_database.this",
            "module.databases.snowflake_schema.this",
            "module.warehouses.snowflake_warehouse.this"
          ]
        },
        {
          "index_key": "CSTA_MARKETING_DEV_GOLD_READ_WRITE",
          "schema_version": 0,
          "attributes": {
            "comment": "SELECT + DML on CSTA_MARKETING_DEV.GOLD",
            "fully_qualified_name": "\"CSTA_MARKETING_DEV_GOLD_READ_WRITE\"",
            "id": "CSTA_MARKETING_DEV_GOLD_READ_WRITE",
            "name": "CSTA_MARKETING_DEV_GOLD_READ_WRITE",
            "show_output": [
              {
                "assigned_to_users": 0,
                "comment": "SELECT + DML on CSTA_MARKETING_DEV.GOLD",
                "created_on": "2026-06-17 23:19:46.762 -0700 PDT",
                "granted_roles": 0,
                "granted_to_roles": 0,
                "is_current": false,
                "is_default": false,
                "is_inherited": false,
                "name": "CSTA_MARKETING_DEV_GOLD_READ_WRITE",
                "owner": "SECURITYADMIN"
              }
            ]
          },
          "sensitive_attributes": [],
          "identity_schema_version": 0,
          "private": "eyJzY2hlbWFfdmVyc2lvbiI6IjAifQ==",
          "dependencies": [
            "module.databases.snowflake_database.this",
            "module.databases.snowflake_schema.this",
            "module.warehouses.snowflake_warehouse.this"
          ]
        },
        {
          "index_key": "CSTA_MARKETING_DEV_GOLD_READ_WRITE_CREATE",
          "schema_version": 0,
          "attributes": {
            "comment": "SELECT + DML + DDL on CSTA_MARKETING_DEV.GOLD",
            "fully_qualified_name": "\"CSTA_MARKETING_DEV_GOLD_READ_WRITE_CREATE\"",
            "id": "CSTA_MARKETING_DEV_GOLD_READ_WRITE_CREATE",
            "name": "CSTA_MARKETING_DEV_GOLD_READ_WRITE_CREATE",
            "show_output": [
              {
                "assigned_to_users": 0,
                "comment": "SELECT + DML + DDL on CSTA_MARKETING_DEV.GOLD",
                "created_on": "2026-06-17 23:19:47.5 -0700 PDT",
                "granted_roles": 0,
                "granted_to_roles": 2,
                "is_current": false,
                "is_default": false,
                "is_inherited": true,
                "name": "CSTA_MARKETING_DEV_GOLD_READ_WRITE_CREATE",
                "owner": "SECURITYADMIN"
              }
            ]
          },
          "sensitive_attributes": [],
          "identity_schema_version": 0,
          "private": "eyJzY2hlbWFfdmVyc2lvbiI6IjAifQ==",
          "dependencies": [
            "module.databases.snowflake_database.this",
            "module.databases.snowflake_schema.this",
            "module.warehouses.snowflake_warehouse.this"
          ]
        },
        {
          "index_key": "CSTA_MARKETING_DEV_ORCHESTRATION_READ",
          "schema_version": 0,
          "attributes": {
            "comment": "SELECT on CSTA_MARKETING_DEV.ORCHESTRATION",
            "fully_qualified_name": "\"CSTA_MARKETING_DEV_ORCHESTRATION_READ\"",
            "id": "CSTA_MARKETING_DEV_ORCHESTRATION_READ",
            "name": "CSTA_MARKETING_DEV_ORCHESTRATION_READ",
            "show_output": [
              {
                "assigned_to_users": 0,
                "comment": "SELECT on CSTA_MARKETING_DEV.ORCHESTRATION",
                "created_on": "2026-06-17 23:19:48.348 -0700 PDT",
                "granted_roles": 0,
                "granted_to_roles": 0,
                "is_current": false,
                "is_default": false,
                "is_inherited": false,
                "name": "CSTA_MARKETING_DEV_ORCHESTRATION_READ",
                "owner": "SECURITYADMIN"
              }
            ]
          },
          "sensitive_attributes": [],
          "identity_schema_version": 0,
          "private": "eyJzY2hlbWFfdmVyc2lvbiI6IjAifQ==",
          "dependencies": [
            "module.databases.snowflake_database.this",
            "module.databases.snowflake_schema.this",
            "module.warehouses.snowflake_warehouse.this"
          ]
        },
        {
          "index_key": "CSTA_MARKETING_DEV_ORCHESTRATION_READ_WRITE",
          "schema_version": 0,
          "attributes": {
            "comment": "SELECT + DML on CSTA_MARKETING_DEV.ORCHESTRATION",
            "fully_qualified_name": "\"CSTA_MARKETING_DEV_ORCHESTRATION_READ_WRITE\"",
            "id": "CSTA_MARKETING_DEV_ORCHESTRATION_READ_WRITE",
            "name": "CSTA_MARKETING_DEV_ORCHESTRATION_READ_WRITE",
            "show_output": [
              {
                "assigned_to_users": 0,
                "comment": "SELECT + DML on CSTA_MARKETING_DEV.ORCHESTRATION",
                "created_on": "2026-06-17 23:19:49.205 -0700 PDT",
                "granted_roles": 0,
                "granted_to_roles": 0,
                "is_current": false,
                "is_default": false,
                "is_inherited": false,
                "name": "CSTA_MARKETING_DEV_ORCHESTRATION_READ_WRITE",
                "owner": "SECURITYADMIN"
              }
            ]
          },
          "sensitive_attributes": [],
          "identity_schema_version": 0,
          "private": "eyJzY2hlbWFfdmVyc2lvbiI6IjAifQ==",
          "dependencies": [
            "module.databases.snowflake_database.this",
            "module.databases.snowflake_schema.this",
            "module.warehouses.snowflake_warehouse.this"
          ]
        },
        {
          "index_key": "CSTA_MARKETING_DEV_ORCHESTRATION_READ_WRITE_CREATE",
          "schema_version": 0,
          "attributes": {
            "comment": "SELECT + DML + DDL on CSTA_MARKETING_DEV.ORCHESTRATION",
            "fully_qualified_name": "\"CSTA_MARKETING_DEV_ORCHESTRATION_READ_WRITE_CREATE\"",
            "id": "CSTA_MARKETING_DEV_ORCHESTRATION_READ_WRITE_CREATE",
            "name": "CSTA_MARKETING_DEV_ORCHESTRATION_READ_WRITE_CREATE",
            "show_output": [
              {
                "assigned_to_users": 0,
                "comment": "SELECT + DML + DDL on CSTA_MARKETING_DEV.ORCHESTRATION",
                "created_on": "2026-06-17 23:19:49.989 -0700 PDT",
                "granted_roles": 0,
                "granted_to_roles": 2,
                "is_current": false,
                "is_default": false,
                "is_inherited": true,
                "name": "CSTA_MARKETING_DEV_ORCHESTRATION_READ_WRITE_CREATE",
                "owner": "SECURITYADMIN"
              }
            ]
          },
          "sensitive_attributes": [],
          "identity_schema_version": 0,
          "private": "eyJzY2hlbWFfdmVyc2lvbiI6IjAifQ==",
          "dependencies": [
            "module.databases.snowflake_database.this",
            "module.databases.snowflake_schema.this",
            "module.warehouses.snowflake_warehouse.this"
          ]
        },
        {
          "index_key": "CSTA_MARKETING_DEV_SILVER_READ",
          "schema_version": 0,
          "attributes": {
            "comment": "SELECT on CSTA_MARKETING_DEV.SILVER",
            "fully_qualified_name": "\"CSTA_MARKETING_DEV_SILVER_READ\"",
            "id": "CSTA_MARKETING_DEV_SILVER_READ",
            "name": "CSTA_MARKETING_DEV_SILVER_READ",
            "show_output": [
              {
                "assigned_to_users": 0,
                "comment": "SELECT on CSTA_MARKETING_DEV.SILVER",
                "created_on": "2026-06-17 23:19:43.729 -0700 PDT",
                "granted_roles": 0,
                "granted_to_roles": 0,
                "is_current": false,
                "is_default": false,
                "is_inherited": false,
                "name": "CSTA_MARKETING_DEV_SILVER_READ",
                "owner": "SECURITYADMIN"
              }
            ]
          },
          "sensitive_attributes": [],
          "identity_schema_version": 0,
          "private": "eyJzY2hlbWFfdmVyc2lvbiI6IjAifQ==",
          "dependencies": [
            "module.databases.snowflake_database.this",
            "module.databases.snowflake_schema.this",
            "module.warehouses.snowflake_warehouse.this"
          ]
        },
        {
          "index_key": "CSTA_MARKETING_DEV_SILVER_READ_WRITE",
          "schema_version": 0,
          "attributes": {
            "comment": "SELECT + DML on CSTA_MARKETING_DEV.SILVER",
            "fully_qualified_name": "\"CSTA_MARKETING_DEV_SILVER_READ_WRITE\"",
            "id": "CSTA_MARKETING_DEV_SILVER_READ_WRITE",
            "name": "CSTA_MARKETING_DEV_SILVER_READ_WRITE",
            "show_output": [
              {
                "assigned_to_users": 0,
                "comment": "SELECT + DML on CSTA_MARKETING_DEV.SILVER",
                "created_on": "2026-06-17 23:19:44.479 -0700 PDT",
                "granted_roles": 0,
                "granted_to_roles": 0,
                "is_current": false,
                "is_default": false,
                "is_inherited": false,
                "name": "CSTA_MARKETING_DEV_SILVER_READ_WRITE",
                "owner": "SECURITYADMIN"
              }
            ]
          },
          "sensitive_attributes": [],
          "identity_schema_version": 0,
          "private": "eyJzY2hlbWFfdmVyc2lvbiI6IjAifQ==",
          "dependencies": [
            "module.databases.snowflake_database.this",
            "module.databases.snowflake_schema.this",
            "module.warehouses.snowflake_warehouse.this"
          ]
        },
        {
          "index_key": "CSTA_MARKETING_DEV_SILVER_READ_WRITE_CREATE",
          "schema_version": 0,
          "attributes": {
            "comment": "SELECT + DML + DDL on CSTA_MARKETING_DEV.SILVER",
            "fully_qualified_name": "\"CSTA_MARKETING_DEV_SILVER_READ_WRITE_CREATE\"",
            "id": "CSTA_MARKETING_DEV_SILVER_READ_WRITE_CREATE",
            "name": "CSTA_MARKETING_DEV_SILVER_READ_WRITE_CREATE",
            "show_output": [
              {
                "assigned_to_users": 0,
                "comment": "SELECT + DML + DDL on CSTA_MARKETING_DEV.SILVER",
                "created_on": "2026-06-17 23:19:45.235 -0700 PDT",
                "granted_roles": 0,
                "granted_to_roles": 2,
                "is_current": false,
                "is_default": false,
                "is_inherited": true,
                "name": "CSTA_MARKETING_DEV_SILVER_READ_WRITE_CREATE",
                "owner": "SECURITYADMIN"
              }
            ]
          },
          "sensitive_attributes": [],
          "identity_schema_version": 0,
          "private": "eyJzY2hlbWFfdmVyc2lvbiI6IjAifQ==",
          "dependencies": [
            "module.databases.snowflake_database.this",
            "module.databases.snowflake_schema.this",
            "module.warehouses.snowflake_warehouse.this"
          ]
        },
        {
          "index_key": "CSTA_MARKETING_PROD_BRONZE_READ",
          "schema_version": 0,
          "attributes": {
            "comment": "SELECT on CSTA_MARKETING_PROD.BRONZE",
            "fully_qualified_name": "\"CSTA_MARKETING_PROD_BRONZE_READ\"",
            "id": "CSTA_MARKETING_PROD_BRONZE_READ",
            "name": "CSTA_MARKETING_PROD_BRONZE_READ",
            "show_output": [
              {
                "assigned_to_users": 0,
                "comment": "SELECT on CSTA_MARKETING_PROD.BRONZE",
                "created_on": "2026-06-17 23:20:00.247 -0700 PDT",
                "granted_roles": 0,
                "granted_to_roles": 0,
                "is_current": false,
                "is_default": false,
                "is_inherited": false,
                "name": "CSTA_MARKETING_PROD_BRONZE_READ",
                "owner": "SECURITYADMIN"
              }
            ]
          },
          "sensitive_attributes": [],
          "identity_schema_version": 0,
          "private": "eyJzY2hlbWFfdmVyc2lvbiI6IjAifQ==",
          "dependencies": [
            "module.databases.snowflake_database.this",
            "module.databases.snowflake_schema.this",
            "module.warehouses.snowflake_warehouse.this"
          ]
        },
        {
          "index_key": "CSTA_MARKETING_PROD_BRONZE_READ_WRITE",
          "schema_version": 0,
          "attributes": {
            "comment": "SELECT + DML on CSTA_MARKETING_PROD.BRONZE",
            "fully_qualified_name": "\"CSTA_MARKETING_PROD_BRONZE_READ_WRITE\"",
            "id": "CSTA_MARKETING_PROD_BRONZE_READ_WRITE",
            "name": "CSTA_MARKETING_PROD_BRONZE_READ_WRITE",
            "show_output": [
              {
                "assigned_to_users": 0,
                "comment": "SELECT + DML on CSTA_MARKETING_PROD.BRONZE",
                "created_on": "2026-06-17 23:20:01.062 -0700 PDT",
                "granted_roles": 0,
                "granted_to_roles": 0,
                "is_current": false,
                "is_default": false,
                "is_inherited": false,
                "name": "CSTA_MARKETING_PROD_BRONZE_READ_WRITE",
                "owner": "SECURITYADMIN"
              }
            ]
          },
          "sensitive_attributes": [],
          "identity_schema_version": 0,
          "private": "eyJzY2hlbWFfdmVyc2lvbiI6IjAifQ==",
          "dependencies": [
            "module.databases.snowflake_database.this",
            "module.databases.snowflake_schema.this",
            "module.warehouses.snowflake_warehouse.this"
          ]
        },
        {
          "index_key": "CSTA_MARKETING_PROD_BRONZE_READ_WRITE_CREATE",
          "schema_version": 0,
          "attributes": {
            "comment": "SELECT + DML + DDL on CSTA_MARKETING_PROD.BRONZE",
            "fully_qualified_name": "\"CSTA_MARKETING_PROD_BRONZE_READ_WRITE_CREATE\"",
            "id": "CSTA_MARKETING_PROD_BRONZE_READ_WRITE_CREATE",
            "name": "CSTA_MARKETING_PROD_BRONZE_READ_WRITE_CREATE",
            "show_output": [
              {
                "assigned_to_users": 0,
                "comment": "SELECT + DML + DDL on CSTA_MARKETING_PROD.BRONZE",
                "created_on": "2026-06-17 23:20:01.853 -0700 PDT",
                "granted_roles": 0,
                "granted_to_roles": 1,
                "is_current": false,
                "is_default": false,
                "is_inherited": true,
                "name": "CSTA_MARKETING_PROD_BRONZE_READ_WRITE_CREATE",
                "owner": "SECURITYADMIN"
              }
            ]
          },
          "sensitive_attributes": [],
          "identity_schema_version": 0,
          "private": "eyJzY2hlbWFfdmVyc2lvbiI6IjAifQ==",
          "dependencies": [
            "module.databases.snowflake_database.this",
            "module.databases.snowflake_schema.this",
            "module.warehouses.snowflake_warehouse.this"
          ]
        },
        {
          "index_key": "CSTA_MARKETING_PROD_GOLD_READ",
          "schema_version": 0,
          "attributes": {
            "comment": "SELECT on CSTA_MARKETING_PROD.GOLD",
            "fully_qualified_name": "\"CSTA_MARKETING_PROD_GOLD_READ\"",
            "id": "CSTA_MARKETING_PROD_GOLD_READ",
            "name": "CSTA_MARKETING_PROD_GOLD_READ",
            "show_output": [
              {
                "assigned_to_users": 0,
                "comment": "SELECT on CSTA_MARKETING_PROD.GOLD",
                "created_on": "2026-06-17 23:20:05.403 -0700 PDT",
                "granted_roles": 0,
                "granted_to_roles": 2,
                "is_current": false,
                "is_default": false,
                "is_inherited": true,
                "name": "CSTA_MARKETING_PROD_GOLD_READ",
                "owner": "SECURITYADMIN"
              }
            ]
          },
          "sensitive_attributes": [],
          "identity_schema_version": 0,
          "private": "eyJzY2hlbWFfdmVyc2lvbiI6IjAifQ==",
          "dependencies": [
            "module.databases.snowflake_database.this",
            "module.databases.snowflake_schema.this",
            "module.warehouses.snowflake_warehouse.this"
          ]
        },
        {
          "index_key": "CSTA_MARKETING_PROD_GOLD_READ_WRITE",
          "schema_version": 0,
          "attributes": {
            "comment": "SELECT + DML on CSTA_MARKETING_PROD.GOLD",
            "fully_qualified_name": "\"CSTA_MARKETING_PROD_GOLD_READ_WRITE\"",
            "id": "CSTA_MARKETING_PROD_GOLD_READ_WRITE",
            "name": "CSTA_MARKETING_PROD_GOLD_READ_WRITE",
            "show_output": [
              {
                "assigned_to_users": 0,
                "comment": "SELECT + DML on CSTA_MARKETING_PROD.GOLD",
                "created_on": "2026-06-17 23:20:06.18 -0700 PDT",
                "granted_roles": 0,
                "granted_to_roles": 0,
                "is_current": false,
                "is_default": false,
                "is_inherited": false,
                "name": "CSTA_MARKETING_PROD_GOLD_READ_WRITE",
                "owner": "SECURITYADMIN"
              }
            ]
          },
          "sensitive_attributes": [],
          "identity_schema_version": 0,
          "private": "eyJzY2hlbWFfdmVyc2lvbiI6IjAifQ==",
          "dependencies": [
            "module.databases.snowflake_database.this",
            "module.databases.snowflake_schema.this",
            "module.warehouses.snowflake_warehouse.this"
          ]
        },
        {
          "index_key": "CSTA_MARKETING_PROD_GOLD_READ_WRITE_CREATE",
          "schema_version": 0,
          "attributes": {
            "comment": "SELECT + DML + DDL on CSTA_MARKETING_PROD.GOLD",
            "fully_qualified_name": "\"CSTA_MARKETING_PROD_GOLD_READ_WRITE_CREATE\"",
            "id": "CSTA_MARKETING_PROD_GOLD_READ_WRITE_CREATE",
            "name": "CSTA_MARKETING_PROD_GOLD_READ_WRITE_CREATE",
            "show_output": [
              {
                "assigned_to_users": 0,
                "comment": "SELECT + DML + DDL on CSTA_MARKETING_PROD.GOLD",
                "created_on": "2026-06-17 23:20:06.937 -0700 PDT",
                "granted_roles": 0,
                "granted_to_roles": 1,
                "is_current": false,
                "is_default": false,
                "is_inherited": true,
                "name": "CSTA_MARKETING_PROD_GOLD_READ_WRITE_CREATE",
                "owner": "SECURITYADMIN"
              }
            ]
          },
          "sensitive_attributes": [],
          "identity_schema_version": 0,
          "private": "eyJzY2hlbWFfdmVyc2lvbiI6IjAifQ==",
          "dependencies": [
            "module.databases.snowflake_database.this",
            "module.databases.snowflake_schema.this",
            "module.warehouses.snowflake_warehouse.this"
          ]
        },
        {
          "index_key": "CSTA_MARKETING_PROD_ORCHESTRATION_READ",
          "schema_version": 0,
          "attributes": {
            "comment": "SELECT on CSTA_MARKETING_PROD.ORCHESTRATION",
            "fully_qualified_name": "\"CSTA_MARKETING_PROD_ORCHESTRATION_READ\"",
            "id": "CSTA_MARKETING_PROD_ORCHESTRATION_READ",
            "name": "CSTA_MARKETING_PROD_ORCHESTRATION_READ",
            "show_output": [
              {
                "assigned_to_users": 0,
                "comment": "SELECT on CSTA_MARKETING_PROD.ORCHESTRATION",
                "created_on": "2026-06-17 23:20:07.714 -0700 PDT",
                "granted_roles": 0,
                "granted_to_roles": 0,
                "is_current": false,
                "is_default": false,
                "is_inherited": false,
                "name": "CSTA_MARKETING_PROD_ORCHESTRATION_READ",
                "owner": "SECURITYADMIN"
              }
            ]
          },
          "sensitive_attributes": [],
          "identity_schema_version": 0,
          "private": "eyJzY2hlbWFfdmVyc2lvbiI6IjAifQ==",
          "dependencies": [
            "module.databases.snowflake_database.this",
            "module.databases.snowflake_schema.this",
            "module.warehouses.snowflake_warehouse.this"
          ]
        },
        {
          "index_key": "CSTA_MARKETING_PROD_ORCHESTRATION_READ_WRITE",
          "schema_version": 0,
          "attributes": {
            "comment": "SELECT + DML on CSTA_MARKETING_PROD.ORCHESTRATION",
            "fully_qualified_name": "\"CSTA_MARKETING_PROD_ORCHESTRATION_READ_WRITE\"",
            "id": "CSTA_MARKETING_PROD_ORCHESTRATION_READ_WRITE",
            "name": "CSTA_MARKETING_PROD_ORCHESTRATION_READ_WRITE",
            "show_output": [
              {
                "assigned_to_users": 0,
                "comment": "SELECT + DML on CSTA_MARKETING_PROD.ORCHESTRATION",
                "created_on": "2026-06-17 23:20:08.525 -0700 PDT",
                "granted_roles": 0,
                "granted_to_roles": 0,
                "is_current": false,
                "is_default": false,
                "is_inherited": false,
                "name": "CSTA_MARKETING_PROD_ORCHESTRATION_READ_WRITE",
                "owner": "SECURITYADMIN"
              }
            ]
          },
          "sensitive_attributes": [],
          "identity_schema_version": 0,
          "private": "eyJzY2hlbWFfdmVyc2lvbiI6IjAifQ==",
          "dependencies": [
            "module.databases.snowflake_database.this",
            "module.databases.snowflake_schema.this",
            "module.warehouses.snowflake_warehouse.this"
          ]
        },
        {
          "index_key": "CSTA_MARKETING_PROD_ORCHESTRATION_READ_WRITE_CREATE",
          "schema_version": 0,
          "attributes": {
            "comment": "SELECT + DML + DDL on CSTA_MARKETING_PROD.ORCHESTRATION",
            "fully_qualified_name": "\"CSTA_MARKETING_PROD_ORCHESTRATION_READ_WRITE_CREATE\"",
            "id": "CSTA_MARKETING_PROD_ORCHESTRATION_READ_WRITE_CREATE",
            "name": "CSTA_MARKETING_PROD_ORCHESTRATION_READ_WRITE_CREATE",
            "show_output": [
              {
                "assigned_to_users": 0,
                "comment": "SELECT + DML + DDL on CSTA_MARKETING_PROD.ORCHESTRATION",
                "created_on": "2026-06-17 23:20:09.285 -0700 PDT",
                "granted_roles": 0,
                "granted_to_roles": 1,
                "is_current": false,
                "is_default": false,
                "is_inherited": true,
                "name": "CSTA_MARKETING_PROD_ORCHESTRATION_READ_WRITE_CREATE",
                "owner": "SECURITYADMIN"
              }
            ]
          },
          "sensitive_attributes": [],
          "identity_schema_version": 0,
          "private": "eyJzY2hlbWFfdmVyc2lvbiI6IjAifQ==",
          "dependencies": [
            "module.databases.snowflake_database.this",
            "module.databases.snowflake_schema.this",
            "module.warehouses.snowflake_warehouse.this"
          ]
        },
        {
          "index_key": "CSTA_MARKETING_PROD_SILVER_READ",
          "schema_version": 0,
          "attributes": {
            "comment": "SELECT on CSTA_MARKETING_PROD.SILVER",
            "fully_qualified_name": "\"CSTA_MARKETING_PROD_SILVER_READ\"",
            "id": "CSTA_MARKETING_PROD_SILVER_READ",
            "name": "CSTA_MARKETING_PROD_SILVER_READ",
            "show_output": [
              {
                "assigned_to_users": 0,
                "comment": "SELECT on CSTA_MARKETING_PROD.SILVER",
                "created_on": "2026-06-17 23:20:03.091 -0700 PDT",
                "granted_roles": 0,
                "granted_to_roles": 0,
                "is_current": false,
                "is_default": false,
                "is_inherited": false,
                "name": "CSTA_MARKETING_PROD_SILVER_READ",
                "owner": "SECURITYADMIN"
              }
            ]
          },
          "sensitive_attributes": [],
          "identity_schema_version": 0,
          "private": "eyJzY2hlbWFfdmVyc2lvbiI6IjAifQ==",
          "dependencies": [
            "module.databases.snowflake_database.this",
            "module.databases.snowflake_schema.this",
            "module.warehouses.snowflake_warehouse.this"
          ]
        },
        {
          "index_key": "CSTA_MARKETING_PROD_SILVER_READ_WRITE",
          "schema_version": 0,
          "attributes": {
            "comment": "SELECT + DML on CSTA_MARKETING_PROD.SILVER",
            "fully_qualified_name": "\"CSTA_MARKETING_PROD_SILVER_READ_WRITE\"",
            "id": "CSTA_MARKETING_PROD_SILVER_READ_WRITE",
            "name": "CSTA_MARKETING_PROD_SILVER_READ_WRITE",
            "show_output": [
              {
                "assigned_to_users": 0,
                "comment": "SELECT + DML on CSTA_MARKETING_PROD.SILVER",
                "created_on": "2026-06-17 23:20:03.812 -0700 PDT",
                "granted_roles": 0,
                "granted_to_roles": 0,
                "is_current": false,
                "is_default": false,
                "is_inherited": false,
                "name": "CSTA_MARKETING_PROD_SILVER_READ_WRITE",
                "owner": "SECURITYADMIN"
              }
            ]
          },
          "sensitive_attributes": [],
          "identity_schema_version": 0,
          "private": "eyJzY2hlbWFfdmVyc2lvbiI6IjAifQ==",
          "dependencies": [
            "module.databases.snowflake_database.this",
            "module.databases.snowflake_schema.this",
            "module.warehouses.snowflake_warehouse.this"
          ]
        },
        {
          "index_key": "CSTA_MARKETING_PROD_SILVER_READ_WRITE_CREATE",
          "schema_version": 0,
          "attributes": {
            "comment": "SELECT + DML + DDL on CSTA_MARKETING_PROD.SILVER",
            "fully_qualified_name": "\"CSTA_MARKETING_PROD_SILVER_READ_WRITE_CREATE\"",
            "id": "CSTA_MARKETING_PROD_SILVER_READ_WRITE_CREATE",
            "name": "CSTA_MARKETING_PROD_SILVER_READ_WRITE_CREATE",
            "show_output": [
              {
                "assigned_to_users": 0,
                "comment": "SELECT + DML + DDL on CSTA_MARKETING_PROD.SILVER",
                "created_on": "2026-06-17 23:20:04.643 -0700 PDT",
                "granted_roles": 0,
                "granted_to_roles": 1,
                "is_current": false,
                "is_default": false,
                "is_inherited": true,
                "name": "CSTA_MARKETING_PROD_SILVER_READ_WRITE_CREATE",
                "owner": "SECURITYADMIN"
              }
            ]
          },
          "sensitive_attributes": [],
          "identity_schema_version": 0,
          "private": "eyJzY2hlbWFfdmVyc2lvbiI6IjAifQ==",
          "dependencies": [
            "module.databases.snowflake_database.this",
            "module.databases.snowflake_schema.this",
            "module.warehouses.snowflake_warehouse.this"
          ]
        },
        {
          "index_key": "CSTA_MARKETING_SHARED_ARTIFACTS_READ",
          "schema_version": 0,
          "attributes": {
            "comment": "SELECT on CSTA_MARKETING_SHARED.ARTIFACTS",
            "fully_qualified_name": "\"CSTA_MARKETING_SHARED_ARTIFACTS_READ\"",
            "id": "CSTA_MARKETING_SHARED_ARTIFACTS_READ",
            "name": "CSTA_MARKETING_SHARED_ARTIFACTS_READ",
            "show_output": [
              {
                "assigned_to_users": 0,
                "comment": "SELECT on CSTA_MARKETING_SHARED.ARTIFACTS",
                "created_on": "2026-06-17 23:20:12.262 -0700 PDT",
                "granted_roles": 0,
                "granted_to_roles": 0,
                "is_current": false,
                "is_default": false,
                "is_inherited": false,
                "name": "CSTA_MARKETING_SHARED_ARTIFACTS_READ",
                "owner": "SECURITYADMIN"
              }
            ]
          },
          "sensitive_attributes": [],
          "identity_schema_version": 0,
          "private": "eyJzY2hlbWFfdmVyc2lvbiI6IjAifQ==",
          "dependencies": [
            "module.databases.snowflake_database.this",
            "module.databases.snowflake_schema.this",
            "module.warehouses.snowflake_warehouse.this"
          ]
        },
        {
          "index_key": "CSTA_MARKETING_SHARED_ARTIFACTS_READ_WRITE",
          "schema_version": 0,
          "attributes": {
            "comment": "SELECT + DML on CSTA_MARKETING_SHARED.ARTIFACTS",
            "fully_qualified_name": "\"CSTA_MARKETING_SHARED_ARTIFACTS_READ_WRITE\"",
            "id": "CSTA_MARKETING_SHARED_ARTIFACTS_READ_WRITE",
            "name": "CSTA_MARKETING_SHARED_ARTIFACTS_READ_WRITE",
            "show_output": [
              {
                "assigned_to_users": 0,
                "comment": "SELECT + DML on CSTA_MARKETING_SHARED.ARTIFACTS",
                "created_on": "2026-06-17 23:20:13.02 -0700 PDT",
                "granted_roles": 0,
                "granted_to_roles": 5,
                "is_current": false,
                "is_default": false,
                "is_inherited": true,
                "name": "CSTA_MARKETING_SHARED_ARTIFACTS_READ_WRITE",
                "owner": "SECURITYADMIN"
              }
            ]
          },
          "sensitive_attributes": [],
          "identity_schema_version": 0,
          "private": "eyJzY2hlbWFfdmVyc2lvbiI6IjAifQ==",
          "dependencies": [
            "module.databases.snowflake_database.this",
            "module.databases.snowflake_schema.this",
            "module.warehouses.snowflake_warehouse.this"
          ]
        },
        {
          "index_key": "CSTA_MARKETING_SHARED_ARTIFACTS_READ_WRITE_CREATE",
          "schema_version": 0,
          "attributes": {
            "comment": "SELECT + DML + DDL on CSTA_MARKETING_SHARED.ARTIFACTS",
            "fully_qualified_name": "\"CSTA_MARKETING_SHARED_ARTIFACTS_READ_WRITE_CREATE\"",
            "id": "CSTA_MARKETING_SHARED_ARTIFACTS_READ_WRITE_CREATE",
            "name": "CSTA_MARKETING_SHARED_ARTIFACTS_READ_WRITE_CREATE",
            "show_output": [
              {
                "assigned_to_users": 0,
                "comment": "SELECT + DML + DDL on CSTA_MARKETING_SHARED.ARTIFACTS",
                "created_on": "2026-06-17 23:20:13.739 -0700 PDT",
                "granted_roles": 0,
                "granted_to_roles": 0,
                "is_current": false,
                "is_default": false,
                "is_inherited": false,
                "name": "CSTA_MARKETING_SHARED_ARTIFACTS_READ_WRITE_CREATE",
                "owner": "SECURITYADMIN"
              }
            ]
          },
          "sensitive_attributes": [],
          "identity_schema_version": 0,
          "private": "eyJzY2hlbWFfdmVyc2lvbiI6IjAifQ==",
          "dependencies": [
            "module.databases.snowflake_database.this",
            "module.databases.snowflake_schema.this",
            "module.warehouses.snowflake_warehouse.this"
          ]
        },
        {
          "index_key": "CSTA_MARKETING_SHARED_OBSERVABILITY_READ",
          "schema_version": 0,
          "attributes": {
            "comment": "SELECT on CSTA_MARKETING_SHARED.OBSERVABILITY",
            "fully_qualified_name": "\"CSTA_MARKETING_SHARED_OBSERVABILITY_READ\"",
            "id": "CSTA_MARKETING_SHARED_OBSERVABILITY_READ",
            "name": "CSTA_MARKETING_SHARED_OBSERVABILITY_READ",
            "show_output": [
              {
                "assigned_to_users": 0,
                "comment": "SELECT on CSTA_MARKETING_SHARED.OBSERVABILITY",
                "created_on": "2026-06-17 23:20:10.051 -0700 PDT",
                "granted_roles": 0,
                "granted_to_roles": 1,
                "is_current": false,
                "is_default": false,
                "is_inherited": true,
                "name": "CSTA_MARKETING_SHARED_OBSERVABILITY_READ",
                "owner": "SECURITYADMIN"
              }
            ]
          },
          "sensitive_attributes": [],
          "identity_schema_version": 0,
          "private": "eyJzY2hlbWFfdmVyc2lvbiI6IjAifQ==",
          "dependencies": [
            "module.databases.snowflake_database.this",
            "module.databases.snowflake_schema.this",
            "module.warehouses.snowflake_warehouse.this"
          ]
        },
        {
          "index_key": "CSTA_MARKETING_SHARED_OBSERVABILITY_READ_WRITE",
          "schema_version": 0,
          "attributes": {
            "comment": "SELECT + DML on CSTA_MARKETING_SHARED.OBSERVABILITY",
            "fully_qualified_name": "\"CSTA_MARKETING_SHARED_OBSERVABILITY_READ_WRITE\"",
            "id": "CSTA_MARKETING_SHARED_OBSERVABILITY_READ_WRITE",
            "name": "CSTA_MARKETING_SHARED_OBSERVABILITY_READ_WRITE",
            "show_output": [
              {
                "assigned_to_users": 0,
                "comment": "SELECT + DML on CSTA_MARKETING_SHARED.OBSERVABILITY",
                "created_on": "2026-06-17 23:20:10.765 -0700 PDT",
                "granted_roles": 0,
                "granted_to_roles": 5,
                "is_current": false,
                "is_default": false,
                "is_inherited": true,
                "name": "CSTA_MARKETING_SHARED_OBSERVABILITY_READ_WRITE",
                "owner": "SECURITYADMIN"
              }
            ]
          },
          "sensitive_attributes": [],
          "identity_schema_version": 0,
          "private": "eyJzY2hlbWFfdmVyc2lvbiI6IjAifQ==",
          "dependencies": [
            "module.databases.snowflake_database.this",
            "module.databases.snowflake_schema.this",
            "module.warehouses.snowflake_warehouse.this"
          ]
        },
        {
          "index_key": "CSTA_MARKETING_SHARED_OBSERVABILITY_READ_WRITE_CREATE",
          "schema_version": 0,
          "attributes": {
            "comment": "SELECT + DML + DDL on CSTA_MARKETING_SHARED.OBSERVABILITY",
            "fully_qualified_name": "\"CSTA_MARKETING_SHARED_OBSERVABILITY_READ_WRITE_CREATE\"",
            "id": "CSTA_MARKETING_SHARED_OBSERVABILITY_READ_WRITE_CREATE",
            "name": "CSTA_MARKETING_SHARED_OBSERVABILITY_READ_WRITE_CREATE",
            "show_output": [
              {
                "assigned_to_users": 0,
                "comment": "SELECT + DML + DDL on CSTA_MARKETING_SHARED.OBSERVABILITY",
                "created_on": "2026-06-17 23:20:11.537 -0700 PDT",
                "granted_roles": 0,
                "granted_to_roles": 0,
                "is_current": false,
                "is_default": false,
                "is_inherited": false,
                "name": "CSTA_MARKETING_SHARED_OBSERVABILITY_READ_WRITE_CREATE",
                "owner": "SECURITYADMIN"
              }
            ]
          },
          "sensitive_attributes": [],
          "identity_schema_version": 0,
          "private": "eyJzY2hlbWFfdmVyc2lvbiI6IjAifQ==",
          "dependencies": [
            "module.databases.snowflake_database.this",
            "module.databases.snowflake_schema.this",
            "module.warehouses.snowflake_warehouse.this"
          ]
        },
        {
          "index_key": "CSTA_MARKETING_UAT_BRONZE_READ",
          "schema_version": 0,
          "attributes": {
            "comment": "SELECT on CSTA_MARKETING_UAT.BRONZE",
            "fully_qualified_name": "\"CSTA_MARKETING_UAT_BRONZE_READ\"",
            "id": "CSTA_MARKETING_UAT_BRONZE_READ",
            "name": "CSTA_MARKETING_UAT_BRONZE_READ",
            "show_output": [
              {
                "assigned_to_users": 0,
                "comment": "SELECT on CSTA_MARKETING_UAT.BRONZE",
                "created_on": "2026-06-17 23:19:50.803 -0700 PDT",
                "granted_roles": 0,
                "granted_to_roles": 0,
                "is_current": false,
                "is_default": false,
                "is_inherited": false,
                "name": "CSTA_MARKETING_UAT_BRONZE_READ",
                "owner": "SECURITYADMIN"
              }
            ]
          },
          "sensitive_attributes": [],
          "identity_schema_version": 0,
          "private": "eyJzY2hlbWFfdmVyc2lvbiI6IjAifQ==",
          "dependencies": [
            "module.databases.snowflake_database.this",
            "module.databases.snowflake_schema.this",
            "module.warehouses.snowflake_warehouse.this"
          ]
        },
        {
          "index_key": "CSTA_MARKETING_UAT_BRONZE_READ_WRITE",
          "schema_version": 0,
          "attributes": {
            "comment": "SELECT + DML on CSTA_MARKETING_UAT.BRONZE",
            "fully_qualified_name": "\"CSTA_MARKETING_UAT_BRONZE_READ_WRITE\"",
            "id": "CSTA_MARKETING_UAT_BRONZE_READ_WRITE",
            "name": "CSTA_MARKETING_UAT_BRONZE_READ_WRITE",
            "show_output": [
              {
                "assigned_to_users": 0,
                "comment": "SELECT + DML on CSTA_MARKETING_UAT.BRONZE",
                "created_on": "2026-06-17 23:19:51.565 -0700 PDT",
                "granted_roles": 0,
                "granted_to_roles": 0,
                "is_current": false,
                "is_default": false,
                "is_inherited": false,
                "name": "CSTA_MARKETING_UAT_BRONZE_READ_WRITE",
                "owner": "SECURITYADMIN"
              }
            ]
          },
          "sensitive_attributes": [],
          "identity_schema_version": 0,
          "private": "eyJzY2hlbWFfdmVyc2lvbiI6IjAifQ==",
          "dependencies": [
            "module.databases.snowflake_database.this",
            "module.databases.snowflake_schema.this",
            "module.warehouses.snowflake_warehouse.this"
          ]
        },
        {
          "index_key": "CSTA_MARKETING_UAT_BRONZE_READ_WRITE_CREATE",
          "schema_version": 0,
          "attributes": {
            "comment": "SELECT + DML + DDL on CSTA_MARKETING_UAT.BRONZE",
            "fully_qualified_name": "\"CSTA_MARKETING_UAT_BRONZE_READ_WRITE_CREATE\"",
            "id": "CSTA_MARKETING_UAT_BRONZE_READ_WRITE_CREATE",
            "name": "CSTA_MARKETING_UAT_BRONZE_READ_WRITE_CREATE",
            "show_output": [
              {
                "assigned_to_users": 0,
                "comment": "SELECT + DML + DDL on CSTA_MARKETING_UAT.BRONZE",
                "created_on": "2026-06-17 23:19:52.327 -0700 PDT",
                "granted_roles": 0,
                "granted_to_roles": 2,
                "is_current": false,
                "is_default": false,
                "is_inherited": true,
                "name": "CSTA_MARKETING_UAT_BRONZE_READ_WRITE_CREATE",
                "owner": "SECURITYADMIN"
              }
            ]
          },
          "sensitive_attributes": [],
          "identity_schema_version": 0,
          "private": "eyJzY2hlbWFfdmVyc2lvbiI6IjAifQ==",
          "dependencies": [
            "module.databases.snowflake_database.this",
            "module.databases.snowflake_schema.this",
            "module.warehouses.snowflake_warehouse.this"
          ]
        },
        {
          "index_key": "CSTA_MARKETING_UAT_GOLD_READ",
          "schema_version": 0,
          "attributes": {
            "comment": "SELECT on CSTA_MARKETING_UAT.GOLD",
            "fully_qualified_name": "\"CSTA_MARKETING_UAT_GOLD_READ\"",
            "id": "CSTA_MARKETING_UAT_GOLD_READ",
            "name": "CSTA_MARKETING_UAT_GOLD_READ",
            "show_output": [
              {
                "assigned_to_users": 0,
                "comment": "SELECT on CSTA_MARKETING_UAT.GOLD",
                "created_on": "2026-06-17 23:19:55.422 -0700 PDT",
                "granted_roles": 0,
                "granted_to_roles": 1,
                "is_current": false,
                "is_default": false,
                "is_inherited": true,
                "name": "CSTA_MARKETING_UAT_GOLD_READ",
                "owner": "SECURITYADMIN"
              }
            ]
          },
          "sensitive_attributes": [],
          "identity_schema_version": 0,
          "private": "eyJzY2hlbWFfdmVyc2lvbiI6IjAifQ==",
          "dependencies": [
            "module.databases.snowflake_database.this",
            "module.databases.snowflake_schema.this",
            "module.warehouses.snowflake_warehouse.this"
          ]
        },
        {
          "index_key": "CSTA_MARKETING_UAT_GOLD_READ_WRITE",
          "schema_version": 0,
          "attributes": {
            "comment": "SELECT + DML on CSTA_MARKETING_UAT.GOLD",
            "fully_qualified_name": "\"CSTA_MARKETING_UAT_GOLD_READ_WRITE\"",
            "id": "CSTA_MARKETING_UAT_GOLD_READ_WRITE",
            "name": "CSTA_MARKETING_UAT_GOLD_READ_WRITE",
            "show_output": [
              {
                "assigned_to_users": 0,
                "comment": "SELECT + DML on CSTA_MARKETING_UAT.GOLD",
                "created_on": "2026-06-17 23:19:56.238 -0700 PDT",
                "granted_roles": 0,
                "granted_to_roles": 0,
                "is_current": false,
                "is_default": false,
                "is_inherited": false,
                "name": "CSTA_MARKETING_UAT_GOLD_READ_WRITE",
                "owner": "SECURITYADMIN"
              }
            ]
          },
          "sensitive_attributes": [],
          "identity_schema_version": 0,
          "private": "eyJzY2hlbWFfdmVyc2lvbiI6IjAifQ==",
          "dependencies": [
            "module.databases.snowflake_database.this",
            "module.databases.snowflake_schema.this",
            "module.warehouses.snowflake_warehouse.this"
          ]
        },
        {
          "index_key": "CSTA_MARKETING_UAT_GOLD_READ_WRITE_CREATE",
          "schema_version": 0,
          "attributes": {
            "comment": "SELECT + DML + DDL on CSTA_MARKETING_UAT.GOLD",
            "fully_qualified_name": "\"CSTA_MARKETING_UAT_GOLD_READ_WRITE_CREATE\"",
            "id": "CSTA_MARKETING_UAT_GOLD_READ_WRITE_CREATE",
            "name": "CSTA_MARKETING_UAT_GOLD_READ_WRITE_CREATE",
            "show_output": [
              {
                "assigned_to_users": 0,
                "comment": "SELECT + DML + DDL on CSTA_MARKETING_UAT.GOLD",
                "created_on": "2026-06-17 23:19:56.992 -0700 PDT",
                "granted_roles": 0,
                "granted_to_roles": 2,
                "is_current": false,
                "is_default": false,
                "is_inherited": true,
                "name": "CSTA_MARKETING_UAT_GOLD_READ_WRITE_CREATE",
                "owner": "SECURITYADMIN"
              }
            ]
          },
          "sensitive_attributes": [],
          "identity_schema_version": 0,
          "private": "eyJzY2hlbWFfdmVyc2lvbiI6IjAifQ==",
          "dependencies": [
            "module.databases.snowflake_database.this",
            "module.databases.snowflake_schema.this",
            "module.warehouses.snowflake_warehouse.this"
          ]
        },
        {
          "index_key": "CSTA_MARKETING_UAT_ORCHESTRATION_READ",
          "schema_version": 0,
          "attributes": {
            "comment": "SELECT on CSTA_MARKETING_UAT.ORCHESTRATION",
            "fully_qualified_name": "\"CSTA_MARKETING_UAT_ORCHESTRATION_READ\"",
            "id": "CSTA_MARKETING_UAT_ORCHESTRATION_READ",
            "name": "CSTA_MARKETING_UAT_ORCHESTRATION_READ",
            "show_output": [
              {
                "assigned_to_users": 0,
                "comment": "SELECT on CSTA_MARKETING_UAT.ORCHESTRATION",
                "created_on": "2026-06-17 23:19:57.769 -0700 PDT",
                "granted_roles": 0,
                "granted_to_roles": 0,
                "is_current": false,
                "is_default": false,
                "is_inherited": false,
                "name": "CSTA_MARKETING_UAT_ORCHESTRATION_READ",
                "owner": "SECURITYADMIN"
              }
            ]
          },
          "sensitive_attributes": [],
          "identity_schema_version": 0,
          "private": "eyJzY2hlbWFfdmVyc2lvbiI6IjAifQ==",
          "dependencies": [
            "module.databases.snowflake_database.this",
            "module.databases.snowflake_schema.this",
            "module.warehouses.snowflake_warehouse.this"
          ]
        },
        {
          "index_key": "CSTA_MARKETING_UAT_ORCHESTRATION_READ_WRITE",
          "schema_version": 0,
          "attributes": {
            "comment": "SELECT + DML on CSTA_MARKETING_UAT.ORCHESTRATION",
            "fully_qualified_name": "\"CSTA_MARKETING_UAT_ORCHESTRATION_READ_WRITE\"",
            "id": "CSTA_MARKETING_UAT_ORCHESTRATION_READ_WRITE",
            "name": "CSTA_MARKETING_UAT_ORCHESTRATION_READ_WRITE",
            "show_output": [
              {
                "assigned_to_users": 0,
                "comment": "SELECT + DML on CSTA_MARKETING_UAT.ORCHESTRATION",
                "created_on": "2026-06-17 23:19:58.549 -0700 PDT",
                "granted_roles": 0,
                "granted_to_roles": 0,
                "is_current": false,
                "is_default": false,
                "is_inherited": false,
                "name": "CSTA_MARKETING_UAT_ORCHESTRATION_READ_WRITE",
                "owner": "SECURITYADMIN"
              }
            ]
          },
          "sensitive_attributes": [],
          "identity_schema_version": 0,
          "private": "eyJzY2hlbWFfdmVyc2lvbiI6IjAifQ==",
          "dependencies": [
            "module.databases.snowflake_database.this",
            "module.databases.snowflake_schema.this",
            "module.warehouses.snowflake_warehouse.this"
          ]
        },
        {
          "index_key": "CSTA_MARKETING_UAT_ORCHESTRATION_READ_WRITE_CREATE",
          "schema_version": 0,
          "attributes": {
            "comment": "SELECT + DML + DDL on CSTA_MARKETING_UAT.ORCHESTRATION",
            "fully_qualified_name": "\"CSTA_MARKETING_UAT_ORCHESTRATION_READ_WRITE_CREATE\"",
            "id": "CSTA_MARKETING_UAT_ORCHESTRATION_READ_WRITE_CREATE",
            "name": "CSTA_MARKETING_UAT_ORCHESTRATION_READ_WRITE_CREATE",
            "show_output": [
              {
                "assigned_to_users": 0,
                "comment": "SELECT + DML + DDL on CSTA_MARKETING_UAT.ORCHESTRATION",
                "created_on": "2026-06-17 23:19:59.425 -0700 PDT",
                "granted_roles": 0,
                "granted_to_roles": 2,
                "is_current": false,
                "is_default": false,
                "is_inherited": true,
                "name": "CSTA_MARKETING_UAT_ORCHESTRATION_READ_WRITE_CREATE",
                "owner": "SECURITYADMIN"
              }
            ]
          },
          "sensitive_attributes": [],
          "identity_schema_version": 0,
          "private": "eyJzY2hlbWFfdmVyc2lvbiI6IjAifQ==",
          "dependencies": [
            "module.databases.snowflake_database.this",
            "module.databases.snowflake_schema.this",
            "module.warehouses.snowflake_warehouse.this"
          ]
        },
        {
          "index_key": "CSTA_MARKETING_UAT_SILVER_READ",
          "schema_version": 0,
          "attributes": {
            "comment": "SELECT on CSTA_MARKETING_UAT.SILVER",
            "fully_qualified_name": "\"CSTA_MARKETING_UAT_SILVER_READ\"",
            "id": "CSTA_MARKETING_UAT_SILVER_READ",
            "name": "CSTA_MARKETING_UAT_SILVER_READ",
            "show_output": [
              {
                "assigned_to_users": 0,
                "comment": "SELECT on CSTA_MARKETING_UAT.SILVER",
                "created_on": "2026-06-17 23:19:53.07 -0700 PDT",
                "granted_roles": 0,
                "granted_to_roles": 0,
                "is_current": false,
                "is_default": false,
                "is_inherited": false,
                "name": "CSTA_MARKETING_UAT_SILVER_READ",
                "owner": "SECURITYADMIN"
              }
            ]
          },
          "sensitive_attributes": [],
          "identity_schema_version": 0,
          "private": "eyJzY2hlbWFfdmVyc2lvbiI6IjAifQ==",
          "dependencies": [
            "module.databases.snowflake_database.this",
            "module.databases.snowflake_schema.this",
            "module.warehouses.snowflake_warehouse.this"
          ]
        },
        {
          "index_key": "CSTA_MARKETING_UAT_SILVER_READ_WRITE",
          "schema_version": 0,
          "attributes": {
            "comment": "SELECT + DML on CSTA_MARKETING_UAT.SILVER",
            "fully_qualified_name": "\"CSTA_MARKETING_UAT_SILVER_READ_WRITE\"",
            "id": "CSTA_MARKETING_UAT_SILVER_READ_WRITE",
            "name": "CSTA_MARKETING_UAT_SILVER_READ_WRITE",
            "show_output": [
              {
                "assigned_to_users": 0,
                "comment": "SELECT + DML on CSTA_MARKETING_UAT.SILVER",
                "created_on": "2026-06-17 23:19:53.799 -0700 PDT",
                "granted_roles": 0,
                "granted_to_roles": 0,
                "is_current": false,
                "is_default": false,
                "is_inherited": false,
                "name": "CSTA_MARKETING_UAT_SILVER_READ_WRITE",
                "owner": "SECURITYADMIN"
              }
            ]
          },
          "sensitive_attributes": [],
          "identity_schema_version": 0,
          "private": "eyJzY2hlbWFfdmVyc2lvbiI6IjAifQ==",
          "dependencies": [
            "module.databases.snowflake_database.this",
            "module.databases.snowflake_schema.this",
            "module.warehouses.snowflake_warehouse.this"
          ]
        },
        {
          "index_key": "CSTA_MARKETING_UAT_SILVER_READ_WRITE_CREATE",
          "schema_version": 0,
          "attributes": {
            "comment": "SELECT + DML + DDL on CSTA_MARKETING_UAT.SILVER",
            "fully_qualified_name": "\"CSTA_MARKETING_UAT_SILVER_READ_WRITE_CREATE\"",
            "id": "CSTA_MARKETING_UAT_SILVER_READ_WRITE_CREATE",
            "name": "CSTA_MARKETING_UAT_SILVER_READ_WRITE_CREATE",
            "show_output": [
              {
                "assigned_to_users": 0,
                "comment": "SELECT + DML + DDL on CSTA_MARKETING_UAT.SILVER",
                "created_on": "2026-06-17 23:19:54.604 -0700 PDT",
                "granted_roles": 0,
                "granted_to_roles": 2,
                "is_current": false,
                "is_default": false,
                "is_inherited": true,
                "name": "CSTA_MARKETING_UAT_SILVER_READ_WRITE_CREATE",
                "owner": "SECURITYADMIN"
              }
            ]
          },
          "sensitive_attributes": [],
          "identity_schema_version": 0,
          "private": "eyJzY2hlbWFfdmVyc2lvbiI6IjAifQ==",
          "dependencies": [
            "module.databases.snowflake_database.this",
            "module.databases.snowflake_schema.this",
            "module.warehouses.snowflake_warehouse.this"
          ]
        }
      ]
    },
    {
      "module": "module.rbac",
      "mode": "managed",
      "type": "snowflake_grant_account_role",
      "name": "anchor_under_sysadmin",
      "provider": "provider[\"registry.terraform.io/snowflakedb/snowflake\"]",
      "instances": [
        {
          "index_key": "CSTA_ANALYST_ROLE",
          "schema_version": 0,
          "attributes": {
            "id": "\"CSTA_ANALYST_ROLE\"|ROLE|\"SYSADMIN\"",
            "parent_role_name": "SYSADMIN",
            "role_name": "CSTA_ANALYST_ROLE",
            "user_name": null
          },
          "sensitive_attributes": [],
          "identity_schema_version": 0,
          "private": "bnVsbA==",
          "dependencies": [
            "module.databases.snowflake_database.this",
            "module.databases.snowflake_schema.this",
            "module.rbac.snowflake_account_role.functional_roles",
            "module.warehouses.snowflake_warehouse.this"
          ]
        },
        {
          "index_key": "CSTA_CORTEX_ROLE",
          "schema_version": 0,
          "attributes": {
            "id": "\"CSTA_CORTEX_ROLE\"|ROLE|\"SYSADMIN\"",
            "parent_role_name": "SYSADMIN",
            "role_name": "CSTA_CORTEX_ROLE",
            "user_name": null
          },
          "sensitive_attributes": [],
          "identity_schema_version": 0,
          "private": "bnVsbA==",
          "dependencies": [
            "module.databases.snowflake_database.this",
            "module.databases.snowflake_schema.this",
            "module.rbac.snowflake_account_role.functional_roles",
            "module.warehouses.snowflake_warehouse.this"
          ]
        },
        {
          "index_key": "CSTA_DBT_DEV_ROLE",
          "schema_version": 0,
          "attributes": {
            "id": "\"CSTA_DBT_DEV_ROLE\"|ROLE|\"SYSADMIN\"",
            "parent_role_name": "SYSADMIN",
            "role_name": "CSTA_DBT_DEV_ROLE",
            "user_name": null
          },
          "sensitive_attributes": [],
          "identity_schema_version": 0,
          "private": "bnVsbA==",
          "dependencies": [
            "module.databases.snowflake_database.this",
            "module.databases.snowflake_schema.this",
            "module.rbac.snowflake_account_role.functional_roles",
            "module.warehouses.snowflake_warehouse.this"
          ]
        },
        {
          "index_key": "CSTA_DBT_PROD_ROLE",
          "schema_version": 0,
          "attributes": {
            "id": "\"CSTA_DBT_PROD_ROLE\"|ROLE|\"SYSADMIN\"",
            "parent_role_name": "SYSADMIN",
            "role_name": "CSTA_DBT_PROD_ROLE",
            "user_name": null
          },
          "sensitive_attributes": [],
          "identity_schema_version": 0,
          "private": "bnVsbA==",
          "dependencies": [
            "module.databases.snowflake_database.this",
            "module.databases.snowflake_schema.this",
            "module.rbac.snowflake_account_role.functional_roles",
            "module.warehouses.snowflake_warehouse.this"
          ]
        },
        {
          "index_key": "CSTA_DBT_UAT_ROLE",
          "schema_version": 0,
          "attributes": {
            "id": "\"CSTA_DBT_UAT_ROLE\"|ROLE|\"SYSADMIN\"",
            "parent_role_name": "SYSADMIN",
            "role_name": "CSTA_DBT_UAT_ROLE",
            "user_name": null
          },
          "sensitive_attributes": [],
          "identity_schema_version": 0,
          "private": "bnVsbA==",
          "dependencies": [
            "module.databases.snowflake_database.this",
            "module.databases.snowflake_schema.this",
            "module.rbac.snowflake_account_role.functional_roles",
            "module.warehouses.snowflake_warehouse.this"
          ]
        },
        {
          "index_key": "CSTA_DEV_ROLE",
          "schema_version": 0,
          "attributes": {
            "id": "\"CSTA_DEV_ROLE\"|ROLE|\"SYSADMIN\"",
            "parent_role_name": "SYSADMIN",
            "role_name": "CSTA_DEV_ROLE",
            "user_name": null
          },
          "sensitive_attributes": [],
          "identity_schema_version": 0,
          "private": "bnVsbA==",
          "dependencies": [
            "module.databases.snowflake_database.this",
            "module.databases.snowflake_schema.this",
            "module.rbac.snowflake_account_role.functional_roles",
            "module.warehouses.snowflake_warehouse.this"
          ]
        },
        {
          "index_key": "CSTA_OBSERVER_ROLE",
          "schema_version": 0,
          "attributes": {
            "id": "\"CSTA_OBSERVER_ROLE\"|ROLE|\"SYSADMIN\"",
            "parent_role_name": "SYSADMIN",
            "role_name": "CSTA_OBSERVER_ROLE",
            "user_name": null
          },
          "sensitive_attributes": [],
          "identity_schema_version": 0,
          "private": "bnVsbA==",
          "dependencies": [
            "module.databases.snowflake_database.this",
            "module.databases.snowflake_schema.this",
            "module.rbac.snowflake_account_role.functional_roles",
            "module.warehouses.snowflake_warehouse.this"
          ]
        },
        {
          "index_key": "CSTA_STREAMLIT_ROLE",
          "schema_version": 0,
          "attributes": {
            "id": "\"CSTA_STREAMLIT_ROLE\"|ROLE|\"SYSADMIN\"",
            "parent_role_name": "SYSADMIN",
            "role_name": "CSTA_STREAMLIT_ROLE",
            "user_name": null
          },
          "sensitive_attributes": [],
          "identity_schema_version": 0,
          "private": "bnVsbA==",
          "dependencies": [
            "module.databases.snowflake_database.this",
            "module.databases.snowflake_schema.this",
            "module.rbac.snowflake_account_role.functional_roles",
            "module.warehouses.snowflake_warehouse.this"
          ]
        },
        {
          "index_key": "CSTA_UAT_DEV_ROLE",
          "schema_version": 0,
          "attributes": {
            "id": "\"CSTA_UAT_DEV_ROLE\"|ROLE|\"SYSADMIN\"",
            "parent_role_name": "SYSADMIN",
            "role_name": "CSTA_UAT_DEV_ROLE",
            "user_name": null
          },
          "sensitive_attributes": [],
          "identity_schema_version": 0,
          "private": "bnVsbA==",
          "dependencies": [
            "module.databases.snowflake_database.this",
            "module.databases.snowflake_schema.this",
            "module.rbac.snowflake_account_role.functional_roles",
            "module.warehouses.snowflake_warehouse.this"
          ]
        }
      ]
    },
    {
      "module": "module.rbac",
      "mode": "managed",
      "type": "snowflake_grant_account_role",
      "name": "cortex_role_grants",
      "provider": "provider[\"registry.terraform.io/snowflakedb/snowflake\"]",
      "instances": [
        {
          "index_key": "CSTA_DBT_DEV_ROLE",
          "schema_version": 0,
          "attributes": {
            "id": "\"CSTA_CORTEX_ROLE\"|ROLE|\"CSTA_DBT_DEV_ROLE\"",
            "parent_role_name": "CSTA_DBT_DEV_ROLE",
            "role_name": "CSTA_CORTEX_ROLE",
            "user_name": null
          },
          "sensitive_attributes": [],
          "identity_schema_version": 0,
          "private": "bnVsbA==",
          "dependencies": [
            "module.databases.snowflake_database.this",
            "module.databases.snowflake_schema.this",
            "module.rbac.snowflake_account_role.functional_roles",
            "module.warehouses.snowflake_warehouse.this"
          ]
        },
        {
          "index_key": "CSTA_DBT_PROD_ROLE",
          "schema_version": 0,
          "attributes": {
            "id": "\"CSTA_CORTEX_ROLE\"|ROLE|\"CSTA_DBT_PROD_ROLE\"",
            "parent_role_name": "CSTA_DBT_PROD_ROLE",
            "role_name": "CSTA_CORTEX_ROLE",
            "user_name": null
          },
          "sensitive_attributes": [],
          "identity_schema_version": 0,
          "private": "bnVsbA==",
          "dependencies": [
            "module.databases.snowflake_database.this",
            "module.databases.snowflake_schema.this",
            "module.rbac.snowflake_account_role.functional_roles",
            "module.warehouses.snowflake_warehouse.this"
          ]
        },
        {
          "index_key": "CSTA_DBT_UAT_ROLE",
          "schema_version": 0,
          "attributes": {
            "id": "\"CSTA_CORTEX_ROLE\"|ROLE|\"CSTA_DBT_UAT_ROLE\"",
            "parent_role_name": "CSTA_DBT_UAT_ROLE",
            "role_name": "CSTA_CORTEX_ROLE",
            "user_name": null
          },
          "sensitive_attributes": [],
          "identity_schema_version": 0,
          "private": "bnVsbA==",
          "dependencies": [
            "module.databases.snowflake_database.this",
            "module.databases.snowflake_schema.this",
            "module.rbac.snowflake_account_role.functional_roles",
            "module.warehouses.snowflake_warehouse.this"
          ]
        },
        {
          "index_key": "CSTA_DEV_ROLE",
          "schema_version": 0,
          "attributes": {
            "id": "\"CSTA_CORTEX_ROLE\"|ROLE|\"CSTA_DEV_ROLE\"",
            "parent_role_name": "CSTA_DEV_ROLE",
            "role_name": "CSTA_CORTEX_ROLE",
            "user_name": null
          },
          "sensitive_attributes": [],
          "identity_schema_version": 0,
          "private": "bnVsbA==",
          "dependencies": [
            "module.databases.snowflake_database.this",
            "module.databases.snowflake_schema.this",
            "module.rbac.snowflake_account_role.functional_roles",
            "module.warehouses.snowflake_warehouse.this"
          ]
        },
        {
          "index_key": "CSTA_UAT_DEV_ROLE",
          "schema_version": 0,
          "attributes": {
            "id": "\"CSTA_CORTEX_ROLE\"|ROLE|\"CSTA_UAT_DEV_ROLE\"",
            "parent_role_name": "CSTA_UAT_DEV_ROLE",
            "role_name": "CSTA_CORTEX_ROLE",
            "user_name": null
          },
          "sensitive_attributes": [],
          "identity_schema_version": 0,
          "private": "bnVsbA==",
          "dependencies": [
            "module.databases.snowflake_database.this",
            "module.databases.snowflake_schema.this",
            "module.rbac.snowflake_account_role.functional_roles",
            "module.warehouses.snowflake_warehouse.this"
          ]
        }
      ]
    },
    {
      "module": "module.rbac",
      "mode": "managed",
      "type": "snowflake_grant_account_role",
      "name": "functional_access_role_grants",
      "provider": "provider[\"registry.terraform.io/snowflakedb/snowflake\"]",
      "instances": [
        {
          "index_key": "CSTA_ANALYST_ROLE__CSTA_MARKETING_PROD_DB_READ",
          "schema_version": 0,
          "attributes": {
            "id": "\"CSTA_MARKETING_PROD_DB_READ\"|ROLE|\"CSTA_ANALYST_ROLE\"",
            "parent_role_name": "CSTA_ANALYST_ROLE",
            "role_name": "CSTA_MARKETING_PROD_DB_READ",
            "user_name": null
          },
          "sensitive_attributes": [],
          "identity_schema_version": 0,
          "private": "bnVsbA==",
          "dependencies": [
            "module.databases.snowflake_database.this",
            "module.databases.snowflake_schema.this",
            "module.rbac.snowflake_account_role.db_access_roles",
            "module.rbac.snowflake_account_role.functional_roles",
            "module.rbac.snowflake_account_role.schema_access_roles",
            "module.warehouses.snowflake_warehouse.this"
          ]
        },
        {
          "index_key": "CSTA_ANALYST_ROLE__CSTA_MARKETING_PROD_GOLD_READ",
          "schema_version": 0,
          "attributes": {
            "id": "\"CSTA_MARKETING_PROD_GOLD_READ\"|ROLE|\"CSTA_ANALYST_ROLE\"",
            "parent_role_name": "CSTA_ANALYST_ROLE",
            "role_name": "CSTA_MARKETING_PROD_GOLD_READ",
            "user_name": null
          },
          "sensitive_attributes": [],
          "identity_schema_version": 0,
          "private": "bnVsbA==",
          "dependencies": [
            "module.databases.snowflake_database.this",
            "module.databases.snowflake_schema.this",
            "module.rbac.snowflake_account_role.db_access_roles",
            "module.rbac.snowflake_account_role.functional_roles",
            "module.rbac.snowflake_account_role.schema_access_roles",
            "module.warehouses.snowflake_warehouse.this"
          ]
        },
        {
          "index_key": "CSTA_ANALYST_ROLE__CSTA_MARKETING_UAT_DB_READ",
          "schema_version": 0,
          "attributes": {
            "id": "\"CSTA_MARKETING_UAT_DB_READ\"|ROLE|\"CSTA_ANALYST_ROLE\"",
            "parent_role_name": "CSTA_ANALYST_ROLE",
            "role_name": "CSTA_MARKETING_UAT_DB_READ",
            "user_name": null
          },
          "sensitive_attributes": [],
          "identity_schema_version": 0,
          "private": "bnVsbA==",
          "dependencies": [
            "module.databases.snowflake_database.this",
            "module.databases.snowflake_schema.this",
            "module.rbac.snowflake_account_role.db_access_roles",
            "module.rbac.snowflake_account_role.functional_roles",
            "module.rbac.snowflake_account_role.schema_access_roles",
            "module.warehouses.snowflake_warehouse.this"
          ]
        },
        {
          "index_key": "CSTA_ANALYST_ROLE__CSTA_MARKETING_UAT_GOLD_READ",
          "schema_version": 0,
          "attributes": {
            "id": "\"CSTA_MARKETING_UAT_GOLD_READ\"|ROLE|\"CSTA_ANALYST_ROLE\"",
            "parent_role_name": "CSTA_ANALYST_ROLE",
            "role_name": "CSTA_MARKETING_UAT_GOLD_READ",
            "user_name": null
          },
          "sensitive_attributes": [],
          "identity_schema_version": 0,
          "private": "bnVsbA==",
          "dependencies": [
            "module.databases.snowflake_database.this",
            "module.databases.snowflake_schema.this",
            "module.rbac.snowflake_account_role.db_access_roles",
            "module.rbac.snowflake_account_role.functional_roles",
            "module.rbac.snowflake_account_role.schema_access_roles",
            "module.warehouses.snowflake_warehouse.this"
          ]
        },
        {
          "index_key": "CSTA_DBT_DEV_ROLE__CSTA_MARKETING_DEV_BRONZE_READ_WRITE_CREATE",
          "schema_version": 0,
          "attributes": {
            "id": "\"CSTA_MARKETING_DEV_BRONZE_READ_WRITE_CREATE\"|ROLE|\"CSTA_DBT_DEV_ROLE\"",
            "parent_role_name": "CSTA_DBT_DEV_ROLE",
            "role_name": "CSTA_MARKETING_DEV_BRONZE_READ_WRITE_CREATE",
            "user_name": null
          },
          "sensitive_attributes": [],
          "identity_schema_version": 0,
          "private": "bnVsbA==",
          "dependencies": [
            "module.databases.snowflake_database.this",
            "module.databases.snowflake_schema.this",
            "module.rbac.snowflake_account_role.db_access_roles",
            "module.rbac.snowflake_account_role.functional_roles",
            "module.rbac.snowflake_account_role.schema_access_roles",
            "module.warehouses.snowflake_warehouse.this"
          ]
        },
        {
          "index_key": "CSTA_DBT_DEV_ROLE__CSTA_MARKETING_DEV_DB_MODIFY",
          "schema_version": 0,
          "attributes": {
            "id": "\"CSTA_MARKETING_DEV_DB_MODIFY\"|ROLE|\"CSTA_DBT_DEV_ROLE\"",
            "parent_role_name": "CSTA_DBT_DEV_ROLE",
            "role_name": "CSTA_MARKETING_DEV_DB_MODIFY",
            "user_name": null
          },
          "sensitive_attributes": [],
          "identity_schema_version": 0,
          "private": "bnVsbA==",
          "dependencies": [
            "module.databases.snowflake_database.this",
            "module.databases.snowflake_schema.this",
            "module.rbac.snowflake_account_role.db_access_roles",
            "module.rbac.snowflake_account_role.functional_roles",
            "module.rbac.snowflake_account_role.schema_access_roles",
            "module.warehouses.snowflake_warehouse.this"
          ]
        },
        {
          "index_key": "CSTA_DBT_DEV_ROLE__CSTA_MARKETING_DEV_GOLD_READ_WRITE_CREATE",
          "schema_version": 0,
          "attributes": {
            "id": "\"CSTA_MARKETING_DEV_GOLD_READ_WRITE_CREATE\"|ROLE|\"CSTA_DBT_DEV_ROLE\"",
            "parent_role_name": "CSTA_DBT_DEV_ROLE",
            "role_name": "CSTA_MARKETING_DEV_GOLD_READ_WRITE_CREATE",
            "user_name": null
          },
          "sensitive_attributes": [],
          "identity_schema_version": 0,
          "private": "bnVsbA==",
          "dependencies": [
            "module.databases.snowflake_database.this",
            "module.databases.snowflake_schema.this",
            "module.rbac.snowflake_account_role.db_access_roles",
            "module.rbac.snowflake_account_role.functional_roles",
            "module.rbac.snowflake_account_role.schema_access_roles",
            "module.warehouses.snowflake_warehouse.this"
          ]
        },
        {
          "index_key": "CSTA_DBT_DEV_ROLE__CSTA_MARKETING_DEV_ORCHESTRATION_READ_WRITE_CREATE",
          "schema_version": 0,
          "attributes": {
            "id": "\"CSTA_MARKETING_DEV_ORCHESTRATION_READ_WRITE_CREATE\"|ROLE|\"CSTA_DBT_DEV_ROLE\"",
            "parent_role_name": "CSTA_DBT_DEV_ROLE",
            "role_name": "CSTA_MARKETING_DEV_ORCHESTRATION_READ_WRITE_CREATE",
            "user_name": null
          },
          "sensitive_attributes": [],
          "identity_schema_version": 0,
          "private": "bnVsbA==",
          "dependencies": [
            "module.databases.snowflake_database.this",
            "module.databases.snowflake_schema.this",
            "module.rbac.snowflake_account_role.db_access_roles",
            "module.rbac.snowflake_account_role.functional_roles",
            "module.rbac.snowflake_account_role.schema_access_roles",
            "module.warehouses.snowflake_warehouse.this"
          ]
        },
        {
          "index_key": "CSTA_DBT_DEV_ROLE__CSTA_MARKETING_DEV_SILVER_READ_WRITE_CREATE",
          "schema_version": 0,
          "attributes": {
            "id": "\"CSTA_MARKETING_DEV_SILVER_READ_WRITE_CREATE\"|ROLE|\"CSTA_DBT_DEV_ROLE\"",
            "parent_role_name": "CSTA_DBT_DEV_ROLE",
            "role_name": "CSTA_MARKETING_DEV_SILVER_READ_WRITE_CREATE",
            "user_name": null
          },
          "sensitive_attributes": [],
          "identity_schema_version": 0,
          "private": "bnVsbA==",
          "dependencies": [
            "module.databases.snowflake_database.this",
            "module.databases.snowflake_schema.this",
            "module.rbac.snowflake_account_role.db_access_roles",
            "module.rbac.snowflake_account_role.functional_roles",
            "module.rbac.snowflake_account_role.schema_access_roles",
            "module.warehouses.snowflake_warehouse.this"
          ]
        },
        {
          "index_key": "CSTA_DBT_DEV_ROLE__CSTA_MARKETING_SHARED_ARTIFACTS_READ_WRITE",
          "schema_version": 0,
          "attributes": {
            "id": "\"CSTA_MARKETING_SHARED_ARTIFACTS_READ_WRITE\"|ROLE|\"CSTA_DBT_DEV_ROLE\"",
            "parent_role_name": "CSTA_DBT_DEV_ROLE",
            "role_name": "CSTA_MARKETING_SHARED_ARTIFACTS_READ_WRITE",
            "user_name": null
          },
          "sensitive_attributes": [],
          "identity_schema_version": 0,
          "private": "bnVsbA==",
          "dependencies": [
            "module.databases.snowflake_database.this",
            "module.databases.snowflake_schema.this",
            "module.rbac.snowflake_account_role.db_access_roles",
            "module.rbac.snowflake_account_role.functional_roles",
            "module.rbac.snowflake_account_role.schema_access_roles",
            "module.warehouses.snowflake_warehouse.this"
          ]
        },
        {
          "index_key": "CSTA_DBT_DEV_ROLE__CSTA_MARKETING_SHARED_DB_READ",
          "schema_version": 0,
          "attributes": {
            "id": "\"CSTA_MARKETING_SHARED_DB_READ\"|ROLE|\"CSTA_DBT_DEV_ROLE\"",
            "parent_role_name": "CSTA_DBT_DEV_ROLE",
            "role_name": "CSTA_MARKETING_SHARED_DB_READ",
            "user_name": null
          },
          "sensitive_attributes": [],
          "identity_schema_version": 0,
          "private": "bnVsbA==",
          "dependencies": [
            "module.databases.snowflake_database.this",
            "module.databases.snowflake_schema.this",
            "module.rbac.snowflake_account_role.db_access_roles",
            "module.rbac.snowflake_account_role.functional_roles",
            "module.rbac.snowflake_account_role.schema_access_roles",
            "module.warehouses.snowflake_warehouse.this"
          ]
        },
        {
          "index_key": "CSTA_DBT_DEV_ROLE__CSTA_MARKETING_SHARED_OBSERVABILITY_READ_WRITE",
          "schema_version": 0,
          "attributes": {
            "id": "\"CSTA_MARKETING_SHARED_OBSERVABILITY_READ_WRITE\"|ROLE|\"CSTA_DBT_DEV_ROLE\"",
            "parent_role_name": "CSTA_DBT_DEV_ROLE",
            "role_name": "CSTA_MARKETING_SHARED_OBSERVABILITY_READ_WRITE",
            "user_name": null
          },
          "sensitive_attributes": [],
          "identity_schema_version": 0,
          "private": "bnVsbA==",
          "dependencies": [
            "module.databases.snowflake_database.this",
            "module.databases.snowflake_schema.this",
            "module.rbac.snowflake_account_role.db_access_roles",
            "module.rbac.snowflake_account_role.functional_roles",
            "module.rbac.snowflake_account_role.schema_access_roles",
            "module.warehouses.snowflake_warehouse.this"
          ]
        },
        {
          "index_key": "CSTA_DBT_PROD_ROLE__CSTA_MARKETING_PROD_BRONZE_READ_WRITE_CREATE",
          "schema_version": 0,
          "attributes": {
            "id": "\"CSTA_MARKETING_PROD_BRONZE_READ_WRITE_CREATE\"|ROLE|\"CSTA_DBT_PROD_ROLE\"",
            "parent_role_name": "CSTA_DBT_PROD_ROLE",
            "role_name": "CSTA_MARKETING_PROD_BRONZE_READ_WRITE_CREATE",
            "user_name": null
          },
          "sensitive_attributes": [],
          "identity_schema_version": 0,
          "private": "bnVsbA==",
          "dependencies": [
            "module.databases.snowflake_database.this",
            "module.databases.snowflake_schema.this",
            "module.rbac.snowflake_account_role.db_access_roles",
            "module.rbac.snowflake_account_role.functional_roles",
            "module.rbac.snowflake_account_role.schema_access_roles",
            "module.warehouses.snowflake_warehouse.this"
          ]
        },
        {
          "index_key": "CSTA_DBT_PROD_ROLE__CSTA_MARKETING_PROD_DB_READ",
          "schema_version": 0,
          "attributes": {
            "id": "\"CSTA_MARKETING_PROD_DB_READ\"|ROLE|\"CSTA_DBT_PROD_ROLE\"",
            "parent_role_name": "CSTA_DBT_PROD_ROLE",
            "role_name": "CSTA_MARKETING_PROD_DB_READ",
            "user_name": null
          },
          "sensitive_attributes": [],
          "identity_schema_version": 0,
          "private": "bnVsbA==",
          "dependencies": [
            "module.databases.snowflake_database.this",
            "module.databases.snowflake_schema.this",
            "module.rbac.snowflake_account_role.db_access_roles",
            "module.rbac.snowflake_account_role.functional_roles",
            "module.rbac.snowflake_account_role.schema_access_roles",
            "module.warehouses.snowflake_warehouse.this"
          ]
        },
        {
          "index_key": "CSTA_DBT_PROD_ROLE__CSTA_MARKETING_PROD_GOLD_READ_WRITE_CREATE",
          "schema_version": 0,
          "attributes": {
            "id": "\"CSTA_MARKETING_PROD_GOLD_READ_WRITE_CREATE\"|ROLE|\"CSTA_DBT_PROD_ROLE\"",
            "parent_role_name": "CSTA_DBT_PROD_ROLE",
            "role_name": "CSTA_MARKETING_PROD_GOLD_READ_WRITE_CREATE",
            "user_name": null
          },
          "sensitive_attributes": [],
          "identity_schema_version": 0,
          "private": "bnVsbA==",
          "dependencies": [
            "module.databases.snowflake_database.this",
            "module.databases.snowflake_schema.this",
            "module.rbac.snowflake_account_role.db_access_roles",
            "module.rbac.snowflake_account_role.functional_roles",
            "module.rbac.snowflake_account_role.schema_access_roles",
            "module.warehouses.snowflake_warehouse.this"
          ]
        },
        {
          "index_key": "CSTA_DBT_PROD_ROLE__CSTA_MARKETING_PROD_ORCHESTRATION_READ_WRITE_CREATE",
          "schema_version": 0,
          "attributes": {
            "id": "\"CSTA_MARKETING_PROD_ORCHESTRATION_READ_WRITE_CREATE\"|ROLE|\"CSTA_DBT_PROD_ROLE\"",
            "parent_role_name": "CSTA_DBT_PROD_ROLE",
            "role_name": "CSTA_MARKETING_PROD_ORCHESTRATION_READ_WRITE_CREATE",
            "user_name": null
          },
          "sensitive_attributes": [],
          "identity_schema_version": 0,
          "private": "bnVsbA==",
          "dependencies": [
            "module.databases.snowflake_database.this",
            "module.databases.snowflake_schema.this",
            "module.rbac.snowflake_account_role.db_access_roles",
            "module.rbac.snowflake_account_role.functional_roles",
            "module.rbac.snowflake_account_role.schema_access_roles",
            "module.warehouses.snowflake_warehouse.this"
          ]
        },
        {
          "index_key": "CSTA_DBT_PROD_ROLE__CSTA_MARKETING_PROD_SILVER_READ_WRITE_CREATE",
          "schema_version": 0,
          "attributes": {
            "id": "\"CSTA_MARKETING_PROD_SILVER_READ_WRITE_CREATE\"|ROLE|\"CSTA_DBT_PROD_ROLE\"",
            "parent_role_name": "CSTA_DBT_PROD_ROLE",
            "role_name": "CSTA_MARKETING_PROD_SILVER_READ_WRITE_CREATE",
            "user_name": null
          },
          "sensitive_attributes": [],
          "identity_schema_version": 0,
          "private": "bnVsbA==",
          "dependencies": [
            "module.databases.snowflake_database.this",
            "module.databases.snowflake_schema.this",
            "module.rbac.snowflake_account_role.db_access_roles",
            "module.rbac.snowflake_account_role.functional_roles",
            "module.rbac.snowflake_account_role.schema_access_roles",
            "module.warehouses.snowflake_warehouse.this"
          ]
        },
        {
          "index_key": "CSTA_DBT_PROD_ROLE__CSTA_MARKETING_SHARED_ARTIFACTS_READ_WRITE",
          "schema_version": 0,
          "attributes": {
            "id": "\"CSTA_MARKETING_SHARED_ARTIFACTS_READ_WRITE\"|ROLE|\"CSTA_DBT_PROD_ROLE\"",
            "parent_role_name": "CSTA_DBT_PROD_ROLE",
            "role_name": "CSTA_MARKETING_SHARED_ARTIFACTS_READ_WRITE",
            "user_name": null
          },
          "sensitive_attributes": [],
          "identity_schema_version": 0,
          "private": "bnVsbA==",
          "dependencies": [
            "module.databases.snowflake_database.this",
            "module.databases.snowflake_schema.this",
            "module.rbac.snowflake_account_role.db_access_roles",
            "module.rbac.snowflake_account_role.functional_roles",
            "module.rbac.snowflake_account_role.schema_access_roles",
            "module.warehouses.snowflake_warehouse.this"
          ]
        },
        {
          "index_key": "CSTA_DBT_PROD_ROLE__CSTA_MARKETING_SHARED_DB_READ",
          "schema_version": 0,
          "attributes": {
            "id": "\"CSTA_MARKETING_SHARED_DB_READ\"|ROLE|\"CSTA_DBT_PROD_ROLE\"",
            "parent_role_name": "CSTA_DBT_PROD_ROLE",
            "role_name": "CSTA_MARKETING_SHARED_DB_READ",
            "user_name": null
          },
          "sensitive_attributes": [],
          "identity_schema_version": 0,
          "private": "bnVsbA==",
          "dependencies": [
            "module.databases.snowflake_database.this",
            "module.databases.snowflake_schema.this",
            "module.rbac.snowflake_account_role.db_access_roles",
            "module.rbac.snowflake_account_role.functional_roles",
            "module.rbac.snowflake_account_role.schema_access_roles",
            "module.warehouses.snowflake_warehouse.this"
          ]
        },
        {
          "index_key": "CSTA_DBT_PROD_ROLE__CSTA_MARKETING_SHARED_OBSERVABILITY_READ_WRITE",
          "schema_version": 0,
          "attributes": {
            "id": "\"CSTA_MARKETING_SHARED_OBSERVABILITY_READ_WRITE\"|ROLE|\"CSTA_DBT_PROD_ROLE\"",
            "parent_role_name": "CSTA_DBT_PROD_ROLE",
            "role_name": "CSTA_MARKETING_SHARED_OBSERVABILITY_READ_WRITE",
            "user_name": null
          },
          "sensitive_attributes": [],
          "identity_schema_version": 0,
          "private": "bnVsbA==",
          "dependencies": [
            "module.databases.snowflake_database.this",
            "module.databases.snowflake_schema.this",
            "module.rbac.snowflake_account_role.db_access_roles",
            "module.rbac.snowflake_account_role.functional_roles",
            "module.rbac.snowflake_account_role.schema_access_roles",
            "module.warehouses.snowflake_warehouse.this"
          ]
        },
        {
          "index_key": "CSTA_DBT_UAT_ROLE__CSTA_MARKETING_SHARED_ARTIFACTS_READ_WRITE",
          "schema_version": 0,
          "attributes": {
            "id": "\"CSTA_MARKETING_SHARED_ARTIFACTS_READ_WRITE\"|ROLE|\"CSTA_DBT_UAT_ROLE\"",
            "parent_role_name": "CSTA_DBT_UAT_ROLE",
            "role_name": "CSTA_MARKETING_SHARED_ARTIFACTS_READ_WRITE",
            "user_name": null
          },
          "sensitive_attributes": [],
          "identity_schema_version": 0,
          "private": "bnVsbA==",
          "dependencies": [
            "module.databases.snowflake_database.this",
            "module.databases.snowflake_schema.this",
            "module.rbac.snowflake_account_role.db_access_roles",
            "module.rbac.snowflake_account_role.functional_roles",
            "module.rbac.snowflake_account_role.schema_access_roles",
            "module.warehouses.snowflake_warehouse.this"
          ]
        },
        {
          "index_key": "CSTA_DBT_UAT_ROLE__CSTA_MARKETING_SHARED_DB_READ",
          "schema_version": 0,
          "attributes": {
            "id": "\"CSTA_MARKETING_SHARED_DB_READ\"|ROLE|\"CSTA_DBT_UAT_ROLE\"",
            "parent_role_name": "CSTA_DBT_UAT_ROLE",
            "role_name": "CSTA_MARKETING_SHARED_DB_READ",
            "user_name": null
          },
          "sensitive_attributes": [],
          "identity_schema_version": 0,
          "private": "bnVsbA==",
          "dependencies": [
            "module.databases.snowflake_database.this",
            "module.databases.snowflake_schema.this",
            "module.rbac.snowflake_account_role.db_access_roles",
            "module.rbac.snowflake_account_role.functional_roles",
            "module.rbac.snowflake_account_role.schema_access_roles",
            "module.warehouses.snowflake_warehouse.this"
          ]
        },
        {
          "index_key": "CSTA_DBT_UAT_ROLE__CSTA_MARKETING_SHARED_OBSERVABILITY_READ_WRITE",
          "schema_version": 0,
          "attributes": {
            "id": "\"CSTA_MARKETING_SHARED_OBSERVABILITY_READ_WRITE\"|ROLE|\"CSTA_DBT_UAT_ROLE\"",
            "parent_role_name": "CSTA_DBT_UAT_ROLE",
            "role_name": "CSTA_MARKETING_SHARED_OBSERVABILITY_READ_WRITE",
            "user_name": null
          },
          "sensitive_attributes": [],
          "identity_schema_version": 0,
          "private": "bnVsbA==",
          "dependencies": [
            "module.databases.snowflake_database.this",
            "module.databases.snowflake_schema.this",
            "module.rbac.snowflake_account_role.db_access_roles",
            "module.rbac.snowflake_account_role.functional_roles",
            "module.rbac.snowflake_account_role.schema_access_roles",
            "module.warehouses.snowflake_warehouse.this"
          ]
        },
        {
          "index_key": "CSTA_DBT_UAT_ROLE__CSTA_MARKETING_UAT_BRONZE_READ_WRITE_CREATE",
          "schema_version": 0,
          "attributes": {
            "id": "\"CSTA_MARKETING_UAT_BRONZE_READ_WRITE_CREATE\"|ROLE|\"CSTA_DBT_UAT_ROLE\"",
            "parent_role_name": "CSTA_DBT_UAT_ROLE",
            "role_name": "CSTA_MARKETING_UAT_BRONZE_READ_WRITE_CREATE",
            "user_name": null
          },
          "sensitive_attributes": [],
          "identity_schema_version": 0,
          "private": "bnVsbA==",
          "dependencies": [
            "module.databases.snowflake_database.this",
            "module.databases.snowflake_schema.this",
            "module.rbac.snowflake_account_role.db_access_roles",
            "module.rbac.snowflake_account_role.functional_roles",
            "module.rbac.snowflake_account_role.schema_access_roles",
            "module.warehouses.snowflake_warehouse.this"
          ]
        },
        {
          "index_key": "CSTA_DBT_UAT_ROLE__CSTA_MARKETING_UAT_DB_READ",
          "schema_version": 0,
          "attributes": {
            "id": "\"CSTA_MARKETING_UAT_DB_READ\"|ROLE|\"CSTA_DBT_UAT_ROLE\"",
            "parent_role_name": "CSTA_DBT_UAT_ROLE",
            "role_name": "CSTA_MARKETING_UAT_DB_READ",
            "user_name": null
          },
          "sensitive_attributes": [],
          "identity_schema_version": 0,
          "private": "bnVsbA==",
          "dependencies": [
            "module.databases.snowflake_database.this",
            "module.databases.snowflake_schema.this",
            "module.rbac.snowflake_account_role.db_access_roles",
            "module.rbac.snowflake_account_role.functional_roles",
            "module.rbac.snowflake_account_role.schema_access_roles",
            "module.warehouses.snowflake_warehouse.this"
          ]
        },
        {
          "index_key": "CSTA_DBT_UAT_ROLE__CSTA_MARKETING_UAT_GOLD_READ_WRITE_CREATE",
          "schema_version": 0,
          "attributes": {
            "id": "\"CSTA_MARKETING_UAT_GOLD_READ_WRITE_CREATE\"|ROLE|\"CSTA_DBT_UAT_ROLE\"",
            "parent_role_name": "CSTA_DBT_UAT_ROLE",
            "role_name": "CSTA_MARKETING_UAT_GOLD_READ_WRITE_CREATE",
            "user_name": null
          },
          "sensitive_attributes": [],
          "identity_schema_version": 0,
          "private": "bnVsbA==",
          "dependencies": [
            "module.databases.snowflake_database.this",
            "module.databases.snowflake_schema.this",
            "module.rbac.snowflake_account_role.db_access_roles",
            "module.rbac.snowflake_account_role.functional_roles",
            "module.rbac.snowflake_account_role.schema_access_roles",
            "module.warehouses.snowflake_warehouse.this"
          ]
        },
        {
          "index_key": "CSTA_DBT_UAT_ROLE__CSTA_MARKETING_UAT_ORCHESTRATION_READ_WRITE_CREATE",
          "schema_version": 0,
          "attributes": {
            "id": "\"CSTA_MARKETING_UAT_ORCHESTRATION_READ_WRITE_CREATE\"|ROLE|\"CSTA_DBT_UAT_ROLE\"",
            "parent_role_name": "CSTA_DBT_UAT_ROLE",
            "role_name": "CSTA_MARKETING_UAT_ORCHESTRATION_READ_WRITE_CREATE",
            "user_name": null
          },
          "sensitive_attributes": [],
          "identity_schema_version": 0,
          "private": "bnVsbA==",
          "dependencies": [
            "module.databases.snowflake_database.this",
            "module.databases.snowflake_schema.this",
            "module.rbac.snowflake_account_role.db_access_roles",
            "module.rbac.snowflake_account_role.functional_roles",
            "module.rbac.snowflake_account_role.schema_access_roles",
            "module.warehouses.snowflake_warehouse.this"
          ]
        },
        {
          "index_key": "CSTA_DBT_UAT_ROLE__CSTA_MARKETING_UAT_SILVER_READ_WRITE_CREATE",
          "schema_version": 0,
          "attributes": {
            "id": "\"CSTA_MARKETING_UAT_SILVER_READ_WRITE_CREATE\"|ROLE|\"CSTA_DBT_UAT_ROLE\"",
            "parent_role_name": "CSTA_DBT_UAT_ROLE",
            "role_name": "CSTA_MARKETING_UAT_SILVER_READ_WRITE_CREATE",
            "user_name": null
          },
          "sensitive_attributes": [],
          "identity_schema_version": 0,
          "private": "bnVsbA==",
          "dependencies": [
            "module.databases.snowflake_database.this",
            "module.databases.snowflake_schema.this",
            "module.rbac.snowflake_account_role.db_access_roles",
            "module.rbac.snowflake_account_role.functional_roles",
            "module.rbac.snowflake_account_role.schema_access_roles",
            "module.warehouses.snowflake_warehouse.this"
          ]
        },
        {
          "index_key": "CSTA_DEV_ROLE__CSTA_MARKETING_DEV_BRONZE_READ_WRITE_CREATE",
          "schema_version": 0,
          "attributes": {
            "id": "\"CSTA_MARKETING_DEV_BRONZE_READ_WRITE_CREATE\"|ROLE|\"CSTA_DEV_ROLE\"",
            "parent_role_name": "CSTA_DEV_ROLE",
            "role_name": "CSTA_MARKETING_DEV_BRONZE_READ_WRITE_CREATE",
            "user_name": null
          },
          "sensitive_attributes": [],
          "identity_schema_version": 0,
          "private": "bnVsbA==",
          "dependencies": [
            "module.databases.snowflake_database.this",
            "module.databases.snowflake_schema.this",
            "module.rbac.snowflake_account_role.db_access_roles",
            "module.rbac.snowflake_account_role.functional_roles",
            "module.rbac.snowflake_account_role.schema_access_roles",
            "module.warehouses.snowflake_warehouse.this"
          ]
        },
        {
          "index_key": "CSTA_DEV_ROLE__CSTA_MARKETING_DEV_DB_MODIFY",
          "schema_version": 0,
          "attributes": {
            "id": "\"CSTA_MARKETING_DEV_DB_MODIFY\"|ROLE|\"CSTA_DEV_ROLE\"",
            "parent_role_name": "CSTA_DEV_ROLE",
            "role_name": "CSTA_MARKETING_DEV_DB_MODIFY",
            "user_name": null
          },
          "sensitive_attributes": [],
          "identity_schema_version": 0,
          "private": "bnVsbA==",
          "dependencies": [
            "module.databases.snowflake_database.this",
            "module.databases.snowflake_schema.this",
            "module.rbac.snowflake_account_role.db_access_roles",
            "module.rbac.snowflake_account_role.functional_roles",
            "module.rbac.snowflake_account_role.schema_access_roles",
            "module.warehouses.snowflake_warehouse.this"
          ]
        },
        {
          "index_key": "CSTA_DEV_ROLE__CSTA_MARKETING_DEV_GOLD_READ_WRITE_CREATE",
          "schema_version": 0,
          "attributes": {
            "id": "\"CSTA_MARKETING_DEV_GOLD_READ_WRITE_CREATE\"|ROLE|\"CSTA_DEV_ROLE\"",
            "parent_role_name": "CSTA_DEV_ROLE",
            "role_name": "CSTA_MARKETING_DEV_GOLD_READ_WRITE_CREATE",
            "user_name": null
          },
          "sensitive_attributes": [],
          "identity_schema_version": 0,
          "private": "bnVsbA==",
          "dependencies": [
            "module.databases.snowflake_database.this",
            "module.databases.snowflake_schema.this",
            "module.rbac.snowflake_account_role.db_access_roles",
            "module.rbac.snowflake_account_role.functional_roles",
            "module.rbac.snowflake_account_role.schema_access_roles",
            "module.warehouses.snowflake_warehouse.this"
          ]
        },
        {
          "index_key": "CSTA_DEV_ROLE__CSTA_MARKETING_DEV_ORCHESTRATION_READ_WRITE_CREATE",
          "schema_version": 0,
          "attributes": {
            "id": "\"CSTA_MARKETING_DEV_ORCHESTRATION_READ_WRITE_CREATE\"|ROLE|\"CSTA_DEV_ROLE\"",
            "parent_role_name": "CSTA_DEV_ROLE",
            "role_name": "CSTA_MARKETING_DEV_ORCHESTRATION_READ_WRITE_CREATE",
            "user_name": null
          },
          "sensitive_attributes": [],
          "identity_schema_version": 0,
          "private": "bnVsbA==",
          "dependencies": [
            "module.databases.snowflake_database.this",
            "module.databases.snowflake_schema.this",
            "module.rbac.snowflake_account_role.db_access_roles",
            "module.rbac.snowflake_account_role.functional_roles",
            "module.rbac.snowflake_account_role.schema_access_roles",
            "module.warehouses.snowflake_warehouse.this"
          ]
        },
        {
          "index_key": "CSTA_DEV_ROLE__CSTA_MARKETING_DEV_SILVER_READ_WRITE_CREATE",
          "schema_version": 0,
          "attributes": {
            "id": "\"CSTA_MARKETING_DEV_SILVER_READ_WRITE_CREATE\"|ROLE|\"CSTA_DEV_ROLE\"",
            "parent_role_name": "CSTA_DEV_ROLE",
            "role_name": "CSTA_MARKETING_DEV_SILVER_READ_WRITE_CREATE",
            "user_name": null
          },
          "sensitive_attributes": [],
          "identity_schema_version": 0,
          "private": "bnVsbA==",
          "dependencies": [
            "module.databases.snowflake_database.this",
            "module.databases.snowflake_schema.this",
            "module.rbac.snowflake_account_role.db_access_roles",
            "module.rbac.snowflake_account_role.functional_roles",
            "module.rbac.snowflake_account_role.schema_access_roles",
            "module.warehouses.snowflake_warehouse.this"
          ]
        },
        {
          "index_key": "CSTA_DEV_ROLE__CSTA_MARKETING_SHARED_ARTIFACTS_READ_WRITE",
          "schema_version": 0,
          "attributes": {
            "id": "\"CSTA_MARKETING_SHARED_ARTIFACTS_READ_WRITE\"|ROLE|\"CSTA_DEV_ROLE\"",
            "parent_role_name": "CSTA_DEV_ROLE",
            "role_name": "CSTA_MARKETING_SHARED_ARTIFACTS_READ_WRITE",
            "user_name": null
          },
          "sensitive_attributes": [],
          "identity_schema_version": 0,
          "private": "bnVsbA==",
          "dependencies": [
            "module.databases.snowflake_database.this",
            "module.databases.snowflake_schema.this",
            "module.rbac.snowflake_account_role.db_access_roles",
            "module.rbac.snowflake_account_role.functional_roles",
            "module.rbac.snowflake_account_role.schema_access_roles",
            "module.warehouses.snowflake_warehouse.this"
          ]
        },
        {
          "index_key": "CSTA_DEV_ROLE__CSTA_MARKETING_SHARED_DB_READ",
          "schema_version": 0,
          "attributes": {
            "id": "\"CSTA_MARKETING_SHARED_DB_READ\"|ROLE|\"CSTA_DEV_ROLE\"",
            "parent_role_name": "CSTA_DEV_ROLE",
            "role_name": "CSTA_MARKETING_SHARED_DB_READ",
            "user_name": null
          },
          "sensitive_attributes": [],
          "identity_schema_version": 0,
          "private": "bnVsbA==",
          "dependencies": [
            "module.databases.snowflake_database.this",
            "module.databases.snowflake_schema.this",
            "module.rbac.snowflake_account_role.db_access_roles",
            "module.rbac.snowflake_account_role.functional_roles",
            "module.rbac.snowflake_account_role.schema_access_roles",
            "module.warehouses.snowflake_warehouse.this"
          ]
        },
        {
          "index_key": "CSTA_DEV_ROLE__CSTA_MARKETING_SHARED_OBSERVABILITY_READ_WRITE",
          "schema_version": 0,
          "attributes": {
            "id": "\"CSTA_MARKETING_SHARED_OBSERVABILITY_READ_WRITE\"|ROLE|\"CSTA_DEV_ROLE\"",
            "parent_role_name": "CSTA_DEV_ROLE",
            "role_name": "CSTA_MARKETING_SHARED_OBSERVABILITY_READ_WRITE",
            "user_name": null
          },
          "sensitive_attributes": [],
          "identity_schema_version": 0,
          "private": "bnVsbA==",
          "dependencies": [
            "module.databases.snowflake_database.this",
            "module.databases.snowflake_schema.this",
            "module.rbac.snowflake_account_role.db_access_roles",
            "module.rbac.snowflake_account_role.functional_roles",
            "module.rbac.snowflake_account_role.schema_access_roles",
            "module.warehouses.snowflake_warehouse.this"
          ]
        },
        {
          "index_key": "CSTA_OBSERVER_ROLE__CSTA_MARKETING_PROD_DB_READ",
          "schema_version": 0,
          "attributes": {
            "id": "\"CSTA_MARKETING_PROD_DB_READ\"|ROLE|\"CSTA_OBSERVER_ROLE\"",
            "parent_role_name": "CSTA_OBSERVER_ROLE",
            "role_name": "CSTA_MARKETING_PROD_DB_READ",
            "user_name": null
          },
          "sensitive_attributes": [],
          "identity_schema_version": 0,
          "private": "bnVsbA==",
          "dependencies": [
            "module.databases.snowflake_database.this",
            "module.databases.snowflake_schema.this",
            "module.rbac.snowflake_account_role.db_access_roles",
            "module.rbac.snowflake_account_role.functional_roles",
            "module.rbac.snowflake_account_role.schema_access_roles",
            "module.warehouses.snowflake_warehouse.this"
          ]
        },
        {
          "index_key": "CSTA_OBSERVER_ROLE__CSTA_MARKETING_PROD_GOLD_READ",
          "schema_version": 0,
          "attributes": {
            "id": "\"CSTA_MARKETING_PROD_GOLD_READ\"|ROLE|\"CSTA_OBSERVER_ROLE\"",
            "parent_role_name": "CSTA_OBSERVER_ROLE",
            "role_name": "CSTA_MARKETING_PROD_GOLD_READ",
            "user_name": null
          },
          "sensitive_attributes": [],
          "identity_schema_version": 0,
          "private": "bnVsbA==",
          "dependencies": [
            "module.databases.snowflake_database.this",
            "module.databases.snowflake_schema.this",
            "module.rbac.snowflake_account_role.db_access_roles",
            "module.rbac.snowflake_account_role.functional_roles",
            "module.rbac.snowflake_account_role.schema_access_roles",
            "module.warehouses.snowflake_warehouse.this"
          ]
        },
        {
          "index_key": "CSTA_OBSERVER_ROLE__CSTA_MARKETING_SHARED_DB_READ",
          "schema_version": 0,
          "attributes": {
            "id": "\"CSTA_MARKETING_SHARED_DB_READ\"|ROLE|\"CSTA_OBSERVER_ROLE\"",
            "parent_role_name": "CSTA_OBSERVER_ROLE",
            "role_name": "CSTA_MARKETING_SHARED_DB_READ",
            "user_name": null
          },
          "sensitive_attributes": [],
          "identity_schema_version": 0,
          "private": "bnVsbA==",
          "dependencies": [
            "module.databases.snowflake_database.this",
            "module.databases.snowflake_schema.this",
            "module.rbac.snowflake_account_role.db_access_roles",
            "module.rbac.snowflake_account_role.functional_roles",
            "module.rbac.snowflake_account_role.schema_access_roles",
            "module.warehouses.snowflake_warehouse.this"
          ]
        },
        {
          "index_key": "CSTA_OBSERVER_ROLE__CSTA_MARKETING_SHARED_OBSERVABILITY_READ",
          "schema_version": 0,
          "attributes": {
            "id": "\"CSTA_MARKETING_SHARED_OBSERVABILITY_READ\"|ROLE|\"CSTA_OBSERVER_ROLE\"",
            "parent_role_name": "CSTA_OBSERVER_ROLE",
            "role_name": "CSTA_MARKETING_SHARED_OBSERVABILITY_READ",
            "user_name": null
          },
          "sensitive_attributes": [],
          "identity_schema_version": 0,
          "private": "bnVsbA==",
          "dependencies": [
            "module.databases.snowflake_database.this",
            "module.databases.snowflake_schema.this",
            "module.rbac.snowflake_account_role.db_access_roles",
            "module.rbac.snowflake_account_role.functional_roles",
            "module.rbac.snowflake_account_role.schema_access_roles",
            "module.warehouses.snowflake_warehouse.this"
          ]
        },
        {
          "index_key": "CSTA_UAT_DEV_ROLE__CSTA_MARKETING_SHARED_ARTIFACTS_READ_WRITE",
          "schema_version": 0,
          "attributes": {
            "id": "\"CSTA_MARKETING_SHARED_ARTIFACTS_READ_WRITE\"|ROLE|\"CSTA_UAT_DEV_ROLE\"",
            "parent_role_name": "CSTA_UAT_DEV_ROLE",
            "role_name": "CSTA_MARKETING_SHARED_ARTIFACTS_READ_WRITE",
            "user_name": null
          },
          "sensitive_attributes": [],
          "identity_schema_version": 0,
          "private": "bnVsbA==",
          "dependencies": [
            "module.databases.snowflake_database.this",
            "module.databases.snowflake_schema.this",
            "module.rbac.snowflake_account_role.db_access_roles",
            "module.rbac.snowflake_account_role.functional_roles",
            "module.rbac.snowflake_account_role.schema_access_roles",
            "module.warehouses.snowflake_warehouse.this"
          ]
        },
        {
          "index_key": "CSTA_UAT_DEV_ROLE__CSTA_MARKETING_SHARED_DB_READ",
          "schema_version": 0,
          "attributes": {
            "id": "\"CSTA_MARKETING_SHARED_DB_READ\"|ROLE|\"CSTA_UAT_DEV_ROLE\"",
            "parent_role_name": "CSTA_UAT_DEV_ROLE",
            "role_name": "CSTA_MARKETING_SHARED_DB_READ",
            "user_name": null
          },
          "sensitive_attributes": [],
          "identity_schema_version": 0,
          "private": "bnVsbA==",
          "dependencies": [
            "module.databases.snowflake_database.this",
            "module.databases.snowflake_schema.this",
            "module.rbac.snowflake_account_role.db_access_roles",
            "module.rbac.snowflake_account_role.functional_roles",
            "module.rbac.snowflake_account_role.schema_access_roles",
            "module.warehouses.snowflake_warehouse.this"
          ]
        },
        {
          "index_key": "CSTA_UAT_DEV_ROLE__CSTA_MARKETING_SHARED_OBSERVABILITY_READ_WRITE",
          "schema_version": 0,
          "attributes": {
            "id": "\"CSTA_MARKETING_SHARED_OBSERVABILITY_READ_WRITE\"|ROLE|\"CSTA_UAT_DEV_ROLE\"",
            "parent_role_name": "CSTA_UAT_DEV_ROLE",
            "role_name": "CSTA_MARKETING_SHARED_OBSERVABILITY_READ_WRITE",
            "user_name": null
          },
          "sensitive_attributes": [],
          "identity_schema_version": 0,
          "private": "bnVsbA==",
          "dependencies": [
            "module.databases.snowflake_database.this",
            "module.databases.snowflake_schema.this",
            "module.rbac.snowflake_account_role.db_access_roles",
            "module.rbac.snowflake_account_role.functional_roles",
            "module.rbac.snowflake_account_role.schema_access_roles",
            "module.warehouses.snowflake_warehouse.this"
          ]
        },
        {
          "index_key": "CSTA_UAT_DEV_ROLE__CSTA_MARKETING_UAT_BRONZE_READ_WRITE_CREATE",
          "schema_version": 0,
          "attributes": {
            "id": "\"CSTA_MARKETING_UAT_BRONZE_READ_WRITE_CREATE\"|ROLE|\"CSTA_UAT_DEV_ROLE\"",
            "parent_role_name": "CSTA_UAT_DEV_ROLE",
            "role_name": "CSTA_MARKETING_UAT_BRONZE_READ_WRITE_CREATE",
            "user_name": null
          },
          "sensitive_attributes": [],
          "identity_schema_version": 0,
          "private": "bnVsbA==",
          "dependencies": [
            "module.databases.snowflake_database.this",
            "module.databases.snowflake_schema.this",
            "module.rbac.snowflake_account_role.db_access_roles",
            "module.rbac.snowflake_account_role.functional_roles",
            "module.rbac.snowflake_account_role.schema_access_roles",
            "module.warehouses.snowflake_warehouse.this"
          ]
        },
        {
          "index_key": "CSTA_UAT_DEV_ROLE__CSTA_MARKETING_UAT_DB_READ",
          "schema_version": 0,
          "attributes": {
            "id": "\"CSTA_MARKETING_UAT_DB_READ\"|ROLE|\"CSTA_UAT_DEV_ROLE\"",
            "parent_role_name": "CSTA_UAT_DEV_ROLE",
            "role_name": "CSTA_MARKETING_UAT_DB_READ",
            "user_name": null
          },
          "sensitive_attributes": [],
          "identity_schema_version": 0,
          "private": "bnVsbA==",
          "dependencies": [
            "module.databases.snowflake_database.this",
            "module.databases.snowflake_schema.this",
            "module.rbac.snowflake_account_role.db_access_roles",
            "module.rbac.snowflake_account_role.functional_roles",
            "module.rbac.snowflake_account_role.schema_access_roles",
            "module.warehouses.snowflake_warehouse.this"
          ]
        },
        {
          "index_key": "CSTA_UAT_DEV_ROLE__CSTA_MARKETING_UAT_GOLD_READ_WRITE_CREATE",
          "schema_version": 0,
          "attributes": {
            "id": "\"CSTA_MARKETING_UAT_GOLD_READ_WRITE_CREATE\"|ROLE|\"CSTA_UAT_DEV_ROLE\"",
            "parent_role_name": "CSTA_UAT_DEV_ROLE",
            "role_name": "CSTA_MARKETING_UAT_GOLD_READ_WRITE_CREATE",
            "user_name": null
          },
          "sensitive_attributes": [],
          "identity_schema_version": 0,
          "private": "bnVsbA==",
          "dependencies": [
            "module.databases.snowflake_database.this",
            "module.databases.snowflake_schema.this",
            "module.rbac.snowflake_account_role.db_access_roles",
            "module.rbac.snowflake_account_role.functional_roles",
            "module.rbac.snowflake_account_role.schema_access_roles",
            "module.warehouses.snowflake_warehouse.this"
          ]
        },
        {
          "index_key": "CSTA_UAT_DEV_ROLE__CSTA_MARKETING_UAT_ORCHESTRATION_READ_WRITE_CREATE",
          "schema_version": 0,
          "attributes": {
            "id": "\"CSTA_MARKETING_UAT_ORCHESTRATION_READ_WRITE_CREATE\"|ROLE|\"CSTA_UAT_DEV_ROLE\"",
            "parent_role_name": "CSTA_UAT_DEV_ROLE",
            "role_name": "CSTA_MARKETING_UAT_ORCHESTRATION_READ_WRITE_CREATE",
            "user_name": null
          },
          "sensitive_attributes": [],
          "identity_schema_version": 0,
          "private": "bnVsbA==",
          "dependencies": [
            "module.databases.snowflake_database.this",
            "module.databases.snowflake_schema.this",
            "module.rbac.snowflake_account_role.db_access_roles",
            "module.rbac.snowflake_account_role.functional_roles",
            "module.rbac.snowflake_account_role.schema_access_roles",
            "module.warehouses.snowflake_warehouse.this"
          ]
        },
        {
          "index_key": "CSTA_UAT_DEV_ROLE__CSTA_MARKETING_UAT_SILVER_READ_WRITE_CREATE",
          "schema_version": 0,
          "attributes": {
            "id": "\"CSTA_MARKETING_UAT_SILVER_READ_WRITE_CREATE\"|ROLE|\"CSTA_UAT_DEV_ROLE\"",
            "parent_role_name": "CSTA_UAT_DEV_ROLE",
            "role_name": "CSTA_MARKETING_UAT_SILVER_READ_WRITE_CREATE",
            "user_name": null
          },
          "sensitive_attributes": [],
          "identity_schema_version": 0,
          "private": "bnVsbA==",
          "dependencies": [
            "module.databases.snowflake_database.this",
            "module.databases.snowflake_schema.this",
            "module.rbac.snowflake_account_role.db_access_roles",
            "module.rbac.snowflake_account_role.functional_roles",
            "module.rbac.snowflake_account_role.schema_access_roles",
            "module.warehouses.snowflake_warehouse.this"
          ]
        }
      ]
    },
    {
      "module": "module.rbac",
      "mode": "managed",
      "type": "snowflake_grant_account_role",
      "name": "streamlit_inherits_observer",
      "provider": "provider[\"registry.terraform.io/snowflakedb/snowflake\"]",
      "instances": [
        {
          "schema_version": 0,
          "attributes": {
            "id": "\"CSTA_OBSERVER_ROLE\"|ROLE|\"CSTA_STREAMLIT_ROLE\"",
            "parent_role_name": "CSTA_STREAMLIT_ROLE",
            "role_name": "CSTA_OBSERVER_ROLE",
            "user_name": null
          },
          "sensitive_attributes": [],
          "identity_schema_version": 0,
          "private": "bnVsbA==",
          "dependencies": [
            "module.databases.snowflake_database.this",
            "module.databases.snowflake_schema.this",
            "module.rbac.snowflake_account_role.functional_roles",
            "module.warehouses.snowflake_warehouse.this"
          ]
        }
      ]
    },
    {
      "module": "module.rbac",
      "mode": "managed",
      "type": "snowflake_grant_privileges_to_account_role",
      "name": "db_modify_create_schema",
      "provider": "provider[\"registry.terraform.io/snowflakedb/snowflake\"]",
      "instances": [
        {
          "index_key": "CSTA_MARKETING_DEV",
          "schema_version": 0,
          "attributes": {
            "account_role_name": "CSTA_MARKETING_DEV_DB_MODIFY",
            "all_privileges": false,
            "always_apply": false,
            "always_apply_trigger": null,
            "id": "\"CSTA_MARKETING_DEV_DB_MODIFY\"|false|false|CREATE SCHEMA|OnAccountObject|DATABASE|\"CSTA_MARKETING_DEV\"",
            "on_account": false,
            "on_account_object": [
              {
                "object_name": "CSTA_MARKETING_DEV",
                "object_type": "DATABASE"
              }
            ],
            "on_schema": [],
            "on_schema_object": [],
            "privileges": [
              "CREATE SCHEMA"
            ],
            "with_grant_option": false
          },
          "sensitive_attributes": [],
          "identity_schema_version": 0,
          "private": "bnVsbA==",
          "dependencies": [
            "module.databases.snowflake_database.this",
            "module.databases.snowflake_schema.this",
            "module.rbac.snowflake_account_role.db_access_roles",
            "module.warehouses.snowflake_warehouse.this"
          ]
        },
        {
          "index_key": "CSTA_MARKETING_PROD",
          "schema_version": 0,
          "attributes": {
            "account_role_name": "CSTA_MARKETING_PROD_DB_MODIFY",
            "all_privileges": false,
            "always_apply": false,
            "always_apply_trigger": null,
            "id": "\"CSTA_MARKETING_PROD_DB_MODIFY\"|false|false|CREATE SCHEMA|OnAccountObject|DATABASE|\"CSTA_MARKETING_PROD\"",
            "on_account": false,
            "on_account_object": [
              {
                "object_name": "CSTA_MARKETING_PROD",
                "object_type": "DATABASE"
              }
            ],
            "on_schema": [],
            "on_schema_object": [],
            "privileges": [
              "CREATE SCHEMA"
            ],
            "with_grant_option": false
          },
          "sensitive_attributes": [],
          "identity_schema_version": 0,
          "private": "bnVsbA==",
          "dependencies": [
            "module.databases.snowflake_database.this",
            "module.databases.snowflake_schema.this",
            "module.rbac.snowflake_account_role.db_access_roles",
            "module.warehouses.snowflake_warehouse.this"
          ]
        },
        {
          "index_key": "CSTA_MARKETING_SHARED",
          "schema_version": 0,
          "attributes": {
            "account_role_name": "CSTA_MARKETING_SHARED_DB_MODIFY",
            "all_privileges": false,
            "always_apply": false,
            "always_apply_trigger": null,
            "id": "\"CSTA_MARKETING_SHARED_DB_MODIFY\"|false|false|CREATE SCHEMA|OnAccountObject|DATABASE|\"CSTA_MARKETING_SHARED\"",
            "on_account": false,
            "on_account_object": [
              {
                "object_name": "CSTA_MARKETING_SHARED",
                "object_type": "DATABASE"
              }
            ],
            "on_schema": [],
            "on_schema_object": [],
            "privileges": [
              "CREATE SCHEMA"
            ],
            "with_grant_option": false
          },
          "sensitive_attributes": [],
          "identity_schema_version": 0,
          "private": "bnVsbA==",
          "dependencies": [
            "module.databases.snowflake_database.this",
            "module.databases.snowflake_schema.this",
            "module.rbac.snowflake_account_role.db_access_roles",
            "module.warehouses.snowflake_warehouse.this"
          ]
        },
        {
          "index_key": "CSTA_MARKETING_UAT",
          "schema_version": 0,
          "attributes": {
            "account_role_name": "CSTA_MARKETING_UAT_DB_MODIFY",
            "all_privileges": false,
            "always_apply": false,
            "always_apply_trigger": null,
            "id": "\"CSTA_MARKETING_UAT_DB_MODIFY\"|false|false|CREATE SCHEMA|OnAccountObject|DATABASE|\"CSTA_MARKETING_UAT\"",
            "on_account": false,
            "on_account_object": [
              {
                "object_name": "CSTA_MARKETING_UAT",
                "object_type": "DATABASE"
              }
            ],
            "on_schema": [],
            "on_schema_object": [],
            "privileges": [
              "CREATE SCHEMA"
            ],
            "with_grant_option": false
          },
          "sensitive_attributes": [],
          "identity_schema_version": 0,
          "private": "bnVsbA==",
          "dependencies": [
            "module.databases.snowflake_database.this",
            "module.databases.snowflake_schema.this",
            "module.rbac.snowflake_account_role.db_access_roles",
            "module.warehouses.snowflake_warehouse.this"
          ]
        }
      ]
    },
    {
      "module": "module.rbac",
      "mode": "managed",
      "type": "snowflake_grant_privileges_to_account_role",
      "name": "db_modify_usage",
      "provider": "provider[\"registry.terraform.io/snowflakedb/snowflake\"]",
      "instances": [
        {
          "index_key": "CSTA_MARKETING_DEV",
          "schema_version": 0,
          "attributes": {
            "account_role_name": "CSTA_MARKETING_DEV_DB_MODIFY",
            "all_privileges": false,
            "always_apply": false,
            "always_apply_trigger": null,
            "id": "\"CSTA_MARKETING_DEV_DB_MODIFY\"|false|false|USAGE|OnAccountObject|DATABASE|\"CSTA_MARKETING_DEV\"",
            "on_account": false,
            "on_account_object": [
              {
                "object_name": "CSTA_MARKETING_DEV",
                "object_type": "DATABASE"
              }
            ],
            "on_schema": [],
            "on_schema_object": [],
            "privileges": [
              "USAGE"
            ],
            "with_grant_option": false
          },
          "sensitive_attributes": [],
          "identity_schema_version": 0,
          "private": "bnVsbA==",
          "dependencies": [
            "module.databases.snowflake_database.this",
            "module.databases.snowflake_schema.this",
            "module.rbac.snowflake_account_role.db_access_roles",
            "module.warehouses.snowflake_warehouse.this"
          ]
        },
        {
          "index_key": "CSTA_MARKETING_PROD",
          "schema_version": 0,
          "attributes": {
            "account_role_name": "CSTA_MARKETING_PROD_DB_MODIFY",
            "all_privileges": false,
            "always_apply": false,
            "always_apply_trigger": null,
            "id": "\"CSTA_MARKETING_PROD_DB_MODIFY\"|false|false|USAGE|OnAccountObject|DATABASE|\"CSTA_MARKETING_PROD\"",
            "on_account": false,
            "on_account_object": [
              {
                "object_name": "CSTA_MARKETING_PROD",
                "object_type": "DATABASE"
              }
            ],
            "on_schema": [],
            "on_schema_object": [],
            "privileges": [
              "USAGE"
            ],
            "with_grant_option": false
          },
          "sensitive_attributes": [],
          "identity_schema_version": 0,
          "private": "bnVsbA==",
          "dependencies": [
            "module.databases.snowflake_database.this",
            "module.databases.snowflake_schema.this",
            "module.rbac.snowflake_account_role.db_access_roles",
            "module.warehouses.snowflake_warehouse.this"
          ]
        },
        {
          "index_key": "CSTA_MARKETING_SHARED",
          "schema_version": 0,
          "attributes": {
            "account_role_name": "CSTA_MARKETING_SHARED_DB_MODIFY",
            "all_privileges": false,
            "always_apply": false,
            "always_apply_trigger": null,
            "id": "\"CSTA_MARKETING_SHARED_DB_MODIFY\"|false|false|USAGE|OnAccountObject|DATABASE|\"CSTA_MARKETING_SHARED\"",
            "on_account": false,
            "on_account_object": [
              {
                "object_name": "CSTA_MARKETING_SHARED",
                "object_type": "DATABASE"
              }
            ],
            "on_schema": [],
            "on_schema_object": [],
            "privileges": [
              "USAGE"
            ],
            "with_grant_option": false
          },
          "sensitive_attributes": [],
          "identity_schema_version": 0,
          "private": "bnVsbA==",
          "dependencies": [
            "module.databases.snowflake_database.this",
            "module.databases.snowflake_schema.this",
            "module.rbac.snowflake_account_role.db_access_roles",
            "module.warehouses.snowflake_warehouse.this"
          ]
        },
        {
          "index_key": "CSTA_MARKETING_UAT",
          "schema_version": 0,
          "attributes": {
            "account_role_name": "CSTA_MARKETING_UAT_DB_MODIFY",
            "all_privileges": false,
            "always_apply": false,
            "always_apply_trigger": null,
            "id": "\"CSTA_MARKETING_UAT_DB_MODIFY\"|false|false|USAGE|OnAccountObject|DATABASE|\"CSTA_MARKETING_UAT\"",
            "on_account": false,
            "on_account_object": [
              {
                "object_name": "CSTA_MARKETING_UAT",
                "object_type": "DATABASE"
              }
            ],
            "on_schema": [],
            "on_schema_object": [],
            "privileges": [
              "USAGE"
            ],
            "with_grant_option": false
          },
          "sensitive_attributes": [],
          "identity_schema_version": 0,
          "private": "bnVsbA==",
          "dependencies": [
            "module.databases.snowflake_database.this",
            "module.databases.snowflake_schema.this",
            "module.rbac.snowflake_account_role.db_access_roles",
            "module.warehouses.snowflake_warehouse.this"
          ]
        }
      ]
    },
    {
      "module": "module.rbac",
      "mode": "managed",
      "type": "snowflake_grant_privileges_to_account_role",
      "name": "db_read_usage",
      "provider": "provider[\"registry.terraform.io/snowflakedb/snowflake\"]",
      "instances": [
        {
          "index_key": "CSTA_MARKETING_DEV",
          "schema_version": 0,
          "attributes": {
            "account_role_name": "CSTA_MARKETING_DEV_DB_READ",
            "all_privileges": false,
            "always_apply": false,
            "always_apply_trigger": null,
            "id": "\"CSTA_MARKETING_DEV_DB_READ\"|false|false|USAGE|OnAccountObject|DATABASE|\"CSTA_MARKETING_DEV\"",
            "on_account": false,
            "on_account_object": [
              {
                "object_name": "CSTA_MARKETING_DEV",
                "object_type": "DATABASE"
              }
            ],
            "on_schema": [],
            "on_schema_object": [],
            "privileges": [
              "USAGE"
            ],
            "with_grant_option": false
          },
          "sensitive_attributes": [],
          "identity_schema_version": 0,
          "private": "bnVsbA==",
          "dependencies": [
            "module.databases.snowflake_database.this",
            "module.databases.snowflake_schema.this",
            "module.rbac.snowflake_account_role.db_access_roles",
            "module.warehouses.snowflake_warehouse.this"
          ]
        },
        {
          "index_key": "CSTA_MARKETING_PROD",
          "schema_version": 0,
          "attributes": {
            "account_role_name": "CSTA_MARKETING_PROD_DB_READ",
            "all_privileges": false,
            "always_apply": false,
            "always_apply_trigger": null,
            "id": "\"CSTA_MARKETING_PROD_DB_READ\"|false|false|USAGE|OnAccountObject|DATABASE|\"CSTA_MARKETING_PROD\"",
            "on_account": false,
            "on_account_object": [
              {
                "object_name": "CSTA_MARKETING_PROD",
                "object_type": "DATABASE"
              }
            ],
            "on_schema": [],
            "on_schema_object": [],
            "privileges": [
              "USAGE"
            ],
            "with_grant_option": false
          },
          "sensitive_attributes": [],
          "identity_schema_version": 0,
          "private": "bnVsbA==",
          "dependencies": [
            "module.databases.snowflake_database.this",
            "module.databases.snowflake_schema.this",
            "module.rbac.snowflake_account_role.db_access_roles",
            "module.warehouses.snowflake_warehouse.this"
          ]
        },
        {
          "index_key": "CSTA_MARKETING_SHARED",
          "schema_version": 0,
          "attributes": {
            "account_role_name": "CSTA_MARKETING_SHARED_DB_READ",
            "all_privileges": false,
            "always_apply": false,
            "always_apply_trigger": null,
            "id": "\"CSTA_MARKETING_SHARED_DB_READ\"|false|false|USAGE|OnAccountObject|DATABASE|\"CSTA_MARKETING_SHARED\"",
            "on_account": false,
            "on_account_object": [
              {
                "object_name": "CSTA_MARKETING_SHARED",
                "object_type": "DATABASE"
              }
            ],
            "on_schema": [],
            "on_schema_object": [],
            "privileges": [
              "USAGE"
            ],
            "with_grant_option": false
          },
          "sensitive_attributes": [],
          "identity_schema_version": 0,
          "private": "bnVsbA==",
          "dependencies": [
            "module.databases.snowflake_database.this",
            "module.databases.snowflake_schema.this",
            "module.rbac.snowflake_account_role.db_access_roles",
            "module.warehouses.snowflake_warehouse.this"
          ]
        },
        {
          "index_key": "CSTA_MARKETING_UAT",
          "schema_version": 0,
          "attributes": {
            "account_role_name": "CSTA_MARKETING_UAT_DB_READ",
            "all_privileges": false,
            "always_apply": false,
            "always_apply_trigger": null,
            "id": "\"CSTA_MARKETING_UAT_DB_READ\"|false|false|USAGE|OnAccountObject|DATABASE|\"CSTA_MARKETING_UAT\"",
            "on_account": false,
            "on_account_object": [
              {
                "object_name": "CSTA_MARKETING_UAT",
                "object_type": "DATABASE"
              }
            ],
            "on_schema": [],
            "on_schema_object": [],
            "privileges": [
              "USAGE"
            ],
            "with_grant_option": false
          },
          "sensitive_attributes": [],
          "identity_schema_version": 0,
          "private": "bnVsbA==",
          "dependencies": [
            "module.databases.snowflake_database.this",
            "module.databases.snowflake_schema.this",
            "module.rbac.snowflake_account_role.db_access_roles",
            "module.warehouses.snowflake_warehouse.this"
          ]
        }
      ]
    },
    {
      "module": "module.rbac",
      "mode": "managed",
      "type": "snowflake_grant_privileges_to_account_role",
      "name": "execute_task",
      "provider": "provider[\"registry.terraform.io/snowflakedb/snowflake\"]",
      "instances": [
        {
          "index_key": "CSTA_DBT_DEV_ROLE",
          "schema_version": 0,
          "attributes": {
            "account_role_name": "CSTA_DBT_DEV_ROLE",
            "all_privileges": false,
            "always_apply": false,
            "always_apply_trigger": null,
            "id": "\"CSTA_DBT_DEV_ROLE\"|false|false|EXECUTE TASK|OnAccount",
            "on_account": true,
            "on_account_object": [],
            "on_schema": [],
            "on_schema_object": [],
            "privileges": [
              "EXECUTE TASK"
            ],
            "with_grant_option": false
          },
          "sensitive_attributes": [],
          "identity_schema_version": 0,
          "private": "bnVsbA==",
          "dependencies": [
            "module.databases.snowflake_database.this",
            "module.databases.snowflake_schema.this",
            "module.rbac.snowflake_account_role.functional_roles",
            "module.warehouses.snowflake_warehouse.this"
          ]
        },
        {
          "index_key": "CSTA_DEV_ROLE",
          "schema_version": 0,
          "attributes": {
            "account_role_name": "CSTA_DEV_ROLE",
            "all_privileges": false,
            "always_apply": false,
            "always_apply_trigger": null,
            "id": "\"CSTA_DEV_ROLE\"|false|false|EXECUTE TASK|OnAccount",
            "on_account": true,
            "on_account_object": [],
            "on_schema": [],
            "on_schema_object": [],
            "privileges": [
              "EXECUTE TASK"
            ],
            "with_grant_option": false
          },
          "sensitive_attributes": [],
          "identity_schema_version": 0,
          "private": "bnVsbA==",
          "dependencies": [
            "module.databases.snowflake_database.this",
            "module.databases.snowflake_schema.this",
            "module.rbac.snowflake_account_role.functional_roles",
            "module.warehouses.snowflake_warehouse.this"
          ]
        }
      ]
    },
    {
      "module": "module.rbac",
      "mode": "managed",
      "type": "snowflake_grant_privileges_to_account_role",
      "name": "schema_create_procedure",
      "provider": "provider[\"registry.terraform.io/snowflakedb/snowflake\"]",
      "instances": [
        {
          "index_key": "CSTA_MARKETING_DEV_BRONZE_READ_WRITE_CREATE",
          "schema_version": 0,
          "attributes": {
            "account_role_name": "CSTA_MARKETING_DEV_BRONZE_READ_WRITE_CREATE",
            "all_privileges": false,
            "always_apply": false,
            "always_apply_trigger": null,
            "id": "\"CSTA_MARKETING_DEV_BRONZE_READ_WRITE_CREATE\"|false|false|CREATE PROCEDURE|OnSchema|OnSchema|\"CSTA_MARKETING_DEV\".\"BRONZE\"",
            "on_account": false,
            "on_account_object": [],
            "on_schema": [
              {
                "all_schemas_in_database": "",
                "future_schemas_in_database": "",
                "schema_name": "CSTA_MARKETING_DEV.BRONZE"
              }
            ],
            "on_schema_object": [],
            "privileges": [
              "CREATE PROCEDURE"
            ],
            "with_grant_option": false
          },
          "sensitive_attributes": [],
          "identity_schema_version": 0,
          "private": "bnVsbA==",
          "dependencies": [
            "module.databases.snowflake_database.this",
            "module.databases.snowflake_schema.this",
            "module.rbac.snowflake_account_role.schema_access_roles",
            "module.warehouses.snowflake_warehouse.this"
          ]
        },
        {
          "index_key": "CSTA_MARKETING_DEV_GOLD_READ_WRITE_CREATE",
          "schema_version": 0,
          "attributes": {
            "account_role_name": "CSTA_MARKETING_DEV_GOLD_READ_WRITE_CREATE",
            "all_privileges": false,
            "always_apply": false,
            "always_apply_trigger": null,
            "id": "\"CSTA_MARKETING_DEV_GOLD_READ_WRITE_CREATE\"|false|false|CREATE PROCEDURE|OnSchema|OnSchema|\"CSTA_MARKETING_DEV\".\"GOLD\"",
            "on_account": false,
            "on_account_object": [],
            "on_schema": [
              {
                "all_schemas_in_database": "",
                "future_schemas_in_database": "",
                "schema_name": "CSTA_MARKETING_DEV.GOLD"
              }
            ],
            "on_schema_object": [],
            "privileges": [
              "CREATE PROCEDURE"
            ],
            "with_grant_option": false
          },
          "sensitive_attributes": [],
          "identity_schema_version": 0,
          "private": "bnVsbA==",
          "dependencies": [
            "module.databases.snowflake_database.this",
            "module.databases.snowflake_schema.this",
            "module.rbac.snowflake_account_role.schema_access_roles",
            "module.warehouses.snowflake_warehouse.this"
          ]
        },
        {
          "index_key": "CSTA_MARKETING_DEV_ORCHESTRATION_READ_WRITE_CREATE",
          "schema_version": 0,
          "attributes": {
            "account_role_name": "CSTA_MARKETING_DEV_ORCHESTRATION_READ_WRITE_CREATE",
            "all_privileges": false,
            "always_apply": false,
            "always_apply_trigger": null,
            "id": "\"CSTA_MARKETING_DEV_ORCHESTRATION_READ_WRITE_CREATE\"|false|false|CREATE PROCEDURE|OnSchema|OnSchema|\"CSTA_MARKETING_DEV\".\"ORCHESTRATION\"",
            "on_account": false,
            "on_account_object": [],
            "on_schema": [
              {
                "all_schemas_in_database": "",
                "future_schemas_in_database": "",
                "schema_name": "CSTA_MARKETING_DEV.ORCHESTRATION"
              }
            ],
            "on_schema_object": [],
            "privileges": [
              "CREATE PROCEDURE"
            ],
            "with_grant_option": false
          },
          "sensitive_attributes": [],
          "identity_schema_version": 0,
          "private": "bnVsbA==",
          "dependencies": [
            "module.databases.snowflake_database.this",
            "module.databases.snowflake_schema.this",
            "module.rbac.snowflake_account_role.schema_access_roles",
            "module.warehouses.snowflake_warehouse.this"
          ]
        },
        {
          "index_key": "CSTA_MARKETING_DEV_SILVER_READ_WRITE_CREATE",
          "schema_version": 0,
          "attributes": {
            "account_role_name": "CSTA_MARKETING_DEV_SILVER_READ_WRITE_CREATE",
            "all_privileges": false,
            "always_apply": false,
            "always_apply_trigger": null,
            "id": "\"CSTA_MARKETING_DEV_SILVER_READ_WRITE_CREATE\"|false|false|CREATE PROCEDURE|OnSchema|OnSchema|\"CSTA_MARKETING_DEV\".\"SILVER\"",
            "on_account": false,
            "on_account_object": [],
            "on_schema": [
              {
                "all_schemas_in_database": "",
                "future_schemas_in_database": "",
                "schema_name": "CSTA_MARKETING_DEV.SILVER"
              }
            ],
            "on_schema_object": [],
            "privileges": [
              "CREATE PROCEDURE"
            ],
            "with_grant_option": false
          },
          "sensitive_attributes": [],
          "identity_schema_version": 0,
          "private": "bnVsbA==",
          "dependencies": [
            "module.databases.snowflake_database.this",
            "module.databases.snowflake_schema.this",
            "module.rbac.snowflake_account_role.schema_access_roles",
            "module.warehouses.snowflake_warehouse.this"
          ]
        },
        {
          "index_key": "CSTA_MARKETING_PROD_BRONZE_READ_WRITE_CREATE",
          "schema_version": 0,
          "attributes": {
            "account_role_name": "CSTA_MARKETING_PROD_BRONZE_READ_WRITE_CREATE",
            "all_privileges": false,
            "always_apply": false,
            "always_apply_trigger": null,
            "id": "\"CSTA_MARKETING_PROD_BRONZE_READ_WRITE_CREATE\"|false|false|CREATE PROCEDURE|OnSchema|OnSchema|\"CSTA_MARKETING_PROD\".\"BRONZE\"",
            "on_account": false,
            "on_account_object": [],
            "on_schema": [
              {
                "all_schemas_in_database": "",
                "future_schemas_in_database": "",
                "schema_name": "CSTA_MARKETING_PROD.BRONZE"
              }
            ],
            "on_schema_object": [],
            "privileges": [
              "CREATE PROCEDURE"
            ],
            "with_grant_option": false
          },
          "sensitive_attributes": [],
          "identity_schema_version": 0,
          "private": "bnVsbA==",
          "dependencies": [
            "module.databases.snowflake_database.this",
            "module.databases.snowflake_schema.this",
            "module.rbac.snowflake_account_role.schema_access_roles",
            "module.warehouses.snowflake_warehouse.this"
          ]
        },
        {
          "index_key": "CSTA_MARKETING_PROD_GOLD_READ_WRITE_CREATE",
          "schema_version": 0,
          "attributes": {
            "account_role_name": "CSTA_MARKETING_PROD_GOLD_READ_WRITE_CREATE",
            "all_privileges": false,
            "always_apply": false,
            "always_apply_trigger": null,
            "id": "\"CSTA_MARKETING_PROD_GOLD_READ_WRITE_CREATE\"|false|false|CREATE PROCEDURE|OnSchema|OnSchema|\"CSTA_MARKETING_PROD\".\"GOLD\"",
            "on_account": false,
            "on_account_object": [],
            "on_schema": [
              {
                "all_schemas_in_database": "",
                "future_schemas_in_database": "",
                "schema_name": "CSTA_MARKETING_PROD.GOLD"
              }
            ],
            "on_schema_object": [],
            "privileges": [
              "CREATE PROCEDURE"
            ],
            "with_grant_option": false
          },
          "sensitive_attributes": [],
          "identity_schema_version": 0,
          "private": "bnVsbA==",
          "dependencies": [
            "module.databases.snowflake_database.this",
            "module.databases.snowflake_schema.this",
            "module.rbac.snowflake_account_role.schema_access_roles",
            "module.warehouses.snowflake_warehouse.this"
          ]
        },
        {
          "index_key": "CSTA_MARKETING_PROD_ORCHESTRATION_READ_WRITE_CREATE",
          "schema_version": 0,
          "attributes": {
            "account_role_name": "CSTA_MARKETING_PROD_ORCHESTRATION_READ_WRITE_CREATE",
            "all_privileges": false,
            "always_apply": false,
            "always_apply_trigger": null,
            "id": "\"CSTA_MARKETING_PROD_ORCHESTRATION_READ_WRITE_CREATE\"|false|false|CREATE PROCEDURE|OnSchema|OnSchema|\"CSTA_MARKETING_PROD\".\"ORCHESTRATION\"",
            "on_account": false,
            "on_account_object": [],
            "on_schema": [
              {
                "all_schemas_in_database": "",
                "future_schemas_in_database": "",
                "schema_name": "CSTA_MARKETING_PROD.ORCHESTRATION"
              }
            ],
            "on_schema_object": [],
            "privileges": [
              "CREATE PROCEDURE"
            ],
            "with_grant_option": false
          },
          "sensitive_attributes": [],
          "identity_schema_version": 0,
          "private": "bnVsbA==",
          "dependencies": [
            "module.databases.snowflake_database.this",
            "module.databases.snowflake_schema.this",
            "module.rbac.snowflake_account_role.schema_access_roles",
            "module.warehouses.snowflake_warehouse.this"
          ]
        },
        {
          "index_key": "CSTA_MARKETING_PROD_SILVER_READ_WRITE_CREATE",
          "schema_version": 0,
          "attributes": {
            "account_role_name": "CSTA_MARKETING_PROD_SILVER_READ_WRITE_CREATE",
            "all_privileges": false,
            "always_apply": false,
            "always_apply_trigger": null,
            "id": "\"CSTA_MARKETING_PROD_SILVER_READ_WRITE_CREATE\"|false|false|CREATE PROCEDURE|OnSchema|OnSchema|\"CSTA_MARKETING_PROD\".\"SILVER\"",
            "on_account": false,
            "on_account_object": [],
            "on_schema": [
              {
                "all_schemas_in_database": "",
                "future_schemas_in_database": "",
                "schema_name": "CSTA_MARKETING_PROD.SILVER"
              }
            ],
            "on_schema_object": [],
            "privileges": [
              "CREATE PROCEDURE"
            ],
            "with_grant_option": false
          },
          "sensitive_attributes": [],
          "identity_schema_version": 0,
          "private": "bnVsbA==",
          "dependencies": [
            "module.databases.snowflake_database.this",
            "module.databases.snowflake_schema.this",
            "module.rbac.snowflake_account_role.schema_access_roles",
            "module.warehouses.snowflake_warehouse.this"
          ]
        },
        {
          "index_key": "CSTA_MARKETING_SHARED_ARTIFACTS_READ_WRITE_CREATE",
          "schema_version": 0,
          "attributes": {
            "account_role_name": "CSTA_MARKETING_SHARED_ARTIFACTS_READ_WRITE_CREATE",
            "all_privileges": false,
            "always_apply": false,
            "always_apply_trigger": null,
            "id": "\"CSTA_MARKETING_SHARED_ARTIFACTS_READ_WRITE_CREATE\"|false|false|CREATE PROCEDURE|OnSchema|OnSchema|\"CSTA_MARKETING_SHARED\".\"ARTIFACTS\"",
            "on_account": false,
            "on_account_object": [],
            "on_schema": [
              {
                "all_schemas_in_database": "",
                "future_schemas_in_database": "",
                "schema_name": "CSTA_MARKETING_SHARED.ARTIFACTS"
              }
            ],
            "on_schema_object": [],
            "privileges": [
              "CREATE PROCEDURE"
            ],
            "with_grant_option": false
          },
          "sensitive_attributes": [],
          "identity_schema_version": 0,
          "private": "bnVsbA==",
          "dependencies": [
            "module.databases.snowflake_database.this",
            "module.databases.snowflake_schema.this",
            "module.rbac.snowflake_account_role.schema_access_roles",
            "module.warehouses.snowflake_warehouse.this"
          ]
        },
        {
          "index_key": "CSTA_MARKETING_SHARED_OBSERVABILITY_READ_WRITE_CREATE",
          "schema_version": 0,
          "attributes": {
            "account_role_name": "CSTA_MARKETING_SHARED_OBSERVABILITY_READ_WRITE_CREATE",
            "all_privileges": false,
            "always_apply": false,
            "always_apply_trigger": null,
            "id": "\"CSTA_MARKETING_SHARED_OBSERVABILITY_READ_WRITE_CREATE\"|false|false|CREATE PROCEDURE|OnSchema|OnSchema|\"CSTA_MARKETING_SHARED\".\"OBSERVABILITY\"",
            "on_account": false,
            "on_account_object": [],
            "on_schema": [
              {
                "all_schemas_in_database": "",
                "future_schemas_in_database": "",
                "schema_name": "CSTA_MARKETING_SHARED.OBSERVABILITY"
              }
            ],
            "on_schema_object": [],
            "privileges": [
              "CREATE PROCEDURE"
            ],
            "with_grant_option": false
          },
          "sensitive_attributes": [],
          "identity_schema_version": 0,
          "private": "bnVsbA==",
          "dependencies": [
            "module.databases.snowflake_database.this",
            "module.databases.snowflake_schema.this",
            "module.rbac.snowflake_account_role.schema_access_roles",
            "module.warehouses.snowflake_warehouse.this"
          ]
        },
        {
          "index_key": "CSTA_MARKETING_UAT_BRONZE_READ_WRITE_CREATE",
          "schema_version": 0,
          "attributes": {
            "account_role_name": "CSTA_MARKETING_UAT_BRONZE_READ_WRITE_CREATE",
            "all_privileges": false,
            "always_apply": false,
            "always_apply_trigger": null,
            "id": "\"CSTA_MARKETING_UAT_BRONZE_READ_WRITE_CREATE\"|false|false|CREATE PROCEDURE|OnSchema|OnSchema|\"CSTA_MARKETING_UAT\".\"BRONZE\"",
            "on_account": false,
            "on_account_object": [],
            "on_schema": [
              {
                "all_schemas_in_database": "",
                "future_schemas_in_database": "",
                "schema_name": "CSTA_MARKETING_UAT.BRONZE"
              }
            ],
            "on_schema_object": [],
            "privileges": [
              "CREATE PROCEDURE"
            ],
            "with_grant_option": false
          },
          "sensitive_attributes": [],
          "identity_schema_version": 0,
          "private": "bnVsbA==",
          "dependencies": [
            "module.databases.snowflake_database.this",
            "module.databases.snowflake_schema.this",
            "module.rbac.snowflake_account_role.schema_access_roles",
            "module.warehouses.snowflake_warehouse.this"
          ]
        },
        {
          "index_key": "CSTA_MARKETING_UAT_GOLD_READ_WRITE_CREATE",
          "schema_version": 0,
          "attributes": {
            "account_role_name": "CSTA_MARKETING_UAT_GOLD_READ_WRITE_CREATE",
            "all_privileges": false,
            "always_apply": false,
            "always_apply_trigger": null,
            "id": "\"CSTA_MARKETING_UAT_GOLD_READ_WRITE_CREATE\"|false|false|CREATE PROCEDURE|OnSchema|OnSchema|\"CSTA_MARKETING_UAT\".\"GOLD\"",
            "on_account": false,
            "on_account_object": [],
            "on_schema": [
              {
                "all_schemas_in_database": "",
                "future_schemas_in_database": "",
                "schema_name": "CSTA_MARKETING_UAT.GOLD"
              }
            ],
            "on_schema_object": [],
            "privileges": [
              "CREATE PROCEDURE"
            ],
            "with_grant_option": false
          },
          "sensitive_attributes": [],
          "identity_schema_version": 0,
          "private": "bnVsbA==",
          "dependencies": [
            "module.databases.snowflake_database.this",
            "module.databases.snowflake_schema.this",
            "module.rbac.snowflake_account_role.schema_access_roles",
            "module.warehouses.snowflake_warehouse.this"
          ]
        },
        {
          "index_key": "CSTA_MARKETING_UAT_ORCHESTRATION_READ_WRITE_CREATE",
          "schema_version": 0,
          "attributes": {
            "account_role_name": "CSTA_MARKETING_UAT_ORCHESTRATION_READ_WRITE_CREATE",
            "all_privileges": false,
            "always_apply": false,
            "always_apply_trigger": null,
            "id": "\"CSTA_MARKETING_UAT_ORCHESTRATION_READ_WRITE_CREATE\"|false|false|CREATE PROCEDURE|OnSchema|OnSchema|\"CSTA_MARKETING_UAT\".\"ORCHESTRATION\"",
            "on_account": false,
            "on_account_object": [],
            "on_schema": [
              {
                "all_schemas_in_database": "",
                "future_schemas_in_database": "",
                "schema_name": "CSTA_MARKETING_UAT.ORCHESTRATION"
              }
            ],
            "on_schema_object": [],
            "privileges": [
              "CREATE PROCEDURE"
            ],
            "with_grant_option": false
          },
          "sensitive_attributes": [],
          "identity_schema_version": 0,
          "private": "bnVsbA==",
          "dependencies": [
            "module.databases.snowflake_database.this",
            "module.databases.snowflake_schema.this",
            "module.rbac.snowflake_account_role.schema_access_roles",
            "module.warehouses.snowflake_warehouse.this"
          ]
        },
        {
          "index_key": "CSTA_MARKETING_UAT_SILVER_READ_WRITE_CREATE",
          "schema_version": 0,
          "attributes": {
            "account_role_name": "CSTA_MARKETING_UAT_SILVER_READ_WRITE_CREATE",
            "all_privileges": false,
            "always_apply": false,
            "always_apply_trigger": null,
            "id": "\"CSTA_MARKETING_UAT_SILVER_READ_WRITE_CREATE\"|false|false|CREATE PROCEDURE|OnSchema|OnSchema|\"CSTA_MARKETING_UAT\".\"SILVER\"",
            "on_account": false,
            "on_account_object": [],
            "on_schema": [
              {
                "all_schemas_in_database": "",
                "future_schemas_in_database": "",
                "schema_name": "CSTA_MARKETING_UAT.SILVER"
              }
            ],
            "on_schema_object": [],
            "privileges": [
              "CREATE PROCEDURE"
            ],
            "with_grant_option": false
          },
          "sensitive_attributes": [],
          "identity_schema_version": 0,
          "private": "bnVsbA==",
          "dependencies": [
            "module.databases.snowflake_database.this",
            "module.databases.snowflake_schema.this",
            "module.rbac.snowflake_account_role.schema_access_roles",
            "module.warehouses.snowflake_warehouse.this"
          ]
        }
      ]
    },
    {
      "module": "module.rbac",
      "mode": "managed",
      "type": "snowflake_grant_privileges_to_account_role",
      "name": "schema_create_stage",
      "provider": "provider[\"registry.terraform.io/snowflakedb/snowflake\"]",
      "instances": [
        {
          "index_key": "CSTA_MARKETING_DEV_BRONZE_READ_WRITE_CREATE",
          "schema_version": 0,
          "attributes": {
            "account_role_name": "CSTA_MARKETING_DEV_BRONZE_READ_WRITE_CREATE",
            "all_privileges": false,
            "always_apply": false,
            "always_apply_trigger": null,
            "id": "\"CSTA_MARKETING_DEV_BRONZE_READ_WRITE_CREATE\"|false|false|CREATE STAGE|OnSchema|OnSchema|\"CSTA_MARKETING_DEV\".\"BRONZE\"",
            "on_account": false,
            "on_account_object": [],
            "on_schema": [
              {
                "all_schemas_in_database": "",
                "future_schemas_in_database": "",
                "schema_name": "CSTA_MARKETING_DEV.BRONZE"
              }
            ],
            "on_schema_object": [],
            "privileges": [
              "CREATE STAGE"
            ],
            "with_grant_option": false
          },
          "sensitive_attributes": [],
          "identity_schema_version": 0,
          "private": "bnVsbA==",
          "dependencies": [
            "module.databases.snowflake_database.this",
            "module.databases.snowflake_schema.this",
            "module.rbac.snowflake_account_role.schema_access_roles",
            "module.warehouses.snowflake_warehouse.this"
          ]
        },
        {
          "index_key": "CSTA_MARKETING_DEV_GOLD_READ_WRITE_CREATE",
          "schema_version": 0,
          "attributes": {
            "account_role_name": "CSTA_MARKETING_DEV_GOLD_READ_WRITE_CREATE",
            "all_privileges": false,
            "always_apply": false,
            "always_apply_trigger": null,
            "id": "\"CSTA_MARKETING_DEV_GOLD_READ_WRITE_CREATE\"|false|false|CREATE STAGE|OnSchema|OnSchema|\"CSTA_MARKETING_DEV\".\"GOLD\"",
            "on_account": false,
            "on_account_object": [],
            "on_schema": [
              {
                "all_schemas_in_database": "",
                "future_schemas_in_database": "",
                "schema_name": "CSTA_MARKETING_DEV.GOLD"
              }
            ],
            "on_schema_object": [],
            "privileges": [
              "CREATE STAGE"
            ],
            "with_grant_option": false
          },
          "sensitive_attributes": [],
          "identity_schema_version": 0,
          "private": "bnVsbA==",
          "dependencies": [
            "module.databases.snowflake_database.this",
            "module.databases.snowflake_schema.this",
            "module.rbac.snowflake_account_role.schema_access_roles",
            "module.warehouses.snowflake_warehouse.this"
          ]
        },
        {
          "index_key": "CSTA_MARKETING_DEV_ORCHESTRATION_READ_WRITE_CREATE",
          "schema_version": 0,
          "attributes": {
            "account_role_name": "CSTA_MARKETING_DEV_ORCHESTRATION_READ_WRITE_CREATE",
            "all_privileges": false,
            "always_apply": false,
            "always_apply_trigger": null,
            "id": "\"CSTA_MARKETING_DEV_ORCHESTRATION_READ_WRITE_CREATE\"|false|false|CREATE STAGE|OnSchema|OnSchema|\"CSTA_MARKETING_DEV\".\"ORCHESTRATION\"",
            "on_account": false,
            "on_account_object": [],
            "on_schema": [
              {
                "all_schemas_in_database": "",
                "future_schemas_in_database": "",
                "schema_name": "CSTA_MARKETING_DEV.ORCHESTRATION"
              }
            ],
            "on_schema_object": [],
            "privileges": [
              "CREATE STAGE"
            ],
            "with_grant_option": false
          },
          "sensitive_attributes": [],
          "identity_schema_version": 0,
          "private": "bnVsbA==",
          "dependencies": [
            "module.databases.snowflake_database.this",
            "module.databases.snowflake_schema.this",
            "module.rbac.snowflake_account_role.schema_access_roles",
            "module.warehouses.snowflake_warehouse.this"
          ]
        },
        {
          "index_key": "CSTA_MARKETING_DEV_SILVER_READ_WRITE_CREATE",
          "schema_version": 0,
          "attributes": {
            "account_role_name": "CSTA_MARKETING_DEV_SILVER_READ_WRITE_CREATE",
            "all_privileges": false,
            "always_apply": false,
            "always_apply_trigger": null,
            "id": "\"CSTA_MARKETING_DEV_SILVER_READ_WRITE_CREATE\"|false|false|CREATE STAGE|OnSchema|OnSchema|\"CSTA_MARKETING_DEV\".\"SILVER\"",
            "on_account": false,
            "on_account_object": [],
            "on_schema": [
              {
                "all_schemas_in_database": "",
                "future_schemas_in_database": "",
                "schema_name": "CSTA_MARKETING_DEV.SILVER"
              }
            ],
            "on_schema_object": [],
            "privileges": [
              "CREATE STAGE"
            ],
            "with_grant_option": false
          },
          "sensitive_attributes": [],
          "identity_schema_version": 0,
          "private": "bnVsbA==",
          "dependencies": [
            "module.databases.snowflake_database.this",
            "module.databases.snowflake_schema.this",
            "module.rbac.snowflake_account_role.schema_access_roles",
            "module.warehouses.snowflake_warehouse.this"
          ]
        },
        {
          "index_key": "CSTA_MARKETING_PROD_BRONZE_READ_WRITE_CREATE",
          "schema_version": 0,
          "attributes": {
            "account_role_name": "CSTA_MARKETING_PROD_BRONZE_READ_WRITE_CREATE",
            "all_privileges": false,
            "always_apply": false,
            "always_apply_trigger": null,
            "id": "\"CSTA_MARKETING_PROD_BRONZE_READ_WRITE_CREATE\"|false|false|CREATE STAGE|OnSchema|OnSchema|\"CSTA_MARKETING_PROD\".\"BRONZE\"",
            "on_account": false,
            "on_account_object": [],
            "on_schema": [
              {
                "all_schemas_in_database": "",
                "future_schemas_in_database": "",
                "schema_name": "CSTA_MARKETING_PROD.BRONZE"
              }
            ],
            "on_schema_object": [],
            "privileges": [
              "CREATE STAGE"
            ],
            "with_grant_option": false
          },
          "sensitive_attributes": [],
          "identity_schema_version": 0,
          "private": "bnVsbA==",
          "dependencies": [
            "module.databases.snowflake_database.this",
            "module.databases.snowflake_schema.this",
            "module.rbac.snowflake_account_role.schema_access_roles",
            "module.warehouses.snowflake_warehouse.this"
          ]
        },
        {
          "index_key": "CSTA_MARKETING_PROD_GOLD_READ_WRITE_CREATE",
          "schema_version": 0,
          "attributes": {
            "account_role_name": "CSTA_MARKETING_PROD_GOLD_READ_WRITE_CREATE",
            "all_privileges": false,
            "always_apply": false,
            "always_apply_trigger": null,
            "id": "\"CSTA_MARKETING_PROD_GOLD_READ_WRITE_CREATE\"|false|false|CREATE STAGE|OnSchema|OnSchema|\"CSTA_MARKETING_PROD\".\"GOLD\"",
            "on_account": false,
            "on_account_object": [],
            "on_schema": [
              {
                "all_schemas_in_database": "",
                "future_schemas_in_database": "",
                "schema_name": "CSTA_MARKETING_PROD.GOLD"
              }
            ],
            "on_schema_object": [],
            "privileges": [
              "CREATE STAGE"
            ],
            "with_grant_option": false
          },
          "sensitive_attributes": [],
          "identity_schema_version": 0,
          "private": "bnVsbA==",
          "dependencies": [
            "module.databases.snowflake_database.this",
            "module.databases.snowflake_schema.this",
            "module.rbac.snowflake_account_role.schema_access_roles",
            "module.warehouses.snowflake_warehouse.this"
          ]
        },
        {
          "index_key": "CSTA_MARKETING_PROD_ORCHESTRATION_READ_WRITE_CREATE",
          "schema_version": 0,
          "attributes": {
            "account_role_name": "CSTA_MARKETING_PROD_ORCHESTRATION_READ_WRITE_CREATE",
            "all_privileges": false,
            "always_apply": false,
            "always_apply_trigger": null,
            "id": "\"CSTA_MARKETING_PROD_ORCHESTRATION_READ_WRITE_CREATE\"|false|false|CREATE STAGE|OnSchema|OnSchema|\"CSTA_MARKETING_PROD\".\"ORCHESTRATION\"",
            "on_account": false,
            "on_account_object": [],
            "on_schema": [
              {
                "all_schemas_in_database": "",
                "future_schemas_in_database": "",
                "schema_name": "CSTA_MARKETING_PROD.ORCHESTRATION"
              }
            ],
            "on_schema_object": [],
            "privileges": [
              "CREATE STAGE"
            ],
            "with_grant_option": false
          },
          "sensitive_attributes": [],
          "identity_schema_version": 0,
          "private": "bnVsbA==",
          "dependencies": [
            "module.databases.snowflake_database.this",
            "module.databases.snowflake_schema.this",
            "module.rbac.snowflake_account_role.schema_access_roles",
            "module.warehouses.snowflake_warehouse.this"
          ]
        },
        {
          "index_key": "CSTA_MARKETING_PROD_SILVER_READ_WRITE_CREATE",
          "schema_version": 0,
          "attributes": {
            "account_role_name": "CSTA_MARKETING_PROD_SILVER_READ_WRITE_CREATE",
            "all_privileges": false,
            "always_apply": false,
            "always_apply_trigger": null,
            "id": "\"CSTA_MARKETING_PROD_SILVER_READ_WRITE_CREATE\"|false|false|CREATE STAGE|OnSchema|OnSchema|\"CSTA_MARKETING_PROD\".\"SILVER\"",
            "on_account": false,
            "on_account_object": [],
            "on_schema": [
              {
                "all_schemas_in_database": "",
                "future_schemas_in_database": "",
                "schema_name": "CSTA_MARKETING_PROD.SILVER"
              }
            ],
            "on_schema_object": [],
            "privileges": [
              "CREATE STAGE"
            ],
            "with_grant_option": false
          },
          "sensitive_attributes": [],
          "identity_schema_version": 0,
          "private": "bnVsbA==",
          "dependencies": [
            "module.databases.snowflake_database.this",
            "module.databases.snowflake_schema.this",
            "module.rbac.snowflake_account_role.schema_access_roles",
            "module.warehouses.snowflake_warehouse.this"
          ]
        },
        {
          "index_key": "CSTA_MARKETING_SHARED_ARTIFACTS_READ_WRITE_CREATE",
          "schema_version": 0,
          "attributes": {
            "account_role_name": "CSTA_MARKETING_SHARED_ARTIFACTS_READ_WRITE_CREATE",
            "all_privileges": false,
            "always_apply": false,
            "always_apply_trigger": null,
            "id": "\"CSTA_MARKETING_SHARED_ARTIFACTS_READ_WRITE_CREATE\"|false|false|CREATE STAGE|OnSchema|OnSchema|\"CSTA_MARKETING_SHARED\".\"ARTIFACTS\"",
            "on_account": false,
            "on_account_object": [],
            "on_schema": [
              {
                "all_schemas_in_database": "",
                "future_schemas_in_database": "",
                "schema_name": "CSTA_MARKETING_SHARED.ARTIFACTS"
              }
            ],
            "on_schema_object": [],
            "privileges": [
              "CREATE STAGE"
            ],
            "with_grant_option": false
          },
          "sensitive_attributes": [],
          "identity_schema_version": 0,
          "private": "bnVsbA==",
          "dependencies": [
            "module.databases.snowflake_database.this",
            "module.databases.snowflake_schema.this",
            "module.rbac.snowflake_account_role.schema_access_roles",
            "module.warehouses.snowflake_warehouse.this"
          ]
        },
        {
          "index_key": "CSTA_MARKETING_SHARED_OBSERVABILITY_READ_WRITE_CREATE",
          "schema_version": 0,
          "attributes": {
            "account_role_name": "CSTA_MARKETING_SHARED_OBSERVABILITY_READ_WRITE_CREATE",
            "all_privileges": false,
            "always_apply": false,
            "always_apply_trigger": null,
            "id": "\"CSTA_MARKETING_SHARED_OBSERVABILITY_READ_WRITE_CREATE\"|false|false|CREATE STAGE|OnSchema|OnSchema|\"CSTA_MARKETING_SHARED\".\"OBSERVABILITY\"",
            "on_account": false,
            "on_account_object": [],
            "on_schema": [
              {
                "all_schemas_in_database": "",
                "future_schemas_in_database": "",
                "schema_name": "CSTA_MARKETING_SHARED.OBSERVABILITY"
              }
            ],
            "on_schema_object": [],
            "privileges": [
              "CREATE STAGE"
            ],
            "with_grant_option": false
          },
          "sensitive_attributes": [],
          "identity_schema_version": 0,
          "private": "bnVsbA==",
          "dependencies": [
            "module.databases.snowflake_database.this",
            "module.databases.snowflake_schema.this",
            "module.rbac.snowflake_account_role.schema_access_roles",
            "module.warehouses.snowflake_warehouse.this"
          ]
        },
        {
          "index_key": "CSTA_MARKETING_UAT_BRONZE_READ_WRITE_CREATE",
          "schema_version": 0,
          "attributes": {
            "account_role_name": "CSTA_MARKETING_UAT_BRONZE_READ_WRITE_CREATE",
            "all_privileges": false,
            "always_apply": false,
            "always_apply_trigger": null,
            "id": "\"CSTA_MARKETING_UAT_BRONZE_READ_WRITE_CREATE\"|false|false|CREATE STAGE|OnSchema|OnSchema|\"CSTA_MARKETING_UAT\".\"BRONZE\"",
            "on_account": false,
            "on_account_object": [],
            "on_schema": [
              {
                "all_schemas_in_database": "",
                "future_schemas_in_database": "",
                "schema_name": "CSTA_MARKETING_UAT.BRONZE"
              }
            ],
            "on_schema_object": [],
            "privileges": [
              "CREATE STAGE"
            ],
            "with_grant_option": false
          },
          "sensitive_attributes": [],
          "identity_schema_version": 0,
          "private": "bnVsbA==",
          "dependencies": [
            "module.databases.snowflake_database.this",
            "module.databases.snowflake_schema.this",
            "module.rbac.snowflake_account_role.schema_access_roles",
            "module.warehouses.snowflake_warehouse.this"
          ]
        },
        {
          "index_key": "CSTA_MARKETING_UAT_GOLD_READ_WRITE_CREATE",
          "schema_version": 0,
          "attributes": {
            "account_role_name": "CSTA_MARKETING_UAT_GOLD_READ_WRITE_CREATE",
            "all_privileges": false,
            "always_apply": false,
            "always_apply_trigger": null,
            "id": "\"CSTA_MARKETING_UAT_GOLD_READ_WRITE_CREATE\"|false|false|CREATE STAGE|OnSchema|OnSchema|\"CSTA_MARKETING_UAT\".\"GOLD\"",
            "on_account": false,
            "on_account_object": [],
            "on_schema": [
              {
                "all_schemas_in_database": "",
                "future_schemas_in_database": "",
                "schema_name": "CSTA_MARKETING_UAT.GOLD"
              }
            ],
            "on_schema_object": [],
            "privileges": [
              "CREATE STAGE"
            ],
            "with_grant_option": false
          },
          "sensitive_attributes": [],
          "identity_schema_version": 0,
          "private": "bnVsbA==",
          "dependencies": [
            "module.databases.snowflake_database.this",
            "module.databases.snowflake_schema.this",
            "module.rbac.snowflake_account_role.schema_access_roles",
            "module.warehouses.snowflake_warehouse.this"
          ]
        },
        {
          "index_key": "CSTA_MARKETING_UAT_ORCHESTRATION_READ_WRITE_CREATE",
          "schema_version": 0,
          "attributes": {
            "account_role_name": "CSTA_MARKETING_UAT_ORCHESTRATION_READ_WRITE_CREATE",
            "all_privileges": false,
            "always_apply": false,
            "always_apply_trigger": null,
            "id": "\"CSTA_MARKETING_UAT_ORCHESTRATION_READ_WRITE_CREATE\"|false|false|CREATE STAGE|OnSchema|OnSchema|\"CSTA_MARKETING_UAT\".\"ORCHESTRATION\"",
            "on_account": false,
            "on_account_object": [],
            "on_schema": [
              {
                "all_schemas_in_database": "",
                "future_schemas_in_database": "",
                "schema_name": "CSTA_MARKETING_UAT.ORCHESTRATION"
              }
            ],
            "on_schema_object": [],
            "privileges": [
              "CREATE STAGE"
            ],
            "with_grant_option": false
          },
          "sensitive_attributes": [],
          "identity_schema_version": 0,
          "private": "bnVsbA==",
          "dependencies": [
            "module.databases.snowflake_database.this",
            "module.databases.snowflake_schema.this",
            "module.rbac.snowflake_account_role.schema_access_roles",
            "module.warehouses.snowflake_warehouse.this"
          ]
        },
        {
          "index_key": "CSTA_MARKETING_UAT_SILVER_READ_WRITE_CREATE",
          "schema_version": 0,
          "attributes": {
            "account_role_name": "CSTA_MARKETING_UAT_SILVER_READ_WRITE_CREATE",
            "all_privileges": false,
            "always_apply": false,
            "always_apply_trigger": null,
            "id": "\"CSTA_MARKETING_UAT_SILVER_READ_WRITE_CREATE\"|false|false|CREATE STAGE|OnSchema|OnSchema|\"CSTA_MARKETING_UAT\".\"SILVER\"",
            "on_account": false,
            "on_account_object": [],
            "on_schema": [
              {
                "all_schemas_in_database": "",
                "future_schemas_in_database": "",
                "schema_name": "CSTA_MARKETING_UAT.SILVER"
              }
            ],
            "on_schema_object": [],
            "privileges": [
              "CREATE STAGE"
            ],
            "with_grant_option": false
          },
          "sensitive_attributes": [],
          "identity_schema_version": 0,
          "private": "bnVsbA==",
          "dependencies": [
            "module.databases.snowflake_database.this",
            "module.databases.snowflake_schema.this",
            "module.rbac.snowflake_account_role.schema_access_roles",
            "module.warehouses.snowflake_warehouse.this"
          ]
        }
      ]
    },
    {
      "module": "module.rbac",
      "mode": "managed",
      "type": "snowflake_grant_privileges_to_account_role",
      "name": "schema_create_table",
      "provider": "provider[\"registry.terraform.io/snowflakedb/snowflake\"]",
      "instances": [
        {
          "index_key": "CSTA_MARKETING_DEV_BRONZE_READ_WRITE_CREATE",
          "schema_version": 0,
          "attributes": {
            "account_role_name": "CSTA_MARKETING_DEV_BRONZE_READ_WRITE_CREATE",
            "all_privileges": false,
            "always_apply": false,
            "always_apply_trigger": null,
            "id": "\"CSTA_MARKETING_DEV_BRONZE_READ_WRITE_CREATE\"|false|false|CREATE TABLE|OnSchema|OnSchema|\"CSTA_MARKETING_DEV\".\"BRONZE\"",
            "on_account": false,
            "on_account_object": [],
            "on_schema": [
              {
                "all_schemas_in_database": "",
                "future_schemas_in_database": "",
                "schema_name": "CSTA_MARKETING_DEV.BRONZE"
              }
            ],
            "on_schema_object": [],
            "privileges": [
              "CREATE TABLE"
            ],
            "with_grant_option": false
          },
          "sensitive_attributes": [],
          "identity_schema_version": 0,
          "private": "bnVsbA==",
          "dependencies": [
            "module.databases.snowflake_database.this",
            "module.databases.snowflake_schema.this",
            "module.rbac.snowflake_account_role.schema_access_roles",
            "module.warehouses.snowflake_warehouse.this"
          ]
        },
        {
          "index_key": "CSTA_MARKETING_DEV_GOLD_READ_WRITE_CREATE",
          "schema_version": 0,
          "attributes": {
            "account_role_name": "CSTA_MARKETING_DEV_GOLD_READ_WRITE_CREATE",
            "all_privileges": false,
            "always_apply": false,
            "always_apply_trigger": null,
            "id": "\"CSTA_MARKETING_DEV_GOLD_READ_WRITE_CREATE\"|false|false|CREATE TABLE|OnSchema|OnSchema|\"CSTA_MARKETING_DEV\".\"GOLD\"",
            "on_account": false,
            "on_account_object": [],
            "on_schema": [
              {
                "all_schemas_in_database": "",
                "future_schemas_in_database": "",
                "schema_name": "CSTA_MARKETING_DEV.GOLD"
              }
            ],
            "on_schema_object": [],
            "privileges": [
              "CREATE TABLE"
            ],
            "with_grant_option": false
          },
          "sensitive_attributes": [],
          "identity_schema_version": 0,
          "private": "bnVsbA==",
          "dependencies": [
            "module.databases.snowflake_database.this",
            "module.databases.snowflake_schema.this",
            "module.rbac.snowflake_account_role.schema_access_roles",
            "module.warehouses.snowflake_warehouse.this"
          ]
        },
        {
          "index_key": "CSTA_MARKETING_DEV_ORCHESTRATION_READ_WRITE_CREATE",
          "schema_version": 0,
          "attributes": {
            "account_role_name": "CSTA_MARKETING_DEV_ORCHESTRATION_READ_WRITE_CREATE",
            "all_privileges": false,
            "always_apply": false,
            "always_apply_trigger": null,
            "id": "\"CSTA_MARKETING_DEV_ORCHESTRATION_READ_WRITE_CREATE\"|false|false|CREATE TABLE|OnSchema|OnSchema|\"CSTA_MARKETING_DEV\".\"ORCHESTRATION\"",
            "on_account": false,
            "on_account_object": [],
            "on_schema": [
              {
                "all_schemas_in_database": "",
                "future_schemas_in_database": "",
                "schema_name": "CSTA_MARKETING_DEV.ORCHESTRATION"
              }
            ],
            "on_schema_object": [],
            "privileges": [
              "CREATE TABLE"
            ],
            "with_grant_option": false
          },
          "sensitive_attributes": [],
          "identity_schema_version": 0,
          "private": "bnVsbA==",
          "dependencies": [
            "module.databases.snowflake_database.this",
            "module.databases.snowflake_schema.this",
            "module.rbac.snowflake_account_role.schema_access_roles",
            "module.warehouses.snowflake_warehouse.this"
          ]
        },
        {
          "index_key": "CSTA_MARKETING_DEV_SILVER_READ_WRITE_CREATE",
          "schema_version": 0,
          "attributes": {
            "account_role_name": "CSTA_MARKETING_DEV_SILVER_READ_WRITE_CREATE",
            "all_privileges": false,
            "always_apply": false,
            "always_apply_trigger": null,
            "id": "\"CSTA_MARKETING_DEV_SILVER_READ_WRITE_CREATE\"|false|false|CREATE TABLE|OnSchema|OnSchema|\"CSTA_MARKETING_DEV\".\"SILVER\"",
            "on_account": false,
            "on_account_object": [],
            "on_schema": [
              {
                "all_schemas_in_database": "",
                "future_schemas_in_database": "",
                "schema_name": "CSTA_MARKETING_DEV.SILVER"
              }
            ],
            "on_schema_object": [],
            "privileges": [
              "CREATE TABLE"
            ],
            "with_grant_option": false
          },
          "sensitive_attributes": [],
          "identity_schema_version": 0,
          "private": "bnVsbA==",
          "dependencies": [
            "module.databases.snowflake_database.this",
            "module.databases.snowflake_schema.this",
            "module.rbac.snowflake_account_role.schema_access_roles",
            "module.warehouses.snowflake_warehouse.this"
          ]
        },
        {
          "index_key": "CSTA_MARKETING_PROD_BRONZE_READ_WRITE_CREATE",
          "schema_version": 0,
          "attributes": {
            "account_role_name": "CSTA_MARKETING_PROD_BRONZE_READ_WRITE_CREATE",
            "all_privileges": false,
            "always_apply": false,
            "always_apply_trigger": null,
            "id": "\"CSTA_MARKETING_PROD_BRONZE_READ_WRITE_CREATE\"|false|false|CREATE TABLE|OnSchema|OnSchema|\"CSTA_MARKETING_PROD\".\"BRONZE\"",
            "on_account": false,
            "on_account_object": [],
            "on_schema": [
              {
                "all_schemas_in_database": "",
                "future_schemas_in_database": "",
                "schema_name": "CSTA_MARKETING_PROD.BRONZE"
              }
            ],
            "on_schema_object": [],
            "privileges": [
              "CREATE TABLE"
            ],
            "with_grant_option": false
          },
          "sensitive_attributes": [],
          "identity_schema_version": 0,
          "private": "bnVsbA==",
          "dependencies": [
            "module.databases.snowflake_database.this",
            "module.databases.snowflake_schema.this",
            "module.rbac.snowflake_account_role.schema_access_roles",
            "module.warehouses.snowflake_warehouse.this"
          ]
        },
        {
          "index_key": "CSTA_MARKETING_PROD_GOLD_READ_WRITE_CREATE",
          "schema_version": 0,
          "attributes": {
            "account_role_name": "CSTA_MARKETING_PROD_GOLD_READ_WRITE_CREATE",
            "all_privileges": false,
            "always_apply": false,
            "always_apply_trigger": null,
            "id": "\"CSTA_MARKETING_PROD_GOLD_READ_WRITE_CREATE\"|false|false|CREATE TABLE|OnSchema|OnSchema|\"CSTA_MARKETING_PROD\".\"GOLD\"",
            "on_account": false,
            "on_account_object": [],
            "on_schema": [
              {
                "all_schemas_in_database": "",
                "future_schemas_in_database": "",
                "schema_name": "CSTA_MARKETING_PROD.GOLD"
              }
            ],
            "on_schema_object": [],
            "privileges": [
              "CREATE TABLE"
            ],
            "with_grant_option": false
          },
          "sensitive_attributes": [],
          "identity_schema_version": 0,
          "private": "bnVsbA==",
          "dependencies": [
            "module.databases.snowflake_database.this",
            "module.databases.snowflake_schema.this",
            "module.rbac.snowflake_account_role.schema_access_roles",
            "module.warehouses.snowflake_warehouse.this"
          ]
        },
        {
          "index_key": "CSTA_MARKETING_PROD_ORCHESTRATION_READ_WRITE_CREATE",
          "schema_version": 0,
          "attributes": {
            "account_role_name": "CSTA_MARKETING_PROD_ORCHESTRATION_READ_WRITE_CREATE",
            "all_privileges": false,
            "always_apply": false,
            "always_apply_trigger": null,
            "id": "\"CSTA_MARKETING_PROD_ORCHESTRATION_READ_WRITE_CREATE\"|false|false|CREATE TABLE|OnSchema|OnSchema|\"CSTA_MARKETING_PROD\".\"ORCHESTRATION\"",
            "on_account": false,
            "on_account_object": [],
            "on_schema": [
              {
                "all_schemas_in_database": "",
                "future_schemas_in_database": "",
                "schema_name": "CSTA_MARKETING_PROD.ORCHESTRATION"
              }
            ],
            "on_schema_object": [],
            "privileges": [
              "CREATE TABLE"
            ],
            "with_grant_option": false
          },
          "sensitive_attributes": [],
          "identity_schema_version": 0,
          "private": "bnVsbA==",
          "dependencies": [
            "module.databases.snowflake_database.this",
            "module.databases.snowflake_schema.this",
            "module.rbac.snowflake_account_role.schema_access_roles",
            "module.warehouses.snowflake_warehouse.this"
          ]
        },
        {
          "index_key": "CSTA_MARKETING_PROD_SILVER_READ_WRITE_CREATE",
          "schema_version": 0,
          "attributes": {
            "account_role_name": "CSTA_MARKETING_PROD_SILVER_READ_WRITE_CREATE",
            "all_privileges": false,
            "always_apply": false,
            "always_apply_trigger": null,
            "id": "\"CSTA_MARKETING_PROD_SILVER_READ_WRITE_CREATE\"|false|false|CREATE TABLE|OnSchema|OnSchema|\"CSTA_MARKETING_PROD\".\"SILVER\"",
            "on_account": false,
            "on_account_object": [],
            "on_schema": [
              {
                "all_schemas_in_database": "",
                "future_schemas_in_database": "",
                "schema_name": "CSTA_MARKETING_PROD.SILVER"
              }
            ],
            "on_schema_object": [],
            "privileges": [
              "CREATE TABLE"
            ],
            "with_grant_option": false
          },
          "sensitive_attributes": [],
          "identity_schema_version": 0,
          "private": "bnVsbA==",
          "dependencies": [
            "module.databases.snowflake_database.this",
            "module.databases.snowflake_schema.this",
            "module.rbac.snowflake_account_role.schema_access_roles",
            "module.warehouses.snowflake_warehouse.this"
          ]
        },
        {
          "index_key": "CSTA_MARKETING_SHARED_ARTIFACTS_READ_WRITE_CREATE",
          "schema_version": 0,
          "attributes": {
            "account_role_name": "CSTA_MARKETING_SHARED_ARTIFACTS_READ_WRITE_CREATE",
            "all_privileges": false,
            "always_apply": false,
            "always_apply_trigger": null,
            "id": "\"CSTA_MARKETING_SHARED_ARTIFACTS_READ_WRITE_CREATE\"|false|false|CREATE TABLE|OnSchema|OnSchema|\"CSTA_MARKETING_SHARED\".\"ARTIFACTS\"",
            "on_account": false,
            "on_account_object": [],
            "on_schema": [
              {
                "all_schemas_in_database": "",
                "future_schemas_in_database": "",
                "schema_name": "CSTA_MARKETING_SHARED.ARTIFACTS"
              }
            ],
            "on_schema_object": [],
            "privileges": [
              "CREATE TABLE"
            ],
            "with_grant_option": false
          },
          "sensitive_attributes": [],
          "identity_schema_version": 0,
          "private": "bnVsbA==",
          "dependencies": [
            "module.databases.snowflake_database.this",
            "module.databases.snowflake_schema.this",
            "module.rbac.snowflake_account_role.schema_access_roles",
            "module.warehouses.snowflake_warehouse.this"
          ]
        },
        {
          "index_key": "CSTA_MARKETING_SHARED_OBSERVABILITY_READ_WRITE_CREATE",
          "schema_version": 0,
          "attributes": {
            "account_role_name": "CSTA_MARKETING_SHARED_OBSERVABILITY_READ_WRITE_CREATE",
            "all_privileges": false,
            "always_apply": false,
            "always_apply_trigger": null,
            "id": "\"CSTA_MARKETING_SHARED_OBSERVABILITY_READ_WRITE_CREATE\"|false|false|CREATE TABLE|OnSchema|OnSchema|\"CSTA_MARKETING_SHARED\".\"OBSERVABILITY\"",
            "on_account": false,
            "on_account_object": [],
            "on_schema": [
              {
                "all_schemas_in_database": "",
                "future_schemas_in_database": "",
                "schema_name": "CSTA_MARKETING_SHARED.OBSERVABILITY"
              }
            ],
            "on_schema_object": [],
            "privileges": [
              "CREATE TABLE"
            ],
            "with_grant_option": false
          },
          "sensitive_attributes": [],
          "identity_schema_version": 0,
          "private": "bnVsbA==",
          "dependencies": [
            "module.databases.snowflake_database.this",
            "module.databases.snowflake_schema.this",
            "module.rbac.snowflake_account_role.schema_access_roles",
            "module.warehouses.snowflake_warehouse.this"
          ]
        },
        {
          "index_key": "CSTA_MARKETING_UAT_BRONZE_READ_WRITE_CREATE",
          "schema_version": 0,
          "attributes": {
            "account_role_name": "CSTA_MARKETING_UAT_BRONZE_READ_WRITE_CREATE",
            "all_privileges": false,
            "always_apply": false,
            "always_apply_trigger": null,
            "id": "\"CSTA_MARKETING_UAT_BRONZE_READ_WRITE_CREATE\"|false|false|CREATE TABLE|OnSchema|OnSchema|\"CSTA_MARKETING_UAT\".\"BRONZE\"",
            "on_account": false,
            "on_account_object": [],
            "on_schema": [
              {
                "all_schemas_in_database": "",
                "future_schemas_in_database": "",
                "schema_name": "CSTA_MARKETING_UAT.BRONZE"
              }
            ],
            "on_schema_object": [],
            "privileges": [
              "CREATE TABLE"
            ],
            "with_grant_option": false
          },
          "sensitive_attributes": [],
          "identity_schema_version": 0,
          "private": "bnVsbA==",
          "dependencies": [
            "module.databases.snowflake_database.this",
            "module.databases.snowflake_schema.this",
            "module.rbac.snowflake_account_role.schema_access_roles",
            "module.warehouses.snowflake_warehouse.this"
          ]
        },
        {
          "index_key": "CSTA_MARKETING_UAT_GOLD_READ_WRITE_CREATE",
          "schema_version": 0,
          "attributes": {
            "account_role_name": "CSTA_MARKETING_UAT_GOLD_READ_WRITE_CREATE",
            "all_privileges": false,
            "always_apply": false,
            "always_apply_trigger": null,
            "id": "\"CSTA_MARKETING_UAT_GOLD_READ_WRITE_CREATE\"|false|false|CREATE TABLE|OnSchema|OnSchema|\"CSTA_MARKETING_UAT\".\"GOLD\"",
            "on_account": false,
            "on_account_object": [],
            "on_schema": [
              {
                "all_schemas_in_database": "",
                "future_schemas_in_database": "",
                "schema_name": "CSTA_MARKETING_UAT.GOLD"
              }
            ],
            "on_schema_object": [],
            "privileges": [
              "CREATE TABLE"
            ],
            "with_grant_option": false
          },
          "sensitive_attributes": [],
          "identity_schema_version": 0,
          "private": "bnVsbA==",
          "dependencies": [
            "module.databases.snowflake_database.this",
            "module.databases.snowflake_schema.this",
            "module.rbac.snowflake_account_role.schema_access_roles",
            "module.warehouses.snowflake_warehouse.this"
          ]
        },
        {
          "index_key": "CSTA_MARKETING_UAT_ORCHESTRATION_READ_WRITE_CREATE",
          "schema_version": 0,
          "attributes": {
            "account_role_name": "CSTA_MARKETING_UAT_ORCHESTRATION_READ_WRITE_CREATE",
            "all_privileges": false,
            "always_apply": false,
            "always_apply_trigger": null,
            "id": "\"CSTA_MARKETING_UAT_ORCHESTRATION_READ_WRITE_CREATE\"|false|false|CREATE TABLE|OnSchema|OnSchema|\"CSTA_MARKETING_UAT\".\"ORCHESTRATION\"",
            "on_account": false,
            "on_account_object": [],
            "on_schema": [
              {
                "all_schemas_in_database": "",
                "future_schemas_in_database": "",
                "schema_name": "CSTA_MARKETING_UAT.ORCHESTRATION"
              }
            ],
            "on_schema_object": [],
            "privileges": [
              "CREATE TABLE"
            ],
            "with_grant_option": false
          },
          "sensitive_attributes": [],
          "identity_schema_version": 0,
          "private": "bnVsbA==",
          "dependencies": [
            "module.databases.snowflake_database.this",
            "module.databases.snowflake_schema.this",
            "module.rbac.snowflake_account_role.schema_access_roles",
            "module.warehouses.snowflake_warehouse.this"
          ]
        },
        {
          "index_key": "CSTA_MARKETING_UAT_SILVER_READ_WRITE_CREATE",
          "schema_version": 0,
          "attributes": {
            "account_role_name": "CSTA_MARKETING_UAT_SILVER_READ_WRITE_CREATE",
            "all_privileges": false,
            "always_apply": false,
            "always_apply_trigger": null,
            "id": "\"CSTA_MARKETING_UAT_SILVER_READ_WRITE_CREATE\"|false|false|CREATE TABLE|OnSchema|OnSchema|\"CSTA_MARKETING_UAT\".\"SILVER\"",
            "on_account": false,
            "on_account_object": [],
            "on_schema": [
              {
                "all_schemas_in_database": "",
                "future_schemas_in_database": "",
                "schema_name": "CSTA_MARKETING_UAT.SILVER"
              }
            ],
            "on_schema_object": [],
            "privileges": [
              "CREATE TABLE"
            ],
            "with_grant_option": false
          },
          "sensitive_attributes": [],
          "identity_schema_version": 0,
          "private": "bnVsbA==",
          "dependencies": [
            "module.databases.snowflake_database.this",
            "module.databases.snowflake_schema.this",
            "module.rbac.snowflake_account_role.schema_access_roles",
            "module.warehouses.snowflake_warehouse.this"
          ]
        }
      ]
    },
    {
      "module": "module.rbac",
      "mode": "managed",
      "type": "snowflake_grant_privileges_to_account_role",
      "name": "schema_create_task",
      "provider": "provider[\"registry.terraform.io/snowflakedb/snowflake\"]",
      "instances": [
        {
          "index_key": "CSTA_MARKETING_DEV_BRONZE_READ_WRITE_CREATE",
          "schema_version": 0,
          "attributes": {
            "account_role_name": "CSTA_MARKETING_DEV_BRONZE_READ_WRITE_CREATE",
            "all_privileges": false,
            "always_apply": false,
            "always_apply_trigger": null,
            "id": "\"CSTA_MARKETING_DEV_BRONZE_READ_WRITE_CREATE\"|false|false|CREATE TASK|OnSchema|OnSchema|\"CSTA_MARKETING_DEV\".\"BRONZE\"",
            "on_account": false,
            "on_account_object": [],
            "on_schema": [
              {
                "all_schemas_in_database": "",
                "future_schemas_in_database": "",
                "schema_name": "CSTA_MARKETING_DEV.BRONZE"
              }
            ],
            "on_schema_object": [],
            "privileges": [
              "CREATE TASK"
            ],
            "with_grant_option": false
          },
          "sensitive_attributes": [],
          "identity_schema_version": 0,
          "private": "bnVsbA==",
          "dependencies": [
            "module.databases.snowflake_database.this",
            "module.databases.snowflake_schema.this",
            "module.rbac.snowflake_account_role.schema_access_roles",
            "module.warehouses.snowflake_warehouse.this"
          ]
        },
        {
          "index_key": "CSTA_MARKETING_DEV_GOLD_READ_WRITE_CREATE",
          "schema_version": 0,
          "attributes": {
            "account_role_name": "CSTA_MARKETING_DEV_GOLD_READ_WRITE_CREATE",
            "all_privileges": false,
            "always_apply": false,
            "always_apply_trigger": null,
            "id": "\"CSTA_MARKETING_DEV_GOLD_READ_WRITE_CREATE\"|false|false|CREATE TASK|OnSchema|OnSchema|\"CSTA_MARKETING_DEV\".\"GOLD\"",
            "on_account": false,
            "on_account_object": [],
            "on_schema": [
              {
                "all_schemas_in_database": "",
                "future_schemas_in_database": "",
                "schema_name": "CSTA_MARKETING_DEV.GOLD"
              }
            ],
            "on_schema_object": [],
            "privileges": [
              "CREATE TASK"
            ],
            "with_grant_option": false
          },
          "sensitive_attributes": [],
          "identity_schema_version": 0,
          "private": "bnVsbA==",
          "dependencies": [
            "module.databases.snowflake_database.this",
            "module.databases.snowflake_schema.this",
            "module.rbac.snowflake_account_role.schema_access_roles",
            "module.warehouses.snowflake_warehouse.this"
          ]
        },
        {
          "index_key": "CSTA_MARKETING_DEV_ORCHESTRATION_READ_WRITE_CREATE",
          "schema_version": 0,
          "attributes": {
            "account_role_name": "CSTA_MARKETING_DEV_ORCHESTRATION_READ_WRITE_CREATE",
            "all_privileges": false,
            "always_apply": false,
            "always_apply_trigger": null,
            "id": "\"CSTA_MARKETING_DEV_ORCHESTRATION_READ_WRITE_CREATE\"|false|false|CREATE TASK|OnSchema|OnSchema|\"CSTA_MARKETING_DEV\".\"ORCHESTRATION\"",
            "on_account": false,
            "on_account_object": [],
            "on_schema": [
              {
                "all_schemas_in_database": "",
                "future_schemas_in_database": "",
                "schema_name": "CSTA_MARKETING_DEV.ORCHESTRATION"
              }
            ],
            "on_schema_object": [],
            "privileges": [
              "CREATE TASK"
            ],
            "with_grant_option": false
          },
          "sensitive_attributes": [],
          "identity_schema_version": 0,
          "private": "bnVsbA==",
          "dependencies": [
            "module.databases.snowflake_database.this",
            "module.databases.snowflake_schema.this",
            "module.rbac.snowflake_account_role.schema_access_roles",
            "module.warehouses.snowflake_warehouse.this"
          ]
        },
        {
          "index_key": "CSTA_MARKETING_DEV_SILVER_READ_WRITE_CREATE",
          "schema_version": 0,
          "attributes": {
            "account_role_name": "CSTA_MARKETING_DEV_SILVER_READ_WRITE_CREATE",
            "all_privileges": false,
            "always_apply": false,
            "always_apply_trigger": null,
            "id": "\"CSTA_MARKETING_DEV_SILVER_READ_WRITE_CREATE\"|false|false|CREATE TASK|OnSchema|OnSchema|\"CSTA_MARKETING_DEV\".\"SILVER\"",
            "on_account": false,
            "on_account_object": [],
            "on_schema": [
              {
                "all_schemas_in_database": "",
                "future_schemas_in_database": "",
                "schema_name": "CSTA_MARKETING_DEV.SILVER"
              }
            ],
            "on_schema_object": [],
            "privileges": [
              "CREATE TASK"
            ],
            "with_grant_option": false
          },
          "sensitive_attributes": [],
          "identity_schema_version": 0,
          "private": "bnVsbA==",
          "dependencies": [
            "module.databases.snowflake_database.this",
            "module.databases.snowflake_schema.this",
            "module.rbac.snowflake_account_role.schema_access_roles",
            "module.warehouses.snowflake_warehouse.this"
          ]
        },
        {
          "index_key": "CSTA_MARKETING_PROD_BRONZE_READ_WRITE_CREATE",
          "schema_version": 0,
          "attributes": {
            "account_role_name": "CSTA_MARKETING_PROD_BRONZE_READ_WRITE_CREATE",
            "all_privileges": false,
            "always_apply": false,
            "always_apply_trigger": null,
            "id": "\"CSTA_MARKETING_PROD_BRONZE_READ_WRITE_CREATE\"|false|false|CREATE TASK|OnSchema|OnSchema|\"CSTA_MARKETING_PROD\".\"BRONZE\"",
            "on_account": false,
            "on_account_object": [],
            "on_schema": [
              {
                "all_schemas_in_database": "",
                "future_schemas_in_database": "",
                "schema_name": "CSTA_MARKETING_PROD.BRONZE"
              }
            ],
            "on_schema_object": [],
            "privileges": [
              "CREATE TASK"
            ],
            "with_grant_option": false
          },
          "sensitive_attributes": [],
          "identity_schema_version": 0,
          "private": "bnVsbA==",
          "dependencies": [
            "module.databases.snowflake_database.this",
            "module.databases.snowflake_schema.this",
            "module.rbac.snowflake_account_role.schema_access_roles",
            "module.warehouses.snowflake_warehouse.this"
          ]
        },
        {
          "index_key": "CSTA_MARKETING_PROD_GOLD_READ_WRITE_CREATE",
          "schema_version": 0,
          "attributes": {
            "account_role_name": "CSTA_MARKETING_PROD_GOLD_READ_WRITE_CREATE",
            "all_privileges": false,
            "always_apply": false,
            "always_apply_trigger": null,
            "id": "\"CSTA_MARKETING_PROD_GOLD_READ_WRITE_CREATE\"|false|false|CREATE TASK|OnSchema|OnSchema|\"CSTA_MARKETING_PROD\".\"GOLD\"",
            "on_account": false,
            "on_account_object": [],
            "on_schema": [
              {
                "all_schemas_in_database": "",
                "future_schemas_in_database": "",
                "schema_name": "CSTA_MARKETING_PROD.GOLD"
              }
            ],
            "on_schema_object": [],
            "privileges": [
              "CREATE TASK"
            ],
            "with_grant_option": false
          },
          "sensitive_attributes": [],
          "identity_schema_version": 0,
          "private": "bnVsbA==",
          "dependencies": [
            "module.databases.snowflake_database.this",
            "module.databases.snowflake_schema.this",
            "module.rbac.snowflake_account_role.schema_access_roles",
            "module.warehouses.snowflake_warehouse.this"
          ]
        },
        {
          "index_key": "CSTA_MARKETING_PROD_ORCHESTRATION_READ_WRITE_CREATE",
          "schema_version": 0,
          "attributes": {
            "account_role_name": "CSTA_MARKETING_PROD_ORCHESTRATION_READ_WRITE_CREATE",
            "all_privileges": false,
            "always_apply": false,
            "always_apply_trigger": null,
            "id": "\"CSTA_MARKETING_PROD_ORCHESTRATION_READ_WRITE_CREATE\"|false|false|CREATE TASK|OnSchema|OnSchema|\"CSTA_MARKETING_PROD\".\"ORCHESTRATION\"",
            "on_account": false,
            "on_account_object": [],
            "on_schema": [
              {
                "all_schemas_in_database": "",
                "future_schemas_in_database": "",
                "schema_name": "CSTA_MARKETING_PROD.ORCHESTRATION"
              }
            ],
            "on_schema_object": [],
            "privileges": [
              "CREATE TASK"
            ],
            "with_grant_option": false
          },
          "sensitive_attributes": [],
          "identity_schema_version": 0,
          "private": "bnVsbA==",
          "dependencies": [
            "module.databases.snowflake_database.this",
            "module.databases.snowflake_schema.this",
            "module.rbac.snowflake_account_role.schema_access_roles",
            "module.warehouses.snowflake_warehouse.this"
          ]
        },
        {
          "index_key": "CSTA_MARKETING_PROD_SILVER_READ_WRITE_CREATE",
          "schema_version": 0,
          "attributes": {
            "account_role_name": "CSTA_MARKETING_PROD_SILVER_READ_WRITE_CREATE",
            "all_privileges": false,
            "always_apply": false,
            "always_apply_trigger": null,
            "id": "\"CSTA_MARKETING_PROD_SILVER_READ_WRITE_CREATE\"|false|false|CREATE TASK|OnSchema|OnSchema|\"CSTA_MARKETING_PROD\".\"SILVER\"",
            "on_account": false,
            "on_account_object": [],
            "on_schema": [
              {
                "all_schemas_in_database": "",
                "future_schemas_in_database": "",
                "schema_name": "CSTA_MARKETING_PROD.SILVER"
              }
            ],
            "on_schema_object": [],
            "privileges": [
              "CREATE TASK"
            ],
            "with_grant_option": false
          },
          "sensitive_attributes": [],
          "identity_schema_version": 0,
          "private": "bnVsbA==",
          "dependencies": [
            "module.databases.snowflake_database.this",
            "module.databases.snowflake_schema.this",
            "module.rbac.snowflake_account_role.schema_access_roles",
            "module.warehouses.snowflake_warehouse.this"
          ]
        },
        {
          "index_key": "CSTA_MARKETING_SHARED_ARTIFACTS_READ_WRITE_CREATE",
          "schema_version": 0,
          "attributes": {
            "account_role_name": "CSTA_MARKETING_SHARED_ARTIFACTS_READ_WRITE_CREATE",
            "all_privileges": false,
            "always_apply": false,
            "always_apply_trigger": null,
            "id": "\"CSTA_MARKETING_SHARED_ARTIFACTS_READ_WRITE_CREATE\"|false|false|CREATE TASK|OnSchema|OnSchema|\"CSTA_MARKETING_SHARED\".\"ARTIFACTS\"",
            "on_account": false,
            "on_account_object": [],
            "on_schema": [
              {
                "all_schemas_in_database": "",
                "future_schemas_in_database": "",
                "schema_name": "CSTA_MARKETING_SHARED.ARTIFACTS"
              }
            ],
            "on_schema_object": [],
            "privileges": [
              "CREATE TASK"
            ],
            "with_grant_option": false
          },
          "sensitive_attributes": [],
          "identity_schema_version": 0,
          "private": "bnVsbA==",
          "dependencies": [
            "module.databases.snowflake_database.this",
            "module.databases.snowflake_schema.this",
            "module.rbac.snowflake_account_role.schema_access_roles",
            "module.warehouses.snowflake_warehouse.this"
          ]
        },
        {
          "index_key": "CSTA_MARKETING_SHARED_OBSERVABILITY_READ_WRITE_CREATE",
          "schema_version": 0,
          "attributes": {
            "account_role_name": "CSTA_MARKETING_SHARED_OBSERVABILITY_READ_WRITE_CREATE",
            "all_privileges": false,
            "always_apply": false,
            "always_apply_trigger": null,
            "id": "\"CSTA_MARKETING_SHARED_OBSERVABILITY_READ_WRITE_CREATE\"|false|false|CREATE TASK|OnSchema|OnSchema|\"CSTA_MARKETING_SHARED\".\"OBSERVABILITY\"",
            "on_account": false,
            "on_account_object": [],
            "on_schema": [
              {
                "all_schemas_in_database": "",
                "future_schemas_in_database": "",
                "schema_name": "CSTA_MARKETING_SHARED.OBSERVABILITY"
              }
            ],
            "on_schema_object": [],
            "privileges": [
              "CREATE TASK"
            ],
            "with_grant_option": false
          },
          "sensitive_attributes": [],
          "identity_schema_version": 0,
          "private": "bnVsbA==",
          "dependencies": [
            "module.databases.snowflake_database.this",
            "module.databases.snowflake_schema.this",
            "module.rbac.snowflake_account_role.schema_access_roles",
            "module.warehouses.snowflake_warehouse.this"
          ]
        },
        {
          "index_key": "CSTA_MARKETING_UAT_BRONZE_READ_WRITE_CREATE",
          "schema_version": 0,
          "attributes": {
            "account_role_name": "CSTA_MARKETING_UAT_BRONZE_READ_WRITE_CREATE",
            "all_privileges": false,
            "always_apply": false,
            "always_apply_trigger": null,
            "id": "\"CSTA_MARKETING_UAT_BRONZE_READ_WRITE_CREATE\"|false|false|CREATE TASK|OnSchema|OnSchema|\"CSTA_MARKETING_UAT\".\"BRONZE\"",
            "on_account": false,
            "on_account_object": [],
            "on_schema": [
              {
                "all_schemas_in_database": "",
                "future_schemas_in_database": "",
                "schema_name": "CSTA_MARKETING_UAT.BRONZE"
              }
            ],
            "on_schema_object": [],
            "privileges": [
              "CREATE TASK"
            ],
            "with_grant_option": false
          },
          "sensitive_attributes": [],
          "identity_schema_version": 0,
          "private": "bnVsbA==",
          "dependencies": [
            "module.databases.snowflake_database.this",
            "module.databases.snowflake_schema.this",
            "module.rbac.snowflake_account_role.schema_access_roles",
            "module.warehouses.snowflake_warehouse.this"
          ]
        },
        {
          "index_key": "CSTA_MARKETING_UAT_GOLD_READ_WRITE_CREATE",
          "schema_version": 0,
          "attributes": {
            "account_role_name": "CSTA_MARKETING_UAT_GOLD_READ_WRITE_CREATE",
            "all_privileges": false,
            "always_apply": false,
            "always_apply_trigger": null,
            "id": "\"CSTA_MARKETING_UAT_GOLD_READ_WRITE_CREATE\"|false|false|CREATE TASK|OnSchema|OnSchema|\"CSTA_MARKETING_UAT\".\"GOLD\"",
            "on_account": false,
            "on_account_object": [],
            "on_schema": [
              {
                "all_schemas_in_database": "",
                "future_schemas_in_database": "",
                "schema_name": "CSTA_MARKETING_UAT.GOLD"
              }
            ],
            "on_schema_object": [],
            "privileges": [
              "CREATE TASK"
            ],
            "with_grant_option": false
          },
          "sensitive_attributes": [],
          "identity_schema_version": 0,
          "private": "bnVsbA==",
          "dependencies": [
            "module.databases.snowflake_database.this",
            "module.databases.snowflake_schema.this",
            "module.rbac.snowflake_account_role.schema_access_roles",
            "module.warehouses.snowflake_warehouse.this"
          ]
        },
        {
          "index_key": "CSTA_MARKETING_UAT_ORCHESTRATION_READ_WRITE_CREATE",
          "schema_version": 0,
          "attributes": {
            "account_role_name": "CSTA_MARKETING_UAT_ORCHESTRATION_READ_WRITE_CREATE",
            "all_privileges": false,
            "always_apply": false,
            "always_apply_trigger": null,
            "id": "\"CSTA_MARKETING_UAT_ORCHESTRATION_READ_WRITE_CREATE\"|false|false|CREATE TASK|OnSchema|OnSchema|\"CSTA_MARKETING_UAT\".\"ORCHESTRATION\"",
            "on_account": false,
            "on_account_object": [],
            "on_schema": [
              {
                "all_schemas_in_database": "",
                "future_schemas_in_database": "",
                "schema_name": "CSTA_MARKETING_UAT.ORCHESTRATION"
              }
            ],
            "on_schema_object": [],
            "privileges": [
              "CREATE TASK"
            ],
            "with_grant_option": false
          },
          "sensitive_attributes": [],
          "identity_schema_version": 0,
          "private": "bnVsbA==",
          "dependencies": [
            "module.databases.snowflake_database.this",
            "module.databases.snowflake_schema.this",
            "module.rbac.snowflake_account_role.schema_access_roles",
            "module.warehouses.snowflake_warehouse.this"
          ]
        },
        {
          "index_key": "CSTA_MARKETING_UAT_SILVER_READ_WRITE_CREATE",
          "schema_version": 0,
          "attributes": {
            "account_role_name": "CSTA_MARKETING_UAT_SILVER_READ_WRITE_CREATE",
            "all_privileges": false,
            "always_apply": false,
            "always_apply_trigger": null,
            "id": "\"CSTA_MARKETING_UAT_SILVER_READ_WRITE_CREATE\"|false|false|CREATE TASK|OnSchema|OnSchema|\"CSTA_MARKETING_UAT\".\"SILVER\"",
            "on_account": false,
            "on_account_object": [],
            "on_schema": [
              {
                "all_schemas_in_database": "",
                "future_schemas_in_database": "",
                "schema_name": "CSTA_MARKETING_UAT.SILVER"
              }
            ],
            "on_schema_object": [],
            "privileges": [
              "CREATE TASK"
            ],
            "with_grant_option": false
          },
          "sensitive_attributes": [],
          "identity_schema_version": 0,
          "private": "bnVsbA==",
          "dependencies": [
            "module.databases.snowflake_database.this",
            "module.databases.snowflake_schema.this",
            "module.rbac.snowflake_account_role.schema_access_roles",
            "module.warehouses.snowflake_warehouse.this"
          ]
        }
      ]
    },
    {
      "module": "module.rbac",
      "mode": "managed",
      "type": "snowflake_grant_privileges_to_account_role",
      "name": "schema_create_view",
      "provider": "provider[\"registry.terraform.io/snowflakedb/snowflake\"]",
      "instances": [
        {
          "index_key": "CSTA_MARKETING_DEV_BRONZE_READ_WRITE_CREATE",
          "schema_version": 0,
          "attributes": {
            "account_role_name": "CSTA_MARKETING_DEV_BRONZE_READ_WRITE_CREATE",
            "all_privileges": false,
            "always_apply": false,
            "always_apply_trigger": null,
            "id": "\"CSTA_MARKETING_DEV_BRONZE_READ_WRITE_CREATE\"|false|false|CREATE VIEW|OnSchema|OnSchema|\"CSTA_MARKETING_DEV\".\"BRONZE\"",
            "on_account": false,
            "on_account_object": [],
            "on_schema": [
              {
                "all_schemas_in_database": "",
                "future_schemas_in_database": "",
                "schema_name": "CSTA_MARKETING_DEV.BRONZE"
              }
            ],
            "on_schema_object": [],
            "privileges": [
              "CREATE VIEW"
            ],
            "with_grant_option": false
          },
          "sensitive_attributes": [],
          "identity_schema_version": 0,
          "private": "bnVsbA==",
          "dependencies": [
            "module.databases.snowflake_database.this",
            "module.databases.snowflake_schema.this",
            "module.rbac.snowflake_account_role.schema_access_roles",
            "module.warehouses.snowflake_warehouse.this"
          ]
        },
        {
          "index_key": "CSTA_MARKETING_DEV_GOLD_READ_WRITE_CREATE",
          "schema_version": 0,
          "attributes": {
            "account_role_name": "CSTA_MARKETING_DEV_GOLD_READ_WRITE_CREATE",
            "all_privileges": false,
            "always_apply": false,
            "always_apply_trigger": null,
            "id": "\"CSTA_MARKETING_DEV_GOLD_READ_WRITE_CREATE\"|false|false|CREATE VIEW|OnSchema|OnSchema|\"CSTA_MARKETING_DEV\".\"GOLD\"",
            "on_account": false,
            "on_account_object": [],
            "on_schema": [
              {
                "all_schemas_in_database": "",
                "future_schemas_in_database": "",
                "schema_name": "CSTA_MARKETING_DEV.GOLD"
              }
            ],
            "on_schema_object": [],
            "privileges": [
              "CREATE VIEW"
            ],
            "with_grant_option": false
          },
          "sensitive_attributes": [],
          "identity_schema_version": 0,
          "private": "bnVsbA==",
          "dependencies": [
            "module.databases.snowflake_database.this",
            "module.databases.snowflake_schema.this",
            "module.rbac.snowflake_account_role.schema_access_roles",
            "module.warehouses.snowflake_warehouse.this"
          ]
        },
        {
          "index_key": "CSTA_MARKETING_DEV_ORCHESTRATION_READ_WRITE_CREATE",
          "schema_version": 0,
          "attributes": {
            "account_role_name": "CSTA_MARKETING_DEV_ORCHESTRATION_READ_WRITE_CREATE",
            "all_privileges": false,
            "always_apply": false,
            "always_apply_trigger": null,
            "id": "\"CSTA_MARKETING_DEV_ORCHESTRATION_READ_WRITE_CREATE\"|false|false|CREATE VIEW|OnSchema|OnSchema|\"CSTA_MARKETING_DEV\".\"ORCHESTRATION\"",
            "on_account": false,
            "on_account_object": [],
            "on_schema": [
              {
                "all_schemas_in_database": "",
                "future_schemas_in_database": "",
                "schema_name": "CSTA_MARKETING_DEV.ORCHESTRATION"
              }
            ],
            "on_schema_object": [],
            "privileges": [
              "CREATE VIEW"
            ],
            "with_grant_option": false
          },
          "sensitive_attributes": [],
          "identity_schema_version": 0,
          "private": "bnVsbA==",
          "dependencies": [
            "module.databases.snowflake_database.this",
            "module.databases.snowflake_schema.this",
            "module.rbac.snowflake_account_role.schema_access_roles",
            "module.warehouses.snowflake_warehouse.this"
          ]
        },
        {
          "index_key": "CSTA_MARKETING_DEV_SILVER_READ_WRITE_CREATE",
          "schema_version": 0,
          "attributes": {
            "account_role_name": "CSTA_MARKETING_DEV_SILVER_READ_WRITE_CREATE",
            "all_privileges": false,
            "always_apply": false,
            "always_apply_trigger": null,
            "id": "\"CSTA_MARKETING_DEV_SILVER_READ_WRITE_CREATE\"|false|false|CREATE VIEW|OnSchema|OnSchema|\"CSTA_MARKETING_DEV\".\"SILVER\"",
            "on_account": false,
            "on_account_object": [],
            "on_schema": [
              {
                "all_schemas_in_database": "",
                "future_schemas_in_database": "",
                "schema_name": "CSTA_MARKETING_DEV.SILVER"
              }
            ],
            "on_schema_object": [],
            "privileges": [
              "CREATE VIEW"
            ],
            "with_grant_option": false
          },
          "sensitive_attributes": [],
          "identity_schema_version": 0,
          "private": "bnVsbA==",
          "dependencies": [
            "module.databases.snowflake_database.this",
            "module.databases.snowflake_schema.this",
            "module.rbac.snowflake_account_role.schema_access_roles",
            "module.warehouses.snowflake_warehouse.this"
          ]
        },
        {
          "index_key": "CSTA_MARKETING_PROD_BRONZE_READ_WRITE_CREATE",
          "schema_version": 0,
          "attributes": {
            "account_role_name": "CSTA_MARKETING_PROD_BRONZE_READ_WRITE_CREATE",
            "all_privileges": false,
            "always_apply": false,
            "always_apply_trigger": null,
            "id": "\"CSTA_MARKETING_PROD_BRONZE_READ_WRITE_CREATE\"|false|false|CREATE VIEW|OnSchema|OnSchema|\"CSTA_MARKETING_PROD\".\"BRONZE\"",
            "on_account": false,
            "on_account_object": [],
            "on_schema": [
              {
                "all_schemas_in_database": "",
                "future_schemas_in_database": "",
                "schema_name": "CSTA_MARKETING_PROD.BRONZE"
              }
            ],
            "on_schema_object": [],
            "privileges": [
              "CREATE VIEW"
            ],
            "with_grant_option": false
          },
          "sensitive_attributes": [],
          "identity_schema_version": 0,
          "private": "bnVsbA==",
          "dependencies": [
            "module.databases.snowflake_database.this",
            "module.databases.snowflake_schema.this",
            "module.rbac.snowflake_account_role.schema_access_roles",
            "module.warehouses.snowflake_warehouse.this"
          ]
        },
        {
          "index_key": "CSTA_MARKETING_PROD_GOLD_READ_WRITE_CREATE",
          "schema_version": 0,
          "attributes": {
            "account_role_name": "CSTA_MARKETING_PROD_GOLD_READ_WRITE_CREATE",
            "all_privileges": false,
            "always_apply": false,
            "always_apply_trigger": null,
            "id": "\"CSTA_MARKETING_PROD_GOLD_READ_WRITE_CREATE\"|false|false|CREATE VIEW|OnSchema|OnSchema|\"CSTA_MARKETING_PROD\".\"GOLD\"",
            "on_account": false,
            "on_account_object": [],
            "on_schema": [
              {
                "all_schemas_in_database": "",
                "future_schemas_in_database": "",
                "schema_name": "CSTA_MARKETING_PROD.GOLD"
              }
            ],
            "on_schema_object": [],
            "privileges": [
              "CREATE VIEW"
            ],
            "with_grant_option": false
          },
          "sensitive_attributes": [],
          "identity_schema_version": 0,
          "private": "bnVsbA==",
          "dependencies": [
            "module.databases.snowflake_database.this",
            "module.databases.snowflake_schema.this",
            "module.rbac.snowflake_account_role.schema_access_roles",
            "module.warehouses.snowflake_warehouse.this"
          ]
        },
        {
          "index_key": "CSTA_MARKETING_PROD_ORCHESTRATION_READ_WRITE_CREATE",
          "schema_version": 0,
          "attributes": {
            "account_role_name": "CSTA_MARKETING_PROD_ORCHESTRATION_READ_WRITE_CREATE",
            "all_privileges": false,
            "always_apply": false,
            "always_apply_trigger": null,
            "id": "\"CSTA_MARKETING_PROD_ORCHESTRATION_READ_WRITE_CREATE\"|false|false|CREATE VIEW|OnSchema|OnSchema|\"CSTA_MARKETING_PROD\".\"ORCHESTRATION\"",
            "on_account": false,
            "on_account_object": [],
            "on_schema": [
              {
                "all_schemas_in_database": "",
                "future_schemas_in_database": "",
                "schema_name": "CSTA_MARKETING_PROD.ORCHESTRATION"
              }
            ],
            "on_schema_object": [],
            "privileges": [
              "CREATE VIEW"
            ],
            "with_grant_option": false
          },
          "sensitive_attributes": [],
          "identity_schema_version": 0,
          "private": "bnVsbA==",
          "dependencies": [
            "module.databases.snowflake_database.this",
            "module.databases.snowflake_schema.this",
            "module.rbac.snowflake_account_role.schema_access_roles",
            "module.warehouses.snowflake_warehouse.this"
          ]
        },
        {
          "index_key": "CSTA_MARKETING_PROD_SILVER_READ_WRITE_CREATE",
          "schema_version": 0,
          "attributes": {
            "account_role_name": "CSTA_MARKETING_PROD_SILVER_READ_WRITE_CREATE",
            "all_privileges": false,
            "always_apply": false,
            "always_apply_trigger": null,
            "id": "\"CSTA_MARKETING_PROD_SILVER_READ_WRITE_CREATE\"|false|false|CREATE VIEW|OnSchema|OnSchema|\"CSTA_MARKETING_PROD\".\"SILVER\"",
            "on_account": false,
            "on_account_object": [],
            "on_schema": [
              {
                "all_schemas_in_database": "",
                "future_schemas_in_database": "",
                "schema_name": "CSTA_MARKETING_PROD.SILVER"
              }
            ],
            "on_schema_object": [],
            "privileges": [
              "CREATE VIEW"
            ],
            "with_grant_option": false
          },
          "sensitive_attributes": [],
          "identity_schema_version": 0,
          "private": "bnVsbA==",
          "dependencies": [
            "module.databases.snowflake_database.this",
            "module.databases.snowflake_schema.this",
            "module.rbac.snowflake_account_role.schema_access_roles",
            "module.warehouses.snowflake_warehouse.this"
          ]
        },
        {
          "index_key": "CSTA_MARKETING_SHARED_ARTIFACTS_READ_WRITE_CREATE",
          "schema_version": 0,
          "attributes": {
            "account_role_name": "CSTA_MARKETING_SHARED_ARTIFACTS_READ_WRITE_CREATE",
            "all_privileges": false,
            "always_apply": false,
            "always_apply_trigger": null,
            "id": "\"CSTA_MARKETING_SHARED_ARTIFACTS_READ_WRITE_CREATE\"|false|false|CREATE VIEW|OnSchema|OnSchema|\"CSTA_MARKETING_SHARED\".\"ARTIFACTS\"",
            "on_account": false,
            "on_account_object": [],
            "on_schema": [
              {
                "all_schemas_in_database": "",
                "future_schemas_in_database": "",
                "schema_name": "CSTA_MARKETING_SHARED.ARTIFACTS"
              }
            ],
            "on_schema_object": [],
            "privileges": [
              "CREATE VIEW"
            ],
            "with_grant_option": false
          },
          "sensitive_attributes": [],
          "identity_schema_version": 0,
          "private": "bnVsbA==",
          "dependencies": [
            "module.databases.snowflake_database.this",
            "module.databases.snowflake_schema.this",
            "module.rbac.snowflake_account_role.schema_access_roles",
            "module.warehouses.snowflake_warehouse.this"
          ]
        },
        {
          "index_key": "CSTA_MARKETING_SHARED_OBSERVABILITY_READ_WRITE_CREATE",
          "schema_version": 0,
          "attributes": {
            "account_role_name": "CSTA_MARKETING_SHARED_OBSERVABILITY_READ_WRITE_CREATE",
            "all_privileges": false,
            "always_apply": false,
            "always_apply_trigger": null,
            "id": "\"CSTA_MARKETING_SHARED_OBSERVABILITY_READ_WRITE_CREATE\"|false|false|CREATE VIEW|OnSchema|OnSchema|\"CSTA_MARKETING_SHARED\".\"OBSERVABILITY\"",
            "on_account": false,
            "on_account_object": [],
            "on_schema": [
              {
                "all_schemas_in_database": "",
                "future_schemas_in_database": "",
                "schema_name": "CSTA_MARKETING_SHARED.OBSERVABILITY"
              }
            ],
            "on_schema_object": [],
            "privileges": [
              "CREATE VIEW"
            ],
            "with_grant_option": false
          },
          "sensitive_attributes": [],
          "identity_schema_version": 0,
          "private": "bnVsbA==",
          "dependencies": [
            "module.databases.snowflake_database.this",
            "module.databases.snowflake_schema.this",
            "module.rbac.snowflake_account_role.schema_access_roles",
            "module.warehouses.snowflake_warehouse.this"
          ]
        },
        {
          "index_key": "CSTA_MARKETING_UAT_BRONZE_READ_WRITE_CREATE",
          "schema_version": 0,
          "attributes": {
            "account_role_name": "CSTA_MARKETING_UAT_BRONZE_READ_WRITE_CREATE",
            "all_privileges": false,
            "always_apply": false,
            "always_apply_trigger": null,
            "id": "\"CSTA_MARKETING_UAT_BRONZE_READ_WRITE_CREATE\"|false|false|CREATE VIEW|OnSchema|OnSchema|\"CSTA_MARKETING_UAT\".\"BRONZE\"",
            "on_account": false,
            "on_account_object": [],
            "on_schema": [
              {
                "all_schemas_in_database": "",
                "future_schemas_in_database": "",
                "schema_name": "CSTA_MARKETING_UAT.BRONZE"
              }
            ],
            "on_schema_object": [],
            "privileges": [
              "CREATE VIEW"
            ],
            "with_grant_option": false
          },
          "sensitive_attributes": [],
          "identity_schema_version": 0,
          "private": "bnVsbA==",
          "dependencies": [
            "module.databases.snowflake_database.this",
            "module.databases.snowflake_schema.this",
            "module.rbac.snowflake_account_role.schema_access_roles",
            "module.warehouses.snowflake_warehouse.this"
          ]
        },
        {
          "index_key": "CSTA_MARKETING_UAT_GOLD_READ_WRITE_CREATE",
          "schema_version": 0,
          "attributes": {
            "account_role_name": "CSTA_MARKETING_UAT_GOLD_READ_WRITE_CREATE",
            "all_privileges": false,
            "always_apply": false,
            "always_apply_trigger": null,
            "id": "\"CSTA_MARKETING_UAT_GOLD_READ_WRITE_CREATE\"|false|false|CREATE VIEW|OnSchema|OnSchema|\"CSTA_MARKETING_UAT\".\"GOLD\"",
            "on_account": false,
            "on_account_object": [],
            "on_schema": [
              {
                "all_schemas_in_database": "",
                "future_schemas_in_database": "",
                "schema_name": "CSTA_MARKETING_UAT.GOLD"
              }
            ],
            "on_schema_object": [],
            "privileges": [
              "CREATE VIEW"
            ],
            "with_grant_option": false
          },
          "sensitive_attributes": [],
          "identity_schema_version": 0,
          "private": "bnVsbA==",
          "dependencies": [
            "module.databases.snowflake_database.this",
            "module.databases.snowflake_schema.this",
            "module.rbac.snowflake_account_role.schema_access_roles",
            "module.warehouses.snowflake_warehouse.this"
          ]
        },
        {
          "index_key": "CSTA_MARKETING_UAT_ORCHESTRATION_READ_WRITE_CREATE",
          "schema_version": 0,
          "attributes": {
            "account_role_name": "CSTA_MARKETING_UAT_ORCHESTRATION_READ_WRITE_CREATE",
            "all_privileges": false,
            "always_apply": false,
            "always_apply_trigger": null,
            "id": "\"CSTA_MARKETING_UAT_ORCHESTRATION_READ_WRITE_CREATE\"|false|false|CREATE VIEW|OnSchema|OnSchema|\"CSTA_MARKETING_UAT\".\"ORCHESTRATION\"",
            "on_account": false,
            "on_account_object": [],
            "on_schema": [
              {
                "all_schemas_in_database": "",
                "future_schemas_in_database": "",
                "schema_name": "CSTA_MARKETING_UAT.ORCHESTRATION"
              }
            ],
            "on_schema_object": [],
            "privileges": [
              "CREATE VIEW"
            ],
            "with_grant_option": false
          },
          "sensitive_attributes": [],
          "identity_schema_version": 0,
          "private": "bnVsbA==",
          "dependencies": [
            "module.databases.snowflake_database.this",
            "module.databases.snowflake_schema.this",
            "module.rbac.snowflake_account_role.schema_access_roles",
            "module.warehouses.snowflake_warehouse.this"
          ]
        },
        {
          "index_key": "CSTA_MARKETING_UAT_SILVER_READ_WRITE_CREATE",
          "schema_version": 0,
          "attributes": {
            "account_role_name": "CSTA_MARKETING_UAT_SILVER_READ_WRITE_CREATE",
            "all_privileges": false,
            "always_apply": false,
            "always_apply_trigger": null,
            "id": "\"CSTA_MARKETING_UAT_SILVER_READ_WRITE_CREATE\"|false|false|CREATE VIEW|OnSchema|OnSchema|\"CSTA_MARKETING_UAT\".\"SILVER\"",
            "on_account": false,
            "on_account_object": [],
            "on_schema": [
              {
                "all_schemas_in_database": "",
                "future_schemas_in_database": "",
                "schema_name": "CSTA_MARKETING_UAT.SILVER"
              }
            ],
            "on_schema_object": [],
            "privileges": [
              "CREATE VIEW"
            ],
            "with_grant_option": false
          },
          "sensitive_attributes": [],
          "identity_schema_version": 0,
          "private": "bnVsbA==",
          "dependencies": [
            "module.databases.snowflake_database.this",
            "module.databases.snowflake_schema.this",
            "module.rbac.snowflake_account_role.schema_access_roles",
            "module.warehouses.snowflake_warehouse.this"
          ]
        }
      ]
    },
    {
      "module": "module.rbac",
      "mode": "managed",
      "type": "snowflake_grant_privileges_to_account_role",
      "name": "schema_dml_all_tables",
      "provider": "provider[\"registry.terraform.io/snowflakedb/snowflake\"]",
      "instances": [
        {
          "index_key": "CSTA_MARKETING_DEV_BRONZE_READ_WRITE",
          "schema_version": 0,
          "attributes": {
            "account_role_name": "CSTA_MARKETING_DEV_BRONZE_READ_WRITE",
            "all_privileges": false,
            "always_apply": false,
            "always_apply_trigger": null,
            "id": "\"CSTA_MARKETING_DEV_BRONZE_READ_WRITE\"|false|false|INSERT,DELETE,UPDATE|OnSchemaObject|OnAll|TABLES|InSchema|\"CSTA_MARKETING_DEV\".\"BRONZE\"",
            "on_account": false,
            "on_account_object": [],
            "on_schema": [],
            "on_schema_object": [
              {
                "all": [
                  {
                    "in_database": "",
                    "in_schema": "CSTA_MARKETING_DEV.BRONZE",
                    "object_type_plural": "TABLES"
                  }
                ],
                "future": [],
                "object_name": "",
                "object_type": ""
              }
            ],
            "privileges": [
              "DELETE",
              "INSERT",
              "UPDATE"
            ],
            "with_grant_option": false
          },
          "sensitive_attributes": [],
          "identity_schema_version": 0,
          "private": "bnVsbA==",
          "dependencies": [
            "module.databases.snowflake_database.this",
            "module.databases.snowflake_schema.this",
            "module.rbac.snowflake_account_role.schema_access_roles",
            "module.warehouses.snowflake_warehouse.this"
          ]
        },
        {
          "index_key": "CSTA_MARKETING_DEV_BRONZE_READ_WRITE_CREATE",
          "schema_version": 0,
          "attributes": {
            "account_role_name": "CSTA_MARKETING_DEV_BRONZE_READ_WRITE_CREATE",
            "all_privileges": false,
            "always_apply": false,
            "always_apply_trigger": null,
            "id": "\"CSTA_MARKETING_DEV_BRONZE_READ_WRITE_CREATE\"|false|false|INSERT,DELETE,UPDATE|OnSchemaObject|OnAll|TABLES|InSchema|\"CSTA_MARKETING_DEV\".\"BRONZE\"",
            "on_account": false,
            "on_account_object": [],
            "on_schema": [],
            "on_schema_object": [
              {
                "all": [
                  {
                    "in_database": "",
                    "in_schema": "CSTA_MARKETING_DEV.BRONZE",
                    "object_type_plural": "TABLES"
                  }
                ],
                "future": [],
                "object_name": "",
                "object_type": ""
              }
            ],
            "privileges": [
              "DELETE",
              "INSERT",
              "UPDATE"
            ],
            "with_grant_option": false
          },
          "sensitive_attributes": [],
          "identity_schema_version": 0,
          "private": "bnVsbA==",
          "dependencies": [
            "module.databases.snowflake_database.this",
            "module.databases.snowflake_schema.this",
            "module.rbac.snowflake_account_role.schema_access_roles",
            "module.warehouses.snowflake_warehouse.this"
          ]
        },
        {
          "index_key": "CSTA_MARKETING_DEV_GOLD_READ_WRITE",
          "schema_version": 0,
          "attributes": {
            "account_role_name": "CSTA_MARKETING_DEV_GOLD_READ_WRITE",
            "all_privileges": false,
            "always_apply": false,
            "always_apply_trigger": null,
            "id": "\"CSTA_MARKETING_DEV_GOLD_READ_WRITE\"|false|false|INSERT,DELETE,UPDATE|OnSchemaObject|OnAll|TABLES|InSchema|\"CSTA_MARKETING_DEV\".\"GOLD\"",
            "on_account": false,
            "on_account_object": [],
            "on_schema": [],
            "on_schema_object": [
              {
                "all": [
                  {
                    "in_database": "",
                    "in_schema": "CSTA_MARKETING_DEV.GOLD",
                    "object_type_plural": "TABLES"
                  }
                ],
                "future": [],
                "object_name": "",
                "object_type": ""
              }
            ],
            "privileges": [
              "DELETE",
              "INSERT",
              "UPDATE"
            ],
            "with_grant_option": false
          },
          "sensitive_attributes": [],
          "identity_schema_version": 0,
          "private": "bnVsbA==",
          "dependencies": [
            "module.databases.snowflake_database.this",
            "module.databases.snowflake_schema.this",
            "module.rbac.snowflake_account_role.schema_access_roles",
            "module.warehouses.snowflake_warehouse.this"
          ]
        },
        {
          "index_key": "CSTA_MARKETING_DEV_GOLD_READ_WRITE_CREATE",
          "schema_version": 0,
          "attributes": {
            "account_role_name": "CSTA_MARKETING_DEV_GOLD_READ_WRITE_CREATE",
            "all_privileges": false,
            "always_apply": false,
            "always_apply_trigger": null,
            "id": "\"CSTA_MARKETING_DEV_GOLD_READ_WRITE_CREATE\"|false|false|INSERT,DELETE,UPDATE|OnSchemaObject|OnAll|TABLES|InSchema|\"CSTA_MARKETING_DEV\".\"GOLD\"",
            "on_account": false,
            "on_account_object": [],
            "on_schema": [],
            "on_schema_object": [
              {
                "all": [
                  {
                    "in_database": "",
                    "in_schema": "CSTA_MARKETING_DEV.GOLD",
                    "object_type_plural": "TABLES"
                  }
                ],
                "future": [],
                "object_name": "",
                "object_type": ""
              }
            ],
            "privileges": [
              "DELETE",
              "INSERT",
              "UPDATE"
            ],
            "with_grant_option": false
          },
          "sensitive_attributes": [],
          "identity_schema_version": 0,
          "private": "bnVsbA==",
          "dependencies": [
            "module.databases.snowflake_database.this",
            "module.databases.snowflake_schema.this",
            "module.rbac.snowflake_account_role.schema_access_roles",
            "module.warehouses.snowflake_warehouse.this"
          ]
        },
        {
          "index_key": "CSTA_MARKETING_DEV_ORCHESTRATION_READ_WRITE",
          "schema_version": 0,
          "attributes": {
            "account_role_name": "CSTA_MARKETING_DEV_ORCHESTRATION_READ_WRITE",
            "all_privileges": false,
            "always_apply": false,
            "always_apply_trigger": null,
            "id": "\"CSTA_MARKETING_DEV_ORCHESTRATION_READ_WRITE\"|false|false|INSERT,DELETE,UPDATE|OnSchemaObject|OnAll|TABLES|InSchema|\"CSTA_MARKETING_DEV\".\"ORCHESTRATION\"",
            "on_account": false,
            "on_account_object": [],
            "on_schema": [],
            "on_schema_object": [
              {
                "all": [
                  {
                    "in_database": "",
                    "in_schema": "CSTA_MARKETING_DEV.ORCHESTRATION",
                    "object_type_plural": "TABLES"
                  }
                ],
                "future": [],
                "object_name": "",
                "object_type": ""
              }
            ],
            "privileges": [
              "DELETE",
              "INSERT",
              "UPDATE"
            ],
            "with_grant_option": false
          },
          "sensitive_attributes": [],
          "identity_schema_version": 0,
          "private": "bnVsbA==",
          "dependencies": [
            "module.databases.snowflake_database.this",
            "module.databases.snowflake_schema.this",
            "module.rbac.snowflake_account_role.schema_access_roles",
            "module.warehouses.snowflake_warehouse.this"
          ]
        },
        {
          "index_key": "CSTA_MARKETING_DEV_ORCHESTRATION_READ_WRITE_CREATE",
          "schema_version": 0,
          "attributes": {
            "account_role_name": "CSTA_MARKETING_DEV_ORCHESTRATION_READ_WRITE_CREATE",
            "all_privileges": false,
            "always_apply": false,
            "always_apply_trigger": null,
            "id": "\"CSTA_MARKETING_DEV_ORCHESTRATION_READ_WRITE_CREATE\"|false|false|INSERT,DELETE,UPDATE|OnSchemaObject|OnAll|TABLES|InSchema|\"CSTA_MARKETING_DEV\".\"ORCHESTRATION\"",
            "on_account": false,
            "on_account_object": [],
            "on_schema": [],
            "on_schema_object": [
              {
                "all": [
                  {
                    "in_database": "",
                    "in_schema": "CSTA_MARKETING_DEV.ORCHESTRATION",
                    "object_type_plural": "TABLES"
                  }
                ],
                "future": [],
                "object_name": "",
                "object_type": ""
              }
            ],
            "privileges": [
              "DELETE",
              "INSERT",
              "UPDATE"
            ],
            "with_grant_option": false
          },
          "sensitive_attributes": [],
          "identity_schema_version": 0,
          "private": "bnVsbA==",
          "dependencies": [
            "module.databases.snowflake_database.this",
            "module.databases.snowflake_schema.this",
            "module.rbac.snowflake_account_role.schema_access_roles",
            "module.warehouses.snowflake_warehouse.this"
          ]
        },
        {
          "index_key": "CSTA_MARKETING_DEV_SILVER_READ_WRITE",
          "schema_version": 0,
          "attributes": {
            "account_role_name": "CSTA_MARKETING_DEV_SILVER_READ_WRITE",
            "all_privileges": false,
            "always_apply": false,
            "always_apply_trigger": null,
            "id": "\"CSTA_MARKETING_DEV_SILVER_READ_WRITE\"|false|false|INSERT,DELETE,UPDATE|OnSchemaObject|OnAll|TABLES|InSchema|\"CSTA_MARKETING_DEV\".\"SILVER\"",
            "on_account": false,
            "on_account_object": [],
            "on_schema": [],
            "on_schema_object": [
              {
                "all": [
                  {
                    "in_database": "",
                    "in_schema": "CSTA_MARKETING_DEV.SILVER",
                    "object_type_plural": "TABLES"
                  }
                ],
                "future": [],
                "object_name": "",
                "object_type": ""
              }
            ],
            "privileges": [
              "DELETE",
              "INSERT",
              "UPDATE"
            ],
            "with_grant_option": false
          },
          "sensitive_attributes": [],
          "identity_schema_version": 0,
          "private": "bnVsbA==",
          "dependencies": [
            "module.databases.snowflake_database.this",
            "module.databases.snowflake_schema.this",
            "module.rbac.snowflake_account_role.schema_access_roles",
            "module.warehouses.snowflake_warehouse.this"
          ]
        },
        {
          "index_key": "CSTA_MARKETING_DEV_SILVER_READ_WRITE_CREATE",
          "schema_version": 0,
          "attributes": {
            "account_role_name": "CSTA_MARKETING_DEV_SILVER_READ_WRITE_CREATE",
            "all_privileges": false,
            "always_apply": false,
            "always_apply_trigger": null,
            "id": "\"CSTA_MARKETING_DEV_SILVER_READ_WRITE_CREATE\"|false|false|INSERT,DELETE,UPDATE|OnSchemaObject|OnAll|TABLES|InSchema|\"CSTA_MARKETING_DEV\".\"SILVER\"",
            "on_account": false,
            "on_account_object": [],
            "on_schema": [],
            "on_schema_object": [
              {
                "all": [
                  {
                    "in_database": "",
                    "in_schema": "CSTA_MARKETING_DEV.SILVER",
                    "object_type_plural": "TABLES"
                  }
                ],
                "future": [],
                "object_name": "",
                "object_type": ""
              }
            ],
            "privileges": [
              "DELETE",
              "INSERT",
              "UPDATE"
            ],
            "with_grant_option": false
          },
          "sensitive_attributes": [],
          "identity_schema_version": 0,
          "private": "bnVsbA==",
          "dependencies": [
            "module.databases.snowflake_database.this",
            "module.databases.snowflake_schema.this",
            "module.rbac.snowflake_account_role.schema_access_roles",
            "module.warehouses.snowflake_warehouse.this"
          ]
        },
        {
          "index_key": "CSTA_MARKETING_PROD_BRONZE_READ_WRITE",
          "schema_version": 0,
          "attributes": {
            "account_role_name": "CSTA_MARKETING_PROD_BRONZE_READ_WRITE",
            "all_privileges": false,
            "always_apply": false,
            "always_apply_trigger": null,
            "id": "\"CSTA_MARKETING_PROD_BRONZE_READ_WRITE\"|false|false|INSERT,DELETE,UPDATE|OnSchemaObject|OnAll|TABLES|InSchema|\"CSTA_MARKETING_PROD\".\"BRONZE\"",
            "on_account": false,
            "on_account_object": [],
            "on_schema": [],
            "on_schema_object": [
              {
                "all": [
                  {
                    "in_database": "",
                    "in_schema": "CSTA_MARKETING_PROD.BRONZE",
                    "object_type_plural": "TABLES"
                  }
                ],
                "future": [],
                "object_name": "",
                "object_type": ""
              }
            ],
            "privileges": [
              "DELETE",
              "INSERT",
              "UPDATE"
            ],
            "with_grant_option": false
          },
          "sensitive_attributes": [],
          "identity_schema_version": 0,
          "private": "bnVsbA==",
          "dependencies": [
            "module.databases.snowflake_database.this",
            "module.databases.snowflake_schema.this",
            "module.rbac.snowflake_account_role.schema_access_roles",
            "module.warehouses.snowflake_warehouse.this"
          ]
        },
        {
          "index_key": "CSTA_MARKETING_PROD_BRONZE_READ_WRITE_CREATE",
          "schema_version": 0,
          "attributes": {
            "account_role_name": "CSTA_MARKETING_PROD_BRONZE_READ_WRITE_CREATE",
            "all_privileges": false,
            "always_apply": false,
            "always_apply_trigger": null,
            "id": "\"CSTA_MARKETING_PROD_BRONZE_READ_WRITE_CREATE\"|false|false|INSERT,DELETE,UPDATE|OnSchemaObject|OnAll|TABLES|InSchema|\"CSTA_MARKETING_PROD\".\"BRONZE\"",
            "on_account": false,
            "on_account_object": [],
            "on_schema": [],
            "on_schema_object": [
              {
                "all": [
                  {
                    "in_database": "",
                    "in_schema": "CSTA_MARKETING_PROD.BRONZE",
                    "object_type_plural": "TABLES"
                  }
                ],
                "future": [],
                "object_name": "",
                "object_type": ""
              }
            ],
            "privileges": [
              "DELETE",
              "INSERT",
              "UPDATE"
            ],
            "with_grant_option": false
          },
          "sensitive_attributes": [],
          "identity_schema_version": 0,
          "private": "bnVsbA==",
          "dependencies": [
            "module.databases.snowflake_database.this",
            "module.databases.snowflake_schema.this",
            "module.rbac.snowflake_account_role.schema_access_roles",
            "module.warehouses.snowflake_warehouse.this"
          ]
        },
        {
          "index_key": "CSTA_MARKETING_PROD_GOLD_READ_WRITE",
          "schema_version": 0,
          "attributes": {
            "account_role_name": "CSTA_MARKETING_PROD_GOLD_READ_WRITE",
            "all_privileges": false,
            "always_apply": false,
            "always_apply_trigger": null,
            "id": "\"CSTA_MARKETING_PROD_GOLD_READ_WRITE\"|false|false|INSERT,DELETE,UPDATE|OnSchemaObject|OnAll|TABLES|InSchema|\"CSTA_MARKETING_PROD\".\"GOLD\"",
            "on_account": false,
            "on_account_object": [],
            "on_schema": [],
            "on_schema_object": [
              {
                "all": [
                  {
                    "in_database": "",
                    "in_schema": "CSTA_MARKETING_PROD.GOLD",
                    "object_type_plural": "TABLES"
                  }
                ],
                "future": [],
                "object_name": "",
                "object_type": ""
              }
            ],
            "privileges": [
              "DELETE",
              "INSERT",
              "UPDATE"
            ],
            "with_grant_option": false
          },
          "sensitive_attributes": [],
          "identity_schema_version": 0,
          "private": "bnVsbA==",
          "dependencies": [
            "module.databases.snowflake_database.this",
            "module.databases.snowflake_schema.this",
            "module.rbac.snowflake_account_role.schema_access_roles",
            "module.warehouses.snowflake_warehouse.this"
          ]
        },
        {
          "index_key": "CSTA_MARKETING_PROD_GOLD_READ_WRITE_CREATE",
          "schema_version": 0,
          "attributes": {
            "account_role_name": "CSTA_MARKETING_PROD_GOLD_READ_WRITE_CREATE",
            "all_privileges": false,
            "always_apply": false,
            "always_apply_trigger": null,
            "id": "\"CSTA_MARKETING_PROD_GOLD_READ_WRITE_CREATE\"|false|false|INSERT,DELETE,UPDATE|OnSchemaObject|OnAll|TABLES|InSchema|\"CSTA_MARKETING_PROD\".\"GOLD\"",
            "on_account": false,
            "on_account_object": [],
            "on_schema": [],
            "on_schema_object": [
              {
                "all": [
                  {
                    "in_database": "",
                    "in_schema": "CSTA_MARKETING_PROD.GOLD",
                    "object_type_plural": "TABLES"
                  }
                ],
                "future": [],
                "object_name": "",
                "object_type": ""
              }
            ],
            "privileges": [
              "DELETE",
              "INSERT",
              "UPDATE"
            ],
            "with_grant_option": false
          },
          "sensitive_attributes": [],
          "identity_schema_version": 0,
          "private": "bnVsbA==",
          "dependencies": [
            "module.databases.snowflake_database.this",
            "module.databases.snowflake_schema.this",
            "module.rbac.snowflake_account_role.schema_access_roles",
            "module.warehouses.snowflake_warehouse.this"
          ]
        },
        {
          "index_key": "CSTA_MARKETING_PROD_ORCHESTRATION_READ_WRITE",
          "schema_version": 0,
          "attributes": {
            "account_role_name": "CSTA_MARKETING_PROD_ORCHESTRATION_READ_WRITE",
            "all_privileges": false,
            "always_apply": false,
            "always_apply_trigger": null,
            "id": "\"CSTA_MARKETING_PROD_ORCHESTRATION_READ_WRITE\"|false|false|INSERT,DELETE,UPDATE|OnSchemaObject|OnAll|TABLES|InSchema|\"CSTA_MARKETING_PROD\".\"ORCHESTRATION\"",
            "on_account": false,
            "on_account_object": [],
            "on_schema": [],
            "on_schema_object": [
              {
                "all": [
                  {
                    "in_database": "",
                    "in_schema": "CSTA_MARKETING_PROD.ORCHESTRATION",
                    "object_type_plural": "TABLES"
                  }
                ],
                "future": [],
                "object_name": "",
                "object_type": ""
              }
            ],
            "privileges": [
              "DELETE",
              "INSERT",
              "UPDATE"
            ],
            "with_grant_option": false
          },
          "sensitive_attributes": [],
          "identity_schema_version": 0,
          "private": "bnVsbA==",
          "dependencies": [
            "module.databases.snowflake_database.this",
            "module.databases.snowflake_schema.this",
            "module.rbac.snowflake_account_role.schema_access_roles",
            "module.warehouses.snowflake_warehouse.this"
          ]
        },
        {
          "index_key": "CSTA_MARKETING_PROD_ORCHESTRATION_READ_WRITE_CREATE",
          "schema_version": 0,
          "attributes": {
            "account_role_name": "CSTA_MARKETING_PROD_ORCHESTRATION_READ_WRITE_CREATE",
            "all_privileges": false,
            "always_apply": false,
            "always_apply_trigger": null,
            "id": "\"CSTA_MARKETING_PROD_ORCHESTRATION_READ_WRITE_CREATE\"|false|false|INSERT,DELETE,UPDATE|OnSchemaObject|OnAll|TABLES|InSchema|\"CSTA_MARKETING_PROD\".\"ORCHESTRATION\"",
            "on_account": false,
            "on_account_object": [],
            "on_schema": [],
            "on_schema_object": [
              {
                "all": [
                  {
                    "in_database": "",
                    "in_schema": "CSTA_MARKETING_PROD.ORCHESTRATION",
                    "object_type_plural": "TABLES"
                  }
                ],
                "future": [],
                "object_name": "",
                "object_type": ""
              }
            ],
            "privileges": [
              "DELETE",
              "INSERT",
              "UPDATE"
            ],
            "with_grant_option": false
          },
          "sensitive_attributes": [],
          "identity_schema_version": 0,
          "private": "bnVsbA==",
          "dependencies": [
            "module.databases.snowflake_database.this",
            "module.databases.snowflake_schema.this",
            "module.rbac.snowflake_account_role.schema_access_roles",
            "module.warehouses.snowflake_warehouse.this"
          ]
        },
        {
          "index_key": "CSTA_MARKETING_PROD_SILVER_READ_WRITE",
          "schema_version": 0,
          "attributes": {
            "account_role_name": "CSTA_MARKETING_PROD_SILVER_READ_WRITE",
            "all_privileges": false,
            "always_apply": false,
            "always_apply_trigger": null,
            "id": "\"CSTA_MARKETING_PROD_SILVER_READ_WRITE\"|false|false|INSERT,DELETE,UPDATE|OnSchemaObject|OnAll|TABLES|InSchema|\"CSTA_MARKETING_PROD\".\"SILVER\"",
            "on_account": false,
            "on_account_object": [],
            "on_schema": [],
            "on_schema_object": [
              {
                "all": [
                  {
                    "in_database": "",
                    "in_schema": "CSTA_MARKETING_PROD.SILVER",
                    "object_type_plural": "TABLES"
                  }
                ],
                "future": [],
                "object_name": "",
                "object_type": ""
              }
            ],
            "privileges": [
              "DELETE",
              "INSERT",
              "UPDATE"
            ],
            "with_grant_option": false
          },
          "sensitive_attributes": [],
          "identity_schema_version": 0,
          "private": "bnVsbA==",
          "dependencies": [
            "module.databases.snowflake_database.this",
            "module.databases.snowflake_schema.this",
            "module.rbac.snowflake_account_role.schema_access_roles",
            "module.warehouses.snowflake_warehouse.this"
          ]
        },
        {
          "index_key": "CSTA_MARKETING_PROD_SILVER_READ_WRITE_CREATE",
          "schema_version": 0,
          "attributes": {
            "account_role_name": "CSTA_MARKETING_PROD_SILVER_READ_WRITE_CREATE",
            "all_privileges": false,
            "always_apply": false,
            "always_apply_trigger": null,
            "id": "\"CSTA_MARKETING_PROD_SILVER_READ_WRITE_CREATE\"|false|false|INSERT,DELETE,UPDATE|OnSchemaObject|OnAll|TABLES|InSchema|\"CSTA_MARKETING_PROD\".\"SILVER\"",
            "on_account": false,
            "on_account_object": [],
            "on_schema": [],
            "on_schema_object": [
              {
                "all": [
                  {
                    "in_database": "",
                    "in_schema": "CSTA_MARKETING_PROD.SILVER",
                    "object_type_plural": "TABLES"
                  }
                ],
                "future": [],
                "object_name": "",
                "object_type": ""
              }
            ],
            "privileges": [
              "DELETE",
              "INSERT",
              "UPDATE"
            ],
            "with_grant_option": false
          },
          "sensitive_attributes": [],
          "identity_schema_version": 0,
          "private": "bnVsbA==",
          "dependencies": [
            "module.databases.snowflake_database.this",
            "module.databases.snowflake_schema.this",
            "module.rbac.snowflake_account_role.schema_access_roles",
            "module.warehouses.snowflake_warehouse.this"
          ]
        },
        {
          "index_key": "CSTA_MARKETING_SHARED_ARTIFACTS_READ_WRITE",
          "schema_version": 0,
          "attributes": {
            "account_role_name": "CSTA_MARKETING_SHARED_ARTIFACTS_READ_WRITE",
            "all_privileges": false,
            "always_apply": false,
            "always_apply_trigger": null,
            "id": "\"CSTA_MARKETING_SHARED_ARTIFACTS_READ_WRITE\"|false|false|INSERT,DELETE,UPDATE|OnSchemaObject|OnAll|TABLES|InSchema|\"CSTA_MARKETING_SHARED\".\"ARTIFACTS\"",
            "on_account": false,
            "on_account_object": [],
            "on_schema": [],
            "on_schema_object": [
              {
                "all": [
                  {
                    "in_database": "",
                    "in_schema": "CSTA_MARKETING_SHARED.ARTIFACTS",
                    "object_type_plural": "TABLES"
                  }
                ],
                "future": [],
                "object_name": "",
                "object_type": ""
              }
            ],
            "privileges": [
              "DELETE",
              "INSERT",
              "UPDATE"
            ],
            "with_grant_option": false
          },
          "sensitive_attributes": [],
          "identity_schema_version": 0,
          "private": "bnVsbA==",
          "dependencies": [
            "module.databases.snowflake_database.this",
            "module.databases.snowflake_schema.this",
            "module.rbac.snowflake_account_role.schema_access_roles",
            "module.warehouses.snowflake_warehouse.this"
          ]
        },
        {
          "index_key": "CSTA_MARKETING_SHARED_ARTIFACTS_READ_WRITE_CREATE",
          "schema_version": 0,
          "attributes": {
            "account_role_name": "CSTA_MARKETING_SHARED_ARTIFACTS_READ_WRITE_CREATE",
            "all_privileges": false,
            "always_apply": false,
            "always_apply_trigger": null,
            "id": "\"CSTA_MARKETING_SHARED_ARTIFACTS_READ_WRITE_CREATE\"|false|false|INSERT,DELETE,UPDATE|OnSchemaObject|OnAll|TABLES|InSchema|\"CSTA_MARKETING_SHARED\".\"ARTIFACTS\"",
            "on_account": false,
            "on_account_object": [],
            "on_schema": [],
            "on_schema_object": [
              {
                "all": [
                  {
                    "in_database": "",
                    "in_schema": "CSTA_MARKETING_SHARED.ARTIFACTS",
                    "object_type_plural": "TABLES"
                  }
                ],
                "future": [],
                "object_name": "",
                "object_type": ""
              }
            ],
            "privileges": [
              "DELETE",
              "INSERT",
              "UPDATE"
            ],
            "with_grant_option": false
          },
          "sensitive_attributes": [],
          "identity_schema_version": 0,
          "private": "bnVsbA==",
          "dependencies": [
            "module.databases.snowflake_database.this",
            "module.databases.snowflake_schema.this",
            "module.rbac.snowflake_account_role.schema_access_roles",
            "module.warehouses.snowflake_warehouse.this"
          ]
        },
        {
          "index_key": "CSTA_MARKETING_SHARED_OBSERVABILITY_READ_WRITE",
          "schema_version": 0,
          "attributes": {
            "account_role_name": "CSTA_MARKETING_SHARED_OBSERVABILITY_READ_WRITE",
            "all_privileges": false,
            "always_apply": false,
            "always_apply_trigger": null,
            "id": "\"CSTA_MARKETING_SHARED_OBSERVABILITY_READ_WRITE\"|false|false|INSERT,DELETE,UPDATE|OnSchemaObject|OnAll|TABLES|InSchema|\"CSTA_MARKETING_SHARED\".\"OBSERVABILITY\"",
            "on_account": false,
            "on_account_object": [],
            "on_schema": [],
            "on_schema_object": [
              {
                "all": [
                  {
                    "in_database": "",
                    "in_schema": "CSTA_MARKETING_SHARED.OBSERVABILITY",
                    "object_type_plural": "TABLES"
                  }
                ],
                "future": [],
                "object_name": "",
                "object_type": ""
              }
            ],
            "privileges": [
              "DELETE",
              "INSERT",
              "UPDATE"
            ],
            "with_grant_option": false
          },
          "sensitive_attributes": [],
          "identity_schema_version": 0,
          "private": "bnVsbA==",
          "dependencies": [
            "module.databases.snowflake_database.this",
            "module.databases.snowflake_schema.this",
            "module.rbac.snowflake_account_role.schema_access_roles",
            "module.warehouses.snowflake_warehouse.this"
          ]
        },
        {
          "index_key": "CSTA_MARKETING_SHARED_OBSERVABILITY_READ_WRITE_CREATE",
          "schema_version": 0,
          "attributes": {
            "account_role_name": "CSTA_MARKETING_SHARED_OBSERVABILITY_READ_WRITE_CREATE",
            "all_privileges": false,
            "always_apply": false,
            "always_apply_trigger": null,
            "id": "\"CSTA_MARKETING_SHARED_OBSERVABILITY_READ_WRITE_CREATE\"|false|false|INSERT,DELETE,UPDATE|OnSchemaObject|OnAll|TABLES|InSchema|\"CSTA_MARKETING_SHARED\".\"OBSERVABILITY\"",
            "on_account": false,
            "on_account_object": [],
            "on_schema": [],
            "on_schema_object": [
              {
                "all": [
                  {
                    "in_database": "",
                    "in_schema": "CSTA_MARKETING_SHARED.OBSERVABILITY",
                    "object_type_plural": "TABLES"
                  }
                ],
                "future": [],
                "object_name": "",
                "object_type": ""
              }
            ],
            "privileges": [
              "DELETE",
              "INSERT",
              "UPDATE"
            ],
            "with_grant_option": false
          },
          "sensitive_attributes": [],
          "identity_schema_version": 0,
          "private": "bnVsbA==",
          "dependencies": [
            "module.databases.snowflake_database.this",
            "module.databases.snowflake_schema.this",
            "module.rbac.snowflake_account_role.schema_access_roles",
            "module.warehouses.snowflake_warehouse.this"
          ]
        },
        {
          "index_key": "CSTA_MARKETING_UAT_BRONZE_READ_WRITE",
          "schema_version": 0,
          "attributes": {
            "account_role_name": "CSTA_MARKETING_UAT_BRONZE_READ_WRITE",
            "all_privileges": false,
            "always_apply": false,
            "always_apply_trigger": null,
            "id": "\"CSTA_MARKETING_UAT_BRONZE_READ_WRITE\"|false|false|INSERT,DELETE,UPDATE|OnSchemaObject|OnAll|TABLES|InSchema|\"CSTA_MARKETING_UAT\".\"BRONZE\"",
            "on_account": false,
            "on_account_object": [],
            "on_schema": [],
            "on_schema_object": [
              {
                "all": [
                  {
                    "in_database": "",
                    "in_schema": "CSTA_MARKETING_UAT.BRONZE",
                    "object_type_plural": "TABLES"
                  }
                ],
                "future": [],
                "object_name": "",
                "object_type": ""
              }
            ],
            "privileges": [
              "DELETE",
              "INSERT",
              "UPDATE"
            ],
            "with_grant_option": false
          },
          "sensitive_attributes": [],
          "identity_schema_version": 0,
          "private": "bnVsbA==",
          "dependencies": [
            "module.databases.snowflake_database.this",
            "module.databases.snowflake_schema.this",
            "module.rbac.snowflake_account_role.schema_access_roles",
            "module.warehouses.snowflake_warehouse.this"
          ]
        },
        {
          "index_key": "CSTA_MARKETING_UAT_BRONZE_READ_WRITE_CREATE",
          "schema_version": 0,
          "attributes": {
            "account_role_name": "CSTA_MARKETING_UAT_BRONZE_READ_WRITE_CREATE",
            "all_privileges": false,
            "always_apply": false,
            "always_apply_trigger": null,
            "id": "\"CSTA_MARKETING_UAT_BRONZE_READ_WRITE_CREATE\"|false|false|INSERT,DELETE,UPDATE|OnSchemaObject|OnAll|TABLES|InSchema|\"CSTA_MARKETING_UAT\".\"BRONZE\"",
            "on_account": false,
            "on_account_object": [],
            "on_schema": [],
            "on_schema_object": [
              {
                "all": [
                  {
                    "in_database": "",
                    "in_schema": "CSTA_MARKETING_UAT.BRONZE",
                    "object_type_plural": "TABLES"
                  }
                ],
                "future": [],
                "object_name": "",
                "object_type": ""
              }
            ],
            "privileges": [
              "DELETE",
              "INSERT",
              "UPDATE"
            ],
            "with_grant_option": false
          },
          "sensitive_attributes": [],
          "identity_schema_version": 0,
          "private": "bnVsbA==",
          "dependencies": [
            "module.databases.snowflake_database.this",
            "module.databases.snowflake_schema.this",
            "module.rbac.snowflake_account_role.schema_access_roles",
            "module.warehouses.snowflake_warehouse.this"
          ]
        },
        {
          "index_key": "CSTA_MARKETING_UAT_GOLD_READ_WRITE",
          "schema_version": 0,
          "attributes": {
            "account_role_name": "CSTA_MARKETING_UAT_GOLD_READ_WRITE",
            "all_privileges": false,
            "always_apply": false,
            "always_apply_trigger": null,
            "id": "\"CSTA_MARKETING_UAT_GOLD_READ_WRITE\"|false|false|INSERT,DELETE,UPDATE|OnSchemaObject|OnAll|TABLES|InSchema|\"CSTA_MARKETING_UAT\".\"GOLD\"",
            "on_account": false,
            "on_account_object": [],
            "on_schema": [],
            "on_schema_object": [
              {
                "all": [
                  {
                    "in_database": "",
                    "in_schema": "CSTA_MARKETING_UAT.GOLD",
                    "object_type_plural": "TABLES"
                  }
                ],
                "future": [],
                "object_name": "",
                "object_type": ""
              }
            ],
            "privileges": [
              "DELETE",
              "INSERT",
              "UPDATE"
            ],
            "with_grant_option": false
          },
          "sensitive_attributes": [],
          "identity_schema_version": 0,
          "private": "bnVsbA==",
          "dependencies": [
            "module.databases.snowflake_database.this",
            "module.databases.snowflake_schema.this",
            "module.rbac.snowflake_account_role.schema_access_roles",
            "module.warehouses.snowflake_warehouse.this"
          ]
        },
        {
          "index_key": "CSTA_MARKETING_UAT_GOLD_READ_WRITE_CREATE",
          "schema_version": 0,
          "attributes": {
            "account_role_name": "CSTA_MARKETING_UAT_GOLD_READ_WRITE_CREATE",
            "all_privileges": false,
            "always_apply": false,
            "always_apply_trigger": null,
            "id": "\"CSTA_MARKETING_UAT_GOLD_READ_WRITE_CREATE\"|false|false|INSERT,DELETE,UPDATE|OnSchemaObject|OnAll|TABLES|InSchema|\"CSTA_MARKETING_UAT\".\"GOLD\"",
            "on_account": false,
            "on_account_object": [],
            "on_schema": [],
            "on_schema_object": [
              {
                "all": [
                  {
                    "in_database": "",
                    "in_schema": "CSTA_MARKETING_UAT.GOLD",
                    "object_type_plural": "TABLES"
                  }
                ],
                "future": [],
                "object_name": "",
                "object_type": ""
              }
            ],
            "privileges": [
              "DELETE",
              "INSERT",
              "UPDATE"
            ],
            "with_grant_option": false
          },
          "sensitive_attributes": [],
          "identity_schema_version": 0,
          "private": "bnVsbA==",
          "dependencies": [
            "module.databases.snowflake_database.this",
            "module.databases.snowflake_schema.this",
            "module.rbac.snowflake_account_role.schema_access_roles",
            "module.warehouses.snowflake_warehouse.this"
          ]
        },
        {
          "index_key": "CSTA_MARKETING_UAT_ORCHESTRATION_READ_WRITE",
          "schema_version": 0,
          "attributes": {
            "account_role_name": "CSTA_MARKETING_UAT_ORCHESTRATION_READ_WRITE",
            "all_privileges": false,
            "always_apply": false,
            "always_apply_trigger": null,
            "id": "\"CSTA_MARKETING_UAT_ORCHESTRATION_READ_WRITE\"|false|false|INSERT,DELETE,UPDATE|OnSchemaObject|OnAll|TABLES|InSchema|\"CSTA_MARKETING_UAT\".\"ORCHESTRATION\"",
            "on_account": false,
            "on_account_object": [],
            "on_schema": [],
            "on_schema_object": [
              {
                "all": [
                  {
                    "in_database": "",
                    "in_schema": "CSTA_MARKETING_UAT.ORCHESTRATION",
                    "object_type_plural": "TABLES"
                  }
                ],
                "future": [],
                "object_name": "",
                "object_type": ""
              }
            ],
            "privileges": [
              "DELETE",
              "INSERT",
              "UPDATE"
            ],
            "with_grant_option": false
          },
          "sensitive_attributes": [],
          "identity_schema_version": 0,
          "private": "bnVsbA==",
          "dependencies": [
            "module.databases.snowflake_database.this",
            "module.databases.snowflake_schema.this",
            "module.rbac.snowflake_account_role.schema_access_roles",
            "module.warehouses.snowflake_warehouse.this"
          ]
        },
        {
          "index_key": "CSTA_MARKETING_UAT_ORCHESTRATION_READ_WRITE_CREATE",
          "schema_version": 0,
          "attributes": {
            "account_role_name": "CSTA_MARKETING_UAT_ORCHESTRATION_READ_WRITE_CREATE",
            "all_privileges": false,
            "always_apply": false,
            "always_apply_trigger": null,
            "id": "\"CSTA_MARKETING_UAT_ORCHESTRATION_READ_WRITE_CREATE\"|false|false|INSERT,DELETE,UPDATE|OnSchemaObject|OnAll|TABLES|InSchema|\"CSTA_MARKETING_UAT\".\"ORCHESTRATION\"",
            "on_account": false,
            "on_account_object": [],
            "on_schema": [],
            "on_schema_object": [
              {
                "all": [
                  {
                    "in_database": "",
                    "in_schema": "CSTA_MARKETING_UAT.ORCHESTRATION",
                    "object_type_plural": "TABLES"
                  }
                ],
                "future": [],
                "object_name": "",
                "object_type": ""
              }
            ],
            "privileges": [
              "DELETE",
              "INSERT",
              "UPDATE"
            ],
            "with_grant_option": false
          },
          "sensitive_attributes": [],
          "identity_schema_version": 0,
          "private": "bnVsbA==",
          "dependencies": [
            "module.databases.snowflake_database.this",
            "module.databases.snowflake_schema.this",
            "module.rbac.snowflake_account_role.schema_access_roles",
            "module.warehouses.snowflake_warehouse.this"
          ]
        },
        {
          "index_key": "CSTA_MARKETING_UAT_SILVER_READ_WRITE",
          "schema_version": 0,
          "attributes": {
            "account_role_name": "CSTA_MARKETING_UAT_SILVER_READ_WRITE",
            "all_privileges": false,
            "always_apply": false,
            "always_apply_trigger": null,
            "id": "\"CSTA_MARKETING_UAT_SILVER_READ_WRITE\"|false|false|INSERT,DELETE,UPDATE|OnSchemaObject|OnAll|TABLES|InSchema|\"CSTA_MARKETING_UAT\".\"SILVER\"",
            "on_account": false,
            "on_account_object": [],
            "on_schema": [],
            "on_schema_object": [
              {
                "all": [
                  {
                    "in_database": "",
                    "in_schema": "CSTA_MARKETING_UAT.SILVER",
                    "object_type_plural": "TABLES"
                  }
                ],
                "future": [],
                "object_name": "",
                "object_type": ""
              }
            ],
            "privileges": [
              "DELETE",
              "INSERT",
              "UPDATE"
            ],
            "with_grant_option": false
          },
          "sensitive_attributes": [],
          "identity_schema_version": 0,
          "private": "bnVsbA==",
          "dependencies": [
            "module.databases.snowflake_database.this",
            "module.databases.snowflake_schema.this",
            "module.rbac.snowflake_account_role.schema_access_roles",
            "module.warehouses.snowflake_warehouse.this"
          ]
        },
        {
          "index_key": "CSTA_MARKETING_UAT_SILVER_READ_WRITE_CREATE",
          "schema_version": 0,
          "attributes": {
            "account_role_name": "CSTA_MARKETING_UAT_SILVER_READ_WRITE_CREATE",
            "all_privileges": false,
            "always_apply": false,
            "always_apply_trigger": null,
            "id": "\"CSTA_MARKETING_UAT_SILVER_READ_WRITE_CREATE\"|false|false|INSERT,DELETE,UPDATE|OnSchemaObject|OnAll|TABLES|InSchema|\"CSTA_MARKETING_UAT\".\"SILVER\"",
            "on_account": false,
            "on_account_object": [],
            "on_schema": [],
            "on_schema_object": [
              {
                "all": [
                  {
                    "in_database": "",
                    "in_schema": "CSTA_MARKETING_UAT.SILVER",
                    "object_type_plural": "TABLES"
                  }
                ],
                "future": [],
                "object_name": "",
                "object_type": ""
              }
            ],
            "privileges": [
              "DELETE",
              "INSERT",
              "UPDATE"
            ],
            "with_grant_option": false
          },
          "sensitive_attributes": [],
          "identity_schema_version": 0,
          "private": "bnVsbA==",
          "dependencies": [
            "module.databases.snowflake_database.this",
            "module.databases.snowflake_schema.this",
            "module.rbac.snowflake_account_role.schema_access_roles",
            "module.warehouses.snowflake_warehouse.this"
          ]
        }
      ]
    },
    {
      "module": "module.rbac",
      "mode": "managed",
      "type": "snowflake_grant_privileges_to_account_role",
      "name": "schema_dml_future_tables",
      "provider": "provider[\"registry.terraform.io/snowflakedb/snowflake\"]",
      "instances": [
        {
          "index_key": "CSTA_MARKETING_DEV_BRONZE_READ_WRITE",
          "schema_version": 0,
          "attributes": {
            "account_role_name": "CSTA_MARKETING_DEV_BRONZE_READ_WRITE",
            "all_privileges": false,
            "always_apply": false,
            "always_apply_trigger": null,
            "id": "\"CSTA_MARKETING_DEV_BRONZE_READ_WRITE\"|false|false|INSERT,DELETE,UPDATE|OnSchemaObject|OnFuture|TABLES|InSchema|\"CSTA_MARKETING_DEV\".\"BRONZE\"",
            "on_account": false,
            "on_account_object": [],
            "on_schema": [],
            "on_schema_object": [
              {
                "all": [],
                "future": [
                  {
                    "in_database": "",
                    "in_schema": "CSTA_MARKETING_DEV.BRONZE",
                    "object_type_plural": "TABLES"
                  }
                ],
                "object_name": "",
                "object_type": ""
              }
            ],
            "privileges": [
              "DELETE",
              "INSERT",
              "UPDATE"
            ],
            "with_grant_option": false
          },
          "sensitive_attributes": [],
          "identity_schema_version": 0,
          "private": "bnVsbA==",
          "dependencies": [
            "module.databases.snowflake_database.this",
            "module.databases.snowflake_schema.this",
            "module.rbac.snowflake_account_role.schema_access_roles",
            "module.warehouses.snowflake_warehouse.this"
          ]
        },
        {
          "index_key": "CSTA_MARKETING_DEV_BRONZE_READ_WRITE_CREATE",
          "schema_version": 0,
          "attributes": {
            "account_role_name": "CSTA_MARKETING_DEV_BRONZE_READ_WRITE_CREATE",
            "all_privileges": false,
            "always_apply": false,
            "always_apply_trigger": null,
            "id": "\"CSTA_MARKETING_DEV_BRONZE_READ_WRITE_CREATE\"|false|false|INSERT,DELETE,UPDATE|OnSchemaObject|OnFuture|TABLES|InSchema|\"CSTA_MARKETING_DEV\".\"BRONZE\"",
            "on_account": false,
            "on_account_object": [],
            "on_schema": [],
            "on_schema_object": [
              {
                "all": [],
                "future": [
                  {
                    "in_database": "",
                    "in_schema": "CSTA_MARKETING_DEV.BRONZE",
                    "object_type_plural": "TABLES"
                  }
                ],
                "object_name": "",
                "object_type": ""
              }
            ],
            "privileges": [
              "DELETE",
              "INSERT",
              "UPDATE"
            ],
            "with_grant_option": false
          },
          "sensitive_attributes": [],
          "identity_schema_version": 0,
          "private": "bnVsbA==",
          "dependencies": [
            "module.databases.snowflake_database.this",
            "module.databases.snowflake_schema.this",
            "module.rbac.snowflake_account_role.schema_access_roles",
            "module.warehouses.snowflake_warehouse.this"
          ]
        },
        {
          "index_key": "CSTA_MARKETING_DEV_GOLD_READ_WRITE",
          "schema_version": 0,
          "attributes": {
            "account_role_name": "CSTA_MARKETING_DEV_GOLD_READ_WRITE",
            "all_privileges": false,
            "always_apply": false,
            "always_apply_trigger": null,
            "id": "\"CSTA_MARKETING_DEV_GOLD_READ_WRITE\"|false|false|INSERT,DELETE,UPDATE|OnSchemaObject|OnFuture|TABLES|InSchema|\"CSTA_MARKETING_DEV\".\"GOLD\"",
            "on_account": false,
            "on_account_object": [],
            "on_schema": [],
            "on_schema_object": [
              {
                "all": [],
                "future": [
                  {
                    "in_database": "",
                    "in_schema": "CSTA_MARKETING_DEV.GOLD",
                    "object_type_plural": "TABLES"
                  }
                ],
                "object_name": "",
                "object_type": ""
              }
            ],
            "privileges": [
              "DELETE",
              "INSERT",
              "UPDATE"
            ],
            "with_grant_option": false
          },
          "sensitive_attributes": [],
          "identity_schema_version": 0,
          "private": "bnVsbA==",
          "dependencies": [
            "module.databases.snowflake_database.this",
            "module.databases.snowflake_schema.this",
            "module.rbac.snowflake_account_role.schema_access_roles",
            "module.warehouses.snowflake_warehouse.this"
          ]
        },
        {
          "index_key": "CSTA_MARKETING_DEV_GOLD_READ_WRITE_CREATE",
          "schema_version": 0,
          "attributes": {
            "account_role_name": "CSTA_MARKETING_DEV_GOLD_READ_WRITE_CREATE",
            "all_privileges": false,
            "always_apply": false,
            "always_apply_trigger": null,
            "id": "\"CSTA_MARKETING_DEV_GOLD_READ_WRITE_CREATE\"|false|false|INSERT,DELETE,UPDATE|OnSchemaObject|OnFuture|TABLES|InSchema|\"CSTA_MARKETING_DEV\".\"GOLD\"",
            "on_account": false,
            "on_account_object": [],
            "on_schema": [],
            "on_schema_object": [
              {
                "all": [],
                "future": [
                  {
                    "in_database": "",
                    "in_schema": "CSTA_MARKETING_DEV.GOLD",
                    "object_type_plural": "TABLES"
                  }
                ],
                "object_name": "",
                "object_type": ""
              }
            ],
            "privileges": [
              "DELETE",
              "INSERT",
              "UPDATE"
            ],
            "with_grant_option": false
          },
          "sensitive_attributes": [],
          "identity_schema_version": 0,
          "private": "bnVsbA==",
          "dependencies": [
            "module.databases.snowflake_database.this",
            "module.databases.snowflake_schema.this",
            "module.rbac.snowflake_account_role.schema_access_roles",
            "module.warehouses.snowflake_warehouse.this"
          ]
        },
        {
          "index_key": "CSTA_MARKETING_DEV_ORCHESTRATION_READ_WRITE",
          "schema_version": 0,
          "attributes": {
            "account_role_name": "CSTA_MARKETING_DEV_ORCHESTRATION_READ_WRITE",
            "all_privileges": false,
            "always_apply": false,
            "always_apply_trigger": null,
            "id": "\"CSTA_MARKETING_DEV_ORCHESTRATION_READ_WRITE\"|false|false|INSERT,DELETE,UPDATE|OnSchemaObject|OnFuture|TABLES|InSchema|\"CSTA_MARKETING_DEV\".\"ORCHESTRATION\"",
            "on_account": false,
            "on_account_object": [],
            "on_schema": [],
            "on_schema_object": [
              {
                "all": [],
                "future": [
                  {
                    "in_database": "",
                    "in_schema": "CSTA_MARKETING_DEV.ORCHESTRATION",
                    "object_type_plural": "TABLES"
                  }
                ],
                "object_name": "",
                "object_type": ""
              }
            ],
            "privileges": [
              "DELETE",
              "INSERT",
              "UPDATE"
            ],
            "with_grant_option": false
          },
          "sensitive_attributes": [],
          "identity_schema_version": 0,
          "private": "bnVsbA==",
          "dependencies": [
            "module.databases.snowflake_database.this",
            "module.databases.snowflake_schema.this",
            "module.rbac.snowflake_account_role.schema_access_roles",
            "module.warehouses.snowflake_warehouse.this"
          ]
        },
        {
          "index_key": "CSTA_MARKETING_DEV_ORCHESTRATION_READ_WRITE_CREATE",
          "schema_version": 0,
          "attributes": {
            "account_role_name": "CSTA_MARKETING_DEV_ORCHESTRATION_READ_WRITE_CREATE",
            "all_privileges": false,
            "always_apply": false,
            "always_apply_trigger": null,
            "id": "\"CSTA_MARKETING_DEV_ORCHESTRATION_READ_WRITE_CREATE\"|false|false|INSERT,DELETE,UPDATE|OnSchemaObject|OnFuture|TABLES|InSchema|\"CSTA_MARKETING_DEV\".\"ORCHESTRATION\"",
            "on_account": false,
            "on_account_object": [],
            "on_schema": [],
            "on_schema_object": [
              {
                "all": [],
                "future": [
                  {
                    "in_database": "",
                    "in_schema": "CSTA_MARKETING_DEV.ORCHESTRATION",
                    "object_type_plural": "TABLES"
                  }
                ],
                "object_name": "",
                "object_type": ""
              }
            ],
            "privileges": [
              "DELETE",
              "INSERT",
              "UPDATE"
            ],
            "with_grant_option": false
          },
          "sensitive_attributes": [],
          "identity_schema_version": 0,
          "private": "bnVsbA==",
          "dependencies": [
            "module.databases.snowflake_database.this",
            "module.databases.snowflake_schema.this",
            "module.rbac.snowflake_account_role.schema_access_roles",
            "module.warehouses.snowflake_warehouse.this"
          ]
        },
        {
          "index_key": "CSTA_MARKETING_DEV_SILVER_READ_WRITE",
          "schema_version": 0,
          "attributes": {
            "account_role_name": "CSTA_MARKETING_DEV_SILVER_READ_WRITE",
            "all_privileges": false,
            "always_apply": false,
            "always_apply_trigger": null,
            "id": "\"CSTA_MARKETING_DEV_SILVER_READ_WRITE\"|false|false|INSERT,DELETE,UPDATE|OnSchemaObject|OnFuture|TABLES|InSchema|\"CSTA_MARKETING_DEV\".\"SILVER\"",
            "on_account": false,
            "on_account_object": [],
            "on_schema": [],
            "on_schema_object": [
              {
                "all": [],
                "future": [
                  {
                    "in_database": "",
                    "in_schema": "CSTA_MARKETING_DEV.SILVER",
                    "object_type_plural": "TABLES"
                  }
                ],
                "object_name": "",
                "object_type": ""
              }
            ],
            "privileges": [
              "DELETE",
              "INSERT",
              "UPDATE"
            ],
            "with_grant_option": false
          },
          "sensitive_attributes": [],
          "identity_schema_version": 0,
          "private": "bnVsbA==",
          "dependencies": [
            "module.databases.snowflake_database.this",
            "module.databases.snowflake_schema.this",
            "module.rbac.snowflake_account_role.schema_access_roles",
            "module.warehouses.snowflake_warehouse.this"
          ]
        },
        {
          "index_key": "CSTA_MARKETING_DEV_SILVER_READ_WRITE_CREATE",
          "schema_version": 0,
          "attributes": {
            "account_role_name": "CSTA_MARKETING_DEV_SILVER_READ_WRITE_CREATE",
            "all_privileges": false,
            "always_apply": false,
            "always_apply_trigger": null,
            "id": "\"CSTA_MARKETING_DEV_SILVER_READ_WRITE_CREATE\"|false|false|INSERT,DELETE,UPDATE|OnSchemaObject|OnFuture|TABLES|InSchema|\"CSTA_MARKETING_DEV\".\"SILVER\"",
            "on_account": false,
            "on_account_object": [],
            "on_schema": [],
            "on_schema_object": [
              {
                "all": [],
                "future": [
                  {
                    "in_database": "",
                    "in_schema": "CSTA_MARKETING_DEV.SILVER",
                    "object_type_plural": "TABLES"
                  }
                ],
                "object_name": "",
                "object_type": ""
              }
            ],
            "privileges": [
              "DELETE",
              "INSERT",
              "UPDATE"
            ],
            "with_grant_option": false
          },
          "sensitive_attributes": [],
          "identity_schema_version": 0,
          "private": "bnVsbA==",
          "dependencies": [
            "module.databases.snowflake_database.this",
            "module.databases.snowflake_schema.this",
            "module.rbac.snowflake_account_role.schema_access_roles",
            "module.warehouses.snowflake_warehouse.this"
          ]
        },
        {
          "index_key": "CSTA_MARKETING_PROD_BRONZE_READ_WRITE",
          "schema_version": 0,
          "attributes": {
            "account_role_name": "CSTA_MARKETING_PROD_BRONZE_READ_WRITE",
            "all_privileges": false,
            "always_apply": false,
            "always_apply_trigger": null,
            "id": "\"CSTA_MARKETING_PROD_BRONZE_READ_WRITE\"|false|false|INSERT,DELETE,UPDATE|OnSchemaObject|OnFuture|TABLES|InSchema|\"CSTA_MARKETING_PROD\".\"BRONZE\"",
            "on_account": false,
            "on_account_object": [],
            "on_schema": [],
            "on_schema_object": [
              {
                "all": [],
                "future": [
                  {
                    "in_database": "",
                    "in_schema": "CSTA_MARKETING_PROD.BRONZE",
                    "object_type_plural": "TABLES"
                  }
                ],
                "object_name": "",
                "object_type": ""
              }
            ],
            "privileges": [
              "DELETE",
              "INSERT",
              "UPDATE"
            ],
            "with_grant_option": false
          },
          "sensitive_attributes": [],
          "identity_schema_version": 0,
          "private": "bnVsbA==",
          "dependencies": [
            "module.databases.snowflake_database.this",
            "module.databases.snowflake_schema.this",
            "module.rbac.snowflake_account_role.schema_access_roles",
            "module.warehouses.snowflake_warehouse.this"
          ]
        },
        {
          "index_key": "CSTA_MARKETING_PROD_BRONZE_READ_WRITE_CREATE",
          "schema_version": 0,
          "attributes": {
            "account_role_name": "CSTA_MARKETING_PROD_BRONZE_READ_WRITE_CREATE",
            "all_privileges": false,
            "always_apply": false,
            "always_apply_trigger": null,
            "id": "\"CSTA_MARKETING_PROD_BRONZE_READ_WRITE_CREATE\"|false|false|INSERT,DELETE,UPDATE|OnSchemaObject|OnFuture|TABLES|InSchema|\"CSTA_MARKETING_PROD\".\"BRONZE\"",
            "on_account": false,
            "on_account_object": [],
            "on_schema": [],
            "on_schema_object": [
              {
                "all": [],
                "future": [
                  {
                    "in_database": "",
                    "in_schema": "CSTA_MARKETING_PROD.BRONZE",
                    "object_type_plural": "TABLES"
                  }
                ],
                "object_name": "",
                "object_type": ""
              }
            ],
            "privileges": [
              "DELETE",
              "INSERT",
              "UPDATE"
            ],
            "with_grant_option": false
          },
          "sensitive_attributes": [],
          "identity_schema_version": 0,
          "private": "bnVsbA==",
          "dependencies": [
            "module.databases.snowflake_database.this",
            "module.databases.snowflake_schema.this",
            "module.rbac.snowflake_account_role.schema_access_roles",
            "module.warehouses.snowflake_warehouse.this"
          ]
        },
        {
          "index_key": "CSTA_MARKETING_PROD_GOLD_READ_WRITE",
          "schema_version": 0,
          "attributes": {
            "account_role_name": "CSTA_MARKETING_PROD_GOLD_READ_WRITE",
            "all_privileges": false,
            "always_apply": false,
            "always_apply_trigger": null,
            "id": "\"CSTA_MARKETING_PROD_GOLD_READ_WRITE\"|false|false|INSERT,DELETE,UPDATE|OnSchemaObject|OnFuture|TABLES|InSchema|\"CSTA_MARKETING_PROD\".\"GOLD\"",
            "on_account": false,
            "on_account_object": [],
            "on_schema": [],
            "on_schema_object": [
              {
                "all": [],
                "future": [
                  {
                    "in_database": "",
                    "in_schema": "CSTA_MARKETING_PROD.GOLD",
                    "object_type_plural": "TABLES"
                  }
                ],
                "object_name": "",
                "object_type": ""
              }
            ],
            "privileges": [
              "DELETE",
              "INSERT",
              "UPDATE"
            ],
            "with_grant_option": false
          },
          "sensitive_attributes": [],
          "identity_schema_version": 0,
          "private": "bnVsbA==",
          "dependencies": [
            "module.databases.snowflake_database.this",
            "module.databases.snowflake_schema.this",
            "module.rbac.snowflake_account_role.schema_access_roles",
            "module.warehouses.snowflake_warehouse.this"
          ]
        },
        {
          "index_key": "CSTA_MARKETING_PROD_GOLD_READ_WRITE_CREATE",
          "schema_version": 0,
          "attributes": {
            "account_role_name": "CSTA_MARKETING_PROD_GOLD_READ_WRITE_CREATE",
            "all_privileges": false,
            "always_apply": false,
            "always_apply_trigger": null,
            "id": "\"CSTA_MARKETING_PROD_GOLD_READ_WRITE_CREATE\"|false|false|INSERT,DELETE,UPDATE|OnSchemaObject|OnFuture|TABLES|InSchema|\"CSTA_MARKETING_PROD\".\"GOLD\"",
            "on_account": false,
            "on_account_object": [],
            "on_schema": [],
            "on_schema_object": [
              {
                "all": [],
                "future": [
                  {
                    "in_database": "",
                    "in_schema": "CSTA_MARKETING_PROD.GOLD",
                    "object_type_plural": "TABLES"
                  }
                ],
                "object_name": "",
                "object_type": ""
              }
            ],
            "privileges": [
              "DELETE",
              "INSERT",
              "UPDATE"
            ],
            "with_grant_option": false
          },
          "sensitive_attributes": [],
          "identity_schema_version": 0,
          "private": "bnVsbA==",
          "dependencies": [
            "module.databases.snowflake_database.this",
            "module.databases.snowflake_schema.this",
            "module.rbac.snowflake_account_role.schema_access_roles",
            "module.warehouses.snowflake_warehouse.this"
          ]
        },
        {
          "index_key": "CSTA_MARKETING_PROD_ORCHESTRATION_READ_WRITE",
          "schema_version": 0,
          "attributes": {
            "account_role_name": "CSTA_MARKETING_PROD_ORCHESTRATION_READ_WRITE",
            "all_privileges": false,
            "always_apply": false,
            "always_apply_trigger": null,
            "id": "\"CSTA_MARKETING_PROD_ORCHESTRATION_READ_WRITE\"|false|false|INSERT,DELETE,UPDATE|OnSchemaObject|OnFuture|TABLES|InSchema|\"CSTA_MARKETING_PROD\".\"ORCHESTRATION\"",
            "on_account": false,
            "on_account_object": [],
            "on_schema": [],
            "on_schema_object": [
              {
                "all": [],
                "future": [
                  {
                    "in_database": "",
                    "in_schema": "CSTA_MARKETING_PROD.ORCHESTRATION",
                    "object_type_plural": "TABLES"
                  }
                ],
                "object_name": "",
                "object_type": ""
              }
            ],
            "privileges": [
              "DELETE",
              "INSERT",
              "UPDATE"
            ],
            "with_grant_option": false
          },
          "sensitive_attributes": [],
          "identity_schema_version": 0,
          "private": "bnVsbA==",
          "dependencies": [
            "module.databases.snowflake_database.this",
            "module.databases.snowflake_schema.this",
            "module.rbac.snowflake_account_role.schema_access_roles",
            "module.warehouses.snowflake_warehouse.this"
          ]
        },
        {
          "index_key": "CSTA_MARKETING_PROD_ORCHESTRATION_READ_WRITE_CREATE",
          "schema_version": 0,
          "attributes": {
            "account_role_name": "CSTA_MARKETING_PROD_ORCHESTRATION_READ_WRITE_CREATE",
            "all_privileges": false,
            "always_apply": false,
            "always_apply_trigger": null,
            "id": "\"CSTA_MARKETING_PROD_ORCHESTRATION_READ_WRITE_CREATE\"|false|false|INSERT,DELETE,UPDATE|OnSchemaObject|OnFuture|TABLES|InSchema|\"CSTA_MARKETING_PROD\".\"ORCHESTRATION\"",
            "on_account": false,
            "on_account_object": [],
            "on_schema": [],
            "on_schema_object": [
              {
                "all": [],
                "future": [
                  {
                    "in_database": "",
                    "in_schema": "CSTA_MARKETING_PROD.ORCHESTRATION",
                    "object_type_plural": "TABLES"
                  }
                ],
                "object_name": "",
                "object_type": ""
              }
            ],
            "privileges": [
              "DELETE",
              "INSERT",
              "UPDATE"
            ],
            "with_grant_option": false
          },
          "sensitive_attributes": [],
          "identity_schema_version": 0,
          "private": "bnVsbA==",
          "dependencies": [
            "module.databases.snowflake_database.this",
            "module.databases.snowflake_schema.this",
            "module.rbac.snowflake_account_role.schema_access_roles",
            "module.warehouses.snowflake_warehouse.this"
          ]
        },
        {
          "index_key": "CSTA_MARKETING_PROD_SILVER_READ_WRITE",
          "schema_version": 0,
          "attributes": {
            "account_role_name": "CSTA_MARKETING_PROD_SILVER_READ_WRITE",
            "all_privileges": false,
            "always_apply": false,
            "always_apply_trigger": null,
            "id": "\"CSTA_MARKETING_PROD_SILVER_READ_WRITE\"|false|false|INSERT,DELETE,UPDATE|OnSchemaObject|OnFuture|TABLES|InSchema|\"CSTA_MARKETING_PROD\".\"SILVER\"",
            "on_account": false,
            "on_account_object": [],
            "on_schema": [],
            "on_schema_object": [
              {
                "all": [],
                "future": [
                  {
                    "in_database": "",
                    "in_schema": "CSTA_MARKETING_PROD.SILVER",
                    "object_type_plural": "TABLES"
                  }
                ],
                "object_name": "",
                "object_type": ""
              }
            ],
            "privileges": [
              "DELETE",
              "INSERT",
              "UPDATE"
            ],
            "with_grant_option": false
          },
          "sensitive_attributes": [],
          "identity_schema_version": 0,
          "private": "bnVsbA==",
          "dependencies": [
            "module.databases.snowflake_database.this",
            "module.databases.snowflake_schema.this",
            "module.rbac.snowflake_account_role.schema_access_roles",
            "module.warehouses.snowflake_warehouse.this"
          ]
        },
        {
          "index_key": "CSTA_MARKETING_PROD_SILVER_READ_WRITE_CREATE",
          "schema_version": 0,
          "attributes": {
            "account_role_name": "CSTA_MARKETING_PROD_SILVER_READ_WRITE_CREATE",
            "all_privileges": false,
            "always_apply": false,
            "always_apply_trigger": null,
            "id": "\"CSTA_MARKETING_PROD_SILVER_READ_WRITE_CREATE\"|false|false|INSERT,DELETE,UPDATE|OnSchemaObject|OnFuture|TABLES|InSchema|\"CSTA_MARKETING_PROD\".\"SILVER\"",
            "on_account": false,
            "on_account_object": [],
            "on_schema": [],
            "on_schema_object": [
              {
                "all": [],
                "future": [
                  {
                    "in_database": "",
                    "in_schema": "CSTA_MARKETING_PROD.SILVER",
                    "object_type_plural": "TABLES"
                  }
                ],
                "object_name": "",
                "object_type": ""
              }
            ],
            "privileges": [
              "DELETE",
              "INSERT",
              "UPDATE"
            ],
            "with_grant_option": false
          },
          "sensitive_attributes": [],
          "identity_schema_version": 0,
          "private": "bnVsbA==",
          "dependencies": [
            "module.databases.snowflake_database.this",
            "module.databases.snowflake_schema.this",
            "module.rbac.snowflake_account_role.schema_access_roles",
            "module.warehouses.snowflake_warehouse.this"
          ]
        },
        {
          "index_key": "CSTA_MARKETING_SHARED_ARTIFACTS_READ_WRITE",
          "schema_version": 0,
          "attributes": {
            "account_role_name": "CSTA_MARKETING_SHARED_ARTIFACTS_READ_WRITE",
            "all_privileges": false,
            "always_apply": false,
            "always_apply_trigger": null,
            "id": "\"CSTA_MARKETING_SHARED_ARTIFACTS_READ_WRITE\"|false|false|INSERT,DELETE,UPDATE|OnSchemaObject|OnFuture|TABLES|InSchema|\"CSTA_MARKETING_SHARED\".\"ARTIFACTS\"",
            "on_account": false,
            "on_account_object": [],
            "on_schema": [],
            "on_schema_object": [
              {
                "all": [],
                "future": [
                  {
                    "in_database": "",
                    "in_schema": "CSTA_MARKETING_SHARED.ARTIFACTS",
                    "object_type_plural": "TABLES"
                  }
                ],
                "object_name": "",
                "object_type": ""
              }
            ],
            "privileges": [
              "DELETE",
              "INSERT",
              "UPDATE"
            ],
            "with_grant_option": false
          },
          "sensitive_attributes": [],
          "identity_schema_version": 0,
          "private": "bnVsbA==",
          "dependencies": [
            "module.databases.snowflake_database.this",
            "module.databases.snowflake_schema.this",
            "module.rbac.snowflake_account_role.schema_access_roles",
            "module.warehouses.snowflake_warehouse.this"
          ]
        },
        {
          "index_key": "CSTA_MARKETING_SHARED_ARTIFACTS_READ_WRITE_CREATE",
          "schema_version": 0,
          "attributes": {
            "account_role_name": "CSTA_MARKETING_SHARED_ARTIFACTS_READ_WRITE_CREATE",
            "all_privileges": false,
            "always_apply": false,
            "always_apply_trigger": null,
            "id": "\"CSTA_MARKETING_SHARED_ARTIFACTS_READ_WRITE_CREATE\"|false|false|INSERT,DELETE,UPDATE|OnSchemaObject|OnFuture|TABLES|InSchema|\"CSTA_MARKETING_SHARED\".\"ARTIFACTS\"",
            "on_account": false,
            "on_account_object": [],
            "on_schema": [],
            "on_schema_object": [
              {
                "all": [],
                "future": [
                  {
                    "in_database": "",
                    "in_schema": "CSTA_MARKETING_SHARED.ARTIFACTS",
                    "object_type_plural": "TABLES"
                  }
                ],
                "object_name": "",
                "object_type": ""
              }
            ],
            "privileges": [
              "DELETE",
              "INSERT",
              "UPDATE"
            ],
            "with_grant_option": false
          },
          "sensitive_attributes": [],
          "identity_schema_version": 0,
          "private": "bnVsbA==",
          "dependencies": [
            "module.databases.snowflake_database.this",
            "module.databases.snowflake_schema.this",
            "module.rbac.snowflake_account_role.schema_access_roles",
            "module.warehouses.snowflake_warehouse.this"
          ]
        },
        {
          "index_key": "CSTA_MARKETING_SHARED_OBSERVABILITY_READ_WRITE",
          "schema_version": 0,
          "attributes": {
            "account_role_name": "CSTA_MARKETING_SHARED_OBSERVABILITY_READ_WRITE",
            "all_privileges": false,
            "always_apply": false,
            "always_apply_trigger": null,
            "id": "\"CSTA_MARKETING_SHARED_OBSERVABILITY_READ_WRITE\"|false|false|INSERT,DELETE,UPDATE|OnSchemaObject|OnFuture|TABLES|InSchema|\"CSTA_MARKETING_SHARED\".\"OBSERVABILITY\"",
            "on_account": false,
            "on_account_object": [],
            "on_schema": [],
            "on_schema_object": [
              {
                "all": [],
                "future": [
                  {
                    "in_database": "",
                    "in_schema": "CSTA_MARKETING_SHARED.OBSERVABILITY",
                    "object_type_plural": "TABLES"
                  }
                ],
                "object_name": "",
                "object_type": ""
              }
            ],
            "privileges": [
              "DELETE",
              "INSERT",
              "UPDATE"
            ],
            "with_grant_option": false
          },
          "sensitive_attributes": [],
          "identity_schema_version": 0,
          "private": "bnVsbA==",
          "dependencies": [
            "module.databases.snowflake_database.this",
            "module.databases.snowflake_schema.this",
            "module.rbac.snowflake_account_role.schema_access_roles",
            "module.warehouses.snowflake_warehouse.this"
          ]
        },
        {
          "index_key": "CSTA_MARKETING_SHARED_OBSERVABILITY_READ_WRITE_CREATE",
          "schema_version": 0,
          "attributes": {
            "account_role_name": "CSTA_MARKETING_SHARED_OBSERVABILITY_READ_WRITE_CREATE",
            "all_privileges": false,
            "always_apply": false,
            "always_apply_trigger": null,
            "id": "\"CSTA_MARKETING_SHARED_OBSERVABILITY_READ_WRITE_CREATE\"|false|false|INSERT,DELETE,UPDATE|OnSchemaObject|OnFuture|TABLES|InSchema|\"CSTA_MARKETING_SHARED\".\"OBSERVABILITY\"",
            "on_account": false,
            "on_account_object": [],
            "on_schema": [],
            "on_schema_object": [
              {
                "all": [],
                "future": [
                  {
                    "in_database": "",
                    "in_schema": "CSTA_MARKETING_SHARED.OBSERVABILITY",
                    "object_type_plural": "TABLES"
                  }
                ],
                "object_name": "",
                "object_type": ""
              }
            ],
            "privileges": [
              "DELETE",
              "INSERT",
              "UPDATE"
            ],
            "with_grant_option": false
          },
          "sensitive_attributes": [],
          "identity_schema_version": 0,
          "private": "bnVsbA==",
          "dependencies": [
            "module.databases.snowflake_database.this",
            "module.databases.snowflake_schema.this",
            "module.rbac.snowflake_account_role.schema_access_roles",
            "module.warehouses.snowflake_warehouse.this"
          ]
        },
        {
          "index_key": "CSTA_MARKETING_UAT_BRONZE_READ_WRITE",
          "schema_version": 0,
          "attributes": {
            "account_role_name": "CSTA_MARKETING_UAT_BRONZE_READ_WRITE",
            "all_privileges": false,
            "always_apply": false,
            "always_apply_trigger": null,
            "id": "\"CSTA_MARKETING_UAT_BRONZE_READ_WRITE\"|false|false|INSERT,DELETE,UPDATE|OnSchemaObject|OnFuture|TABLES|InSchema|\"CSTA_MARKETING_UAT\".\"BRONZE\"",
            "on_account": false,
            "on_account_object": [],
            "on_schema": [],
            "on_schema_object": [
              {
                "all": [],
                "future": [
                  {
                    "in_database": "",
                    "in_schema": "CSTA_MARKETING_UAT.BRONZE",
                    "object_type_plural": "TABLES"
                  }
                ],
                "object_name": "",
                "object_type": ""
              }
            ],
            "privileges": [
              "DELETE",
              "INSERT",
              "UPDATE"
            ],
            "with_grant_option": false
          },
          "sensitive_attributes": [],
          "identity_schema_version": 0,
          "private": "bnVsbA==",
          "dependencies": [
            "module.databases.snowflake_database.this",
            "module.databases.snowflake_schema.this",
            "module.rbac.snowflake_account_role.schema_access_roles",
            "module.warehouses.snowflake_warehouse.this"
          ]
        },
        {
          "index_key": "CSTA_MARKETING_UAT_BRONZE_READ_WRITE_CREATE",
          "schema_version": 0,
          "attributes": {
            "account_role_name": "CSTA_MARKETING_UAT_BRONZE_READ_WRITE_CREATE",
            "all_privileges": false,
            "always_apply": false,
            "always_apply_trigger": null,
            "id": "\"CSTA_MARKETING_UAT_BRONZE_READ_WRITE_CREATE\"|false|false|INSERT,DELETE,UPDATE|OnSchemaObject|OnFuture|TABLES|InSchema|\"CSTA_MARKETING_UAT\".\"BRONZE\"",
            "on_account": false,
            "on_account_object": [],
            "on_schema": [],
            "on_schema_object": [
              {
                "all": [],
                "future": [
                  {
                    "in_database": "",
                    "in_schema": "CSTA_MARKETING_UAT.BRONZE",
                    "object_type_plural": "TABLES"
                  }
                ],
                "object_name": "",
                "object_type": ""
              }
            ],
            "privileges": [
              "DELETE",
              "INSERT",
              "UPDATE"
            ],
            "with_grant_option": false
          },
          "sensitive_attributes": [],
          "identity_schema_version": 0,
          "private": "bnVsbA==",
          "dependencies": [
            "module.databases.snowflake_database.this",
            "module.databases.snowflake_schema.this",
            "module.rbac.snowflake_account_role.schema_access_roles",
            "module.warehouses.snowflake_warehouse.this"
          ]
        },
        {
          "index_key": "CSTA_MARKETING_UAT_GOLD_READ_WRITE",
          "schema_version": 0,
          "attributes": {
            "account_role_name": "CSTA_MARKETING_UAT_GOLD_READ_WRITE",
            "all_privileges": false,
            "always_apply": false,
            "always_apply_trigger": null,
            "id": "\"CSTA_MARKETING_UAT_GOLD_READ_WRITE\"|false|false|INSERT,DELETE,UPDATE|OnSchemaObject|OnFuture|TABLES|InSchema|\"CSTA_MARKETING_UAT\".\"GOLD\"",
            "on_account": false,
            "on_account_object": [],
            "on_schema": [],
            "on_schema_object": [
              {
                "all": [],
                "future": [
                  {
                    "in_database": "",
                    "in_schema": "CSTA_MARKETING_UAT.GOLD",
                    "object_type_plural": "TABLES"
                  }
                ],
                "object_name": "",
                "object_type": ""
              }
            ],
            "privileges": [
              "DELETE",
              "INSERT",
              "UPDATE"
            ],
            "with_grant_option": false
          },
          "sensitive_attributes": [],
          "identity_schema_version": 0,
          "private": "bnVsbA==",
          "dependencies": [
            "module.databases.snowflake_database.this",
            "module.databases.snowflake_schema.this",
            "module.rbac.snowflake_account_role.schema_access_roles",
            "module.warehouses.snowflake_warehouse.this"
          ]
        },
        {
          "index_key": "CSTA_MARKETING_UAT_GOLD_READ_WRITE_CREATE",
          "schema_version": 0,
          "attributes": {
            "account_role_name": "CSTA_MARKETING_UAT_GOLD_READ_WRITE_CREATE",
            "all_privileges": false,
            "always_apply": false,
            "always_apply_trigger": null,
            "id": "\"CSTA_MARKETING_UAT_GOLD_READ_WRITE_CREATE\"|false|false|INSERT,DELETE,UPDATE|OnSchemaObject|OnFuture|TABLES|InSchema|\"CSTA_MARKETING_UAT\".\"GOLD\"",
            "on_account": false,
            "on_account_object": [],
            "on_schema": [],
            "on_schema_object": [
              {
                "all": [],
                "future": [
                  {
                    "in_database": "",
                    "in_schema": "CSTA_MARKETING_UAT.GOLD",
                    "object_type_plural": "TABLES"
                  }
                ],
                "object_name": "",
                "object_type": ""
              }
            ],
            "privileges": [
              "DELETE",
              "INSERT",
              "UPDATE"
            ],
            "with_grant_option": false
          },
          "sensitive_attributes": [],
          "identity_schema_version": 0,
          "private": "bnVsbA==",
          "dependencies": [
            "module.databases.snowflake_database.this",
            "module.databases.snowflake_schema.this",
            "module.rbac.snowflake_account_role.schema_access_roles",
            "module.warehouses.snowflake_warehouse.this"
          ]
        },
        {
          "index_key": "CSTA_MARKETING_UAT_ORCHESTRATION_READ_WRITE",
          "schema_version": 0,
          "attributes": {
            "account_role_name": "CSTA_MARKETING_UAT_ORCHESTRATION_READ_WRITE",
            "all_privileges": false,
            "always_apply": false,
            "always_apply_trigger": null,
            "id": "\"CSTA_MARKETING_UAT_ORCHESTRATION_READ_WRITE\"|false|false|INSERT,DELETE,UPDATE|OnSchemaObject|OnFuture|TABLES|InSchema|\"CSTA_MARKETING_UAT\".\"ORCHESTRATION\"",
            "on_account": false,
            "on_account_object": [],
            "on_schema": [],
            "on_schema_object": [
              {
                "all": [],
                "future": [
                  {
                    "in_database": "",
                    "in_schema": "CSTA_MARKETING_UAT.ORCHESTRATION",
                    "object_type_plural": "TABLES"
                  }
                ],
                "object_name": "",
                "object_type": ""
              }
            ],
            "privileges": [
              "DELETE",
              "INSERT",
              "UPDATE"
            ],
            "with_grant_option": false
          },
          "sensitive_attributes": [],
          "identity_schema_version": 0,
          "private": "bnVsbA==",
          "dependencies": [
            "module.databases.snowflake_database.this",
            "module.databases.snowflake_schema.this",
            "module.rbac.snowflake_account_role.schema_access_roles",
            "module.warehouses.snowflake_warehouse.this"
          ]
        },
        {
          "index_key": "CSTA_MARKETING_UAT_ORCHESTRATION_READ_WRITE_CREATE",
          "schema_version": 0,
          "attributes": {
            "account_role_name": "CSTA_MARKETING_UAT_ORCHESTRATION_READ_WRITE_CREATE",
            "all_privileges": false,
            "always_apply": false,
            "always_apply_trigger": null,
            "id": "\"CSTA_MARKETING_UAT_ORCHESTRATION_READ_WRITE_CREATE\"|false|false|INSERT,DELETE,UPDATE|OnSchemaObject|OnFuture|TABLES|InSchema|\"CSTA_MARKETING_UAT\".\"ORCHESTRATION\"",
            "on_account": false,
            "on_account_object": [],
            "on_schema": [],
            "on_schema_object": [
              {
                "all": [],
                "future": [
                  {
                    "in_database": "",
                    "in_schema": "CSTA_MARKETING_UAT.ORCHESTRATION",
                    "object_type_plural": "TABLES"
                  }
                ],
                "object_name": "",
                "object_type": ""
              }
            ],
            "privileges": [
              "DELETE",
              "INSERT",
              "UPDATE"
            ],
            "with_grant_option": false
          },
          "sensitive_attributes": [],
          "identity_schema_version": 0,
          "private": "bnVsbA==",
          "dependencies": [
            "module.databases.snowflake_database.this",
            "module.databases.snowflake_schema.this",
            "module.rbac.snowflake_account_role.schema_access_roles",
            "module.warehouses.snowflake_warehouse.this"
          ]
        },
        {
          "index_key": "CSTA_MARKETING_UAT_SILVER_READ_WRITE",
          "schema_version": 0,
          "attributes": {
            "account_role_name": "CSTA_MARKETING_UAT_SILVER_READ_WRITE",
            "all_privileges": false,
            "always_apply": false,
            "always_apply_trigger": null,
            "id": "\"CSTA_MARKETING_UAT_SILVER_READ_WRITE\"|false|false|INSERT,DELETE,UPDATE|OnSchemaObject|OnFuture|TABLES|InSchema|\"CSTA_MARKETING_UAT\".\"SILVER\"",
            "on_account": false,
            "on_account_object": [],
            "on_schema": [],
            "on_schema_object": [
              {
                "all": [],
                "future": [
                  {
                    "in_database": "",
                    "in_schema": "CSTA_MARKETING_UAT.SILVER",
                    "object_type_plural": "TABLES"
                  }
                ],
                "object_name": "",
                "object_type": ""
              }
            ],
            "privileges": [
              "DELETE",
              "INSERT",
              "UPDATE"
            ],
            "with_grant_option": false
          },
          "sensitive_attributes": [],
          "identity_schema_version": 0,
          "private": "bnVsbA==",
          "dependencies": [
            "module.databases.snowflake_database.this",
            "module.databases.snowflake_schema.this",
            "module.rbac.snowflake_account_role.schema_access_roles",
            "module.warehouses.snowflake_warehouse.this"
          ]
        },
        {
          "index_key": "CSTA_MARKETING_UAT_SILVER_READ_WRITE_CREATE",
          "schema_version": 0,
          "attributes": {
            "account_role_name": "CSTA_MARKETING_UAT_SILVER_READ_WRITE_CREATE",
            "all_privileges": false,
            "always_apply": false,
            "always_apply_trigger": null,
            "id": "\"CSTA_MARKETING_UAT_SILVER_READ_WRITE_CREATE\"|false|false|INSERT,DELETE,UPDATE|OnSchemaObject|OnFuture|TABLES|InSchema|\"CSTA_MARKETING_UAT\".\"SILVER\"",
            "on_account": false,
            "on_account_object": [],
            "on_schema": [],
            "on_schema_object": [
              {
                "all": [],
                "future": [
                  {
                    "in_database": "",
                    "in_schema": "CSTA_MARKETING_UAT.SILVER",
                    "object_type_plural": "TABLES"
                  }
                ],
                "object_name": "",
                "object_type": ""
              }
            ],
            "privileges": [
              "DELETE",
              "INSERT",
              "UPDATE"
            ],
            "with_grant_option": false
          },
          "sensitive_attributes": [],
          "identity_schema_version": 0,
          "private": "bnVsbA==",
          "dependencies": [
            "module.databases.snowflake_database.this",
            "module.databases.snowflake_schema.this",
            "module.rbac.snowflake_account_role.schema_access_roles",
            "module.warehouses.snowflake_warehouse.this"
          ]
        }
      ]
    },
    {
      "module": "module.rbac",
      "mode": "managed",
      "type": "snowflake_grant_privileges_to_account_role",
      "name": "schema_select_all_tables",
      "provider": "provider[\"registry.terraform.io/snowflakedb/snowflake\"]",
      "instances": [
        {
          "index_key": "CSTA_MARKETING_DEV_BRONZE_READ",
          "schema_version": 0,
          "attributes": {
            "account_role_name": "CSTA_MARKETING_DEV_BRONZE_READ",
            "all_privileges": false,
            "always_apply": false,
            "always_apply_trigger": null,
            "id": "\"CSTA_MARKETING_DEV_BRONZE_READ\"|false|false|SELECT|OnSchemaObject|OnAll|TABLES|InSchema|\"CSTA_MARKETING_DEV\".\"BRONZE\"",
            "on_account": false,
            "on_account_object": [],
            "on_schema": [],
            "on_schema_object": [
              {
                "all": [
                  {
                    "in_database": "",
                    "in_schema": "CSTA_MARKETING_DEV.BRONZE",
                    "object_type_plural": "TABLES"
                  }
                ],
                "future": [],
                "object_name": "",
                "object_type": ""
              }
            ],
            "privileges": [
              "SELECT"
            ],
            "with_grant_option": false
          },
          "sensitive_attributes": [],
          "identity_schema_version": 0,
          "private": "bnVsbA==",
          "dependencies": [
            "module.databases.snowflake_database.this",
            "module.databases.snowflake_schema.this",
            "module.rbac.snowflake_account_role.schema_access_roles",
            "module.warehouses.snowflake_warehouse.this"
          ]
        },
        {
          "index_key": "CSTA_MARKETING_DEV_BRONZE_READ_WRITE",
          "schema_version": 0,
          "attributes": {
            "account_role_name": "CSTA_MARKETING_DEV_BRONZE_READ_WRITE",
            "all_privileges": false,
            "always_apply": false,
            "always_apply_trigger": null,
            "id": "\"CSTA_MARKETING_DEV_BRONZE_READ_WRITE\"|false|false|SELECT|OnSchemaObject|OnAll|TABLES|InSchema|\"CSTA_MARKETING_DEV\".\"BRONZE\"",
            "on_account": false,
            "on_account_object": [],
            "on_schema": [],
            "on_schema_object": [
              {
                "all": [
                  {
                    "in_database": "",
                    "in_schema": "CSTA_MARKETING_DEV.BRONZE",
                    "object_type_plural": "TABLES"
                  }
                ],
                "future": [],
                "object_name": "",
                "object_type": ""
              }
            ],
            "privileges": [
              "SELECT"
            ],
            "with_grant_option": false
          },
          "sensitive_attributes": [],
          "identity_schema_version": 0,
          "private": "bnVsbA==",
          "dependencies": [
            "module.databases.snowflake_database.this",
            "module.databases.snowflake_schema.this",
            "module.rbac.snowflake_account_role.schema_access_roles",
            "module.warehouses.snowflake_warehouse.this"
          ]
        },
        {
          "index_key": "CSTA_MARKETING_DEV_BRONZE_READ_WRITE_CREATE",
          "schema_version": 0,
          "attributes": {
            "account_role_name": "CSTA_MARKETING_DEV_BRONZE_READ_WRITE_CREATE",
            "all_privileges": false,
            "always_apply": false,
            "always_apply_trigger": null,
            "id": "\"CSTA_MARKETING_DEV_BRONZE_READ_WRITE_CREATE\"|false|false|SELECT|OnSchemaObject|OnAll|TABLES|InSchema|\"CSTA_MARKETING_DEV\".\"BRONZE\"",
            "on_account": false,
            "on_account_object": [],
            "on_schema": [],
            "on_schema_object": [
              {
                "all": [
                  {
                    "in_database": "",
                    "in_schema": "CSTA_MARKETING_DEV.BRONZE",
                    "object_type_plural": "TABLES"
                  }
                ],
                "future": [],
                "object_name": "",
                "object_type": ""
              }
            ],
            "privileges": [
              "SELECT"
            ],
            "with_grant_option": false
          },
          "sensitive_attributes": [],
          "identity_schema_version": 0,
          "private": "bnVsbA==",
          "dependencies": [
            "module.databases.snowflake_database.this",
            "module.databases.snowflake_schema.this",
            "module.rbac.snowflake_account_role.schema_access_roles",
            "module.warehouses.snowflake_warehouse.this"
          ]
        },
        {
          "index_key": "CSTA_MARKETING_DEV_GOLD_READ",
          "schema_version": 0,
          "attributes": {
            "account_role_name": "CSTA_MARKETING_DEV_GOLD_READ",
            "all_privileges": false,
            "always_apply": false,
            "always_apply_trigger": null,
            "id": "\"CSTA_MARKETING_DEV_GOLD_READ\"|false|false|SELECT|OnSchemaObject|OnAll|TABLES|InSchema|\"CSTA_MARKETING_DEV\".\"GOLD\"",
            "on_account": false,
            "on_account_object": [],
            "on_schema": [],
            "on_schema_object": [
              {
                "all": [
                  {
                    "in_database": "",
                    "in_schema": "CSTA_MARKETING_DEV.GOLD",
                    "object_type_plural": "TABLES"
                  }
                ],
                "future": [],
                "object_name": "",
                "object_type": ""
              }
            ],
            "privileges": [
              "SELECT"
            ],
            "with_grant_option": false
          },
          "sensitive_attributes": [],
          "identity_schema_version": 0,
          "private": "bnVsbA==",
          "dependencies": [
            "module.databases.snowflake_database.this",
            "module.databases.snowflake_schema.this",
            "module.rbac.snowflake_account_role.schema_access_roles",
            "module.warehouses.snowflake_warehouse.this"
          ]
        },
        {
          "index_key": "CSTA_MARKETING_DEV_GOLD_READ_WRITE",
          "schema_version": 0,
          "attributes": {
            "account_role_name": "CSTA_MARKETING_DEV_GOLD_READ_WRITE",
            "all_privileges": false,
            "always_apply": false,
            "always_apply_trigger": null,
            "id": "\"CSTA_MARKETING_DEV_GOLD_READ_WRITE\"|false|false|SELECT|OnSchemaObject|OnAll|TABLES|InSchema|\"CSTA_MARKETING_DEV\".\"GOLD\"",
            "on_account": false,
            "on_account_object": [],
            "on_schema": [],
            "on_schema_object": [
              {
                "all": [
                  {
                    "in_database": "",
                    "in_schema": "CSTA_MARKETING_DEV.GOLD",
                    "object_type_plural": "TABLES"
                  }
                ],
                "future": [],
                "object_name": "",
                "object_type": ""
              }
            ],
            "privileges": [
              "SELECT"
            ],
            "with_grant_option": false
          },
          "sensitive_attributes": [],
          "identity_schema_version": 0,
          "private": "bnVsbA==",
          "dependencies": [
            "module.databases.snowflake_database.this",
            "module.databases.snowflake_schema.this",
            "module.rbac.snowflake_account_role.schema_access_roles",
            "module.warehouses.snowflake_warehouse.this"
          ]
        },
        {
          "index_key": "CSTA_MARKETING_DEV_GOLD_READ_WRITE_CREATE",
          "schema_version": 0,
          "attributes": {
            "account_role_name": "CSTA_MARKETING_DEV_GOLD_READ_WRITE_CREATE",
            "all_privileges": false,
            "always_apply": false,
            "always_apply_trigger": null,
            "id": "\"CSTA_MARKETING_DEV_GOLD_READ_WRITE_CREATE\"|false|false|SELECT|OnSchemaObject|OnAll|TABLES|InSchema|\"CSTA_MARKETING_DEV\".\"GOLD\"",
            "on_account": false,
            "on_account_object": [],
            "on_schema": [],
            "on_schema_object": [
              {
                "all": [
                  {
                    "in_database": "",
                    "in_schema": "CSTA_MARKETING_DEV.GOLD",
                    "object_type_plural": "TABLES"
                  }
                ],
                "future": [],
                "object_name": "",
                "object_type": ""
              }
            ],
            "privileges": [
              "SELECT"
            ],
            "with_grant_option": false
          },
          "sensitive_attributes": [],
          "identity_schema_version": 0,
          "private": "bnVsbA==",
          "dependencies": [
            "module.databases.snowflake_database.this",
            "module.databases.snowflake_schema.this",
            "module.rbac.snowflake_account_role.schema_access_roles",
            "module.warehouses.snowflake_warehouse.this"
          ]
        },
        {
          "index_key": "CSTA_MARKETING_DEV_ORCHESTRATION_READ",
          "schema_version": 0,
          "attributes": {
            "account_role_name": "CSTA_MARKETING_DEV_ORCHESTRATION_READ",
            "all_privileges": false,
            "always_apply": false,
            "always_apply_trigger": null,
            "id": "\"CSTA_MARKETING_DEV_ORCHESTRATION_READ\"|false|false|SELECT|OnSchemaObject|OnAll|TABLES|InSchema|\"CSTA_MARKETING_DEV\".\"ORCHESTRATION\"",
            "on_account": false,
            "on_account_object": [],
            "on_schema": [],
            "on_schema_object": [
              {
                "all": [
                  {
                    "in_database": "",
                    "in_schema": "CSTA_MARKETING_DEV.ORCHESTRATION",
                    "object_type_plural": "TABLES"
                  }
                ],
                "future": [],
                "object_name": "",
                "object_type": ""
              }
            ],
            "privileges": [
              "SELECT"
            ],
            "with_grant_option": false
          },
          "sensitive_attributes": [],
          "identity_schema_version": 0,
          "private": "bnVsbA==",
          "dependencies": [
            "module.databases.snowflake_database.this",
            "module.databases.snowflake_schema.this",
            "module.rbac.snowflake_account_role.schema_access_roles",
            "module.warehouses.snowflake_warehouse.this"
          ]
        },
        {
          "index_key": "CSTA_MARKETING_DEV_ORCHESTRATION_READ_WRITE",
          "schema_version": 0,
          "attributes": {
            "account_role_name": "CSTA_MARKETING_DEV_ORCHESTRATION_READ_WRITE",
            "all_privileges": false,
            "always_apply": false,
            "always_apply_trigger": null,
            "id": "\"CSTA_MARKETING_DEV_ORCHESTRATION_READ_WRITE\"|false|false|SELECT|OnSchemaObject|OnAll|TABLES|InSchema|\"CSTA_MARKETING_DEV\".\"ORCHESTRATION\"",
            "on_account": false,
            "on_account_object": [],
            "on_schema": [],
            "on_schema_object": [
              {
                "all": [
                  {
                    "in_database": "",
                    "in_schema": "CSTA_MARKETING_DEV.ORCHESTRATION",
                    "object_type_plural": "TABLES"
                  }
                ],
                "future": [],
                "object_name": "",
                "object_type": ""
              }
            ],
            "privileges": [
              "SELECT"
            ],
            "with_grant_option": false
          },
          "sensitive_attributes": [],
          "identity_schema_version": 0,
          "private": "bnVsbA==",
          "dependencies": [
            "module.databases.snowflake_database.this",
            "module.databases.snowflake_schema.this",
            "module.rbac.snowflake_account_role.schema_access_roles",
            "module.warehouses.snowflake_warehouse.this"
          ]
        },
        {
          "index_key": "CSTA_MARKETING_DEV_ORCHESTRATION_READ_WRITE_CREATE",
          "schema_version": 0,
          "attributes": {
            "account_role_name": "CSTA_MARKETING_DEV_ORCHESTRATION_READ_WRITE_CREATE",
            "all_privileges": false,
            "always_apply": false,
            "always_apply_trigger": null,
            "id": "\"CSTA_MARKETING_DEV_ORCHESTRATION_READ_WRITE_CREATE\"|false|false|SELECT|OnSchemaObject|OnAll|TABLES|InSchema|\"CSTA_MARKETING_DEV\".\"ORCHESTRATION\"",
            "on_account": false,
            "on_account_object": [],
            "on_schema": [],
            "on_schema_object": [
              {
                "all": [
                  {
                    "in_database": "",
                    "in_schema": "CSTA_MARKETING_DEV.ORCHESTRATION",
                    "object_type_plural": "TABLES"
                  }
                ],
                "future": [],
                "object_name": "",
                "object_type": ""
              }
            ],
            "privileges": [
              "SELECT"
            ],
            "with_grant_option": false
          },
          "sensitive_attributes": [],
          "identity_schema_version": 0,
          "private": "bnVsbA==",
          "dependencies": [
            "module.databases.snowflake_database.this",
            "module.databases.snowflake_schema.this",
            "module.rbac.snowflake_account_role.schema_access_roles",
            "module.warehouses.snowflake_warehouse.this"
          ]
        },
        {
          "index_key": "CSTA_MARKETING_DEV_SILVER_READ",
          "schema_version": 0,
          "attributes": {
            "account_role_name": "CSTA_MARKETING_DEV_SILVER_READ",
            "all_privileges": false,
            "always_apply": false,
            "always_apply_trigger": null,
            "id": "\"CSTA_MARKETING_DEV_SILVER_READ\"|false|false|SELECT|OnSchemaObject|OnAll|TABLES|InSchema|\"CSTA_MARKETING_DEV\".\"SILVER\"",
            "on_account": false,
            "on_account_object": [],
            "on_schema": [],
            "on_schema_object": [
              {
                "all": [
                  {
                    "in_database": "",
                    "in_schema": "CSTA_MARKETING_DEV.SILVER",
                    "object_type_plural": "TABLES"
                  }
                ],
                "future": [],
                "object_name": "",
                "object_type": ""
              }
            ],
            "privileges": [
              "SELECT"
            ],
            "with_grant_option": false
          },
          "sensitive_attributes": [],
          "identity_schema_version": 0,
          "private": "bnVsbA==",
          "dependencies": [
            "module.databases.snowflake_database.this",
            "module.databases.snowflake_schema.this",
            "module.rbac.snowflake_account_role.schema_access_roles",
            "module.warehouses.snowflake_warehouse.this"
          ]
        },
        {
          "index_key": "CSTA_MARKETING_DEV_SILVER_READ_WRITE",
          "schema_version": 0,
          "attributes": {
            "account_role_name": "CSTA_MARKETING_DEV_SILVER_READ_WRITE",
            "all_privileges": false,
            "always_apply": false,
            "always_apply_trigger": null,
            "id": "\"CSTA_MARKETING_DEV_SILVER_READ_WRITE\"|false|false|SELECT|OnSchemaObject|OnAll|TABLES|InSchema|\"CSTA_MARKETING_DEV\".\"SILVER\"",
            "on_account": false,
            "on_account_object": [],
            "on_schema": [],
            "on_schema_object": [
              {
                "all": [
                  {
                    "in_database": "",
                    "in_schema": "CSTA_MARKETING_DEV.SILVER",
                    "object_type_plural": "TABLES"
                  }
                ],
                "future": [],
                "object_name": "",
                "object_type": ""
              }
            ],
            "privileges": [
              "SELECT"
            ],
            "with_grant_option": false
          },
          "sensitive_attributes": [],
          "identity_schema_version": 0,
          "private": "bnVsbA==",
          "dependencies": [
            "module.databases.snowflake_database.this",
            "module.databases.snowflake_schema.this",
            "module.rbac.snowflake_account_role.schema_access_roles",
            "module.warehouses.snowflake_warehouse.this"
          ]
        },
        {
          "index_key": "CSTA_MARKETING_DEV_SILVER_READ_WRITE_CREATE",
          "schema_version": 0,
          "attributes": {
            "account_role_name": "CSTA_MARKETING_DEV_SILVER_READ_WRITE_CREATE",
            "all_privileges": false,
            "always_apply": false,
            "always_apply_trigger": null,
            "id": "\"CSTA_MARKETING_DEV_SILVER_READ_WRITE_CREATE\"|false|false|SELECT|OnSchemaObject|OnAll|TABLES|InSchema|\"CSTA_MARKETING_DEV\".\"SILVER\"",
            "on_account": false,
            "on_account_object": [],
            "on_schema": [],
            "on_schema_object": [
              {
                "all": [
                  {
                    "in_database": "",
                    "in_schema": "CSTA_MARKETING_DEV.SILVER",
                    "object_type_plural": "TABLES"
                  }
                ],
                "future": [],
                "object_name": "",
                "object_type": ""
              }
            ],
            "privileges": [
              "SELECT"
            ],
            "with_grant_option": false
          },
          "sensitive_attributes": [],
          "identity_schema_version": 0,
          "private": "bnVsbA==",
          "dependencies": [
            "module.databases.snowflake_database.this",
            "module.databases.snowflake_schema.this",
            "module.rbac.snowflake_account_role.schema_access_roles",
            "module.warehouses.snowflake_warehouse.this"
          ]
        },
        {
          "index_key": "CSTA_MARKETING_PROD_BRONZE_READ",
          "schema_version": 0,
          "attributes": {
            "account_role_name": "CSTA_MARKETING_PROD_BRONZE_READ",
            "all_privileges": false,
            "always_apply": false,
            "always_apply_trigger": null,
            "id": "\"CSTA_MARKETING_PROD_BRONZE_READ\"|false|false|SELECT|OnSchemaObject|OnAll|TABLES|InSchema|\"CSTA_MARKETING_PROD\".\"BRONZE\"",
            "on_account": false,
            "on_account_object": [],
            "on_schema": [],
            "on_schema_object": [
              {
                "all": [
                  {
                    "in_database": "",
                    "in_schema": "CSTA_MARKETING_PROD.BRONZE",
                    "object_type_plural": "TABLES"
                  }
                ],
                "future": [],
                "object_name": "",
                "object_type": ""
              }
            ],
            "privileges": [
              "SELECT"
            ],
            "with_grant_option": false
          },
          "sensitive_attributes": [],
          "identity_schema_version": 0,
          "private": "bnVsbA==",
          "dependencies": [
            "module.databases.snowflake_database.this",
            "module.databases.snowflake_schema.this",
            "module.rbac.snowflake_account_role.schema_access_roles",
            "module.warehouses.snowflake_warehouse.this"
          ]
        },
        {
          "index_key": "CSTA_MARKETING_PROD_BRONZE_READ_WRITE",
          "schema_version": 0,
          "attributes": {
            "account_role_name": "CSTA_MARKETING_PROD_BRONZE_READ_WRITE",
            "all_privileges": false,
            "always_apply": false,
            "always_apply_trigger": null,
            "id": "\"CSTA_MARKETING_PROD_BRONZE_READ_WRITE\"|false|false|SELECT|OnSchemaObject|OnAll|TABLES|InSchema|\"CSTA_MARKETING_PROD\".\"BRONZE\"",
            "on_account": false,
            "on_account_object": [],
            "on_schema": [],
            "on_schema_object": [
              {
                "all": [
                  {
                    "in_database": "",
                    "in_schema": "CSTA_MARKETING_PROD.BRONZE",
                    "object_type_plural": "TABLES"
                  }
                ],
                "future": [],
                "object_name": "",
                "object_type": ""
              }
            ],
            "privileges": [
              "SELECT"
            ],
            "with_grant_option": false
          },
          "sensitive_attributes": [],
          "identity_schema_version": 0,
          "private": "bnVsbA==",
          "dependencies": [
            "module.databases.snowflake_database.this",
            "module.databases.snowflake_schema.this",
            "module.rbac.snowflake_account_role.schema_access_roles",
            "module.warehouses.snowflake_warehouse.this"
          ]
        },
        {
          "index_key": "CSTA_MARKETING_PROD_BRONZE_READ_WRITE_CREATE",
          "schema_version": 0,
          "attributes": {
            "account_role_name": "CSTA_MARKETING_PROD_BRONZE_READ_WRITE_CREATE",
            "all_privileges": false,
            "always_apply": false,
            "always_apply_trigger": null,
            "id": "\"CSTA_MARKETING_PROD_BRONZE_READ_WRITE_CREATE\"|false|false|SELECT|OnSchemaObject|OnAll|TABLES|InSchema|\"CSTA_MARKETING_PROD\".\"BRONZE\"",
            "on_account": false,
            "on_account_object": [],
            "on_schema": [],
            "on_schema_object": [
              {
                "all": [
                  {
                    "in_database": "",
                    "in_schema": "CSTA_MARKETING_PROD.BRONZE",
                    "object_type_plural": "TABLES"
                  }
                ],
                "future": [],
                "object_name": "",
                "object_type": ""
              }
            ],
            "privileges": [
              "SELECT"
            ],
            "with_grant_option": false
          },
          "sensitive_attributes": [],
          "identity_schema_version": 0,
          "private": "bnVsbA==",
          "dependencies": [
            "module.databases.snowflake_database.this",
            "module.databases.snowflake_schema.this",
            "module.rbac.snowflake_account_role.schema_access_roles",
            "module.warehouses.snowflake_warehouse.this"
          ]
        },
        {
          "index_key": "CSTA_MARKETING_PROD_GOLD_READ",
          "schema_version": 0,
          "attributes": {
            "account_role_name": "CSTA_MARKETING_PROD_GOLD_READ",
            "all_privileges": false,
            "always_apply": false,
            "always_apply_trigger": null,
            "id": "\"CSTA_MARKETING_PROD_GOLD_READ\"|false|false|SELECT|OnSchemaObject|OnAll|TABLES|InSchema|\"CSTA_MARKETING_PROD\".\"GOLD\"",
            "on_account": false,
            "on_account_object": [],
            "on_schema": [],
            "on_schema_object": [
              {
                "all": [
                  {
                    "in_database": "",
                    "in_schema": "CSTA_MARKETING_PROD.GOLD",
                    "object_type_plural": "TABLES"
                  }
                ],
                "future": [],
                "object_name": "",
                "object_type": ""
              }
            ],
            "privileges": [
              "SELECT"
            ],
            "with_grant_option": false
          },
          "sensitive_attributes": [],
          "identity_schema_version": 0,
          "private": "bnVsbA==",
          "dependencies": [
            "module.databases.snowflake_database.this",
            "module.databases.snowflake_schema.this",
            "module.rbac.snowflake_account_role.schema_access_roles",
            "module.warehouses.snowflake_warehouse.this"
          ]
        },
        {
          "index_key": "CSTA_MARKETING_PROD_GOLD_READ_WRITE",
          "schema_version": 0,
          "attributes": {
            "account_role_name": "CSTA_MARKETING_PROD_GOLD_READ_WRITE",
            "all_privileges": false,
            "always_apply": false,
            "always_apply_trigger": null,
            "id": "\"CSTA_MARKETING_PROD_GOLD_READ_WRITE\"|false|false|SELECT|OnSchemaObject|OnAll|TABLES|InSchema|\"CSTA_MARKETING_PROD\".\"GOLD\"",
            "on_account": false,
            "on_account_object": [],
            "on_schema": [],
            "on_schema_object": [
              {
                "all": [
                  {
                    "in_database": "",
                    "in_schema": "CSTA_MARKETING_PROD.GOLD",
                    "object_type_plural": "TABLES"
                  }
                ],
                "future": [],
                "object_name": "",
                "object_type": ""
              }
            ],
            "privileges": [
              "SELECT"
            ],
            "with_grant_option": false
          },
          "sensitive_attributes": [],
          "identity_schema_version": 0,
          "private": "bnVsbA==",
          "dependencies": [
            "module.databases.snowflake_database.this",
            "module.databases.snowflake_schema.this",
            "module.rbac.snowflake_account_role.schema_access_roles",
            "module.warehouses.snowflake_warehouse.this"
          ]
        },
        {
          "index_key": "CSTA_MARKETING_PROD_GOLD_READ_WRITE_CREATE",
          "schema_version": 0,
          "attributes": {
            "account_role_name": "CSTA_MARKETING_PROD_GOLD_READ_WRITE_CREATE",
            "all_privileges": false,
            "always_apply": false,
            "always_apply_trigger": null,
            "id": "\"CSTA_MARKETING_PROD_GOLD_READ_WRITE_CREATE\"|false|false|SELECT|OnSchemaObject|OnAll|TABLES|InSchema|\"CSTA_MARKETING_PROD\".\"GOLD\"",
            "on_account": false,
            "on_account_object": [],
            "on_schema": [],
            "on_schema_object": [
              {
                "all": [
                  {
                    "in_database": "",
                    "in_schema": "CSTA_MARKETING_PROD.GOLD",
                    "object_type_plural": "TABLES"
                  }
                ],
                "future": [],
                "object_name": "",
                "object_type": ""
              }
            ],
            "privileges": [
              "SELECT"
            ],
            "with_grant_option": false
          },
          "sensitive_attributes": [],
          "identity_schema_version": 0,
          "private": "bnVsbA==",
          "dependencies": [
            "module.databases.snowflake_database.this",
            "module.databases.snowflake_schema.this",
            "module.rbac.snowflake_account_role.schema_access_roles",
            "module.warehouses.snowflake_warehouse.this"
          ]
        },
        {
          "index_key": "CSTA_MARKETING_PROD_ORCHESTRATION_READ",
          "schema_version": 0,
          "attributes": {
            "account_role_name": "CSTA_MARKETING_PROD_ORCHESTRATION_READ",
            "all_privileges": false,
            "always_apply": false,
            "always_apply_trigger": null,
            "id": "\"CSTA_MARKETING_PROD_ORCHESTRATION_READ\"|false|false|SELECT|OnSchemaObject|OnAll|TABLES|InSchema|\"CSTA_MARKETING_PROD\".\"ORCHESTRATION\"",
            "on_account": false,
            "on_account_object": [],
            "on_schema": [],
            "on_schema_object": [
              {
                "all": [
                  {
                    "in_database": "",
                    "in_schema": "CSTA_MARKETING_PROD.ORCHESTRATION",
                    "object_type_plural": "TABLES"
                  }
                ],
                "future": [],
                "object_name": "",
                "object_type": ""
              }
            ],
            "privileges": [
              "SELECT"
            ],
            "with_grant_option": false
          },
          "sensitive_attributes": [],
          "identity_schema_version": 0,
          "private": "bnVsbA==",
          "dependencies": [
            "module.databases.snowflake_database.this",
            "module.databases.snowflake_schema.this",
            "module.rbac.snowflake_account_role.schema_access_roles",
            "module.warehouses.snowflake_warehouse.this"
          ]
        },
        {
          "index_key": "CSTA_MARKETING_PROD_ORCHESTRATION_READ_WRITE",
          "schema_version": 0,
          "attributes": {
            "account_role_name": "CSTA_MARKETING_PROD_ORCHESTRATION_READ_WRITE",
            "all_privileges": false,
            "always_apply": false,
            "always_apply_trigger": null,
            "id": "\"CSTA_MARKETING_PROD_ORCHESTRATION_READ_WRITE\"|false|false|SELECT|OnSchemaObject|OnAll|TABLES|InSchema|\"CSTA_MARKETING_PROD\".\"ORCHESTRATION\"",
            "on_account": false,
            "on_account_object": [],
            "on_schema": [],
            "on_schema_object": [
              {
                "all": [
                  {
                    "in_database": "",
                    "in_schema": "CSTA_MARKETING_PROD.ORCHESTRATION",
                    "object_type_plural": "TABLES"
                  }
                ],
                "future": [],
                "object_name": "",
                "object_type": ""
              }
            ],
            "privileges": [
              "SELECT"
            ],
            "with_grant_option": false
          },
          "sensitive_attributes": [],
          "identity_schema_version": 0,
          "private": "bnVsbA==",
          "dependencies": [
            "module.databases.snowflake_database.this",
            "module.databases.snowflake_schema.this",
            "module.rbac.snowflake_account_role.schema_access_roles",
            "module.warehouses.snowflake_warehouse.this"
          ]
        },
        {
          "index_key": "CSTA_MARKETING_PROD_ORCHESTRATION_READ_WRITE_CREATE",
          "schema_version": 0,
          "attributes": {
            "account_role_name": "CSTA_MARKETING_PROD_ORCHESTRATION_READ_WRITE_CREATE",
            "all_privileges": false,
            "always_apply": false,
            "always_apply_trigger": null,
            "id": "\"CSTA_MARKETING_PROD_ORCHESTRATION_READ_WRITE_CREATE\"|false|false|SELECT|OnSchemaObject|OnAll|TABLES|InSchema|\"CSTA_MARKETING_PROD\".\"ORCHESTRATION\"",
            "on_account": false,
            "on_account_object": [],
            "on_schema": [],
            "on_schema_object": [
              {
                "all": [
                  {
                    "in_database": "",
                    "in_schema": "CSTA_MARKETING_PROD.ORCHESTRATION",
                    "object_type_plural": "TABLES"
                  }
                ],
                "future": [],
                "object_name": "",
                "object_type": ""
              }
            ],
            "privileges": [
              "SELECT"
            ],
            "with_grant_option": false
          },
          "sensitive_attributes": [],
          "identity_schema_version": 0,
          "private": "bnVsbA==",
          "dependencies": [
            "module.databases.snowflake_database.this",
            "module.databases.snowflake_schema.this",
            "module.rbac.snowflake_account_role.schema_access_roles",
            "module.warehouses.snowflake_warehouse.this"
          ]
        },
        {
          "index_key": "CSTA_MARKETING_PROD_SILVER_READ",
          "schema_version": 0,
          "attributes": {
            "account_role_name": "CSTA_MARKETING_PROD_SILVER_READ",
            "all_privileges": false,
            "always_apply": false,
            "always_apply_trigger": null,
            "id": "\"CSTA_MARKETING_PROD_SILVER_READ\"|false|false|SELECT|OnSchemaObject|OnAll|TABLES|InSchema|\"CSTA_MARKETING_PROD\".\"SILVER\"",
            "on_account": false,
            "on_account_object": [],
            "on_schema": [],
            "on_schema_object": [
              {
                "all": [
                  {
                    "in_database": "",
                    "in_schema": "CSTA_MARKETING_PROD.SILVER",
                    "object_type_plural": "TABLES"
                  }
                ],
                "future": [],
                "object_name": "",
                "object_type": ""
              }
            ],
            "privileges": [
              "SELECT"
            ],
            "with_grant_option": false
          },
          "sensitive_attributes": [],
          "identity_schema_version": 0,
          "private": "bnVsbA==",
          "dependencies": [
            "module.databases.snowflake_database.this",
            "module.databases.snowflake_schema.this",
            "module.rbac.snowflake_account_role.schema_access_roles",
            "module.warehouses.snowflake_warehouse.this"
          ]
        },
        {
          "index_key": "CSTA_MARKETING_PROD_SILVER_READ_WRITE",
          "schema_version": 0,
          "attributes": {
            "account_role_name": "CSTA_MARKETING_PROD_SILVER_READ_WRITE",
            "all_privileges": false,
            "always_apply": false,
            "always_apply_trigger": null,
            "id": "\"CSTA_MARKETING_PROD_SILVER_READ_WRITE\"|false|false|SELECT|OnSchemaObject|OnAll|TABLES|InSchema|\"CSTA_MARKETING_PROD\".\"SILVER\"",
            "on_account": false,
            "on_account_object": [],
            "on_schema": [],
            "on_schema_object": [
              {
                "all": [
                  {
                    "in_database": "",
                    "in_schema": "CSTA_MARKETING_PROD.SILVER",
                    "object_type_plural": "TABLES"
                  }
                ],
                "future": [],
                "object_name": "",
                "object_type": ""
              }
            ],
            "privileges": [
              "SELECT"
            ],
            "with_grant_option": false
          },
          "sensitive_attributes": [],
          "identity_schema_version": 0,
          "private": "bnVsbA==",
          "dependencies": [
            "module.databases.snowflake_database.this",
            "module.databases.snowflake_schema.this",
            "module.rbac.snowflake_account_role.schema_access_roles",
            "module.warehouses.snowflake_warehouse.this"
          ]
        },
        {
          "index_key": "CSTA_MARKETING_PROD_SILVER_READ_WRITE_CREATE",
          "schema_version": 0,
          "attributes": {
            "account_role_name": "CSTA_MARKETING_PROD_SILVER_READ_WRITE_CREATE",
            "all_privileges": false,
            "always_apply": false,
            "always_apply_trigger": null,
            "id": "\"CSTA_MARKETING_PROD_SILVER_READ_WRITE_CREATE\"|false|false|SELECT|OnSchemaObject|OnAll|TABLES|InSchema|\"CSTA_MARKETING_PROD\".\"SILVER\"",
            "on_account": false,
            "on_account_object": [],
            "on_schema": [],
            "on_schema_object": [
              {
                "all": [
                  {
                    "in_database": "",
                    "in_schema": "CSTA_MARKETING_PROD.SILVER",
                    "object_type_plural": "TABLES"
                  }
                ],
                "future": [],
                "object_name": "",
                "object_type": ""
              }
            ],
            "privileges": [
              "SELECT"
            ],
            "with_grant_option": false
          },
          "sensitive_attributes": [],
          "identity_schema_version": 0,
          "private": "bnVsbA==",
          "dependencies": [
            "module.databases.snowflake_database.this",
            "module.databases.snowflake_schema.this",
            "module.rbac.snowflake_account_role.schema_access_roles",
            "module.warehouses.snowflake_warehouse.this"
          ]
        },
        {
          "index_key": "CSTA_MARKETING_SHARED_ARTIFACTS_READ",
          "schema_version": 0,
          "attributes": {
            "account_role_name": "CSTA_MARKETING_SHARED_ARTIFACTS_READ",
            "all_privileges": false,
            "always_apply": false,
            "always_apply_trigger": null,
            "id": "\"CSTA_MARKETING_SHARED_ARTIFACTS_READ\"|false|false|SELECT|OnSchemaObject|OnAll|TABLES|InSchema|\"CSTA_MARKETING_SHARED\".\"ARTIFACTS\"",
            "on_account": false,
            "on_account_object": [],
            "on_schema": [],
            "on_schema_object": [
              {
                "all": [
                  {
                    "in_database": "",
                    "in_schema": "CSTA_MARKETING_SHARED.ARTIFACTS",
                    "object_type_plural": "TABLES"
                  }
                ],
                "future": [],
                "object_name": "",
                "object_type": ""
              }
            ],
            "privileges": [
              "SELECT"
            ],
            "with_grant_option": false
          },
          "sensitive_attributes": [],
          "identity_schema_version": 0,
          "private": "bnVsbA==",
          "dependencies": [
            "module.databases.snowflake_database.this",
            "module.databases.snowflake_schema.this",
            "module.rbac.snowflake_account_role.schema_access_roles",
            "module.warehouses.snowflake_warehouse.this"
          ]
        },
        {
          "index_key": "CSTA_MARKETING_SHARED_ARTIFACTS_READ_WRITE",
          "schema_version": 0,
          "attributes": {
            "account_role_name": "CSTA_MARKETING_SHARED_ARTIFACTS_READ_WRITE",
            "all_privileges": false,
            "always_apply": false,
            "always_apply_trigger": null,
            "id": "\"CSTA_MARKETING_SHARED_ARTIFACTS_READ_WRITE\"|false|false|SELECT|OnSchemaObject|OnAll|TABLES|InSchema|\"CSTA_MARKETING_SHARED\".\"ARTIFACTS\"",
            "on_account": false,
            "on_account_object": [],
            "on_schema": [],
            "on_schema_object": [
              {
                "all": [
                  {
                    "in_database": "",
                    "in_schema": "CSTA_MARKETING_SHARED.ARTIFACTS",
                    "object_type_plural": "TABLES"
                  }
                ],
                "future": [],
                "object_name": "",
                "object_type": ""
              }
            ],
            "privileges": [
              "SELECT"
            ],
            "with_grant_option": false
          },
          "sensitive_attributes": [],
          "identity_schema_version": 0,
          "private": "bnVsbA==",
          "dependencies": [
            "module.databases.snowflake_database.this",
            "module.databases.snowflake_schema.this",
            "module.rbac.snowflake_account_role.schema_access_roles",
            "module.warehouses.snowflake_warehouse.this"
          ]
        },
        {
          "index_key": "CSTA_MARKETING_SHARED_ARTIFACTS_READ_WRITE_CREATE",
          "schema_version": 0,
          "attributes": {
            "account_role_name": "CSTA_MARKETING_SHARED_ARTIFACTS_READ_WRITE_CREATE",
            "all_privileges": false,
            "always_apply": false,
            "always_apply_trigger": null,
            "id": "\"CSTA_MARKETING_SHARED_ARTIFACTS_READ_WRITE_CREATE\"|false|false|SELECT|OnSchemaObject|OnAll|TABLES|InSchema|\"CSTA_MARKETING_SHARED\".\"ARTIFACTS\"",
            "on_account": false,
            "on_account_object": [],
            "on_schema": [],
            "on_schema_object": [
              {
                "all": [
                  {
                    "in_database": "",
                    "in_schema": "CSTA_MARKETING_SHARED.ARTIFACTS",
                    "object_type_plural": "TABLES"
                  }
                ],
                "future": [],
                "object_name": "",
                "object_type": ""
              }
            ],
            "privileges": [
              "SELECT"
            ],
            "with_grant_option": false
          },
          "sensitive_attributes": [],
          "identity_schema_version": 0,
          "private": "bnVsbA==",
          "dependencies": [
            "module.databases.snowflake_database.this",
            "module.databases.snowflake_schema.this",
            "module.rbac.snowflake_account_role.schema_access_roles",
            "module.warehouses.snowflake_warehouse.this"
          ]
        },
        {
          "index_key": "CSTA_MARKETING_SHARED_OBSERVABILITY_READ",
          "schema_version": 0,
          "attributes": {
            "account_role_name": "CSTA_MARKETING_SHARED_OBSERVABILITY_READ",
            "all_privileges": false,
            "always_apply": false,
            "always_apply_trigger": null,
            "id": "\"CSTA_MARKETING_SHARED_OBSERVABILITY_READ\"|false|false|SELECT|OnSchemaObject|OnAll|TABLES|InSchema|\"CSTA_MARKETING_SHARED\".\"OBSERVABILITY\"",
            "on_account": false,
            "on_account_object": [],
            "on_schema": [],
            "on_schema_object": [
              {
                "all": [
                  {
                    "in_database": "",
                    "in_schema": "CSTA_MARKETING_SHARED.OBSERVABILITY",
                    "object_type_plural": "TABLES"
                  }
                ],
                "future": [],
                "object_name": "",
                "object_type": ""
              }
            ],
            "privileges": [
              "SELECT"
            ],
            "with_grant_option": false
          },
          "sensitive_attributes": [],
          "identity_schema_version": 0,
          "private": "bnVsbA==",
          "dependencies": [
            "module.databases.snowflake_database.this",
            "module.databases.snowflake_schema.this",
            "module.rbac.snowflake_account_role.schema_access_roles",
            "module.warehouses.snowflake_warehouse.this"
          ]
        },
        {
          "index_key": "CSTA_MARKETING_SHARED_OBSERVABILITY_READ_WRITE",
          "schema_version": 0,
          "attributes": {
            "account_role_name": "CSTA_MARKETING_SHARED_OBSERVABILITY_READ_WRITE",
            "all_privileges": false,
            "always_apply": false,
            "always_apply_trigger": null,
            "id": "\"CSTA_MARKETING_SHARED_OBSERVABILITY_READ_WRITE\"|false|false|SELECT|OnSchemaObject|OnAll|TABLES|InSchema|\"CSTA_MARKETING_SHARED\".\"OBSERVABILITY\"",
            "on_account": false,
            "on_account_object": [],
            "on_schema": [],
            "on_schema_object": [
              {
                "all": [
                  {
                    "in_database": "",
                    "in_schema": "CSTA_MARKETING_SHARED.OBSERVABILITY",
                    "object_type_plural": "TABLES"
                  }
                ],
                "future": [],
                "object_name": "",
                "object_type": ""
              }
            ],
            "privileges": [
              "SELECT"
            ],
            "with_grant_option": false
          },
          "sensitive_attributes": [],
          "identity_schema_version": 0,
          "private": "bnVsbA==",
          "dependencies": [
            "module.databases.snowflake_database.this",
            "module.databases.snowflake_schema.this",
            "module.rbac.snowflake_account_role.schema_access_roles",
            "module.warehouses.snowflake_warehouse.this"
          ]
        },
        {
          "index_key": "CSTA_MARKETING_SHARED_OBSERVABILITY_READ_WRITE_CREATE",
          "schema_version": 0,
          "attributes": {
            "account_role_name": "CSTA_MARKETING_SHARED_OBSERVABILITY_READ_WRITE_CREATE",
            "all_privileges": false,
            "always_apply": false,
            "always_apply_trigger": null,
            "id": "\"CSTA_MARKETING_SHARED_OBSERVABILITY_READ_WRITE_CREATE\"|false|false|SELECT|OnSchemaObject|OnAll|TABLES|InSchema|\"CSTA_MARKETING_SHARED\".\"OBSERVABILITY\"",
            "on_account": false,
            "on_account_object": [],
            "on_schema": [],
            "on_schema_object": [
              {
                "all": [
                  {
                    "in_database": "",
                    "in_schema": "CSTA_MARKETING_SHARED.OBSERVABILITY",
                    "object_type_plural": "TABLES"
                  }
                ],
                "future": [],
                "object_name": "",
                "object_type": ""
              }
            ],
            "privileges": [
              "SELECT"
            ],
            "with_grant_option": false
          },
          "sensitive_attributes": [],
          "identity_schema_version": 0,
          "private": "bnVsbA==",
          "dependencies": [
            "module.databases.snowflake_database.this",
            "module.databases.snowflake_schema.this",
            "module.rbac.snowflake_account_role.schema_access_roles",
            "module.warehouses.snowflake_warehouse.this"
          ]
        },
        {
          "index_key": "CSTA_MARKETING_UAT_BRONZE_READ",
          "schema_version": 0,
          "attributes": {
            "account_role_name": "CSTA_MARKETING_UAT_BRONZE_READ",
            "all_privileges": false,
            "always_apply": false,
            "always_apply_trigger": null,
            "id": "\"CSTA_MARKETING_UAT_BRONZE_READ\"|false|false|SELECT|OnSchemaObject|OnAll|TABLES|InSchema|\"CSTA_MARKETING_UAT\".\"BRONZE\"",
            "on_account": false,
            "on_account_object": [],
            "on_schema": [],
            "on_schema_object": [
              {
                "all": [
                  {
                    "in_database": "",
                    "in_schema": "CSTA_MARKETING_UAT.BRONZE",
                    "object_type_plural": "TABLES"
                  }
                ],
                "future": [],
                "object_name": "",
                "object_type": ""
              }
            ],
            "privileges": [
              "SELECT"
            ],
            "with_grant_option": false
          },
          "sensitive_attributes": [],
          "identity_schema_version": 0,
          "private": "bnVsbA==",
          "dependencies": [
            "module.databases.snowflake_database.this",
            "module.databases.snowflake_schema.this",
            "module.rbac.snowflake_account_role.schema_access_roles",
            "module.warehouses.snowflake_warehouse.this"
          ]
        },
        {
          "index_key": "CSTA_MARKETING_UAT_BRONZE_READ_WRITE",
          "schema_version": 0,
          "attributes": {
            "account_role_name": "CSTA_MARKETING_UAT_BRONZE_READ_WRITE",
            "all_privileges": false,
            "always_apply": false,
            "always_apply_trigger": null,
            "id": "\"CSTA_MARKETING_UAT_BRONZE_READ_WRITE\"|false|false|SELECT|OnSchemaObject|OnAll|TABLES|InSchema|\"CSTA_MARKETING_UAT\".\"BRONZE\"",
            "on_account": false,
            "on_account_object": [],
            "on_schema": [],
            "on_schema_object": [
              {
                "all": [
                  {
                    "in_database": "",
                    "in_schema": "CSTA_MARKETING_UAT.BRONZE",
                    "object_type_plural": "TABLES"
                  }
                ],
                "future": [],
                "object_name": "",
                "object_type": ""
              }
            ],
            "privileges": [
              "SELECT"
            ],
            "with_grant_option": false
          },
          "sensitive_attributes": [],
          "identity_schema_version": 0,
          "private": "bnVsbA==",
          "dependencies": [
            "module.databases.snowflake_database.this",
            "module.databases.snowflake_schema.this",
            "module.rbac.snowflake_account_role.schema_access_roles",
            "module.warehouses.snowflake_warehouse.this"
          ]
        },
        {
          "index_key": "CSTA_MARKETING_UAT_BRONZE_READ_WRITE_CREATE",
          "schema_version": 0,
          "attributes": {
            "account_role_name": "CSTA_MARKETING_UAT_BRONZE_READ_WRITE_CREATE",
            "all_privileges": false,
            "always_apply": false,
            "always_apply_trigger": null,
            "id": "\"CSTA_MARKETING_UAT_BRONZE_READ_WRITE_CREATE\"|false|false|SELECT|OnSchemaObject|OnAll|TABLES|InSchema|\"CSTA_MARKETING_UAT\".\"BRONZE\"",
            "on_account": false,
            "on_account_object": [],
            "on_schema": [],
            "on_schema_object": [
              {
                "all": [
                  {
                    "in_database": "",
                    "in_schema": "CSTA_MARKETING_UAT.BRONZE",
                    "object_type_plural": "TABLES"
                  }
                ],
                "future": [],
                "object_name": "",
                "object_type": ""
              }
            ],
            "privileges": [
              "SELECT"
            ],
            "with_grant_option": false
          },
          "sensitive_attributes": [],
          "identity_schema_version": 0,
          "private": "bnVsbA==",
          "dependencies": [
            "module.databases.snowflake_database.this",
            "module.databases.snowflake_schema.this",
            "module.rbac.snowflake_account_role.schema_access_roles",
            "module.warehouses.snowflake_warehouse.this"
          ]
        },
        {
          "index_key": "CSTA_MARKETING_UAT_GOLD_READ",
          "schema_version": 0,
          "attributes": {
            "account_role_name": "CSTA_MARKETING_UAT_GOLD_READ",
            "all_privileges": false,
            "always_apply": false,
            "always_apply_trigger": null,
            "id": "\"CSTA_MARKETING_UAT_GOLD_READ\"|false|false|SELECT|OnSchemaObject|OnAll|TABLES|InSchema|\"CSTA_MARKETING_UAT\".\"GOLD\"",
            "on_account": false,
            "on_account_object": [],
            "on_schema": [],
            "on_schema_object": [
              {
                "all": [
                  {
                    "in_database": "",
                    "in_schema": "CSTA_MARKETING_UAT.GOLD",
                    "object_type_plural": "TABLES"
                  }
                ],
                "future": [],
                "object_name": "",
                "object_type": ""
              }
            ],
            "privileges": [
              "SELECT"
            ],
            "with_grant_option": false
          },
          "sensitive_attributes": [],
          "identity_schema_version": 0,
          "private": "bnVsbA==",
          "dependencies": [
            "module.databases.snowflake_database.this",
            "module.databases.snowflake_schema.this",
            "module.rbac.snowflake_account_role.schema_access_roles",
            "module.warehouses.snowflake_warehouse.this"
          ]
        },
        {
          "index_key": "CSTA_MARKETING_UAT_GOLD_READ_WRITE",
          "schema_version": 0,
          "attributes": {
            "account_role_name": "CSTA_MARKETING_UAT_GOLD_READ_WRITE",
            "all_privileges": false,
            "always_apply": false,
            "always_apply_trigger": null,
            "id": "\"CSTA_MARKETING_UAT_GOLD_READ_WRITE\"|false|false|SELECT|OnSchemaObject|OnAll|TABLES|InSchema|\"CSTA_MARKETING_UAT\".\"GOLD\"",
            "on_account": false,
            "on_account_object": [],
            "on_schema": [],
            "on_schema_object": [
              {
                "all": [
                  {
                    "in_database": "",
                    "in_schema": "CSTA_MARKETING_UAT.GOLD",
                    "object_type_plural": "TABLES"
                  }
                ],
                "future": [],
                "object_name": "",
                "object_type": ""
              }
            ],
            "privileges": [
              "SELECT"
            ],
            "with_grant_option": false
          },
          "sensitive_attributes": [],
          "identity_schema_version": 0,
          "private": "bnVsbA==",
          "dependencies": [
            "module.databases.snowflake_database.this",
            "module.databases.snowflake_schema.this",
            "module.rbac.snowflake_account_role.schema_access_roles",
            "module.warehouses.snowflake_warehouse.this"
          ]
        },
        {
          "index_key": "CSTA_MARKETING_UAT_GOLD_READ_WRITE_CREATE",
          "schema_version": 0,
          "attributes": {
            "account_role_name": "CSTA_MARKETING_UAT_GOLD_READ_WRITE_CREATE",
            "all_privileges": false,
            "always_apply": false,
            "always_apply_trigger": null,
            "id": "\"CSTA_MARKETING_UAT_GOLD_READ_WRITE_CREATE\"|false|false|SELECT|OnSchemaObject|OnAll|TABLES|InSchema|\"CSTA_MARKETING_UAT\".\"GOLD\"",
            "on_account": false,
            "on_account_object": [],
            "on_schema": [],
            "on_schema_object": [
              {
                "all": [
                  {
                    "in_database": "",
                    "in_schema": "CSTA_MARKETING_UAT.GOLD",
                    "object_type_plural": "TABLES"
                  }
                ],
                "future": [],
                "object_name": "",
                "object_type": ""
              }
            ],
            "privileges": [
              "SELECT"
            ],
            "with_grant_option": false
          },
          "sensitive_attributes": [],
          "identity_schema_version": 0,
          "private": "bnVsbA==",
          "dependencies": [
            "module.databases.snowflake_database.this",
            "module.databases.snowflake_schema.this",
            "module.rbac.snowflake_account_role.schema_access_roles",
            "module.warehouses.snowflake_warehouse.this"
          ]
        },
        {
          "index_key": "CSTA_MARKETING_UAT_ORCHESTRATION_READ",
          "schema_version": 0,
          "attributes": {
            "account_role_name": "CSTA_MARKETING_UAT_ORCHESTRATION_READ",
            "all_privileges": false,
            "always_apply": false,
            "always_apply_trigger": null,
            "id": "\"CSTA_MARKETING_UAT_ORCHESTRATION_READ\"|false|false|SELECT|OnSchemaObject|OnAll|TABLES|InSchema|\"CSTA_MARKETING_UAT\".\"ORCHESTRATION\"",
            "on_account": false,
            "on_account_object": [],
            "on_schema": [],
            "on_schema_object": [
              {
                "all": [
                  {
                    "in_database": "",
                    "in_schema": "CSTA_MARKETING_UAT.ORCHESTRATION",
                    "object_type_plural": "TABLES"
                  }
                ],
                "future": [],
                "object_name": "",
                "object_type": ""
              }
            ],
            "privileges": [
              "SELECT"
            ],
            "with_grant_option": false
          },
          "sensitive_attributes": [],
          "identity_schema_version": 0,
          "private": "bnVsbA==",
          "dependencies": [
            "module.databases.snowflake_database.this",
            "module.databases.snowflake_schema.this",
            "module.rbac.snowflake_account_role.schema_access_roles",
            "module.warehouses.snowflake_warehouse.this"
          ]
        },
        {
          "index_key": "CSTA_MARKETING_UAT_ORCHESTRATION_READ_WRITE",
          "schema_version": 0,
          "attributes": {
            "account_role_name": "CSTA_MARKETING_UAT_ORCHESTRATION_READ_WRITE",
            "all_privileges": false,
            "always_apply": false,
            "always_apply_trigger": null,
            "id": "\"CSTA_MARKETING_UAT_ORCHESTRATION_READ_WRITE\"|false|false|SELECT|OnSchemaObject|OnAll|TABLES|InSchema|\"CSTA_MARKETING_UAT\".\"ORCHESTRATION\"",
            "on_account": false,
            "on_account_object": [],
            "on_schema": [],
            "on_schema_object": [
              {
                "all": [
                  {
                    "in_database": "",
                    "in_schema": "CSTA_MARKETING_UAT.ORCHESTRATION",
                    "object_type_plural": "TABLES"
                  }
                ],
                "future": [],
                "object_name": "",
                "object_type": ""
              }
            ],
            "privileges": [
              "SELECT"
            ],
            "with_grant_option": false
          },
          "sensitive_attributes": [],
          "identity_schema_version": 0,
          "private": "bnVsbA==",
          "dependencies": [
            "module.databases.snowflake_database.this",
            "module.databases.snowflake_schema.this",
            "module.rbac.snowflake_account_role.schema_access_roles",
            "module.warehouses.snowflake_warehouse.this"
          ]
        },
        {
          "index_key": "CSTA_MARKETING_UAT_ORCHESTRATION_READ_WRITE_CREATE",
          "schema_version": 0,
          "attributes": {
            "account_role_name": "CSTA_MARKETING_UAT_ORCHESTRATION_READ_WRITE_CREATE",
            "all_privileges": false,
            "always_apply": false,
            "always_apply_trigger": null,
            "id": "\"CSTA_MARKETING_UAT_ORCHESTRATION_READ_WRITE_CREATE\"|false|false|SELECT|OnSchemaObject|OnAll|TABLES|InSchema|\"CSTA_MARKETING_UAT\".\"ORCHESTRATION\"",
            "on_account": false,
            "on_account_object": [],
            "on_schema": [],
            "on_schema_object": [
              {
                "all": [
                  {
                    "in_database": "",
                    "in_schema": "CSTA_MARKETING_UAT.ORCHESTRATION",
                    "object_type_plural": "TABLES"
                  }
                ],
                "future": [],
                "object_name": "",
                "object_type": ""
              }
            ],
            "privileges": [
              "SELECT"
            ],
            "with_grant_option": false
          },
          "sensitive_attributes": [],
          "identity_schema_version": 0,
          "private": "bnVsbA==",
          "dependencies": [
            "module.databases.snowflake_database.this",
            "module.databases.snowflake_schema.this",
            "module.rbac.snowflake_account_role.schema_access_roles",
            "module.warehouses.snowflake_warehouse.this"
          ]
        },
        {
          "index_key": "CSTA_MARKETING_UAT_SILVER_READ",
          "schema_version": 0,
          "attributes": {
            "account_role_name": "CSTA_MARKETING_UAT_SILVER_READ",
            "all_privileges": false,
            "always_apply": false,
            "always_apply_trigger": null,
            "id": "\"CSTA_MARKETING_UAT_SILVER_READ\"|false|false|SELECT|OnSchemaObject|OnAll|TABLES|InSchema|\"CSTA_MARKETING_UAT\".\"SILVER\"",
            "on_account": false,
            "on_account_object": [],
            "on_schema": [],
            "on_schema_object": [
              {
                "all": [
                  {
                    "in_database": "",
                    "in_schema": "CSTA_MARKETING_UAT.SILVER",
                    "object_type_plural": "TABLES"
                  }
                ],
                "future": [],
                "object_name": "",
                "object_type": ""
              }
            ],
            "privileges": [
              "SELECT"
            ],
            "with_grant_option": false
          },
          "sensitive_attributes": [],
          "identity_schema_version": 0,
          "private": "bnVsbA==",
          "dependencies": [
            "module.databases.snowflake_database.this",
            "module.databases.snowflake_schema.this",
            "module.rbac.snowflake_account_role.schema_access_roles",
            "module.warehouses.snowflake_warehouse.this"
          ]
        },
        {
          "index_key": "CSTA_MARKETING_UAT_SILVER_READ_WRITE",
          "schema_version": 0,
          "attributes": {
            "account_role_name": "CSTA_MARKETING_UAT_SILVER_READ_WRITE",
            "all_privileges": false,
            "always_apply": false,
            "always_apply_trigger": null,
            "id": "\"CSTA_MARKETING_UAT_SILVER_READ_WRITE\"|false|false|SELECT|OnSchemaObject|OnAll|TABLES|InSchema|\"CSTA_MARKETING_UAT\".\"SILVER\"",
            "on_account": false,
            "on_account_object": [],
            "on_schema": [],
            "on_schema_object": [
              {
                "all": [
                  {
                    "in_database": "",
                    "in_schema": "CSTA_MARKETING_UAT.SILVER",
                    "object_type_plural": "TABLES"
                  }
                ],
                "future": [],
                "object_name": "",
                "object_type": ""
              }
            ],
            "privileges": [
              "SELECT"
            ],
            "with_grant_option": false
          },
          "sensitive_attributes": [],
          "identity_schema_version": 0,
          "private": "bnVsbA==",
          "dependencies": [
            "module.databases.snowflake_database.this",
            "module.databases.snowflake_schema.this",
            "module.rbac.snowflake_account_role.schema_access_roles",
            "module.warehouses.snowflake_warehouse.this"
          ]
        },
        {
          "index_key": "CSTA_MARKETING_UAT_SILVER_READ_WRITE_CREATE",
          "schema_version": 0,
          "attributes": {
            "account_role_name": "CSTA_MARKETING_UAT_SILVER_READ_WRITE_CREATE",
            "all_privileges": false,
            "always_apply": false,
            "always_apply_trigger": null,
            "id": "\"CSTA_MARKETING_UAT_SILVER_READ_WRITE_CREATE\"|false|false|SELECT|OnSchemaObject|OnAll|TABLES|InSchema|\"CSTA_MARKETING_UAT\".\"SILVER\"",
            "on_account": false,
            "on_account_object": [],
            "on_schema": [],
            "on_schema_object": [
              {
                "all": [
                  {
                    "in_database": "",
                    "in_schema": "CSTA_MARKETING_UAT.SILVER",
                    "object_type_plural": "TABLES"
                  }
                ],
                "future": [],
                "object_name": "",
                "object_type": ""
              }
            ],
            "privileges": [
              "SELECT"
            ],
            "with_grant_option": false
          },
          "sensitive_attributes": [],
          "identity_schema_version": 0,
          "private": "bnVsbA==",
          "dependencies": [
            "module.databases.snowflake_database.this",
            "module.databases.snowflake_schema.this",
            "module.rbac.snowflake_account_role.schema_access_roles",
            "module.warehouses.snowflake_warehouse.this"
          ]
        }
      ]
    },
    {
      "module": "module.rbac",
      "mode": "managed",
      "type": "snowflake_grant_privileges_to_account_role",
      "name": "schema_select_all_views",
      "provider": "provider[\"registry.terraform.io/snowflakedb/snowflake\"]",
      "instances": [
        {
          "index_key": "CSTA_MARKETING_DEV_BRONZE_READ",
          "schema_version": 0,
          "attributes": {
            "account_role_name": "CSTA_MARKETING_DEV_BRONZE_READ",
            "all_privileges": false,
            "always_apply": false,
            "always_apply_trigger": null,
            "id": "\"CSTA_MARKETING_DEV_BRONZE_READ\"|false|false|SELECT|OnSchemaObject|OnAll|VIEWS|InSchema|\"CSTA_MARKETING_DEV\".\"BRONZE\"",
            "on_account": false,
            "on_account_object": [],
            "on_schema": [],
            "on_schema_object": [
              {
                "all": [
                  {
                    "in_database": "",
                    "in_schema": "CSTA_MARKETING_DEV.BRONZE",
                    "object_type_plural": "VIEWS"
                  }
                ],
                "future": [],
                "object_name": "",
                "object_type": ""
              }
            ],
            "privileges": [
              "SELECT"
            ],
            "with_grant_option": false
          },
          "sensitive_attributes": [],
          "identity_schema_version": 0,
          "private": "bnVsbA==",
          "dependencies": [
            "module.databases.snowflake_database.this",
            "module.databases.snowflake_schema.this",
            "module.rbac.snowflake_account_role.schema_access_roles",
            "module.warehouses.snowflake_warehouse.this"
          ]
        },
        {
          "index_key": "CSTA_MARKETING_DEV_BRONZE_READ_WRITE",
          "schema_version": 0,
          "attributes": {
            "account_role_name": "CSTA_MARKETING_DEV_BRONZE_READ_WRITE",
            "all_privileges": false,
            "always_apply": false,
            "always_apply_trigger": null,
            "id": "\"CSTA_MARKETING_DEV_BRONZE_READ_WRITE\"|false|false|SELECT|OnSchemaObject|OnAll|VIEWS|InSchema|\"CSTA_MARKETING_DEV\".\"BRONZE\"",
            "on_account": false,
            "on_account_object": [],
            "on_schema": [],
            "on_schema_object": [
              {
                "all": [
                  {
                    "in_database": "",
                    "in_schema": "CSTA_MARKETING_DEV.BRONZE",
                    "object_type_plural": "VIEWS"
                  }
                ],
                "future": [],
                "object_name": "",
                "object_type": ""
              }
            ],
            "privileges": [
              "SELECT"
            ],
            "with_grant_option": false
          },
          "sensitive_attributes": [],
          "identity_schema_version": 0,
          "private": "bnVsbA==",
          "dependencies": [
            "module.databases.snowflake_database.this",
            "module.databases.snowflake_schema.this",
            "module.rbac.snowflake_account_role.schema_access_roles",
            "module.warehouses.snowflake_warehouse.this"
          ]
        },
        {
          "index_key": "CSTA_MARKETING_DEV_BRONZE_READ_WRITE_CREATE",
          "schema_version": 0,
          "attributes": {
            "account_role_name": "CSTA_MARKETING_DEV_BRONZE_READ_WRITE_CREATE",
            "all_privileges": false,
            "always_apply": false,
            "always_apply_trigger": null,
            "id": "\"CSTA_MARKETING_DEV_BRONZE_READ_WRITE_CREATE\"|false|false|SELECT|OnSchemaObject|OnAll|VIEWS|InSchema|\"CSTA_MARKETING_DEV\".\"BRONZE\"",
            "on_account": false,
            "on_account_object": [],
            "on_schema": [],
            "on_schema_object": [
              {
                "all": [
                  {
                    "in_database": "",
                    "in_schema": "CSTA_MARKETING_DEV.BRONZE",
                    "object_type_plural": "VIEWS"
                  }
                ],
                "future": [],
                "object_name": "",
                "object_type": ""
              }
            ],
            "privileges": [
              "SELECT"
            ],
            "with_grant_option": false
          },
          "sensitive_attributes": [],
          "identity_schema_version": 0,
          "private": "bnVsbA==",
          "dependencies": [
            "module.databases.snowflake_database.this",
            "module.databases.snowflake_schema.this",
            "module.rbac.snowflake_account_role.schema_access_roles",
            "module.warehouses.snowflake_warehouse.this"
          ]
        },
        {
          "index_key": "CSTA_MARKETING_DEV_GOLD_READ",
          "schema_version": 0,
          "attributes": {
            "account_role_name": "CSTA_MARKETING_DEV_GOLD_READ",
            "all_privileges": false,
            "always_apply": false,
            "always_apply_trigger": null,
            "id": "\"CSTA_MARKETING_DEV_GOLD_READ\"|false|false|SELECT|OnSchemaObject|OnAll|VIEWS|InSchema|\"CSTA_MARKETING_DEV\".\"GOLD\"",
            "on_account": false,
            "on_account_object": [],
            "on_schema": [],
            "on_schema_object": [
              {
                "all": [
                  {
                    "in_database": "",
                    "in_schema": "CSTA_MARKETING_DEV.GOLD",
                    "object_type_plural": "VIEWS"
                  }
                ],
                "future": [],
                "object_name": "",
                "object_type": ""
              }
            ],
            "privileges": [
              "SELECT"
            ],
            "with_grant_option": false
          },
          "sensitive_attributes": [],
          "identity_schema_version": 0,
          "private": "bnVsbA==",
          "dependencies": [
            "module.databases.snowflake_database.this",
            "module.databases.snowflake_schema.this",
            "module.rbac.snowflake_account_role.schema_access_roles",
            "module.warehouses.snowflake_warehouse.this"
          ]
        },
        {
          "index_key": "CSTA_MARKETING_DEV_GOLD_READ_WRITE",
          "schema_version": 0,
          "attributes": {
            "account_role_name": "CSTA_MARKETING_DEV_GOLD_READ_WRITE",
            "all_privileges": false,
            "always_apply": false,
            "always_apply_trigger": null,
            "id": "\"CSTA_MARKETING_DEV_GOLD_READ_WRITE\"|false|false|SELECT|OnSchemaObject|OnAll|VIEWS|InSchema|\"CSTA_MARKETING_DEV\".\"GOLD\"",
            "on_account": false,
            "on_account_object": [],
            "on_schema": [],
            "on_schema_object": [
              {
                "all": [
                  {
                    "in_database": "",
                    "in_schema": "CSTA_MARKETING_DEV.GOLD",
                    "object_type_plural": "VIEWS"
                  }
                ],
                "future": [],
                "object_name": "",
                "object_type": ""
              }
            ],
            "privileges": [
              "SELECT"
            ],
            "with_grant_option": false
          },
          "sensitive_attributes": [],
          "identity_schema_version": 0,
          "private": "bnVsbA==",
          "dependencies": [
            "module.databases.snowflake_database.this",
            "module.databases.snowflake_schema.this",
            "module.rbac.snowflake_account_role.schema_access_roles",
            "module.warehouses.snowflake_warehouse.this"
          ]
        },
        {
          "index_key": "CSTA_MARKETING_DEV_GOLD_READ_WRITE_CREATE",
          "schema_version": 0,
          "attributes": {
            "account_role_name": "CSTA_MARKETING_DEV_GOLD_READ_WRITE_CREATE",
            "all_privileges": false,
            "always_apply": false,
            "always_apply_trigger": null,
            "id": "\"CSTA_MARKETING_DEV_GOLD_READ_WRITE_CREATE\"|false|false|SELECT|OnSchemaObject|OnAll|VIEWS|InSchema|\"CSTA_MARKETING_DEV\".\"GOLD\"",
            "on_account": false,
            "on_account_object": [],
            "on_schema": [],
            "on_schema_object": [
              {
                "all": [
                  {
                    "in_database": "",
                    "in_schema": "CSTA_MARKETING_DEV.GOLD",
                    "object_type_plural": "VIEWS"
                  }
                ],
                "future": [],
                "object_name": "",
                "object_type": ""
              }
            ],
            "privileges": [
              "SELECT"
            ],
            "with_grant_option": false
          },
          "sensitive_attributes": [],
          "identity_schema_version": 0,
          "private": "bnVsbA==",
          "dependencies": [
            "module.databases.snowflake_database.this",
            "module.databases.snowflake_schema.this",
            "module.rbac.snowflake_account_role.schema_access_roles",
            "module.warehouses.snowflake_warehouse.this"
          ]
        },
        {
          "index_key": "CSTA_MARKETING_DEV_ORCHESTRATION_READ",
          "schema_version": 0,
          "attributes": {
            "account_role_name": "CSTA_MARKETING_DEV_ORCHESTRATION_READ",
            "all_privileges": false,
            "always_apply": false,
            "always_apply_trigger": null,
            "id": "\"CSTA_MARKETING_DEV_ORCHESTRATION_READ\"|false|false|SELECT|OnSchemaObject|OnAll|VIEWS|InSchema|\"CSTA_MARKETING_DEV\".\"ORCHESTRATION\"",
            "on_account": false,
            "on_account_object": [],
            "on_schema": [],
            "on_schema_object": [
              {
                "all": [
                  {
                    "in_database": "",
                    "in_schema": "CSTA_MARKETING_DEV.ORCHESTRATION",
                    "object_type_plural": "VIEWS"
                  }
                ],
                "future": [],
                "object_name": "",
                "object_type": ""
              }
            ],
            "privileges": [
              "SELECT"
            ],
            "with_grant_option": false
          },
          "sensitive_attributes": [],
          "identity_schema_version": 0,
          "private": "bnVsbA==",
          "dependencies": [
            "module.databases.snowflake_database.this",
            "module.databases.snowflake_schema.this",
            "module.rbac.snowflake_account_role.schema_access_roles",
            "module.warehouses.snowflake_warehouse.this"
          ]
        },
        {
          "index_key": "CSTA_MARKETING_DEV_ORCHESTRATION_READ_WRITE",
          "schema_version": 0,
          "attributes": {
            "account_role_name": "CSTA_MARKETING_DEV_ORCHESTRATION_READ_WRITE",
            "all_privileges": false,
            "always_apply": false,
            "always_apply_trigger": null,
            "id": "\"CSTA_MARKETING_DEV_ORCHESTRATION_READ_WRITE\"|false|false|SELECT|OnSchemaObject|OnAll|VIEWS|InSchema|\"CSTA_MARKETING_DEV\".\"ORCHESTRATION\"",
            "on_account": false,
            "on_account_object": [],
            "on_schema": [],
            "on_schema_object": [
              {
                "all": [
                  {
                    "in_database": "",
                    "in_schema": "CSTA_MARKETING_DEV.ORCHESTRATION",
                    "object_type_plural": "VIEWS"
                  }
                ],
                "future": [],
                "object_name": "",
                "object_type": ""
              }
            ],
            "privileges": [
              "SELECT"
            ],
            "with_grant_option": false
          },
          "sensitive_attributes": [],
          "identity_schema_version": 0,
          "private": "bnVsbA==",
          "dependencies": [
            "module.databases.snowflake_database.this",
            "module.databases.snowflake_schema.this",
            "module.rbac.snowflake_account_role.schema_access_roles",
            "module.warehouses.snowflake_warehouse.this"
          ]
        },
        {
          "index_key": "CSTA_MARKETING_DEV_ORCHESTRATION_READ_WRITE_CREATE",
          "schema_version": 0,
          "attributes": {
            "account_role_name": "CSTA_MARKETING_DEV_ORCHESTRATION_READ_WRITE_CREATE",
            "all_privileges": false,
            "always_apply": false,
            "always_apply_trigger": null,
            "id": "\"CSTA_MARKETING_DEV_ORCHESTRATION_READ_WRITE_CREATE\"|false|false|SELECT|OnSchemaObject|OnAll|VIEWS|InSchema|\"CSTA_MARKETING_DEV\".\"ORCHESTRATION\"",
            "on_account": false,
            "on_account_object": [],
            "on_schema": [],
            "on_schema_object": [
              {
                "all": [
                  {
                    "in_database": "",
                    "in_schema": "CSTA_MARKETING_DEV.ORCHESTRATION",
                    "object_type_plural": "VIEWS"
                  }
                ],
                "future": [],
                "object_name": "",
                "object_type": ""
              }
            ],
            "privileges": [
              "SELECT"
            ],
            "with_grant_option": false
          },
          "sensitive_attributes": [],
          "identity_schema_version": 0,
          "private": "bnVsbA==",
          "dependencies": [
            "module.databases.snowflake_database.this",
            "module.databases.snowflake_schema.this",
            "module.rbac.snowflake_account_role.schema_access_roles",
            "module.warehouses.snowflake_warehouse.this"
          ]
        },
        {
          "index_key": "CSTA_MARKETING_DEV_SILVER_READ",
          "schema_version": 0,
          "attributes": {
            "account_role_name": "CSTA_MARKETING_DEV_SILVER_READ",
            "all_privileges": false,
            "always_apply": false,
            "always_apply_trigger": null,
            "id": "\"CSTA_MARKETING_DEV_SILVER_READ\"|false|false|SELECT|OnSchemaObject|OnAll|VIEWS|InSchema|\"CSTA_MARKETING_DEV\".\"SILVER\"",
            "on_account": false,
            "on_account_object": [],
            "on_schema": [],
            "on_schema_object": [
              {
                "all": [
                  {
                    "in_database": "",
                    "in_schema": "CSTA_MARKETING_DEV.SILVER",
                    "object_type_plural": "VIEWS"
                  }
                ],
                "future": [],
                "object_name": "",
                "object_type": ""
              }
            ],
            "privileges": [
              "SELECT"
            ],
            "with_grant_option": false
          },
          "sensitive_attributes": [],
          "identity_schema_version": 0,
          "private": "bnVsbA==",
          "dependencies": [
            "module.databases.snowflake_database.this",
            "module.databases.snowflake_schema.this",
            "module.rbac.snowflake_account_role.schema_access_roles",
            "module.warehouses.snowflake_warehouse.this"
          ]
        },
        {
          "index_key": "CSTA_MARKETING_DEV_SILVER_READ_WRITE",
          "schema_version": 0,
          "attributes": {
            "account_role_name": "CSTA_MARKETING_DEV_SILVER_READ_WRITE",
            "all_privileges": false,
            "always_apply": false,
            "always_apply_trigger": null,
            "id": "\"CSTA_MARKETING_DEV_SILVER_READ_WRITE\"|false|false|SELECT|OnSchemaObject|OnAll|VIEWS|InSchema|\"CSTA_MARKETING_DEV\".\"SILVER\"",
            "on_account": false,
            "on_account_object": [],
            "on_schema": [],
            "on_schema_object": [
              {
                "all": [
                  {
                    "in_database": "",
                    "in_schema": "CSTA_MARKETING_DEV.SILVER",
                    "object_type_plural": "VIEWS"
                  }
                ],
                "future": [],
                "object_name": "",
                "object_type": ""
              }
            ],
            "privileges": [
              "SELECT"
            ],
            "with_grant_option": false
          },
          "sensitive_attributes": [],
          "identity_schema_version": 0,
          "private": "bnVsbA==",
          "dependencies": [
            "module.databases.snowflake_database.this",
            "module.databases.snowflake_schema.this",
            "module.rbac.snowflake_account_role.schema_access_roles",
            "module.warehouses.snowflake_warehouse.this"
          ]
        },
        {
          "index_key": "CSTA_MARKETING_DEV_SILVER_READ_WRITE_CREATE",
          "schema_version": 0,
          "attributes": {
            "account_role_name": "CSTA_MARKETING_DEV_SILVER_READ_WRITE_CREATE",
            "all_privileges": false,
            "always_apply": false,
            "always_apply_trigger": null,
            "id": "\"CSTA_MARKETING_DEV_SILVER_READ_WRITE_CREATE\"|false|false|SELECT|OnSchemaObject|OnAll|VIEWS|InSchema|\"CSTA_MARKETING_DEV\".\"SILVER\"",
            "on_account": false,
            "on_account_object": [],
            "on_schema": [],
            "on_schema_object": [
              {
                "all": [
                  {
                    "in_database": "",
                    "in_schema": "CSTA_MARKETING_DEV.SILVER",
                    "object_type_plural": "VIEWS"
                  }
                ],
                "future": [],
                "object_name": "",
                "object_type": ""
              }
            ],
            "privileges": [
              "SELECT"
            ],
            "with_grant_option": false
          },
          "sensitive_attributes": [],
          "identity_schema_version": 0,
          "private": "bnVsbA==",
          "dependencies": [
            "module.databases.snowflake_database.this",
            "module.databases.snowflake_schema.this",
            "module.rbac.snowflake_account_role.schema_access_roles",
            "module.warehouses.snowflake_warehouse.this"
          ]
        },
        {
          "index_key": "CSTA_MARKETING_PROD_BRONZE_READ",
          "schema_version": 0,
          "attributes": {
            "account_role_name": "CSTA_MARKETING_PROD_BRONZE_READ",
            "all_privileges": false,
            "always_apply": false,
            "always_apply_trigger": null,
            "id": "\"CSTA_MARKETING_PROD_BRONZE_READ\"|false|false|SELECT|OnSchemaObject|OnAll|VIEWS|InSchema|\"CSTA_MARKETING_PROD\".\"BRONZE\"",
            "on_account": false,
            "on_account_object": [],
            "on_schema": [],
            "on_schema_object": [
              {
                "all": [
                  {
                    "in_database": "",
                    "in_schema": "CSTA_MARKETING_PROD.BRONZE",
                    "object_type_plural": "VIEWS"
                  }
                ],
                "future": [],
                "object_name": "",
                "object_type": ""
              }
            ],
            "privileges": [
              "SELECT"
            ],
            "with_grant_option": false
          },
          "sensitive_attributes": [],
          "identity_schema_version": 0,
          "private": "bnVsbA==",
          "dependencies": [
            "module.databases.snowflake_database.this",
            "module.databases.snowflake_schema.this",
            "module.rbac.snowflake_account_role.schema_access_roles",
            "module.warehouses.snowflake_warehouse.this"
          ]
        },
        {
          "index_key": "CSTA_MARKETING_PROD_BRONZE_READ_WRITE",
          "schema_version": 0,
          "attributes": {
            "account_role_name": "CSTA_MARKETING_PROD_BRONZE_READ_WRITE",
            "all_privileges": false,
            "always_apply": false,
            "always_apply_trigger": null,
            "id": "\"CSTA_MARKETING_PROD_BRONZE_READ_WRITE\"|false|false|SELECT|OnSchemaObject|OnAll|VIEWS|InSchema|\"CSTA_MARKETING_PROD\".\"BRONZE\"",
            "on_account": false,
            "on_account_object": [],
            "on_schema": [],
            "on_schema_object": [
              {
                "all": [
                  {
                    "in_database": "",
                    "in_schema": "CSTA_MARKETING_PROD.BRONZE",
                    "object_type_plural": "VIEWS"
                  }
                ],
                "future": [],
                "object_name": "",
                "object_type": ""
              }
            ],
            "privileges": [
              "SELECT"
            ],
            "with_grant_option": false
          },
          "sensitive_attributes": [],
          "identity_schema_version": 0,
          "private": "bnVsbA==",
          "dependencies": [
            "module.databases.snowflake_database.this",
            "module.databases.snowflake_schema.this",
            "module.rbac.snowflake_account_role.schema_access_roles",
            "module.warehouses.snowflake_warehouse.this"
          ]
        },
        {
          "index_key": "CSTA_MARKETING_PROD_BRONZE_READ_WRITE_CREATE",
          "schema_version": 0,
          "attributes": {
            "account_role_name": "CSTA_MARKETING_PROD_BRONZE_READ_WRITE_CREATE",
            "all_privileges": false,
            "always_apply": false,
            "always_apply_trigger": null,
            "id": "\"CSTA_MARKETING_PROD_BRONZE_READ_WRITE_CREATE\"|false|false|SELECT|OnSchemaObject|OnAll|VIEWS|InSchema|\"CSTA_MARKETING_PROD\".\"BRONZE\"",
            "on_account": false,
            "on_account_object": [],
            "on_schema": [],
            "on_schema_object": [
              {
                "all": [
                  {
                    "in_database": "",
                    "in_schema": "CSTA_MARKETING_PROD.BRONZE",
                    "object_type_plural": "VIEWS"
                  }
                ],
                "future": [],
                "object_name": "",
                "object_type": ""
              }
            ],
            "privileges": [
              "SELECT"
            ],
            "with_grant_option": false
          },
          "sensitive_attributes": [],
          "identity_schema_version": 0,
          "private": "bnVsbA==",
          "dependencies": [
            "module.databases.snowflake_database.this",
            "module.databases.snowflake_schema.this",
            "module.rbac.snowflake_account_role.schema_access_roles",
            "module.warehouses.snowflake_warehouse.this"
          ]
        },
        {
          "index_key": "CSTA_MARKETING_PROD_GOLD_READ",
          "schema_version": 0,
          "attributes": {
            "account_role_name": "CSTA_MARKETING_PROD_GOLD_READ",
            "all_privileges": false,
            "always_apply": false,
            "always_apply_trigger": null,
            "id": "\"CSTA_MARKETING_PROD_GOLD_READ\"|false|false|SELECT|OnSchemaObject|OnAll|VIEWS|InSchema|\"CSTA_MARKETING_PROD\".\"GOLD\"",
            "on_account": false,
            "on_account_object": [],
            "on_schema": [],
            "on_schema_object": [
              {
                "all": [
                  {
                    "in_database": "",
                    "in_schema": "CSTA_MARKETING_PROD.GOLD",
                    "object_type_plural": "VIEWS"
                  }
                ],
                "future": [],
                "object_name": "",
                "object_type": ""
              }
            ],
            "privileges": [
              "SELECT"
            ],
            "with_grant_option": false
          },
          "sensitive_attributes": [],
          "identity_schema_version": 0,
          "private": "bnVsbA==",
          "dependencies": [
            "module.databases.snowflake_database.this",
            "module.databases.snowflake_schema.this",
            "module.rbac.snowflake_account_role.schema_access_roles",
            "module.warehouses.snowflake_warehouse.this"
          ]
        },
        {
          "index_key": "CSTA_MARKETING_PROD_GOLD_READ_WRITE",
          "schema_version": 0,
          "attributes": {
            "account_role_name": "CSTA_MARKETING_PROD_GOLD_READ_WRITE",
            "all_privileges": false,
            "always_apply": false,
            "always_apply_trigger": null,
            "id": "\"CSTA_MARKETING_PROD_GOLD_READ_WRITE\"|false|false|SELECT|OnSchemaObject|OnAll|VIEWS|InSchema|\"CSTA_MARKETING_PROD\".\"GOLD\"",
            "on_account": false,
            "on_account_object": [],
            "on_schema": [],
            "on_schema_object": [
              {
                "all": [
                  {
                    "in_database": "",
                    "in_schema": "CSTA_MARKETING_PROD.GOLD",
                    "object_type_plural": "VIEWS"
                  }
                ],
                "future": [],
                "object_name": "",
                "object_type": ""
              }
            ],
            "privileges": [
              "SELECT"
            ],
            "with_grant_option": false
          },
          "sensitive_attributes": [],
          "identity_schema_version": 0,
          "private": "bnVsbA==",
          "dependencies": [
            "module.databases.snowflake_database.this",
            "module.databases.snowflake_schema.this",
            "module.rbac.snowflake_account_role.schema_access_roles",
            "module.warehouses.snowflake_warehouse.this"
          ]
        },
        {
          "index_key": "CSTA_MARKETING_PROD_GOLD_READ_WRITE_CREATE",
          "schema_version": 0,
          "attributes": {
            "account_role_name": "CSTA_MARKETING_PROD_GOLD_READ_WRITE_CREATE",
            "all_privileges": false,
            "always_apply": false,
            "always_apply_trigger": null,
            "id": "\"CSTA_MARKETING_PROD_GOLD_READ_WRITE_CREATE\"|false|false|SELECT|OnSchemaObject|OnAll|VIEWS|InSchema|\"CSTA_MARKETING_PROD\".\"GOLD\"",
            "on_account": false,
            "on_account_object": [],
            "on_schema": [],
            "on_schema_object": [
              {
                "all": [
                  {
                    "in_database": "",
                    "in_schema": "CSTA_MARKETING_PROD.GOLD",
                    "object_type_plural": "VIEWS"
                  }
                ],
                "future": [],
                "object_name": "",
                "object_type": ""
              }
            ],
            "privileges": [
              "SELECT"
            ],
            "with_grant_option": false
          },
          "sensitive_attributes": [],
          "identity_schema_version": 0,
          "private": "bnVsbA==",
          "dependencies": [
            "module.databases.snowflake_database.this",
            "module.databases.snowflake_schema.this",
            "module.rbac.snowflake_account_role.schema_access_roles",
            "module.warehouses.snowflake_warehouse.this"
          ]
        },
        {
          "index_key": "CSTA_MARKETING_PROD_ORCHESTRATION_READ",
          "schema_version": 0,
          "attributes": {
            "account_role_name": "CSTA_MARKETING_PROD_ORCHESTRATION_READ",
            "all_privileges": false,
            "always_apply": false,
            "always_apply_trigger": null,
            "id": "\"CSTA_MARKETING_PROD_ORCHESTRATION_READ\"|false|false|SELECT|OnSchemaObject|OnAll|VIEWS|InSchema|\"CSTA_MARKETING_PROD\".\"ORCHESTRATION\"",
            "on_account": false,
            "on_account_object": [],
            "on_schema": [],
            "on_schema_object": [
              {
                "all": [
                  {
                    "in_database": "",
                    "in_schema": "CSTA_MARKETING_PROD.ORCHESTRATION",
                    "object_type_plural": "VIEWS"
                  }
                ],
                "future": [],
                "object_name": "",
                "object_type": ""
              }
            ],
            "privileges": [
              "SELECT"
            ],
            "with_grant_option": false
          },
          "sensitive_attributes": [],
          "identity_schema_version": 0,
          "private": "bnVsbA==",
          "dependencies": [
            "module.databases.snowflake_database.this",
            "module.databases.snowflake_schema.this",
            "module.rbac.snowflake_account_role.schema_access_roles",
            "module.warehouses.snowflake_warehouse.this"
          ]
        },
        {
          "index_key": "CSTA_MARKETING_PROD_ORCHESTRATION_READ_WRITE",
          "schema_version": 0,
          "attributes": {
            "account_role_name": "CSTA_MARKETING_PROD_ORCHESTRATION_READ_WRITE",
            "all_privileges": false,
            "always_apply": false,
            "always_apply_trigger": null,
            "id": "\"CSTA_MARKETING_PROD_ORCHESTRATION_READ_WRITE\"|false|false|SELECT|OnSchemaObject|OnAll|VIEWS|InSchema|\"CSTA_MARKETING_PROD\".\"ORCHESTRATION\"",
            "on_account": false,
            "on_account_object": [],
            "on_schema": [],
            "on_schema_object": [
              {
                "all": [
                  {
                    "in_database": "",
                    "in_schema": "CSTA_MARKETING_PROD.ORCHESTRATION",
                    "object_type_plural": "VIEWS"
                  }
                ],
                "future": [],
                "object_name": "",
                "object_type": ""
              }
            ],
            "privileges": [
              "SELECT"
            ],
            "with_grant_option": false
          },
          "sensitive_attributes": [],
          "identity_schema_version": 0,
          "private": "bnVsbA==",
          "dependencies": [
            "module.databases.snowflake_database.this",
            "module.databases.snowflake_schema.this",
            "module.rbac.snowflake_account_role.schema_access_roles",
            "module.warehouses.snowflake_warehouse.this"
          ]
        },
        {
          "index_key": "CSTA_MARKETING_PROD_ORCHESTRATION_READ_WRITE_CREATE",
          "schema_version": 0,
          "attributes": {
            "account_role_name": "CSTA_MARKETING_PROD_ORCHESTRATION_READ_WRITE_CREATE",
            "all_privileges": false,
            "always_apply": false,
            "always_apply_trigger": null,
            "id": "\"CSTA_MARKETING_PROD_ORCHESTRATION_READ_WRITE_CREATE\"|false|false|SELECT|OnSchemaObject|OnAll|VIEWS|InSchema|\"CSTA_MARKETING_PROD\".\"ORCHESTRATION\"",
            "on_account": false,
            "on_account_object": [],
            "on_schema": [],
            "on_schema_object": [
              {
                "all": [
                  {
                    "in_database": "",
                    "in_schema": "CSTA_MARKETING_PROD.ORCHESTRATION",
                    "object_type_plural": "VIEWS"
                  }
                ],
                "future": [],
                "object_name": "",
                "object_type": ""
              }
            ],
            "privileges": [
              "SELECT"
            ],
            "with_grant_option": false
          },
          "sensitive_attributes": [],
          "identity_schema_version": 0,
          "private": "bnVsbA==",
          "dependencies": [
            "module.databases.snowflake_database.this",
            "module.databases.snowflake_schema.this",
            "module.rbac.snowflake_account_role.schema_access_roles",
            "module.warehouses.snowflake_warehouse.this"
          ]
        },
        {
          "index_key": "CSTA_MARKETING_PROD_SILVER_READ",
          "schema_version": 0,
          "attributes": {
            "account_role_name": "CSTA_MARKETING_PROD_SILVER_READ",
            "all_privileges": false,
            "always_apply": false,
            "always_apply_trigger": null,
            "id": "\"CSTA_MARKETING_PROD_SILVER_READ\"|false|false|SELECT|OnSchemaObject|OnAll|VIEWS|InSchema|\"CSTA_MARKETING_PROD\".\"SILVER\"",
            "on_account": false,
            "on_account_object": [],
            "on_schema": [],
            "on_schema_object": [
              {
                "all": [
                  {
                    "in_database": "",
                    "in_schema": "CSTA_MARKETING_PROD.SILVER",
                    "object_type_plural": "VIEWS"
                  }
                ],
                "future": [],
                "object_name": "",
                "object_type": ""
              }
            ],
            "privileges": [
              "SELECT"
            ],
            "with_grant_option": false
          },
          "sensitive_attributes": [],
          "identity_schema_version": 0,
          "private": "bnVsbA==",
          "dependencies": [
            "module.databases.snowflake_database.this",
            "module.databases.snowflake_schema.this",
            "module.rbac.snowflake_account_role.schema_access_roles",
            "module.warehouses.snowflake_warehouse.this"
          ]
        },
        {
          "index_key": "CSTA_MARKETING_PROD_SILVER_READ_WRITE",
          "schema_version": 0,
          "attributes": {
            "account_role_name": "CSTA_MARKETING_PROD_SILVER_READ_WRITE",
            "all_privileges": false,
            "always_apply": false,
            "always_apply_trigger": null,
            "id": "\"CSTA_MARKETING_PROD_SILVER_READ_WRITE\"|false|false|SELECT|OnSchemaObject|OnAll|VIEWS|InSchema|\"CSTA_MARKETING_PROD\".\"SILVER\"",
            "on_account": false,
            "on_account_object": [],
            "on_schema": [],
            "on_schema_object": [
              {
                "all": [
                  {
                    "in_database": "",
                    "in_schema": "CSTA_MARKETING_PROD.SILVER",
                    "object_type_plural": "VIEWS"
                  }
                ],
                "future": [],
                "object_name": "",
                "object_type": ""
              }
            ],
            "privileges": [
              "SELECT"
            ],
            "with_grant_option": false
          },
          "sensitive_attributes": [],
          "identity_schema_version": 0,
          "private": "bnVsbA==",
          "dependencies": [
            "module.databases.snowflake_database.this",
            "module.databases.snowflake_schema.this",
            "module.rbac.snowflake_account_role.schema_access_roles",
            "module.warehouses.snowflake_warehouse.this"
          ]
        },
        {
          "index_key": "CSTA_MARKETING_PROD_SILVER_READ_WRITE_CREATE",
          "schema_version": 0,
          "attributes": {
            "account_role_name": "CSTA_MARKETING_PROD_SILVER_READ_WRITE_CREATE",
            "all_privileges": false,
            "always_apply": false,
            "always_apply_trigger": null,
            "id": "\"CSTA_MARKETING_PROD_SILVER_READ_WRITE_CREATE\"|false|false|SELECT|OnSchemaObject|OnAll|VIEWS|InSchema|\"CSTA_MARKETING_PROD\".\"SILVER\"",
            "on_account": false,
            "on_account_object": [],
            "on_schema": [],
            "on_schema_object": [
              {
                "all": [
                  {
                    "in_database": "",
                    "in_schema": "CSTA_MARKETING_PROD.SILVER",
                    "object_type_plural": "VIEWS"
                  }
                ],
                "future": [],
                "object_name": "",
                "object_type": ""
              }
            ],
            "privileges": [
              "SELECT"
            ],
            "with_grant_option": false
          },
          "sensitive_attributes": [],
          "identity_schema_version": 0,
          "private": "bnVsbA==",
          "dependencies": [
            "module.databases.snowflake_database.this",
            "module.databases.snowflake_schema.this",
            "module.rbac.snowflake_account_role.schema_access_roles",
            "module.warehouses.snowflake_warehouse.this"
          ]
        },
        {
          "index_key": "CSTA_MARKETING_SHARED_ARTIFACTS_READ",
          "schema_version": 0,
          "attributes": {
            "account_role_name": "CSTA_MARKETING_SHARED_ARTIFACTS_READ",
            "all_privileges": false,
            "always_apply": false,
            "always_apply_trigger": null,
            "id": "\"CSTA_MARKETING_SHARED_ARTIFACTS_READ\"|false|false|SELECT|OnSchemaObject|OnAll|VIEWS|InSchema|\"CSTA_MARKETING_SHARED\".\"ARTIFACTS\"",
            "on_account": false,
            "on_account_object": [],
            "on_schema": [],
            "on_schema_object": [
              {
                "all": [
                  {
                    "in_database": "",
                    "in_schema": "CSTA_MARKETING_SHARED.ARTIFACTS",
                    "object_type_plural": "VIEWS"
                  }
                ],
                "future": [],
                "object_name": "",
                "object_type": ""
              }
            ],
            "privileges": [
              "SELECT"
            ],
            "with_grant_option": false
          },
          "sensitive_attributes": [],
          "identity_schema_version": 0,
          "private": "bnVsbA==",
          "dependencies": [
            "module.databases.snowflake_database.this",
            "module.databases.snowflake_schema.this",
            "module.rbac.snowflake_account_role.schema_access_roles",
            "module.warehouses.snowflake_warehouse.this"
          ]
        },
        {
          "index_key": "CSTA_MARKETING_SHARED_ARTIFACTS_READ_WRITE",
          "schema_version": 0,
          "attributes": {
            "account_role_name": "CSTA_MARKETING_SHARED_ARTIFACTS_READ_WRITE",
            "all_privileges": false,
            "always_apply": false,
            "always_apply_trigger": null,
            "id": "\"CSTA_MARKETING_SHARED_ARTIFACTS_READ_WRITE\"|false|false|SELECT|OnSchemaObject|OnAll|VIEWS|InSchema|\"CSTA_MARKETING_SHARED\".\"ARTIFACTS\"",
            "on_account": false,
            "on_account_object": [],
            "on_schema": [],
            "on_schema_object": [
              {
                "all": [
                  {
                    "in_database": "",
                    "in_schema": "CSTA_MARKETING_SHARED.ARTIFACTS",
                    "object_type_plural": "VIEWS"
                  }
                ],
                "future": [],
                "object_name": "",
                "object_type": ""
              }
            ],
            "privileges": [
              "SELECT"
            ],
            "with_grant_option": false
          },
          "sensitive_attributes": [],
          "identity_schema_version": 0,
          "private": "bnVsbA==",
          "dependencies": [
            "module.databases.snowflake_database.this",
            "module.databases.snowflake_schema.this",
            "module.rbac.snowflake_account_role.schema_access_roles",
            "module.warehouses.snowflake_warehouse.this"
          ]
        },
        {
          "index_key": "CSTA_MARKETING_SHARED_ARTIFACTS_READ_WRITE_CREATE",
          "schema_version": 0,
          "attributes": {
            "account_role_name": "CSTA_MARKETING_SHARED_ARTIFACTS_READ_WRITE_CREATE",
            "all_privileges": false,
            "always_apply": false,
            "always_apply_trigger": null,
            "id": "\"CSTA_MARKETING_SHARED_ARTIFACTS_READ_WRITE_CREATE\"|false|false|SELECT|OnSchemaObject|OnAll|VIEWS|InSchema|\"CSTA_MARKETING_SHARED\".\"ARTIFACTS\"",
            "on_account": false,
            "on_account_object": [],
            "on_schema": [],
            "on_schema_object": [
              {
                "all": [
                  {
                    "in_database": "",
                    "in_schema": "CSTA_MARKETING_SHARED.ARTIFACTS",
                    "object_type_plural": "VIEWS"
                  }
                ],
                "future": [],
                "object_name": "",
                "object_type": ""
              }
            ],
            "privileges": [
              "SELECT"
            ],
            "with_grant_option": false
          },
          "sensitive_attributes": [],
          "identity_schema_version": 0,
          "private": "bnVsbA==",
          "dependencies": [
            "module.databases.snowflake_database.this",
            "module.databases.snowflake_schema.this",
            "module.rbac.snowflake_account_role.schema_access_roles",
            "module.warehouses.snowflake_warehouse.this"
          ]
        },
        {
          "index_key": "CSTA_MARKETING_SHARED_OBSERVABILITY_READ",
          "schema_version": 0,
          "attributes": {
            "account_role_name": "CSTA_MARKETING_SHARED_OBSERVABILITY_READ",
            "all_privileges": false,
            "always_apply": false,
            "always_apply_trigger": null,
            "id": "\"CSTA_MARKETING_SHARED_OBSERVABILITY_READ\"|false|false|SELECT|OnSchemaObject|OnAll|VIEWS|InSchema|\"CSTA_MARKETING_SHARED\".\"OBSERVABILITY\"",
            "on_account": false,
            "on_account_object": [],
            "on_schema": [],
            "on_schema_object": [
              {
                "all": [
                  {
                    "in_database": "",
                    "in_schema": "CSTA_MARKETING_SHARED.OBSERVABILITY",
                    "object_type_plural": "VIEWS"
                  }
                ],
                "future": [],
                "object_name": "",
                "object_type": ""
              }
            ],
            "privileges": [
              "SELECT"
            ],
            "with_grant_option": false
          },
          "sensitive_attributes": [],
          "identity_schema_version": 0,
          "private": "bnVsbA==",
          "dependencies": [
            "module.databases.snowflake_database.this",
            "module.databases.snowflake_schema.this",
            "module.rbac.snowflake_account_role.schema_access_roles",
            "module.warehouses.snowflake_warehouse.this"
          ]
        },
        {
          "index_key": "CSTA_MARKETING_SHARED_OBSERVABILITY_READ_WRITE",
          "schema_version": 0,
          "attributes": {
            "account_role_name": "CSTA_MARKETING_SHARED_OBSERVABILITY_READ_WRITE",
            "all_privileges": false,
            "always_apply": false,
            "always_apply_trigger": null,
            "id": "\"CSTA_MARKETING_SHARED_OBSERVABILITY_READ_WRITE\"|false|false|SELECT|OnSchemaObject|OnAll|VIEWS|InSchema|\"CSTA_MARKETING_SHARED\".\"OBSERVABILITY\"",
            "on_account": false,
            "on_account_object": [],
            "on_schema": [],
            "on_schema_object": [
              {
                "all": [
                  {
                    "in_database": "",
                    "in_schema": "CSTA_MARKETING_SHARED.OBSERVABILITY",
                    "object_type_plural": "VIEWS"
                  }
                ],
                "future": [],
                "object_name": "",
                "object_type": ""
              }
            ],
            "privileges": [
              "SELECT"
            ],
            "with_grant_option": false
          },
          "sensitive_attributes": [],
          "identity_schema_version": 0,
          "private": "bnVsbA==",
          "dependencies": [
            "module.databases.snowflake_database.this",
            "module.databases.snowflake_schema.this",
            "module.rbac.snowflake_account_role.schema_access_roles",
            "module.warehouses.snowflake_warehouse.this"
          ]
        },
        {
          "index_key": "CSTA_MARKETING_SHARED_OBSERVABILITY_READ_WRITE_CREATE",
          "schema_version": 0,
          "attributes": {
            "account_role_name": "CSTA_MARKETING_SHARED_OBSERVABILITY_READ_WRITE_CREATE",
            "all_privileges": false,
            "always_apply": false,
            "always_apply_trigger": null,
            "id": "\"CSTA_MARKETING_SHARED_OBSERVABILITY_READ_WRITE_CREATE\"|false|false|SELECT|OnSchemaObject|OnAll|VIEWS|InSchema|\"CSTA_MARKETING_SHARED\".\"OBSERVABILITY\"",
            "on_account": false,
            "on_account_object": [],
            "on_schema": [],
            "on_schema_object": [
              {
                "all": [
                  {
                    "in_database": "",
                    "in_schema": "CSTA_MARKETING_SHARED.OBSERVABILITY",
                    "object_type_plural": "VIEWS"
                  }
                ],
                "future": [],
                "object_name": "",
                "object_type": ""
              }
            ],
            "privileges": [
              "SELECT"
            ],
            "with_grant_option": false
          },
          "sensitive_attributes": [],
          "identity_schema_version": 0,
          "private": "bnVsbA==",
          "dependencies": [
            "module.databases.snowflake_database.this",
            "module.databases.snowflake_schema.this",
            "module.rbac.snowflake_account_role.schema_access_roles",
            "module.warehouses.snowflake_warehouse.this"
          ]
        },
        {
          "index_key": "CSTA_MARKETING_UAT_BRONZE_READ",
          "schema_version": 0,
          "attributes": {
            "account_role_name": "CSTA_MARKETING_UAT_BRONZE_READ",
            "all_privileges": false,
            "always_apply": false,
            "always_apply_trigger": null,
            "id": "\"CSTA_MARKETING_UAT_BRONZE_READ\"|false|false|SELECT|OnSchemaObject|OnAll|VIEWS|InSchema|\"CSTA_MARKETING_UAT\".\"BRONZE\"",
            "on_account": false,
            "on_account_object": [],
            "on_schema": [],
            "on_schema_object": [
              {
                "all": [
                  {
                    "in_database": "",
                    "in_schema": "CSTA_MARKETING_UAT.BRONZE",
                    "object_type_plural": "VIEWS"
                  }
                ],
                "future": [],
                "object_name": "",
                "object_type": ""
              }
            ],
            "privileges": [
              "SELECT"
            ],
            "with_grant_option": false
          },
          "sensitive_attributes": [],
          "identity_schema_version": 0,
          "private": "bnVsbA==",
          "dependencies": [
            "module.databases.snowflake_database.this",
            "module.databases.snowflake_schema.this",
            "module.rbac.snowflake_account_role.schema_access_roles",
            "module.warehouses.snowflake_warehouse.this"
          ]
        },
        {
          "index_key": "CSTA_MARKETING_UAT_BRONZE_READ_WRITE",
          "schema_version": 0,
          "attributes": {
            "account_role_name": "CSTA_MARKETING_UAT_BRONZE_READ_WRITE",
            "all_privileges": false,
            "always_apply": false,
            "always_apply_trigger": null,
            "id": "\"CSTA_MARKETING_UAT_BRONZE_READ_WRITE\"|false|false|SELECT|OnSchemaObject|OnAll|VIEWS|InSchema|\"CSTA_MARKETING_UAT\".\"BRONZE\"",
            "on_account": false,
            "on_account_object": [],
            "on_schema": [],
            "on_schema_object": [
              {
                "all": [
                  {
                    "in_database": "",
                    "in_schema": "CSTA_MARKETING_UAT.BRONZE",
                    "object_type_plural": "VIEWS"
                  }
                ],
                "future": [],
                "object_name": "",
                "object_type": ""
              }
            ],
            "privileges": [
              "SELECT"
            ],
            "with_grant_option": false
          },
          "sensitive_attributes": [],
          "identity_schema_version": 0,
          "private": "bnVsbA==",
          "dependencies": [
            "module.databases.snowflake_database.this",
            "module.databases.snowflake_schema.this",
            "module.rbac.snowflake_account_role.schema_access_roles",
            "module.warehouses.snowflake_warehouse.this"
          ]
        },
        {
          "index_key": "CSTA_MARKETING_UAT_BRONZE_READ_WRITE_CREATE",
          "schema_version": 0,
          "attributes": {
            "account_role_name": "CSTA_MARKETING_UAT_BRONZE_READ_WRITE_CREATE",
            "all_privileges": false,
            "always_apply": false,
            "always_apply_trigger": null,
            "id": "\"CSTA_MARKETING_UAT_BRONZE_READ_WRITE_CREATE\"|false|false|SELECT|OnSchemaObject|OnAll|VIEWS|InSchema|\"CSTA_MARKETING_UAT\".\"BRONZE\"",
            "on_account": false,
            "on_account_object": [],
            "on_schema": [],
            "on_schema_object": [
              {
                "all": [
                  {
                    "in_database": "",
                    "in_schema": "CSTA_MARKETING_UAT.BRONZE",
                    "object_type_plural": "VIEWS"
                  }
                ],
                "future": [],
                "object_name": "",
                "object_type": ""
              }
            ],
            "privileges": [
              "SELECT"
            ],
            "with_grant_option": false
          },
          "sensitive_attributes": [],
          "identity_schema_version": 0,
          "private": "bnVsbA==",
          "dependencies": [
            "module.databases.snowflake_database.this",
            "module.databases.snowflake_schema.this",
            "module.rbac.snowflake_account_role.schema_access_roles",
            "module.warehouses.snowflake_warehouse.this"
          ]
        },
        {
          "index_key": "CSTA_MARKETING_UAT_GOLD_READ",
          "schema_version": 0,
          "attributes": {
            "account_role_name": "CSTA_MARKETING_UAT_GOLD_READ",
            "all_privileges": false,
            "always_apply": false,
            "always_apply_trigger": null,
            "id": "\"CSTA_MARKETING_UAT_GOLD_READ\"|false|false|SELECT|OnSchemaObject|OnAll|VIEWS|InSchema|\"CSTA_MARKETING_UAT\".\"GOLD\"",
            "on_account": false,
            "on_account_object": [],
            "on_schema": [],
            "on_schema_object": [
              {
                "all": [
                  {
                    "in_database": "",
                    "in_schema": "CSTA_MARKETING_UAT.GOLD",
                    "object_type_plural": "VIEWS"
                  }
                ],
                "future": [],
                "object_name": "",
                "object_type": ""
              }
            ],
            "privileges": [
              "SELECT"
            ],
            "with_grant_option": false
          },
          "sensitive_attributes": [],
          "identity_schema_version": 0,
          "private": "bnVsbA==",
          "dependencies": [
            "module.databases.snowflake_database.this",
            "module.databases.snowflake_schema.this",
            "module.rbac.snowflake_account_role.schema_access_roles",
            "module.warehouses.snowflake_warehouse.this"
          ]
        },
        {
          "index_key": "CSTA_MARKETING_UAT_GOLD_READ_WRITE",
          "schema_version": 0,
          "attributes": {
            "account_role_name": "CSTA_MARKETING_UAT_GOLD_READ_WRITE",
            "all_privileges": false,
            "always_apply": false,
            "always_apply_trigger": null,
            "id": "\"CSTA_MARKETING_UAT_GOLD_READ_WRITE\"|false|false|SELECT|OnSchemaObject|OnAll|VIEWS|InSchema|\"CSTA_MARKETING_UAT\".\"GOLD\"",
            "on_account": false,
            "on_account_object": [],
            "on_schema": [],
            "on_schema_object": [
              {
                "all": [
                  {
                    "in_database": "",
                    "in_schema": "CSTA_MARKETING_UAT.GOLD",
                    "object_type_plural": "VIEWS"
                  }
                ],
                "future": [],
                "object_name": "",
                "object_type": ""
              }
            ],
            "privileges": [
              "SELECT"
            ],
            "with_grant_option": false
          },
          "sensitive_attributes": [],
          "identity_schema_version": 0,
          "private": "bnVsbA==",
          "dependencies": [
            "module.databases.snowflake_database.this",
            "module.databases.snowflake_schema.this",
            "module.rbac.snowflake_account_role.schema_access_roles",
            "module.warehouses.snowflake_warehouse.this"
          ]
        },
        {
          "index_key": "CSTA_MARKETING_UAT_GOLD_READ_WRITE_CREATE",
          "schema_version": 0,
          "attributes": {
            "account_role_name": "CSTA_MARKETING_UAT_GOLD_READ_WRITE_CREATE",
            "all_privileges": false,
            "always_apply": false,
            "always_apply_trigger": null,
            "id": "\"CSTA_MARKETING_UAT_GOLD_READ_WRITE_CREATE\"|false|false|SELECT|OnSchemaObject|OnAll|VIEWS|InSchema|\"CSTA_MARKETING_UAT\".\"GOLD\"",
            "on_account": false,
            "on_account_object": [],
            "on_schema": [],
            "on_schema_object": [
              {
                "all": [
                  {
                    "in_database": "",
                    "in_schema": "CSTA_MARKETING_UAT.GOLD",
                    "object_type_plural": "VIEWS"
                  }
                ],
                "future": [],
                "object_name": "",
                "object_type": ""
              }
            ],
            "privileges": [
              "SELECT"
            ],
            "with_grant_option": false
          },
          "sensitive_attributes": [],
          "identity_schema_version": 0,
          "private": "bnVsbA==",
          "dependencies": [
            "module.databases.snowflake_database.this",
            "module.databases.snowflake_schema.this",
            "module.rbac.snowflake_account_role.schema_access_roles",
            "module.warehouses.snowflake_warehouse.this"
          ]
        },
        {
          "index_key": "CSTA_MARKETING_UAT_ORCHESTRATION_READ",
          "schema_version": 0,
          "attributes": {
            "account_role_name": "CSTA_MARKETING_UAT_ORCHESTRATION_READ",
            "all_privileges": false,
            "always_apply": false,
            "always_apply_trigger": null,
            "id": "\"CSTA_MARKETING_UAT_ORCHESTRATION_READ\"|false|false|SELECT|OnSchemaObject|OnAll|VIEWS|InSchema|\"CSTA_MARKETING_UAT\".\"ORCHESTRATION\"",
            "on_account": false,
            "on_account_object": [],
            "on_schema": [],
            "on_schema_object": [
              {
                "all": [
                  {
                    "in_database": "",
                    "in_schema": "CSTA_MARKETING_UAT.ORCHESTRATION",
                    "object_type_plural": "VIEWS"
                  }
                ],
                "future": [],
                "object_name": "",
                "object_type": ""
              }
            ],
            "privileges": [
              "SELECT"
            ],
            "with_grant_option": false
          },
          "sensitive_attributes": [],
          "identity_schema_version": 0,
          "private": "bnVsbA==",
          "dependencies": [
            "module.databases.snowflake_database.this",
            "module.databases.snowflake_schema.this",
            "module.rbac.snowflake_account_role.schema_access_roles",
            "module.warehouses.snowflake_warehouse.this"
          ]
        },
        {
          "index_key": "CSTA_MARKETING_UAT_ORCHESTRATION_READ_WRITE",
          "schema_version": 0,
          "attributes": {
            "account_role_name": "CSTA_MARKETING_UAT_ORCHESTRATION_READ_WRITE",
            "all_privileges": false,
            "always_apply": false,
            "always_apply_trigger": null,
            "id": "\"CSTA_MARKETING_UAT_ORCHESTRATION_READ_WRITE\"|false|false|SELECT|OnSchemaObject|OnAll|VIEWS|InSchema|\"CSTA_MARKETING_UAT\".\"ORCHESTRATION\"",
            "on_account": false,
            "on_account_object": [],
            "on_schema": [],
            "on_schema_object": [
              {
                "all": [
                  {
                    "in_database": "",
                    "in_schema": "CSTA_MARKETING_UAT.ORCHESTRATION",
                    "object_type_plural": "VIEWS"
                  }
                ],
                "future": [],
                "object_name": "",
                "object_type": ""
              }
            ],
            "privileges": [
              "SELECT"
            ],
            "with_grant_option": false
          },
          "sensitive_attributes": [],
          "identity_schema_version": 0,
          "private": "bnVsbA==",
          "dependencies": [
            "module.databases.snowflake_database.this",
            "module.databases.snowflake_schema.this",
            "module.rbac.snowflake_account_role.schema_access_roles",
            "module.warehouses.snowflake_warehouse.this"
          ]
        },
        {
          "index_key": "CSTA_MARKETING_UAT_ORCHESTRATION_READ_WRITE_CREATE",
          "schema_version": 0,
          "attributes": {
            "account_role_name": "CSTA_MARKETING_UAT_ORCHESTRATION_READ_WRITE_CREATE",
            "all_privileges": false,
            "always_apply": false,
            "always_apply_trigger": null,
            "id": "\"CSTA_MARKETING_UAT_ORCHESTRATION_READ_WRITE_CREATE\"|false|false|SELECT|OnSchemaObject|OnAll|VIEWS|InSchema|\"CSTA_MARKETING_UAT\".\"ORCHESTRATION\"",
            "on_account": false,
            "on_account_object": [],
            "on_schema": [],
            "on_schema_object": [
              {
                "all": [
                  {
                    "in_database": "",
                    "in_schema": "CSTA_MARKETING_UAT.ORCHESTRATION",
                    "object_type_plural": "VIEWS"
                  }
                ],
                "future": [],
                "object_name": "",
                "object_type": ""
              }
            ],
            "privileges": [
              "SELECT"
            ],
            "with_grant_option": false
          },
          "sensitive_attributes": [],
          "identity_schema_version": 0,
          "private": "bnVsbA==",
          "dependencies": [
            "module.databases.snowflake_database.this",
            "module.databases.snowflake_schema.this",
            "module.rbac.snowflake_account_role.schema_access_roles",
            "module.warehouses.snowflake_warehouse.this"
          ]
        },
        {
          "index_key": "CSTA_MARKETING_UAT_SILVER_READ",
          "schema_version": 0,
          "attributes": {
            "account_role_name": "CSTA_MARKETING_UAT_SILVER_READ",
            "all_privileges": false,
            "always_apply": false,
            "always_apply_trigger": null,
            "id": "\"CSTA_MARKETING_UAT_SILVER_READ\"|false|false|SELECT|OnSchemaObject|OnAll|VIEWS|InSchema|\"CSTA_MARKETING_UAT\".\"SILVER\"",
            "on_account": false,
            "on_account_object": [],
            "on_schema": [],
            "on_schema_object": [
              {
                "all": [
                  {
                    "in_database": "",
                    "in_schema": "CSTA_MARKETING_UAT.SILVER",
                    "object_type_plural": "VIEWS"
                  }
                ],
                "future": [],
                "object_name": "",
                "object_type": ""
              }
            ],
            "privileges": [
              "SELECT"
            ],
            "with_grant_option": false
          },
          "sensitive_attributes": [],
          "identity_schema_version": 0,
          "private": "bnVsbA==",
          "dependencies": [
            "module.databases.snowflake_database.this",
            "module.databases.snowflake_schema.this",
            "module.rbac.snowflake_account_role.schema_access_roles",
            "module.warehouses.snowflake_warehouse.this"
          ]
        },
        {
          "index_key": "CSTA_MARKETING_UAT_SILVER_READ_WRITE",
          "schema_version": 0,
          "attributes": {
            "account_role_name": "CSTA_MARKETING_UAT_SILVER_READ_WRITE",
            "all_privileges": false,
            "always_apply": false,
            "always_apply_trigger": null,
            "id": "\"CSTA_MARKETING_UAT_SILVER_READ_WRITE\"|false|false|SELECT|OnSchemaObject|OnAll|VIEWS|InSchema|\"CSTA_MARKETING_UAT\".\"SILVER\"",
            "on_account": false,
            "on_account_object": [],
            "on_schema": [],
            "on_schema_object": [
              {
                "all": [
                  {
                    "in_database": "",
                    "in_schema": "CSTA_MARKETING_UAT.SILVER",
                    "object_type_plural": "VIEWS"
                  }
                ],
                "future": [],
                "object_name": "",
                "object_type": ""
              }
            ],
            "privileges": [
              "SELECT"
            ],
            "with_grant_option": false
          },
          "sensitive_attributes": [],
          "identity_schema_version": 0,
          "private": "bnVsbA==",
          "dependencies": [
            "module.databases.snowflake_database.this",
            "module.databases.snowflake_schema.this",
            "module.rbac.snowflake_account_role.schema_access_roles",
            "module.warehouses.snowflake_warehouse.this"
          ]
        },
        {
          "index_key": "CSTA_MARKETING_UAT_SILVER_READ_WRITE_CREATE",
          "schema_version": 0,
          "attributes": {
            "account_role_name": "CSTA_MARKETING_UAT_SILVER_READ_WRITE_CREATE",
            "all_privileges": false,
            "always_apply": false,
            "always_apply_trigger": null,
            "id": "\"CSTA_MARKETING_UAT_SILVER_READ_WRITE_CREATE\"|false|false|SELECT|OnSchemaObject|OnAll|VIEWS|InSchema|\"CSTA_MARKETING_UAT\".\"SILVER\"",
            "on_account": false,
            "on_account_object": [],
            "on_schema": [],
            "on_schema_object": [
              {
                "all": [
                  {
                    "in_database": "",
                    "in_schema": "CSTA_MARKETING_UAT.SILVER",
                    "object_type_plural": "VIEWS"
                  }
                ],
                "future": [],
                "object_name": "",
                "object_type": ""
              }
            ],
            "privileges": [
              "SELECT"
            ],
            "with_grant_option": false
          },
          "sensitive_attributes": [],
          "identity_schema_version": 0,
          "private": "bnVsbA==",
          "dependencies": [
            "module.databases.snowflake_database.this",
            "module.databases.snowflake_schema.this",
            "module.rbac.snowflake_account_role.schema_access_roles",
            "module.warehouses.snowflake_warehouse.this"
          ]
        }
      ]
    },
    {
      "module": "module.rbac",
      "mode": "managed",
      "type": "snowflake_grant_privileges_to_account_role",
      "name": "schema_select_future_tables",
      "provider": "provider[\"registry.terraform.io/snowflakedb/snowflake\"]",
      "instances": [
        {
          "index_key": "CSTA_MARKETING_DEV_BRONZE_READ",
          "schema_version": 0,
          "attributes": {
            "account_role_name": "CSTA_MARKETING_DEV_BRONZE_READ",
            "all_privileges": false,
            "always_apply": false,
            "always_apply_trigger": null,
            "id": "\"CSTA_MARKETING_DEV_BRONZE_READ\"|false|false|SELECT|OnSchemaObject|OnFuture|TABLES|InSchema|\"CSTA_MARKETING_DEV\".\"BRONZE\"",
            "on_account": false,
            "on_account_object": [],
            "on_schema": [],
            "on_schema_object": [
              {
                "all": [],
                "future": [
                  {
                    "in_database": "",
                    "in_schema": "CSTA_MARKETING_DEV.BRONZE",
                    "object_type_plural": "TABLES"
                  }
                ],
                "object_name": "",
                "object_type": ""
              }
            ],
            "privileges": [
              "SELECT"
            ],
            "with_grant_option": false
          },
          "sensitive_attributes": [],
          "identity_schema_version": 0,
          "private": "bnVsbA==",
          "dependencies": [
            "module.databases.snowflake_database.this",
            "module.databases.snowflake_schema.this",
            "module.rbac.snowflake_account_role.schema_access_roles",
            "module.warehouses.snowflake_warehouse.this"
          ]
        },
        {
          "index_key": "CSTA_MARKETING_DEV_BRONZE_READ_WRITE",
          "schema_version": 0,
          "attributes": {
            "account_role_name": "CSTA_MARKETING_DEV_BRONZE_READ_WRITE",
            "all_privileges": false,
            "always_apply": false,
            "always_apply_trigger": null,
            "id": "\"CSTA_MARKETING_DEV_BRONZE_READ_WRITE\"|false|false|SELECT|OnSchemaObject|OnFuture|TABLES|InSchema|\"CSTA_MARKETING_DEV\".\"BRONZE\"",
            "on_account": false,
            "on_account_object": [],
            "on_schema": [],
            "on_schema_object": [
              {
                "all": [],
                "future": [
                  {
                    "in_database": "",
                    "in_schema": "CSTA_MARKETING_DEV.BRONZE",
                    "object_type_plural": "TABLES"
                  }
                ],
                "object_name": "",
                "object_type": ""
              }
            ],
            "privileges": [
              "SELECT"
            ],
            "with_grant_option": false
          },
          "sensitive_attributes": [],
          "identity_schema_version": 0,
          "private": "bnVsbA==",
          "dependencies": [
            "module.databases.snowflake_database.this",
            "module.databases.snowflake_schema.this",
            "module.rbac.snowflake_account_role.schema_access_roles",
            "module.warehouses.snowflake_warehouse.this"
          ]
        },
        {
          "index_key": "CSTA_MARKETING_DEV_BRONZE_READ_WRITE_CREATE",
          "schema_version": 0,
          "attributes": {
            "account_role_name": "CSTA_MARKETING_DEV_BRONZE_READ_WRITE_CREATE",
            "all_privileges": false,
            "always_apply": false,
            "always_apply_trigger": null,
            "id": "\"CSTA_MARKETING_DEV_BRONZE_READ_WRITE_CREATE\"|false|false|SELECT|OnSchemaObject|OnFuture|TABLES|InSchema|\"CSTA_MARKETING_DEV\".\"BRONZE\"",
            "on_account": false,
            "on_account_object": [],
            "on_schema": [],
            "on_schema_object": [
              {
                "all": [],
                "future": [
                  {
                    "in_database": "",
                    "in_schema": "CSTA_MARKETING_DEV.BRONZE",
                    "object_type_plural": "TABLES"
                  }
                ],
                "object_name": "",
                "object_type": ""
              }
            ],
            "privileges": [
              "SELECT"
            ],
            "with_grant_option": false
          },
          "sensitive_attributes": [],
          "identity_schema_version": 0,
          "private": "bnVsbA==",
          "dependencies": [
            "module.databases.snowflake_database.this",
            "module.databases.snowflake_schema.this",
            "module.rbac.snowflake_account_role.schema_access_roles",
            "module.warehouses.snowflake_warehouse.this"
          ]
        },
        {
          "index_key": "CSTA_MARKETING_DEV_GOLD_READ",
          "schema_version": 0,
          "attributes": {
            "account_role_name": "CSTA_MARKETING_DEV_GOLD_READ",
            "all_privileges": false,
            "always_apply": false,
            "always_apply_trigger": null,
            "id": "\"CSTA_MARKETING_DEV_GOLD_READ\"|false|false|SELECT|OnSchemaObject|OnFuture|TABLES|InSchema|\"CSTA_MARKETING_DEV\".\"GOLD\"",
            "on_account": false,
            "on_account_object": [],
            "on_schema": [],
            "on_schema_object": [
              {
                "all": [],
                "future": [
                  {
                    "in_database": "",
                    "in_schema": "CSTA_MARKETING_DEV.GOLD",
                    "object_type_plural": "TABLES"
                  }
                ],
                "object_name": "",
                "object_type": ""
              }
            ],
            "privileges": [
              "SELECT"
            ],
            "with_grant_option": false
          },
          "sensitive_attributes": [],
          "identity_schema_version": 0,
          "private": "bnVsbA==",
          "dependencies": [
            "module.databases.snowflake_database.this",
            "module.databases.snowflake_schema.this",
            "module.rbac.snowflake_account_role.schema_access_roles",
            "module.warehouses.snowflake_warehouse.this"
          ]
        },
        {
          "index_key": "CSTA_MARKETING_DEV_GOLD_READ_WRITE",
          "schema_version": 0,
          "attributes": {
            "account_role_name": "CSTA_MARKETING_DEV_GOLD_READ_WRITE",
            "all_privileges": false,
            "always_apply": false,
            "always_apply_trigger": null,
            "id": "\"CSTA_MARKETING_DEV_GOLD_READ_WRITE\"|false|false|SELECT|OnSchemaObject|OnFuture|TABLES|InSchema|\"CSTA_MARKETING_DEV\".\"GOLD\"",
            "on_account": false,
            "on_account_object": [],
            "on_schema": [],
            "on_schema_object": [
              {
                "all": [],
                "future": [
                  {
                    "in_database": "",
                    "in_schema": "CSTA_MARKETING_DEV.GOLD",
                    "object_type_plural": "TABLES"
                  }
                ],
                "object_name": "",
                "object_type": ""
              }
            ],
            "privileges": [
              "SELECT"
            ],
            "with_grant_option": false
          },
          "sensitive_attributes": [],
          "identity_schema_version": 0,
          "private": "bnVsbA==",
          "dependencies": [
            "module.databases.snowflake_database.this",
            "module.databases.snowflake_schema.this",
            "module.rbac.snowflake_account_role.schema_access_roles",
            "module.warehouses.snowflake_warehouse.this"
          ]
        },
        {
          "index_key": "CSTA_MARKETING_DEV_GOLD_READ_WRITE_CREATE",
          "schema_version": 0,
          "attributes": {
            "account_role_name": "CSTA_MARKETING_DEV_GOLD_READ_WRITE_CREATE",
            "all_privileges": false,
            "always_apply": false,
            "always_apply_trigger": null,
            "id": "\"CSTA_MARKETING_DEV_GOLD_READ_WRITE_CREATE\"|false|false|SELECT|OnSchemaObject|OnFuture|TABLES|InSchema|\"CSTA_MARKETING_DEV\".\"GOLD\"",
            "on_account": false,
            "on_account_object": [],
            "on_schema": [],
            "on_schema_object": [
              {
                "all": [],
                "future": [
                  {
                    "in_database": "",
                    "in_schema": "CSTA_MARKETING_DEV.GOLD",
                    "object_type_plural": "TABLES"
                  }
                ],
                "object_name": "",
                "object_type": ""
              }
            ],
            "privileges": [
              "SELECT"
            ],
            "with_grant_option": false
          },
          "sensitive_attributes": [],
          "identity_schema_version": 0,
          "private": "bnVsbA==",
          "dependencies": [
            "module.databases.snowflake_database.this",
            "module.databases.snowflake_schema.this",
            "module.rbac.snowflake_account_role.schema_access_roles",
            "module.warehouses.snowflake_warehouse.this"
          ]
        },
        {
          "index_key": "CSTA_MARKETING_DEV_ORCHESTRATION_READ",
          "schema_version": 0,
          "attributes": {
            "account_role_name": "CSTA_MARKETING_DEV_ORCHESTRATION_READ",
            "all_privileges": false,
            "always_apply": false,
            "always_apply_trigger": null,
            "id": "\"CSTA_MARKETING_DEV_ORCHESTRATION_READ\"|false|false|SELECT|OnSchemaObject|OnFuture|TABLES|InSchema|\"CSTA_MARKETING_DEV\".\"ORCHESTRATION\"",
            "on_account": false,
            "on_account_object": [],
            "on_schema": [],
            "on_schema_object": [
              {
                "all": [],
                "future": [
                  {
                    "in_database": "",
                    "in_schema": "CSTA_MARKETING_DEV.ORCHESTRATION",
                    "object_type_plural": "TABLES"
                  }
                ],
                "object_name": "",
                "object_type": ""
              }
            ],
            "privileges": [
              "SELECT"
            ],
            "with_grant_option": false
          },
          "sensitive_attributes": [],
          "identity_schema_version": 0,
          "private": "bnVsbA==",
          "dependencies": [
            "module.databases.snowflake_database.this",
            "module.databases.snowflake_schema.this",
            "module.rbac.snowflake_account_role.schema_access_roles",
            "module.warehouses.snowflake_warehouse.this"
          ]
        },
        {
          "index_key": "CSTA_MARKETING_DEV_ORCHESTRATION_READ_WRITE",
          "schema_version": 0,
          "attributes": {
            "account_role_name": "CSTA_MARKETING_DEV_ORCHESTRATION_READ_WRITE",
            "all_privileges": false,
            "always_apply": false,
            "always_apply_trigger": null,
            "id": "\"CSTA_MARKETING_DEV_ORCHESTRATION_READ_WRITE\"|false|false|SELECT|OnSchemaObject|OnFuture|TABLES|InSchema|\"CSTA_MARKETING_DEV\".\"ORCHESTRATION\"",
            "on_account": false,
            "on_account_object": [],
            "on_schema": [],
            "on_schema_object": [
              {
                "all": [],
                "future": [
                  {
                    "in_database": "",
                    "in_schema": "CSTA_MARKETING_DEV.ORCHESTRATION",
                    "object_type_plural": "TABLES"
                  }
                ],
                "object_name": "",
                "object_type": ""
              }
            ],
            "privileges": [
              "SELECT"
            ],
            "with_grant_option": false
          },
          "sensitive_attributes": [],
          "identity_schema_version": 0,
          "private": "bnVsbA==",
          "dependencies": [
            "module.databases.snowflake_database.this",
            "module.databases.snowflake_schema.this",
            "module.rbac.snowflake_account_role.schema_access_roles",
            "module.warehouses.snowflake_warehouse.this"
          ]
        },
        {
          "index_key": "CSTA_MARKETING_DEV_ORCHESTRATION_READ_WRITE_CREATE",
          "schema_version": 0,
          "attributes": {
            "account_role_name": "CSTA_MARKETING_DEV_ORCHESTRATION_READ_WRITE_CREATE",
            "all_privileges": false,
            "always_apply": false,
            "always_apply_trigger": null,
            "id": "\"CSTA_MARKETING_DEV_ORCHESTRATION_READ_WRITE_CREATE\"|false|false|SELECT|OnSchemaObject|OnFuture|TABLES|InSchema|\"CSTA_MARKETING_DEV\".\"ORCHESTRATION\"",
            "on_account": false,
            "on_account_object": [],
            "on_schema": [],
            "on_schema_object": [
              {
                "all": [],
                "future": [
                  {
                    "in_database": "",
                    "in_schema": "CSTA_MARKETING_DEV.ORCHESTRATION",
                    "object_type_plural": "TABLES"
                  }
                ],
                "object_name": "",
                "object_type": ""
              }
            ],
            "privileges": [
              "SELECT"
            ],
            "with_grant_option": false
          },
          "sensitive_attributes": [],
          "identity_schema_version": 0,
          "private": "bnVsbA==",
          "dependencies": [
            "module.databases.snowflake_database.this",
            "module.databases.snowflake_schema.this",
            "module.rbac.snowflake_account_role.schema_access_roles",
            "module.warehouses.snowflake_warehouse.this"
          ]
        },
        {
          "index_key": "CSTA_MARKETING_DEV_SILVER_READ",
          "schema_version": 0,
          "attributes": {
            "account_role_name": "CSTA_MARKETING_DEV_SILVER_READ",
            "all_privileges": false,
            "always_apply": false,
            "always_apply_trigger": null,
            "id": "\"CSTA_MARKETING_DEV_SILVER_READ\"|false|false|SELECT|OnSchemaObject|OnFuture|TABLES|InSchema|\"CSTA_MARKETING_DEV\".\"SILVER\"",
            "on_account": false,
            "on_account_object": [],
            "on_schema": [],
            "on_schema_object": [
              {
                "all": [],
                "future": [
                  {
                    "in_database": "",
                    "in_schema": "CSTA_MARKETING_DEV.SILVER",
                    "object_type_plural": "TABLES"
                  }
                ],
                "object_name": "",
                "object_type": ""
              }
            ],
            "privileges": [
              "SELECT"
            ],
            "with_grant_option": false
          },
          "sensitive_attributes": [],
          "identity_schema_version": 0,
          "private": "bnVsbA==",
          "dependencies": [
            "module.databases.snowflake_database.this",
            "module.databases.snowflake_schema.this",
            "module.rbac.snowflake_account_role.schema_access_roles",
            "module.warehouses.snowflake_warehouse.this"
          ]
        },
        {
          "index_key": "CSTA_MARKETING_DEV_SILVER_READ_WRITE",
          "schema_version": 0,
          "attributes": {
            "account_role_name": "CSTA_MARKETING_DEV_SILVER_READ_WRITE",
            "all_privileges": false,
            "always_apply": false,
            "always_apply_trigger": null,
            "id": "\"CSTA_MARKETING_DEV_SILVER_READ_WRITE\"|false|false|SELECT|OnSchemaObject|OnFuture|TABLES|InSchema|\"CSTA_MARKETING_DEV\".\"SILVER\"",
            "on_account": false,
            "on_account_object": [],
            "on_schema": [],
            "on_schema_object": [
              {
                "all": [],
                "future": [
                  {
                    "in_database": "",
                    "in_schema": "CSTA_MARKETING_DEV.SILVER",
                    "object_type_plural": "TABLES"
                  }
                ],
                "object_name": "",
                "object_type": ""
              }
            ],
            "privileges": [
              "SELECT"
            ],
            "with_grant_option": false
          },
          "sensitive_attributes": [],
          "identity_schema_version": 0,
          "private": "bnVsbA==",
          "dependencies": [
            "module.databases.snowflake_database.this",
            "module.databases.snowflake_schema.this",
            "module.rbac.snowflake_account_role.schema_access_roles",
            "module.warehouses.snowflake_warehouse.this"
          ]
        },
        {
          "index_key": "CSTA_MARKETING_DEV_SILVER_READ_WRITE_CREATE",
          "schema_version": 0,
          "attributes": {
            "account_role_name": "CSTA_MARKETING_DEV_SILVER_READ_WRITE_CREATE",
            "all_privileges": false,
            "always_apply": false,
            "always_apply_trigger": null,
            "id": "\"CSTA_MARKETING_DEV_SILVER_READ_WRITE_CREATE\"|false|false|SELECT|OnSchemaObject|OnFuture|TABLES|InSchema|\"CSTA_MARKETING_DEV\".\"SILVER\"",
            "on_account": false,
            "on_account_object": [],
            "on_schema": [],
            "on_schema_object": [
              {
                "all": [],
                "future": [
                  {
                    "in_database": "",
                    "in_schema": "CSTA_MARKETING_DEV.SILVER",
                    "object_type_plural": "TABLES"
                  }
                ],
                "object_name": "",
                "object_type": ""
              }
            ],
            "privileges": [
              "SELECT"
            ],
            "with_grant_option": false
          },
          "sensitive_attributes": [],
          "identity_schema_version": 0,
          "private": "bnVsbA==",
          "dependencies": [
            "module.databases.snowflake_database.this",
            "module.databases.snowflake_schema.this",
            "module.rbac.snowflake_account_role.schema_access_roles",
            "module.warehouses.snowflake_warehouse.this"
          ]
        },
        {
          "index_key": "CSTA_MARKETING_PROD_BRONZE_READ",
          "schema_version": 0,
          "attributes": {
            "account_role_name": "CSTA_MARKETING_PROD_BRONZE_READ",
            "all_privileges": false,
            "always_apply": false,
            "always_apply_trigger": null,
            "id": "\"CSTA_MARKETING_PROD_BRONZE_READ\"|false|false|SELECT|OnSchemaObject|OnFuture|TABLES|InSchema|\"CSTA_MARKETING_PROD\".\"BRONZE\"",
            "on_account": false,
            "on_account_object": [],
            "on_schema": [],
            "on_schema_object": [
              {
                "all": [],
                "future": [
                  {
                    "in_database": "",
                    "in_schema": "CSTA_MARKETING_PROD.BRONZE",
                    "object_type_plural": "TABLES"
                  }
                ],
                "object_name": "",
                "object_type": ""
              }
            ],
            "privileges": [
              "SELECT"
            ],
            "with_grant_option": false
          },
          "sensitive_attributes": [],
          "identity_schema_version": 0,
          "private": "bnVsbA==",
          "dependencies": [
            "module.databases.snowflake_database.this",
            "module.databases.snowflake_schema.this",
            "module.rbac.snowflake_account_role.schema_access_roles",
            "module.warehouses.snowflake_warehouse.this"
          ]
        },
        {
          "index_key": "CSTA_MARKETING_PROD_BRONZE_READ_WRITE",
          "schema_version": 0,
          "attributes": {
            "account_role_name": "CSTA_MARKETING_PROD_BRONZE_READ_WRITE",
            "all_privileges": false,
            "always_apply": false,
            "always_apply_trigger": null,
            "id": "\"CSTA_MARKETING_PROD_BRONZE_READ_WRITE\"|false|false|SELECT|OnSchemaObject|OnFuture|TABLES|InSchema|\"CSTA_MARKETING_PROD\".\"BRONZE\"",
            "on_account": false,
            "on_account_object": [],
            "on_schema": [],
            "on_schema_object": [
              {
                "all": [],
                "future": [
                  {
                    "in_database": "",
                    "in_schema": "CSTA_MARKETING_PROD.BRONZE",
                    "object_type_plural": "TABLES"
                  }
                ],
                "object_name": "",
                "object_type": ""
              }
            ],
            "privileges": [
              "SELECT"
            ],
            "with_grant_option": false
          },
          "sensitive_attributes": [],
          "identity_schema_version": 0,
          "private": "bnVsbA==",
          "dependencies": [
            "module.databases.snowflake_database.this",
            "module.databases.snowflake_schema.this",
            "module.rbac.snowflake_account_role.schema_access_roles",
            "module.warehouses.snowflake_warehouse.this"
          ]
        },
        {
          "index_key": "CSTA_MARKETING_PROD_BRONZE_READ_WRITE_CREATE",
          "schema_version": 0,
          "attributes": {
            "account_role_name": "CSTA_MARKETING_PROD_BRONZE_READ_WRITE_CREATE",
            "all_privileges": false,
            "always_apply": false,
            "always_apply_trigger": null,
            "id": "\"CSTA_MARKETING_PROD_BRONZE_READ_WRITE_CREATE\"|false|false|SELECT|OnSchemaObject|OnFuture|TABLES|InSchema|\"CSTA_MARKETING_PROD\".\"BRONZE\"",
            "on_account": false,
            "on_account_object": [],
            "on_schema": [],
            "on_schema_object": [
              {
                "all": [],
                "future": [
                  {
                    "in_database": "",
                    "in_schema": "CSTA_MARKETING_PROD.BRONZE",
                    "object_type_plural": "TABLES"
                  }
                ],
                "object_name": "",
                "object_type": ""
              }
            ],
            "privileges": [
              "SELECT"
            ],
            "with_grant_option": false
          },
          "sensitive_attributes": [],
          "identity_schema_version": 0,
          "private": "bnVsbA==",
          "dependencies": [
            "module.databases.snowflake_database.this",
            "module.databases.snowflake_schema.this",
            "module.rbac.snowflake_account_role.schema_access_roles",
            "module.warehouses.snowflake_warehouse.this"
          ]
        },
        {
          "index_key": "CSTA_MARKETING_PROD_GOLD_READ",
          "schema_version": 0,
          "attributes": {
            "account_role_name": "CSTA_MARKETING_PROD_GOLD_READ",
            "all_privileges": false,
            "always_apply": false,
            "always_apply_trigger": null,
            "id": "\"CSTA_MARKETING_PROD_GOLD_READ\"|false|false|SELECT|OnSchemaObject|OnFuture|TABLES|InSchema|\"CSTA_MARKETING_PROD\".\"GOLD\"",
            "on_account": false,
            "on_account_object": [],
            "on_schema": [],
            "on_schema_object": [
              {
                "all": [],
                "future": [
                  {
                    "in_database": "",
                    "in_schema": "CSTA_MARKETING_PROD.GOLD",
                    "object_type_plural": "TABLES"
                  }
                ],
                "object_name": "",
                "object_type": ""
              }
            ],
            "privileges": [
              "SELECT"
            ],
            "with_grant_option": false
          },
          "sensitive_attributes": [],
          "identity_schema_version": 0,
          "private": "bnVsbA==",
          "dependencies": [
            "module.databases.snowflake_database.this",
            "module.databases.snowflake_schema.this",
            "module.rbac.snowflake_account_role.schema_access_roles",
            "module.warehouses.snowflake_warehouse.this"
          ]
        },
        {
          "index_key": "CSTA_MARKETING_PROD_GOLD_READ_WRITE",
          "schema_version": 0,
          "attributes": {
            "account_role_name": "CSTA_MARKETING_PROD_GOLD_READ_WRITE",
            "all_privileges": false,
            "always_apply": false,
            "always_apply_trigger": null,
            "id": "\"CSTA_MARKETING_PROD_GOLD_READ_WRITE\"|false|false|SELECT|OnSchemaObject|OnFuture|TABLES|InSchema|\"CSTA_MARKETING_PROD\".\"GOLD\"",
            "on_account": false,
            "on_account_object": [],
            "on_schema": [],
            "on_schema_object": [
              {
                "all": [],
                "future": [
                  {
                    "in_database": "",
                    "in_schema": "CSTA_MARKETING_PROD.GOLD",
                    "object_type_plural": "TABLES"
                  }
                ],
                "object_name": "",
                "object_type": ""
              }
            ],
            "privileges": [
              "SELECT"
            ],
            "with_grant_option": false
          },
          "sensitive_attributes": [],
          "identity_schema_version": 0,
          "private": "bnVsbA==",
          "dependencies": [
            "module.databases.snowflake_database.this",
            "module.databases.snowflake_schema.this",
            "module.rbac.snowflake_account_role.schema_access_roles",
            "module.warehouses.snowflake_warehouse.this"
          ]
        },
        {
          "index_key": "CSTA_MARKETING_PROD_GOLD_READ_WRITE_CREATE",
          "schema_version": 0,
          "attributes": {
            "account_role_name": "CSTA_MARKETING_PROD_GOLD_READ_WRITE_CREATE",
            "all_privileges": false,
            "always_apply": false,
            "always_apply_trigger": null,
            "id": "\"CSTA_MARKETING_PROD_GOLD_READ_WRITE_CREATE\"|false|false|SELECT|OnSchemaObject|OnFuture|TABLES|InSchema|\"CSTA_MARKETING_PROD\".\"GOLD\"",
            "on_account": false,
            "on_account_object": [],
            "on_schema": [],
            "on_schema_object": [
              {
                "all": [],
                "future": [
                  {
                    "in_database": "",
                    "in_schema": "CSTA_MARKETING_PROD.GOLD",
                    "object_type_plural": "TABLES"
                  }
                ],
                "object_name": "",
                "object_type": ""
              }
            ],
            "privileges": [
              "SELECT"
            ],
            "with_grant_option": false
          },
          "sensitive_attributes": [],
          "identity_schema_version": 0,
          "private": "bnVsbA==",
          "dependencies": [
            "module.databases.snowflake_database.this",
            "module.databases.snowflake_schema.this",
            "module.rbac.snowflake_account_role.schema_access_roles",
            "module.warehouses.snowflake_warehouse.this"
          ]
        },
        {
          "index_key": "CSTA_MARKETING_PROD_ORCHESTRATION_READ",
          "schema_version": 0,
          "attributes": {
            "account_role_name": "CSTA_MARKETING_PROD_ORCHESTRATION_READ",
            "all_privileges": false,
            "always_apply": false,
            "always_apply_trigger": null,
            "id": "\"CSTA_MARKETING_PROD_ORCHESTRATION_READ\"|false|false|SELECT|OnSchemaObject|OnFuture|TABLES|InSchema|\"CSTA_MARKETING_PROD\".\"ORCHESTRATION\"",
            "on_account": false,
            "on_account_object": [],
            "on_schema": [],
            "on_schema_object": [
              {
                "all": [],
                "future": [
                  {
                    "in_database": "",
                    "in_schema": "CSTA_MARKETING_PROD.ORCHESTRATION",
                    "object_type_plural": "TABLES"
                  }
                ],
                "object_name": "",
                "object_type": ""
              }
            ],
            "privileges": [
              "SELECT"
            ],
            "with_grant_option": false
          },
          "sensitive_attributes": [],
          "identity_schema_version": 0,
          "private": "bnVsbA==",
          "dependencies": [
            "module.databases.snowflake_database.this",
            "module.databases.snowflake_schema.this",
            "module.rbac.snowflake_account_role.schema_access_roles",
            "module.warehouses.snowflake_warehouse.this"
          ]
        },
        {
          "index_key": "CSTA_MARKETING_PROD_ORCHESTRATION_READ_WRITE",
          "schema_version": 0,
          "attributes": {
            "account_role_name": "CSTA_MARKETING_PROD_ORCHESTRATION_READ_WRITE",
            "all_privileges": false,
            "always_apply": false,
            "always_apply_trigger": null,
            "id": "\"CSTA_MARKETING_PROD_ORCHESTRATION_READ_WRITE\"|false|false|SELECT|OnSchemaObject|OnFuture|TABLES|InSchema|\"CSTA_MARKETING_PROD\".\"ORCHESTRATION\"",
            "on_account": false,
            "on_account_object": [],
            "on_schema": [],
            "on_schema_object": [
              {
                "all": [],
                "future": [
                  {
                    "in_database": "",
                    "in_schema": "CSTA_MARKETING_PROD.ORCHESTRATION",
                    "object_type_plural": "TABLES"
                  }
                ],
                "object_name": "",
                "object_type": ""
              }
            ],
            "privileges": [
              "SELECT"
            ],
            "with_grant_option": false
          },
          "sensitive_attributes": [],
          "identity_schema_version": 0,
          "private": "bnVsbA==",
          "dependencies": [
            "module.databases.snowflake_database.this",
            "module.databases.snowflake_schema.this",
            "module.rbac.snowflake_account_role.schema_access_roles",
            "module.warehouses.snowflake_warehouse.this"
          ]
        },
        {
          "index_key": "CSTA_MARKETING_PROD_ORCHESTRATION_READ_WRITE_CREATE",
          "schema_version": 0,
          "attributes": {
            "account_role_name": "CSTA_MARKETING_PROD_ORCHESTRATION_READ_WRITE_CREATE",
            "all_privileges": false,
            "always_apply": false,
            "always_apply_trigger": null,
            "id": "\"CSTA_MARKETING_PROD_ORCHESTRATION_READ_WRITE_CREATE\"|false|false|SELECT|OnSchemaObject|OnFuture|TABLES|InSchema|\"CSTA_MARKETING_PROD\".\"ORCHESTRATION\"",
            "on_account": false,
            "on_account_object": [],
            "on_schema": [],
            "on_schema_object": [
              {
                "all": [],
                "future": [
                  {
                    "in_database": "",
                    "in_schema": "CSTA_MARKETING_PROD.ORCHESTRATION",
                    "object_type_plural": "TABLES"
                  }
                ],
                "object_name": "",
                "object_type": ""
              }
            ],
            "privileges": [
              "SELECT"
            ],
            "with_grant_option": false
          },
          "sensitive_attributes": [],
          "identity_schema_version": 0,
          "private": "bnVsbA==",
          "dependencies": [
            "module.databases.snowflake_database.this",
            "module.databases.snowflake_schema.this",
            "module.rbac.snowflake_account_role.schema_access_roles",
            "module.warehouses.snowflake_warehouse.this"
          ]
        },
        {
          "index_key": "CSTA_MARKETING_PROD_SILVER_READ",
          "schema_version": 0,
          "attributes": {
            "account_role_name": "CSTA_MARKETING_PROD_SILVER_READ",
            "all_privileges": false,
            "always_apply": false,
            "always_apply_trigger": null,
            "id": "\"CSTA_MARKETING_PROD_SILVER_READ\"|false|false|SELECT|OnSchemaObject|OnFuture|TABLES|InSchema|\"CSTA_MARKETING_PROD\".\"SILVER\"",
            "on_account": false,
            "on_account_object": [],
            "on_schema": [],
            "on_schema_object": [
              {
                "all": [],
                "future": [
                  {
                    "in_database": "",
                    "in_schema": "CSTA_MARKETING_PROD.SILVER",
                    "object_type_plural": "TABLES"
                  }
                ],
                "object_name": "",
                "object_type": ""
              }
            ],
            "privileges": [
              "SELECT"
            ],
            "with_grant_option": false
          },
          "sensitive_attributes": [],
          "identity_schema_version": 0,
          "private": "bnVsbA==",
          "dependencies": [
            "module.databases.snowflake_database.this",
            "module.databases.snowflake_schema.this",
            "module.rbac.snowflake_account_role.schema_access_roles",
            "module.warehouses.snowflake_warehouse.this"
          ]
        },
        {
          "index_key": "CSTA_MARKETING_PROD_SILVER_READ_WRITE",
          "schema_version": 0,
          "attributes": {
            "account_role_name": "CSTA_MARKETING_PROD_SILVER_READ_WRITE",
            "all_privileges": false,
            "always_apply": false,
            "always_apply_trigger": null,
            "id": "\"CSTA_MARKETING_PROD_SILVER_READ_WRITE\"|false|false|SELECT|OnSchemaObject|OnFuture|TABLES|InSchema|\"CSTA_MARKETING_PROD\".\"SILVER\"",
            "on_account": false,
            "on_account_object": [],
            "on_schema": [],
            "on_schema_object": [
              {
                "all": [],
                "future": [
                  {
                    "in_database": "",
                    "in_schema": "CSTA_MARKETING_PROD.SILVER",
                    "object_type_plural": "TABLES"
                  }
                ],
                "object_name": "",
                "object_type": ""
              }
            ],
            "privileges": [
              "SELECT"
            ],
            "with_grant_option": false
          },
          "sensitive_attributes": [],
          "identity_schema_version": 0,
          "private": "bnVsbA==",
          "dependencies": [
            "module.databases.snowflake_database.this",
            "module.databases.snowflake_schema.this",
            "module.rbac.snowflake_account_role.schema_access_roles",
            "module.warehouses.snowflake_warehouse.this"
          ]
        },
        {
          "index_key": "CSTA_MARKETING_PROD_SILVER_READ_WRITE_CREATE",
          "schema_version": 0,
          "attributes": {
            "account_role_name": "CSTA_MARKETING_PROD_SILVER_READ_WRITE_CREATE",
            "all_privileges": false,
            "always_apply": false,
            "always_apply_trigger": null,
            "id": "\"CSTA_MARKETING_PROD_SILVER_READ_WRITE_CREATE\"|false|false|SELECT|OnSchemaObject|OnFuture|TABLES|InSchema|\"CSTA_MARKETING_PROD\".\"SILVER\"",
            "on_account": false,
            "on_account_object": [],
            "on_schema": [],
            "on_schema_object": [
              {
                "all": [],
                "future": [
                  {
                    "in_database": "",
                    "in_schema": "CSTA_MARKETING_PROD.SILVER",
                    "object_type_plural": "TABLES"
                  }
                ],
                "object_name": "",
                "object_type": ""
              }
            ],
            "privileges": [
              "SELECT"
            ],
            "with_grant_option": false
          },
          "sensitive_attributes": [],
          "identity_schema_version": 0,
          "private": "bnVsbA==",
          "dependencies": [
            "module.databases.snowflake_database.this",
            "module.databases.snowflake_schema.this",
            "module.rbac.snowflake_account_role.schema_access_roles",
            "module.warehouses.snowflake_warehouse.this"
          ]
        },
        {
          "index_key": "CSTA_MARKETING_SHARED_ARTIFACTS_READ",
          "schema_version": 0,
          "attributes": {
            "account_role_name": "CSTA_MARKETING_SHARED_ARTIFACTS_READ",
            "all_privileges": false,
            "always_apply": false,
            "always_apply_trigger": null,
            "id": "\"CSTA_MARKETING_SHARED_ARTIFACTS_READ\"|false|false|SELECT|OnSchemaObject|OnFuture|TABLES|InSchema|\"CSTA_MARKETING_SHARED\".\"ARTIFACTS\"",
            "on_account": false,
            "on_account_object": [],
            "on_schema": [],
            "on_schema_object": [
              {
                "all": [],
                "future": [
                  {
                    "in_database": "",
                    "in_schema": "CSTA_MARKETING_SHARED.ARTIFACTS",
                    "object_type_plural": "TABLES"
                  }
                ],
                "object_name": "",
                "object_type": ""
              }
            ],
            "privileges": [
              "SELECT"
            ],
            "with_grant_option": false
          },
          "sensitive_attributes": [],
          "identity_schema_version": 0,
          "private": "bnVsbA==",
          "dependencies": [
            "module.databases.snowflake_database.this",
            "module.databases.snowflake_schema.this",
            "module.rbac.snowflake_account_role.schema_access_roles",
            "module.warehouses.snowflake_warehouse.this"
          ]
        },
        {
          "index_key": "CSTA_MARKETING_SHARED_ARTIFACTS_READ_WRITE",
          "schema_version": 0,
          "attributes": {
            "account_role_name": "CSTA_MARKETING_SHARED_ARTIFACTS_READ_WRITE",
            "all_privileges": false,
            "always_apply": false,
            "always_apply_trigger": null,
            "id": "\"CSTA_MARKETING_SHARED_ARTIFACTS_READ_WRITE\"|false|false|SELECT|OnSchemaObject|OnFuture|TABLES|InSchema|\"CSTA_MARKETING_SHARED\".\"ARTIFACTS\"",
            "on_account": false,
            "on_account_object": [],
            "on_schema": [],
            "on_schema_object": [
              {
                "all": [],
                "future": [
                  {
                    "in_database": "",
                    "in_schema": "CSTA_MARKETING_SHARED.ARTIFACTS",
                    "object_type_plural": "TABLES"
                  }
                ],
                "object_name": "",
                "object_type": ""
              }
            ],
            "privileges": [
              "SELECT"
            ],
            "with_grant_option": false
          },
          "sensitive_attributes": [],
          "identity_schema_version": 0,
          "private": "bnVsbA==",
          "dependencies": [
            "module.databases.snowflake_database.this",
            "module.databases.snowflake_schema.this",
            "module.rbac.snowflake_account_role.schema_access_roles",
            "module.warehouses.snowflake_warehouse.this"
          ]
        },
        {
          "index_key": "CSTA_MARKETING_SHARED_ARTIFACTS_READ_WRITE_CREATE",
          "schema_version": 0,
          "attributes": {
            "account_role_name": "CSTA_MARKETING_SHARED_ARTIFACTS_READ_WRITE_CREATE",
            "all_privileges": false,
            "always_apply": false,
            "always_apply_trigger": null,
            "id": "\"CSTA_MARKETING_SHARED_ARTIFACTS_READ_WRITE_CREATE\"|false|false|SELECT|OnSchemaObject|OnFuture|TABLES|InSchema|\"CSTA_MARKETING_SHARED\".\"ARTIFACTS\"",
            "on_account": false,
            "on_account_object": [],
            "on_schema": [],
            "on_schema_object": [
              {
                "all": [],
                "future": [
                  {
                    "in_database": "",
                    "in_schema": "CSTA_MARKETING_SHARED.ARTIFACTS",
                    "object_type_plural": "TABLES"
                  }
                ],
                "object_name": "",
                "object_type": ""
              }
            ],
            "privileges": [
              "SELECT"
            ],
            "with_grant_option": false
          },
          "sensitive_attributes": [],
          "identity_schema_version": 0,
          "private": "bnVsbA==",
          "dependencies": [
            "module.databases.snowflake_database.this",
            "module.databases.snowflake_schema.this",
            "module.rbac.snowflake_account_role.schema_access_roles",
            "module.warehouses.snowflake_warehouse.this"
          ]
        },
        {
          "index_key": "CSTA_MARKETING_SHARED_OBSERVABILITY_READ",
          "schema_version": 0,
          "attributes": {
            "account_role_name": "CSTA_MARKETING_SHARED_OBSERVABILITY_READ",
            "all_privileges": false,
            "always_apply": false,
            "always_apply_trigger": null,
            "id": "\"CSTA_MARKETING_SHARED_OBSERVABILITY_READ\"|false|false|SELECT|OnSchemaObject|OnFuture|TABLES|InSchema|\"CSTA_MARKETING_SHARED\".\"OBSERVABILITY\"",
            "on_account": false,
            "on_account_object": [],
            "on_schema": [],
            "on_schema_object": [
              {
                "all": [],
                "future": [
                  {
                    "in_database": "",
                    "in_schema": "CSTA_MARKETING_SHARED.OBSERVABILITY",
                    "object_type_plural": "TABLES"
                  }
                ],
                "object_name": "",
                "object_type": ""
              }
            ],
            "privileges": [
              "SELECT"
            ],
            "with_grant_option": false
          },
          "sensitive_attributes": [],
          "identity_schema_version": 0,
          "private": "bnVsbA==",
          "dependencies": [
            "module.databases.snowflake_database.this",
            "module.databases.snowflake_schema.this",
            "module.rbac.snowflake_account_role.schema_access_roles",
            "module.warehouses.snowflake_warehouse.this"
          ]
        },
        {
          "index_key": "CSTA_MARKETING_SHARED_OBSERVABILITY_READ_WRITE",
          "schema_version": 0,
          "attributes": {
            "account_role_name": "CSTA_MARKETING_SHARED_OBSERVABILITY_READ_WRITE",
            "all_privileges": false,
            "always_apply": false,
            "always_apply_trigger": null,
            "id": "\"CSTA_MARKETING_SHARED_OBSERVABILITY_READ_WRITE\"|false|false|SELECT|OnSchemaObject|OnFuture|TABLES|InSchema|\"CSTA_MARKETING_SHARED\".\"OBSERVABILITY\"",
            "on_account": false,
            "on_account_object": [],
            "on_schema": [],
            "on_schema_object": [
              {
                "all": [],
                "future": [
                  {
                    "in_database": "",
                    "in_schema": "CSTA_MARKETING_SHARED.OBSERVABILITY",
                    "object_type_plural": "TABLES"
                  }
                ],
                "object_name": "",
                "object_type": ""
              }
            ],
            "privileges": [
              "SELECT"
            ],
            "with_grant_option": false
          },
          "sensitive_attributes": [],
          "identity_schema_version": 0,
          "private": "bnVsbA==",
          "dependencies": [
            "module.databases.snowflake_database.this",
            "module.databases.snowflake_schema.this",
            "module.rbac.snowflake_account_role.schema_access_roles",
            "module.warehouses.snowflake_warehouse.this"
          ]
        },
        {
          "index_key": "CSTA_MARKETING_SHARED_OBSERVABILITY_READ_WRITE_CREATE",
          "schema_version": 0,
          "attributes": {
            "account_role_name": "CSTA_MARKETING_SHARED_OBSERVABILITY_READ_WRITE_CREATE",
            "all_privileges": false,
            "always_apply": false,
            "always_apply_trigger": null,
            "id": "\"CSTA_MARKETING_SHARED_OBSERVABILITY_READ_WRITE_CREATE\"|false|false|SELECT|OnSchemaObject|OnFuture|TABLES|InSchema|\"CSTA_MARKETING_SHARED\".\"OBSERVABILITY\"",
            "on_account": false,
            "on_account_object": [],
            "on_schema": [],
            "on_schema_object": [
              {
                "all": [],
                "future": [
                  {
                    "in_database": "",
                    "in_schema": "CSTA_MARKETING_SHARED.OBSERVABILITY",
                    "object_type_plural": "TABLES"
                  }
                ],
                "object_name": "",
                "object_type": ""
              }
            ],
            "privileges": [
              "SELECT"
            ],
            "with_grant_option": false
          },
          "sensitive_attributes": [],
          "identity_schema_version": 0,
          "private": "bnVsbA==",
          "dependencies": [
            "module.databases.snowflake_database.this",
            "module.databases.snowflake_schema.this",
            "module.rbac.snowflake_account_role.schema_access_roles",
            "module.warehouses.snowflake_warehouse.this"
          ]
        },
        {
          "index_key": "CSTA_MARKETING_UAT_BRONZE_READ",
          "schema_version": 0,
          "attributes": {
            "account_role_name": "CSTA_MARKETING_UAT_BRONZE_READ",
            "all_privileges": false,
            "always_apply": false,
            "always_apply_trigger": null,
            "id": "\"CSTA_MARKETING_UAT_BRONZE_READ\"|false|false|SELECT|OnSchemaObject|OnFuture|TABLES|InSchema|\"CSTA_MARKETING_UAT\".\"BRONZE\"",
            "on_account": false,
            "on_account_object": [],
            "on_schema": [],
            "on_schema_object": [
              {
                "all": [],
                "future": [
                  {
                    "in_database": "",
                    "in_schema": "CSTA_MARKETING_UAT.BRONZE",
                    "object_type_plural": "TABLES"
                  }
                ],
                "object_name": "",
                "object_type": ""
              }
            ],
            "privileges": [
              "SELECT"
            ],
            "with_grant_option": false
          },
          "sensitive_attributes": [],
          "identity_schema_version": 0,
          "private": "bnVsbA==",
          "dependencies": [
            "module.databases.snowflake_database.this",
            "module.databases.snowflake_schema.this",
            "module.rbac.snowflake_account_role.schema_access_roles",
            "module.warehouses.snowflake_warehouse.this"
          ]
        },
        {
          "index_key": "CSTA_MARKETING_UAT_BRONZE_READ_WRITE",
          "schema_version": 0,
          "attributes": {
            "account_role_name": "CSTA_MARKETING_UAT_BRONZE_READ_WRITE",
            "all_privileges": false,
            "always_apply": false,
            "always_apply_trigger": null,
            "id": "\"CSTA_MARKETING_UAT_BRONZE_READ_WRITE\"|false|false|SELECT|OnSchemaObject|OnFuture|TABLES|InSchema|\"CSTA_MARKETING_UAT\".\"BRONZE\"",
            "on_account": false,
            "on_account_object": [],
            "on_schema": [],
            "on_schema_object": [
              {
                "all": [],
                "future": [
                  {
                    "in_database": "",
                    "in_schema": "CSTA_MARKETING_UAT.BRONZE",
                    "object_type_plural": "TABLES"
                  }
                ],
                "object_name": "",
                "object_type": ""
              }
            ],
            "privileges": [
              "SELECT"
            ],
            "with_grant_option": false
          },
          "sensitive_attributes": [],
          "identity_schema_version": 0,
          "private": "bnVsbA==",
          "dependencies": [
            "module.databases.snowflake_database.this",
            "module.databases.snowflake_schema.this",
            "module.rbac.snowflake_account_role.schema_access_roles",
            "module.warehouses.snowflake_warehouse.this"
          ]
        },
        {
          "index_key": "CSTA_MARKETING_UAT_BRONZE_READ_WRITE_CREATE",
          "schema_version": 0,
          "attributes": {
            "account_role_name": "CSTA_MARKETING_UAT_BRONZE_READ_WRITE_CREATE",
            "all_privileges": false,
            "always_apply": false,
            "always_apply_trigger": null,
            "id": "\"CSTA_MARKETING_UAT_BRONZE_READ_WRITE_CREATE\"|false|false|SELECT|OnSchemaObject|OnFuture|TABLES|InSchema|\"CSTA_MARKETING_UAT\".\"BRONZE\"",
            "on_account": false,
            "on_account_object": [],
            "on_schema": [],
            "on_schema_object": [
              {
                "all": [],
                "future": [
                  {
                    "in_database": "",
                    "in_schema": "CSTA_MARKETING_UAT.BRONZE",
                    "object_type_plural": "TABLES"
                  }
                ],
                "object_name": "",
                "object_type": ""
              }
            ],
            "privileges": [
              "SELECT"
            ],
            "with_grant_option": false
          },
          "sensitive_attributes": [],
          "identity_schema_version": 0,
          "private": "bnVsbA==",
          "dependencies": [
            "module.databases.snowflake_database.this",
            "module.databases.snowflake_schema.this",
            "module.rbac.snowflake_account_role.schema_access_roles",
            "module.warehouses.snowflake_warehouse.this"
          ]
        },
        {
          "index_key": "CSTA_MARKETING_UAT_GOLD_READ",
          "schema_version": 0,
          "attributes": {
            "account_role_name": "CSTA_MARKETING_UAT_GOLD_READ",
            "all_privileges": false,
            "always_apply": false,
            "always_apply_trigger": null,
            "id": "\"CSTA_MARKETING_UAT_GOLD_READ\"|false|false|SELECT|OnSchemaObject|OnFuture|TABLES|InSchema|\"CSTA_MARKETING_UAT\".\"GOLD\"",
            "on_account": false,
            "on_account_object": [],
            "on_schema": [],
            "on_schema_object": [
              {
                "all": [],
                "future": [
                  {
                    "in_database": "",
                    "in_schema": "CSTA_MARKETING_UAT.GOLD",
                    "object_type_plural": "TABLES"
                  }
                ],
                "object_name": "",
                "object_type": ""
              }
            ],
            "privileges": [
              "SELECT"
            ],
            "with_grant_option": false
          },
          "sensitive_attributes": [],
          "identity_schema_version": 0,
          "private": "bnVsbA==",
          "dependencies": [
            "module.databases.snowflake_database.this",
            "module.databases.snowflake_schema.this",
            "module.rbac.snowflake_account_role.schema_access_roles",
            "module.warehouses.snowflake_warehouse.this"
          ]
        },
        {
          "index_key": "CSTA_MARKETING_UAT_GOLD_READ_WRITE",
          "schema_version": 0,
          "attributes": {
            "account_role_name": "CSTA_MARKETING_UAT_GOLD_READ_WRITE",
            "all_privileges": false,
            "always_apply": false,
            "always_apply_trigger": null,
            "id": "\"CSTA_MARKETING_UAT_GOLD_READ_WRITE\"|false|false|SELECT|OnSchemaObject|OnFuture|TABLES|InSchema|\"CSTA_MARKETING_UAT\".\"GOLD\"",
            "on_account": false,
            "on_account_object": [],
            "on_schema": [],
            "on_schema_object": [
              {
                "all": [],
                "future": [
                  {
                    "in_database": "",
                    "in_schema": "CSTA_MARKETING_UAT.GOLD",
                    "object_type_plural": "TABLES"
                  }
                ],
                "object_name": "",
                "object_type": ""
              }
            ],
            "privileges": [
              "SELECT"
            ],
            "with_grant_option": false
          },
          "sensitive_attributes": [],
          "identity_schema_version": 0,
          "private": "bnVsbA==",
          "dependencies": [
            "module.databases.snowflake_database.this",
            "module.databases.snowflake_schema.this",
            "module.rbac.snowflake_account_role.schema_access_roles",
            "module.warehouses.snowflake_warehouse.this"
          ]
        },
        {
          "index_key": "CSTA_MARKETING_UAT_GOLD_READ_WRITE_CREATE",
          "schema_version": 0,
          "attributes": {
            "account_role_name": "CSTA_MARKETING_UAT_GOLD_READ_WRITE_CREATE",
            "all_privileges": false,
            "always_apply": false,
            "always_apply_trigger": null,
            "id": "\"CSTA_MARKETING_UAT_GOLD_READ_WRITE_CREATE\"|false|false|SELECT|OnSchemaObject|OnFuture|TABLES|InSchema|\"CSTA_MARKETING_UAT\".\"GOLD\"",
            "on_account": false,
            "on_account_object": [],
            "on_schema": [],
            "on_schema_object": [
              {
                "all": [],
                "future": [
                  {
                    "in_database": "",
                    "in_schema": "CSTA_MARKETING_UAT.GOLD",
                    "object_type_plural": "TABLES"
                  }
                ],
                "object_name": "",
                "object_type": ""
              }
            ],
            "privileges": [
              "SELECT"
            ],
            "with_grant_option": false
          },
          "sensitive_attributes": [],
          "identity_schema_version": 0,
          "private": "bnVsbA==",
          "dependencies": [
            "module.databases.snowflake_database.this",
            "module.databases.snowflake_schema.this",
            "module.rbac.snowflake_account_role.schema_access_roles",
            "module.warehouses.snowflake_warehouse.this"
          ]
        },
        {
          "index_key": "CSTA_MARKETING_UAT_ORCHESTRATION_READ",
          "schema_version": 0,
          "attributes": {
            "account_role_name": "CSTA_MARKETING_UAT_ORCHESTRATION_READ",
            "all_privileges": false,
            "always_apply": false,
            "always_apply_trigger": null,
            "id": "\"CSTA_MARKETING_UAT_ORCHESTRATION_READ\"|false|false|SELECT|OnSchemaObject|OnFuture|TABLES|InSchema|\"CSTA_MARKETING_UAT\".\"ORCHESTRATION\"",
            "on_account": false,
            "on_account_object": [],
            "on_schema": [],
            "on_schema_object": [
              {
                "all": [],
                "future": [
                  {
                    "in_database": "",
                    "in_schema": "CSTA_MARKETING_UAT.ORCHESTRATION",
                    "object_type_plural": "TABLES"
                  }
                ],
                "object_name": "",
                "object_type": ""
              }
            ],
            "privileges": [
              "SELECT"
            ],
            "with_grant_option": false
          },
          "sensitive_attributes": [],
          "identity_schema_version": 0,
          "private": "bnVsbA==",
          "dependencies": [
            "module.databases.snowflake_database.this",
            "module.databases.snowflake_schema.this",
            "module.rbac.snowflake_account_role.schema_access_roles",
            "module.warehouses.snowflake_warehouse.this"
          ]
        },
        {
          "index_key": "CSTA_MARKETING_UAT_ORCHESTRATION_READ_WRITE",
          "schema_version": 0,
          "attributes": {
            "account_role_name": "CSTA_MARKETING_UAT_ORCHESTRATION_READ_WRITE",
            "all_privileges": false,
            "always_apply": false,
            "always_apply_trigger": null,
            "id": "\"CSTA_MARKETING_UAT_ORCHESTRATION_READ_WRITE\"|false|false|SELECT|OnSchemaObject|OnFuture|TABLES|InSchema|\"CSTA_MARKETING_UAT\".\"ORCHESTRATION\"",
            "on_account": false,
            "on_account_object": [],
            "on_schema": [],
            "on_schema_object": [
              {
                "all": [],
                "future": [
                  {
                    "in_database": "",
                    "in_schema": "CSTA_MARKETING_UAT.ORCHESTRATION",
                    "object_type_plural": "TABLES"
                  }
                ],
                "object_name": "",
                "object_type": ""
              }
            ],
            "privileges": [
              "SELECT"
            ],
            "with_grant_option": false
          },
          "sensitive_attributes": [],
          "identity_schema_version": 0,
          "private": "bnVsbA==",
          "dependencies": [
            "module.databases.snowflake_database.this",
            "module.databases.snowflake_schema.this",
            "module.rbac.snowflake_account_role.schema_access_roles",
            "module.warehouses.snowflake_warehouse.this"
          ]
        },
        {
          "index_key": "CSTA_MARKETING_UAT_ORCHESTRATION_READ_WRITE_CREATE",
          "schema_version": 0,
          "attributes": {
            "account_role_name": "CSTA_MARKETING_UAT_ORCHESTRATION_READ_WRITE_CREATE",
            "all_privileges": false,
            "always_apply": false,
            "always_apply_trigger": null,
            "id": "\"CSTA_MARKETING_UAT_ORCHESTRATION_READ_WRITE_CREATE\"|false|false|SELECT|OnSchemaObject|OnFuture|TABLES|InSchema|\"CSTA_MARKETING_UAT\".\"ORCHESTRATION\"",
            "on_account": false,
            "on_account_object": [],
            "on_schema": [],
            "on_schema_object": [
              {
                "all": [],
                "future": [
                  {
                    "in_database": "",
                    "in_schema": "CSTA_MARKETING_UAT.ORCHESTRATION",
                    "object_type_plural": "TABLES"
                  }
                ],
                "object_name": "",
                "object_type": ""
              }
            ],
            "privileges": [
              "SELECT"
            ],
            "with_grant_option": false
          },
          "sensitive_attributes": [],
          "identity_schema_version": 0,
          "private": "bnVsbA==",
          "dependencies": [
            "module.databases.snowflake_database.this",
            "module.databases.snowflake_schema.this",
            "module.rbac.snowflake_account_role.schema_access_roles",
            "module.warehouses.snowflake_warehouse.this"
          ]
        },
        {
          "index_key": "CSTA_MARKETING_UAT_SILVER_READ",
          "schema_version": 0,
          "attributes": {
            "account_role_name": "CSTA_MARKETING_UAT_SILVER_READ",
            "all_privileges": false,
            "always_apply": false,
            "always_apply_trigger": null,
            "id": "\"CSTA_MARKETING_UAT_SILVER_READ\"|false|false|SELECT|OnSchemaObject|OnFuture|TABLES|InSchema|\"CSTA_MARKETING_UAT\".\"SILVER\"",
            "on_account": false,
            "on_account_object": [],
            "on_schema": [],
            "on_schema_object": [
              {
                "all": [],
                "future": [
                  {
                    "in_database": "",
                    "in_schema": "CSTA_MARKETING_UAT.SILVER",
                    "object_type_plural": "TABLES"
                  }
                ],
                "object_name": "",
                "object_type": ""
              }
            ],
            "privileges": [
              "SELECT"
            ],
            "with_grant_option": false
          },
          "sensitive_attributes": [],
          "identity_schema_version": 0,
          "private": "bnVsbA==",
          "dependencies": [
            "module.databases.snowflake_database.this",
            "module.databases.snowflake_schema.this",
            "module.rbac.snowflake_account_role.schema_access_roles",
            "module.warehouses.snowflake_warehouse.this"
          ]
        },
        {
          "index_key": "CSTA_MARKETING_UAT_SILVER_READ_WRITE",
          "schema_version": 0,
          "attributes": {
            "account_role_name": "CSTA_MARKETING_UAT_SILVER_READ_WRITE",
            "all_privileges": false,
            "always_apply": false,
            "always_apply_trigger": null,
            "id": "\"CSTA_MARKETING_UAT_SILVER_READ_WRITE\"|false|false|SELECT|OnSchemaObject|OnFuture|TABLES|InSchema|\"CSTA_MARKETING_UAT\".\"SILVER\"",
            "on_account": false,
            "on_account_object": [],
            "on_schema": [],
            "on_schema_object": [
              {
                "all": [],
                "future": [
                  {
                    "in_database": "",
                    "in_schema": "CSTA_MARKETING_UAT.SILVER",
                    "object_type_plural": "TABLES"
                  }
                ],
                "object_name": "",
                "object_type": ""
              }
            ],
            "privileges": [
              "SELECT"
            ],
            "with_grant_option": false
          },
          "sensitive_attributes": [],
          "identity_schema_version": 0,
          "private": "bnVsbA==",
          "dependencies": [
            "module.databases.snowflake_database.this",
            "module.databases.snowflake_schema.this",
            "module.rbac.snowflake_account_role.schema_access_roles",
            "module.warehouses.snowflake_warehouse.this"
          ]
        },
        {
          "index_key": "CSTA_MARKETING_UAT_SILVER_READ_WRITE_CREATE",
          "schema_version": 0,
          "attributes": {
            "account_role_name": "CSTA_MARKETING_UAT_SILVER_READ_WRITE_CREATE",
            "all_privileges": false,
            "always_apply": false,
            "always_apply_trigger": null,
            "id": "\"CSTA_MARKETING_UAT_SILVER_READ_WRITE_CREATE\"|false|false|SELECT|OnSchemaObject|OnFuture|TABLES|InSchema|\"CSTA_MARKETING_UAT\".\"SILVER\"",
            "on_account": false,
            "on_account_object": [],
            "on_schema": [],
            "on_schema_object": [
              {
                "all": [],
                "future": [
                  {
                    "in_database": "",
                    "in_schema": "CSTA_MARKETING_UAT.SILVER",
                    "object_type_plural": "TABLES"
                  }
                ],
                "object_name": "",
                "object_type": ""
              }
            ],
            "privileges": [
              "SELECT"
            ],
            "with_grant_option": false
          },
          "sensitive_attributes": [],
          "identity_schema_version": 0,
          "private": "bnVsbA==",
          "dependencies": [
            "module.databases.snowflake_database.this",
            "module.databases.snowflake_schema.this",
            "module.rbac.snowflake_account_role.schema_access_roles",
            "module.warehouses.snowflake_warehouse.this"
          ]
        }
      ]
    },
    {
      "module": "module.rbac",
      "mode": "managed",
      "type": "snowflake_grant_privileges_to_account_role",
      "name": "schema_select_future_views",
      "provider": "provider[\"registry.terraform.io/snowflakedb/snowflake\"]",
      "instances": [
        {
          "index_key": "CSTA_MARKETING_DEV_BRONZE_READ",
          "schema_version": 0,
          "attributes": {
            "account_role_name": "CSTA_MARKETING_DEV_BRONZE_READ",
            "all_privileges": false,
            "always_apply": false,
            "always_apply_trigger": null,
            "id": "\"CSTA_MARKETING_DEV_BRONZE_READ\"|false|false|SELECT|OnSchemaObject|OnFuture|VIEWS|InSchema|\"CSTA_MARKETING_DEV\".\"BRONZE\"",
            "on_account": false,
            "on_account_object": [],
            "on_schema": [],
            "on_schema_object": [
              {
                "all": [],
                "future": [
                  {
                    "in_database": "",
                    "in_schema": "CSTA_MARKETING_DEV.BRONZE",
                    "object_type_plural": "VIEWS"
                  }
                ],
                "object_name": "",
                "object_type": ""
              }
            ],
            "privileges": [
              "SELECT"
            ],
            "with_grant_option": false
          },
          "sensitive_attributes": [],
          "identity_schema_version": 0,
          "private": "bnVsbA==",
          "dependencies": [
            "module.databases.snowflake_database.this",
            "module.databases.snowflake_schema.this",
            "module.rbac.snowflake_account_role.schema_access_roles",
            "module.warehouses.snowflake_warehouse.this"
          ]
        },
        {
          "index_key": "CSTA_MARKETING_DEV_BRONZE_READ_WRITE",
          "schema_version": 0,
          "attributes": {
            "account_role_name": "CSTA_MARKETING_DEV_BRONZE_READ_WRITE",
            "all_privileges": false,
            "always_apply": false,
            "always_apply_trigger": null,
            "id": "\"CSTA_MARKETING_DEV_BRONZE_READ_WRITE\"|false|false|SELECT|OnSchemaObject|OnFuture|VIEWS|InSchema|\"CSTA_MARKETING_DEV\".\"BRONZE\"",
            "on_account": false,
            "on_account_object": [],
            "on_schema": [],
            "on_schema_object": [
              {
                "all": [],
                "future": [
                  {
                    "in_database": "",
                    "in_schema": "CSTA_MARKETING_DEV.BRONZE",
                    "object_type_plural": "VIEWS"
                  }
                ],
                "object_name": "",
                "object_type": ""
              }
            ],
            "privileges": [
              "SELECT"
            ],
            "with_grant_option": false
          },
          "sensitive_attributes": [],
          "identity_schema_version": 0,
          "private": "bnVsbA==",
          "dependencies": [
            "module.databases.snowflake_database.this",
            "module.databases.snowflake_schema.this",
            "module.rbac.snowflake_account_role.schema_access_roles",
            "module.warehouses.snowflake_warehouse.this"
          ]
        },
        {
          "index_key": "CSTA_MARKETING_DEV_BRONZE_READ_WRITE_CREATE",
          "schema_version": 0,
          "attributes": {
            "account_role_name": "CSTA_MARKETING_DEV_BRONZE_READ_WRITE_CREATE",
            "all_privileges": false,
            "always_apply": false,
            "always_apply_trigger": null,
            "id": "\"CSTA_MARKETING_DEV_BRONZE_READ_WRITE_CREATE\"|false|false|SELECT|OnSchemaObject|OnFuture|VIEWS|InSchema|\"CSTA_MARKETING_DEV\".\"BRONZE\"",
            "on_account": false,
            "on_account_object": [],
            "on_schema": [],
            "on_schema_object": [
              {
                "all": [],
                "future": [
                  {
                    "in_database": "",
                    "in_schema": "CSTA_MARKETING_DEV.BRONZE",
                    "object_type_plural": "VIEWS"
                  }
                ],
                "object_name": "",
                "object_type": ""
              }
            ],
            "privileges": [
              "SELECT"
            ],
            "with_grant_option": false
          },
          "sensitive_attributes": [],
          "identity_schema_version": 0,
          "private": "bnVsbA==",
          "dependencies": [
            "module.databases.snowflake_database.this",
            "module.databases.snowflake_schema.this",
            "module.rbac.snowflake_account_role.schema_access_roles",
            "module.warehouses.snowflake_warehouse.this"
          ]
        },
        {
          "index_key": "CSTA_MARKETING_DEV_GOLD_READ",
          "schema_version": 0,
          "attributes": {
            "account_role_name": "CSTA_MARKETING_DEV_GOLD_READ",
            "all_privileges": false,
            "always_apply": false,
            "always_apply_trigger": null,
            "id": "\"CSTA_MARKETING_DEV_GOLD_READ\"|false|false|SELECT|OnSchemaObject|OnFuture|VIEWS|InSchema|\"CSTA_MARKETING_DEV\".\"GOLD\"",
            "on_account": false,
            "on_account_object": [],
            "on_schema": [],
            "on_schema_object": [
              {
                "all": [],
                "future": [
                  {
                    "in_database": "",
                    "in_schema": "CSTA_MARKETING_DEV.GOLD",
                    "object_type_plural": "VIEWS"
                  }
                ],
                "object_name": "",
                "object_type": ""
              }
            ],
            "privileges": [
              "SELECT"
            ],
            "with_grant_option": false
          },
          "sensitive_attributes": [],
          "identity_schema_version": 0,
          "private": "bnVsbA==",
          "dependencies": [
            "module.databases.snowflake_database.this",
            "module.databases.snowflake_schema.this",
            "module.rbac.snowflake_account_role.schema_access_roles",
            "module.warehouses.snowflake_warehouse.this"
          ]
        },
        {
          "index_key": "CSTA_MARKETING_DEV_GOLD_READ_WRITE",
          "schema_version": 0,
          "attributes": {
            "account_role_name": "CSTA_MARKETING_DEV_GOLD_READ_WRITE",
            "all_privileges": false,
            "always_apply": false,
            "always_apply_trigger": null,
            "id": "\"CSTA_MARKETING_DEV_GOLD_READ_WRITE\"|false|false|SELECT|OnSchemaObject|OnFuture|VIEWS|InSchema|\"CSTA_MARKETING_DEV\".\"GOLD\"",
            "on_account": false,
            "on_account_object": [],
            "on_schema": [],
            "on_schema_object": [
              {
                "all": [],
                "future": [
                  {
                    "in_database": "",
                    "in_schema": "CSTA_MARKETING_DEV.GOLD",
                    "object_type_plural": "VIEWS"
                  }
                ],
                "object_name": "",
                "object_type": ""
              }
            ],
            "privileges": [
              "SELECT"
            ],
            "with_grant_option": false
          },
          "sensitive_attributes": [],
          "identity_schema_version": 0,
          "private": "bnVsbA==",
          "dependencies": [
            "module.databases.snowflake_database.this",
            "module.databases.snowflake_schema.this",
            "module.rbac.snowflake_account_role.schema_access_roles",
            "module.warehouses.snowflake_warehouse.this"
          ]
        },
        {
          "index_key": "CSTA_MARKETING_DEV_GOLD_READ_WRITE_CREATE",
          "schema_version": 0,
          "attributes": {
            "account_role_name": "CSTA_MARKETING_DEV_GOLD_READ_WRITE_CREATE",
            "all_privileges": false,
            "always_apply": false,
            "always_apply_trigger": null,
            "id": "\"CSTA_MARKETING_DEV_GOLD_READ_WRITE_CREATE\"|false|false|SELECT|OnSchemaObject|OnFuture|VIEWS|InSchema|\"CSTA_MARKETING_DEV\".\"GOLD\"",
            "on_account": false,
            "on_account_object": [],
            "on_schema": [],
            "on_schema_object": [
              {
                "all": [],
                "future": [
                  {
                    "in_database": "",
                    "in_schema": "CSTA_MARKETING_DEV.GOLD",
                    "object_type_plural": "VIEWS"
                  }
                ],
                "object_name": "",
                "object_type": ""
              }
            ],
            "privileges": [
              "SELECT"
            ],
            "with_grant_option": false
          },
          "sensitive_attributes": [],
          "identity_schema_version": 0,
          "private": "bnVsbA==",
          "dependencies": [
            "module.databases.snowflake_database.this",
            "module.databases.snowflake_schema.this",
            "module.rbac.snowflake_account_role.schema_access_roles",
            "module.warehouses.snowflake_warehouse.this"
          ]
        },
        {
          "index_key": "CSTA_MARKETING_DEV_ORCHESTRATION_READ",
          "schema_version": 0,
          "attributes": {
            "account_role_name": "CSTA_MARKETING_DEV_ORCHESTRATION_READ",
            "all_privileges": false,
            "always_apply": false,
            "always_apply_trigger": null,
            "id": "\"CSTA_MARKETING_DEV_ORCHESTRATION_READ\"|false|false|SELECT|OnSchemaObject|OnFuture|VIEWS|InSchema|\"CSTA_MARKETING_DEV\".\"ORCHESTRATION\"",
            "on_account": false,
            "on_account_object": [],
            "on_schema": [],
            "on_schema_object": [
              {
                "all": [],
                "future": [
                  {
                    "in_database": "",
                    "in_schema": "CSTA_MARKETING_DEV.ORCHESTRATION",
                    "object_type_plural": "VIEWS"
                  }
                ],
                "object_name": "",
                "object_type": ""
              }
            ],
            "privileges": [
              "SELECT"
            ],
            "with_grant_option": false
          },
          "sensitive_attributes": [],
          "identity_schema_version": 0,
          "private": "bnVsbA==",
          "dependencies": [
            "module.databases.snowflake_database.this",
            "module.databases.snowflake_schema.this",
            "module.rbac.snowflake_account_role.schema_access_roles",
            "module.warehouses.snowflake_warehouse.this"
          ]
        },
        {
          "index_key": "CSTA_MARKETING_DEV_ORCHESTRATION_READ_WRITE",
          "schema_version": 0,
          "attributes": {
            "account_role_name": "CSTA_MARKETING_DEV_ORCHESTRATION_READ_WRITE",
            "all_privileges": false,
            "always_apply": false,
            "always_apply_trigger": null,
            "id": "\"CSTA_MARKETING_DEV_ORCHESTRATION_READ_WRITE\"|false|false|SELECT|OnSchemaObject|OnFuture|VIEWS|InSchema|\"CSTA_MARKETING_DEV\".\"ORCHESTRATION\"",
            "on_account": false,
            "on_account_object": [],
            "on_schema": [],
            "on_schema_object": [
              {
                "all": [],
                "future": [
                  {
                    "in_database": "",
                    "in_schema": "CSTA_MARKETING_DEV.ORCHESTRATION",
                    "object_type_plural": "VIEWS"
                  }
                ],
                "object_name": "",
                "object_type": ""
              }
            ],
            "privileges": [
              "SELECT"
            ],
            "with_grant_option": false
          },
          "sensitive_attributes": [],
          "identity_schema_version": 0,
          "private": "bnVsbA==",
          "dependencies": [
            "module.databases.snowflake_database.this",
            "module.databases.snowflake_schema.this",
            "module.rbac.snowflake_account_role.schema_access_roles",
            "module.warehouses.snowflake_warehouse.this"
          ]
        },
        {
          "index_key": "CSTA_MARKETING_DEV_ORCHESTRATION_READ_WRITE_CREATE",
          "schema_version": 0,
          "attributes": {
            "account_role_name": "CSTA_MARKETING_DEV_ORCHESTRATION_READ_WRITE_CREATE",
            "all_privileges": false,
            "always_apply": false,
            "always_apply_trigger": null,
            "id": "\"CSTA_MARKETING_DEV_ORCHESTRATION_READ_WRITE_CREATE\"|false|false|SELECT|OnSchemaObject|OnFuture|VIEWS|InSchema|\"CSTA_MARKETING_DEV\".\"ORCHESTRATION\"",
            "on_account": false,
            "on_account_object": [],
            "on_schema": [],
            "on_schema_object": [
              {
                "all": [],
                "future": [
                  {
                    "in_database": "",
                    "in_schema": "CSTA_MARKETING_DEV.ORCHESTRATION",
                    "object_type_plural": "VIEWS"
                  }
                ],
                "object_name": "",
                "object_type": ""
              }
            ],
            "privileges": [
              "SELECT"
            ],
            "with_grant_option": false
          },
          "sensitive_attributes": [],
          "identity_schema_version": 0,
          "private": "bnVsbA==",
          "dependencies": [
            "module.databases.snowflake_database.this",
            "module.databases.snowflake_schema.this",
            "module.rbac.snowflake_account_role.schema_access_roles",
            "module.warehouses.snowflake_warehouse.this"
          ]
        },
        {
          "index_key": "CSTA_MARKETING_DEV_SILVER_READ",
          "schema_version": 0,
          "attributes": {
            "account_role_name": "CSTA_MARKETING_DEV_SILVER_READ",
            "all_privileges": false,
            "always_apply": false,
            "always_apply_trigger": null,
            "id": "\"CSTA_MARKETING_DEV_SILVER_READ\"|false|false|SELECT|OnSchemaObject|OnFuture|VIEWS|InSchema|\"CSTA_MARKETING_DEV\".\"SILVER\"",
            "on_account": false,
            "on_account_object": [],
            "on_schema": [],
            "on_schema_object": [
              {
                "all": [],
                "future": [
                  {
                    "in_database": "",
                    "in_schema": "CSTA_MARKETING_DEV.SILVER",
                    "object_type_plural": "VIEWS"
                  }
                ],
                "object_name": "",
                "object_type": ""
              }
            ],
            "privileges": [
              "SELECT"
            ],
            "with_grant_option": false
          },
          "sensitive_attributes": [],
          "identity_schema_version": 0,
          "private": "bnVsbA==",
          "dependencies": [
            "module.databases.snowflake_database.this",
            "module.databases.snowflake_schema.this",
            "module.rbac.snowflake_account_role.schema_access_roles",
            "module.warehouses.snowflake_warehouse.this"
          ]
        },
        {
          "index_key": "CSTA_MARKETING_DEV_SILVER_READ_WRITE",
          "schema_version": 0,
          "attributes": {
            "account_role_name": "CSTA_MARKETING_DEV_SILVER_READ_WRITE",
            "all_privileges": false,
            "always_apply": false,
            "always_apply_trigger": null,
            "id": "\"CSTA_MARKETING_DEV_SILVER_READ_WRITE\"|false|false|SELECT|OnSchemaObject|OnFuture|VIEWS|InSchema|\"CSTA_MARKETING_DEV\".\"SILVER\"",
            "on_account": false,
            "on_account_object": [],
            "on_schema": [],
            "on_schema_object": [
              {
                "all": [],
                "future": [
                  {
                    "in_database": "",
                    "in_schema": "CSTA_MARKETING_DEV.SILVER",
                    "object_type_plural": "VIEWS"
                  }
                ],
                "object_name": "",
                "object_type": ""
              }
            ],
            "privileges": [
              "SELECT"
            ],
            "with_grant_option": false
          },
          "sensitive_attributes": [],
          "identity_schema_version": 0,
          "private": "bnVsbA==",
          "dependencies": [
            "module.databases.snowflake_database.this",
            "module.databases.snowflake_schema.this",
            "module.rbac.snowflake_account_role.schema_access_roles",
            "module.warehouses.snowflake_warehouse.this"
          ]
        },
        {
          "index_key": "CSTA_MARKETING_DEV_SILVER_READ_WRITE_CREATE",
          "schema_version": 0,
          "attributes": {
            "account_role_name": "CSTA_MARKETING_DEV_SILVER_READ_WRITE_CREATE",
            "all_privileges": false,
            "always_apply": false,
            "always_apply_trigger": null,
            "id": "\"CSTA_MARKETING_DEV_SILVER_READ_WRITE_CREATE\"|false|false|SELECT|OnSchemaObject|OnFuture|VIEWS|InSchema|\"CSTA_MARKETING_DEV\".\"SILVER\"",
            "on_account": false,
            "on_account_object": [],
            "on_schema": [],
            "on_schema_object": [
              {
                "all": [],
                "future": [
                  {
                    "in_database": "",
                    "in_schema": "CSTA_MARKETING_DEV.SILVER",
                    "object_type_plural": "VIEWS"
                  }
                ],
                "object_name": "",
                "object_type": ""
              }
            ],
            "privileges": [
              "SELECT"
            ],
            "with_grant_option": false
          },
          "sensitive_attributes": [],
          "identity_schema_version": 0,
          "private": "bnVsbA==",
          "dependencies": [
            "module.databases.snowflake_database.this",
            "module.databases.snowflake_schema.this",
            "module.rbac.snowflake_account_role.schema_access_roles",
            "module.warehouses.snowflake_warehouse.this"
          ]
        },
        {
          "index_key": "CSTA_MARKETING_PROD_BRONZE_READ",
          "schema_version": 0,
          "attributes": {
            "account_role_name": "CSTA_MARKETING_PROD_BRONZE_READ",
            "all_privileges": false,
            "always_apply": false,
            "always_apply_trigger": null,
            "id": "\"CSTA_MARKETING_PROD_BRONZE_READ\"|false|false|SELECT|OnSchemaObject|OnFuture|VIEWS|InSchema|\"CSTA_MARKETING_PROD\".\"BRONZE\"",
            "on_account": false,
            "on_account_object": [],
            "on_schema": [],
            "on_schema_object": [
              {
                "all": [],
                "future": [
                  {
                    "in_database": "",
                    "in_schema": "CSTA_MARKETING_PROD.BRONZE",
                    "object_type_plural": "VIEWS"
                  }
                ],
                "object_name": "",
                "object_type": ""
              }
            ],
            "privileges": [
              "SELECT"
            ],
            "with_grant_option": false
          },
          "sensitive_attributes": [],
          "identity_schema_version": 0,
          "private": "bnVsbA==",
          "dependencies": [
            "module.databases.snowflake_database.this",
            "module.databases.snowflake_schema.this",
            "module.rbac.snowflake_account_role.schema_access_roles",
            "module.warehouses.snowflake_warehouse.this"
          ]
        },
        {
          "index_key": "CSTA_MARKETING_PROD_BRONZE_READ_WRITE",
          "schema_version": 0,
          "attributes": {
            "account_role_name": "CSTA_MARKETING_PROD_BRONZE_READ_WRITE",
            "all_privileges": false,
            "always_apply": false,
            "always_apply_trigger": null,
            "id": "\"CSTA_MARKETING_PROD_BRONZE_READ_WRITE\"|false|false|SELECT|OnSchemaObject|OnFuture|VIEWS|InSchema|\"CSTA_MARKETING_PROD\".\"BRONZE\"",
            "on_account": false,
            "on_account_object": [],
            "on_schema": [],
            "on_schema_object": [
              {
                "all": [],
                "future": [
                  {
                    "in_database": "",
                    "in_schema": "CSTA_MARKETING_PROD.BRONZE",
                    "object_type_plural": "VIEWS"
                  }
                ],
                "object_name": "",
                "object_type": ""
              }
            ],
            "privileges": [
              "SELECT"
            ],
            "with_grant_option": false
          },
          "sensitive_attributes": [],
          "identity_schema_version": 0,
          "private": "bnVsbA==",
          "dependencies": [
            "module.databases.snowflake_database.this",
            "module.databases.snowflake_schema.this",
            "module.rbac.snowflake_account_role.schema_access_roles",
            "module.warehouses.snowflake_warehouse.this"
          ]
        },
        {
          "index_key": "CSTA_MARKETING_PROD_BRONZE_READ_WRITE_CREATE",
          "schema_version": 0,
          "attributes": {
            "account_role_name": "CSTA_MARKETING_PROD_BRONZE_READ_WRITE_CREATE",
            "all_privileges": false,
            "always_apply": false,
            "always_apply_trigger": null,
            "id": "\"CSTA_MARKETING_PROD_BRONZE_READ_WRITE_CREATE\"|false|false|SELECT|OnSchemaObject|OnFuture|VIEWS|InSchema|\"CSTA_MARKETING_PROD\".\"BRONZE\"",
            "on_account": false,
            "on_account_object": [],
            "on_schema": [],
            "on_schema_object": [
              {
                "all": [],
                "future": [
                  {
                    "in_database": "",
                    "in_schema": "CSTA_MARKETING_PROD.BRONZE",
                    "object_type_plural": "VIEWS"
                  }
                ],
                "object_name": "",
                "object_type": ""
              }
            ],
            "privileges": [
              "SELECT"
            ],
            "with_grant_option": false
          },
          "sensitive_attributes": [],
          "identity_schema_version": 0,
          "private": "bnVsbA==",
          "dependencies": [
            "module.databases.snowflake_database.this",
            "module.databases.snowflake_schema.this",
            "module.rbac.snowflake_account_role.schema_access_roles",
            "module.warehouses.snowflake_warehouse.this"
          ]
        },
        {
          "index_key": "CSTA_MARKETING_PROD_GOLD_READ",
          "schema_version": 0,
          "attributes": {
            "account_role_name": "CSTA_MARKETING_PROD_GOLD_READ",
            "all_privileges": false,
            "always_apply": false,
            "always_apply_trigger": null,
            "id": "\"CSTA_MARKETING_PROD_GOLD_READ\"|false|false|SELECT|OnSchemaObject|OnFuture|VIEWS|InSchema|\"CSTA_MARKETING_PROD\".\"GOLD\"",
            "on_account": false,
            "on_account_object": [],
            "on_schema": [],
            "on_schema_object": [
              {
                "all": [],
                "future": [
                  {
                    "in_database": "",
                    "in_schema": "CSTA_MARKETING_PROD.GOLD",
                    "object_type_plural": "VIEWS"
                  }
                ],
                "object_name": "",
                "object_type": ""
              }
            ],
            "privileges": [
              "SELECT"
            ],
            "with_grant_option": false
          },
          "sensitive_attributes": [],
          "identity_schema_version": 0,
          "private": "bnVsbA==",
          "dependencies": [
            "module.databases.snowflake_database.this",
            "module.databases.snowflake_schema.this",
            "module.rbac.snowflake_account_role.schema_access_roles",
            "module.warehouses.snowflake_warehouse.this"
          ]
        },
        {
          "index_key": "CSTA_MARKETING_PROD_GOLD_READ_WRITE",
          "schema_version": 0,
          "attributes": {
            "account_role_name": "CSTA_MARKETING_PROD_GOLD_READ_WRITE",
            "all_privileges": false,
            "always_apply": false,
            "always_apply_trigger": null,
            "id": "\"CSTA_MARKETING_PROD_GOLD_READ_WRITE\"|false|false|SELECT|OnSchemaObject|OnFuture|VIEWS|InSchema|\"CSTA_MARKETING_PROD\".\"GOLD\"",
            "on_account": false,
            "on_account_object": [],
            "on_schema": [],
            "on_schema_object": [
              {
                "all": [],
                "future": [
                  {
                    "in_database": "",
                    "in_schema": "CSTA_MARKETING_PROD.GOLD",
                    "object_type_plural": "VIEWS"
                  }
                ],
                "object_name": "",
                "object_type": ""
              }
            ],
            "privileges": [
              "SELECT"
            ],
            "with_grant_option": false
          },
          "sensitive_attributes": [],
          "identity_schema_version": 0,
          "private": "bnVsbA==",
          "dependencies": [
            "module.databases.snowflake_database.this",
            "module.databases.snowflake_schema.this",
            "module.rbac.snowflake_account_role.schema_access_roles",
            "module.warehouses.snowflake_warehouse.this"
          ]
        },
        {
          "index_key": "CSTA_MARKETING_PROD_GOLD_READ_WRITE_CREATE",
          "schema_version": 0,
          "attributes": {
            "account_role_name": "CSTA_MARKETING_PROD_GOLD_READ_WRITE_CREATE",
            "all_privileges": false,
            "always_apply": false,
            "always_apply_trigger": null,
            "id": "\"CSTA_MARKETING_PROD_GOLD_READ_WRITE_CREATE\"|false|false|SELECT|OnSchemaObject|OnFuture|VIEWS|InSchema|\"CSTA_MARKETING_PROD\".\"GOLD\"",
            "on_account": false,
            "on_account_object": [],
            "on_schema": [],
            "on_schema_object": [
              {
                "all": [],
                "future": [
                  {
                    "in_database": "",
                    "in_schema": "CSTA_MARKETING_PROD.GOLD",
                    "object_type_plural": "VIEWS"
                  }
                ],
                "object_name": "",
                "object_type": ""
              }
            ],
            "privileges": [
              "SELECT"
            ],
            "with_grant_option": false
          },
          "sensitive_attributes": [],
          "identity_schema_version": 0,
          "private": "bnVsbA==",
          "dependencies": [
            "module.databases.snowflake_database.this",
            "module.databases.snowflake_schema.this",
            "module.rbac.snowflake_account_role.schema_access_roles",
            "module.warehouses.snowflake_warehouse.this"
          ]
        },
        {
          "index_key": "CSTA_MARKETING_PROD_ORCHESTRATION_READ",
          "schema_version": 0,
          "attributes": {
            "account_role_name": "CSTA_MARKETING_PROD_ORCHESTRATION_READ",
            "all_privileges": false,
            "always_apply": false,
            "always_apply_trigger": null,
            "id": "\"CSTA_MARKETING_PROD_ORCHESTRATION_READ\"|false|false|SELECT|OnSchemaObject|OnFuture|VIEWS|InSchema|\"CSTA_MARKETING_PROD\".\"ORCHESTRATION\"",
            "on_account": false,
            "on_account_object": [],
            "on_schema": [],
            "on_schema_object": [
              {
                "all": [],
                "future": [
                  {
                    "in_database": "",
                    "in_schema": "CSTA_MARKETING_PROD.ORCHESTRATION",
                    "object_type_plural": "VIEWS"
                  }
                ],
                "object_name": "",
                "object_type": ""
              }
            ],
            "privileges": [
              "SELECT"
            ],
            "with_grant_option": false
          },
          "sensitive_attributes": [],
          "identity_schema_version": 0,
          "private": "bnVsbA==",
          "dependencies": [
            "module.databases.snowflake_database.this",
            "module.databases.snowflake_schema.this",
            "module.rbac.snowflake_account_role.schema_access_roles",
            "module.warehouses.snowflake_warehouse.this"
          ]
        },
        {
          "index_key": "CSTA_MARKETING_PROD_ORCHESTRATION_READ_WRITE",
          "schema_version": 0,
          "attributes": {
            "account_role_name": "CSTA_MARKETING_PROD_ORCHESTRATION_READ_WRITE",
            "all_privileges": false,
            "always_apply": false,
            "always_apply_trigger": null,
            "id": "\"CSTA_MARKETING_PROD_ORCHESTRATION_READ_WRITE\"|false|false|SELECT|OnSchemaObject|OnFuture|VIEWS|InSchema|\"CSTA_MARKETING_PROD\".\"ORCHESTRATION\"",
            "on_account": false,
            "on_account_object": [],
            "on_schema": [],
            "on_schema_object": [
              {
                "all": [],
                "future": [
                  {
                    "in_database": "",
                    "in_schema": "CSTA_MARKETING_PROD.ORCHESTRATION",
                    "object_type_plural": "VIEWS"
                  }
                ],
                "object_name": "",
                "object_type": ""
              }
            ],
            "privileges": [
              "SELECT"
            ],
            "with_grant_option": false
          },
          "sensitive_attributes": [],
          "identity_schema_version": 0,
          "private": "bnVsbA==",
          "dependencies": [
            "module.databases.snowflake_database.this",
            "module.databases.snowflake_schema.this",
            "module.rbac.snowflake_account_role.schema_access_roles",
            "module.warehouses.snowflake_warehouse.this"
          ]
        },
        {
          "index_key": "CSTA_MARKETING_PROD_ORCHESTRATION_READ_WRITE_CREATE",
          "schema_version": 0,
          "attributes": {
            "account_role_name": "CSTA_MARKETING_PROD_ORCHESTRATION_READ_WRITE_CREATE",
            "all_privileges": false,
            "always_apply": false,
            "always_apply_trigger": null,
            "id": "\"CSTA_MARKETING_PROD_ORCHESTRATION_READ_WRITE_CREATE\"|false|false|SELECT|OnSchemaObject|OnFuture|VIEWS|InSchema|\"CSTA_MARKETING_PROD\".\"ORCHESTRATION\"",
            "on_account": false,
            "on_account_object": [],
            "on_schema": [],
            "on_schema_object": [
              {
                "all": [],
                "future": [
                  {
                    "in_database": "",
                    "in_schema": "CSTA_MARKETING_PROD.ORCHESTRATION",
                    "object_type_plural": "VIEWS"
                  }
                ],
                "object_name": "",
                "object_type": ""
              }
            ],
            "privileges": [
              "SELECT"
            ],
            "with_grant_option": false
          },
          "sensitive_attributes": [],
          "identity_schema_version": 0,
          "private": "bnVsbA==",
          "dependencies": [
            "module.databases.snowflake_database.this",
            "module.databases.snowflake_schema.this",
            "module.rbac.snowflake_account_role.schema_access_roles",
            "module.warehouses.snowflake_warehouse.this"
          ]
        },
        {
          "index_key": "CSTA_MARKETING_PROD_SILVER_READ",
          "schema_version": 0,
          "attributes": {
            "account_role_name": "CSTA_MARKETING_PROD_SILVER_READ",
            "all_privileges": false,
            "always_apply": false,
            "always_apply_trigger": null,
            "id": "\"CSTA_MARKETING_PROD_SILVER_READ\"|false|false|SELECT|OnSchemaObject|OnFuture|VIEWS|InSchema|\"CSTA_MARKETING_PROD\".\"SILVER\"",
            "on_account": false,
            "on_account_object": [],
            "on_schema": [],
            "on_schema_object": [
              {
                "all": [],
                "future": [
                  {
                    "in_database": "",
                    "in_schema": "CSTA_MARKETING_PROD.SILVER",
                    "object_type_plural": "VIEWS"
                  }
                ],
                "object_name": "",
                "object_type": ""
              }
            ],
            "privileges": [
              "SELECT"
            ],
            "with_grant_option": false
          },
          "sensitive_attributes": [],
          "identity_schema_version": 0,
          "private": "bnVsbA==",
          "dependencies": [
            "module.databases.snowflake_database.this",
            "module.databases.snowflake_schema.this",
            "module.rbac.snowflake_account_role.schema_access_roles",
            "module.warehouses.snowflake_warehouse.this"
          ]
        },
        {
          "index_key": "CSTA_MARKETING_PROD_SILVER_READ_WRITE",
          "schema_version": 0,
          "attributes": {
            "account_role_name": "CSTA_MARKETING_PROD_SILVER_READ_WRITE",
            "all_privileges": false,
            "always_apply": false,
            "always_apply_trigger": null,
            "id": "\"CSTA_MARKETING_PROD_SILVER_READ_WRITE\"|false|false|SELECT|OnSchemaObject|OnFuture|VIEWS|InSchema|\"CSTA_MARKETING_PROD\".\"SILVER\"",
            "on_account": false,
            "on_account_object": [],
            "on_schema": [],
            "on_schema_object": [
              {
                "all": [],
                "future": [
                  {
                    "in_database": "",
                    "in_schema": "CSTA_MARKETING_PROD.SILVER",
                    "object_type_plural": "VIEWS"
                  }
                ],
                "object_name": "",
                "object_type": ""
              }
            ],
            "privileges": [
              "SELECT"
            ],
            "with_grant_option": false
          },
          "sensitive_attributes": [],
          "identity_schema_version": 0,
          "private": "bnVsbA==",
          "dependencies": [
            "module.databases.snowflake_database.this",
            "module.databases.snowflake_schema.this",
            "module.rbac.snowflake_account_role.schema_access_roles",
            "module.warehouses.snowflake_warehouse.this"
          ]
        },
        {
          "index_key": "CSTA_MARKETING_PROD_SILVER_READ_WRITE_CREATE",
          "schema_version": 0,
          "attributes": {
            "account_role_name": "CSTA_MARKETING_PROD_SILVER_READ_WRITE_CREATE",
            "all_privileges": false,
            "always_apply": false,
            "always_apply_trigger": null,
            "id": "\"CSTA_MARKETING_PROD_SILVER_READ_WRITE_CREATE\"|false|false|SELECT|OnSchemaObject|OnFuture|VIEWS|InSchema|\"CSTA_MARKETING_PROD\".\"SILVER\"",
            "on_account": false,
            "on_account_object": [],
            "on_schema": [],
            "on_schema_object": [
              {
                "all": [],
                "future": [
                  {
                    "in_database": "",
                    "in_schema": "CSTA_MARKETING_PROD.SILVER",
                    "object_type_plural": "VIEWS"
                  }
                ],
                "object_name": "",
                "object_type": ""
              }
            ],
            "privileges": [
              "SELECT"
            ],
            "with_grant_option": false
          },
          "sensitive_attributes": [],
          "identity_schema_version": 0,
          "private": "bnVsbA==",
          "dependencies": [
            "module.databases.snowflake_database.this",
            "module.databases.snowflake_schema.this",
            "module.rbac.snowflake_account_role.schema_access_roles",
            "module.warehouses.snowflake_warehouse.this"
          ]
        },
        {
          "index_key": "CSTA_MARKETING_SHARED_ARTIFACTS_READ",
          "schema_version": 0,
          "attributes": {
            "account_role_name": "CSTA_MARKETING_SHARED_ARTIFACTS_READ",
            "all_privileges": false,
            "always_apply": false,
            "always_apply_trigger": null,
            "id": "\"CSTA_MARKETING_SHARED_ARTIFACTS_READ\"|false|false|SELECT|OnSchemaObject|OnFuture|VIEWS|InSchema|\"CSTA_MARKETING_SHARED\".\"ARTIFACTS\"",
            "on_account": false,
            "on_account_object": [],
            "on_schema": [],
            "on_schema_object": [
              {
                "all": [],
                "future": [
                  {
                    "in_database": "",
                    "in_schema": "CSTA_MARKETING_SHARED.ARTIFACTS",
                    "object_type_plural": "VIEWS"
                  }
                ],
                "object_name": "",
                "object_type": ""
              }
            ],
            "privileges": [
              "SELECT"
            ],
            "with_grant_option": false
          },
          "sensitive_attributes": [],
          "identity_schema_version": 0,
          "private": "bnVsbA==",
          "dependencies": [
            "module.databases.snowflake_database.this",
            "module.databases.snowflake_schema.this",
            "module.rbac.snowflake_account_role.schema_access_roles",
            "module.warehouses.snowflake_warehouse.this"
          ]
        },
        {
          "index_key": "CSTA_MARKETING_SHARED_ARTIFACTS_READ_WRITE",
          "schema_version": 0,
          "attributes": {
            "account_role_name": "CSTA_MARKETING_SHARED_ARTIFACTS_READ_WRITE",
            "all_privileges": false,
            "always_apply": false,
            "always_apply_trigger": null,
            "id": "\"CSTA_MARKETING_SHARED_ARTIFACTS_READ_WRITE\"|false|false|SELECT|OnSchemaObject|OnFuture|VIEWS|InSchema|\"CSTA_MARKETING_SHARED\".\"ARTIFACTS\"",
            "on_account": false,
            "on_account_object": [],
            "on_schema": [],
            "on_schema_object": [
              {
                "all": [],
                "future": [
                  {
                    "in_database": "",
                    "in_schema": "CSTA_MARKETING_SHARED.ARTIFACTS",
                    "object_type_plural": "VIEWS"
                  }
                ],
                "object_name": "",
                "object_type": ""
              }
            ],
            "privileges": [
              "SELECT"
            ],
            "with_grant_option": false
          },
          "sensitive_attributes": [],
          "identity_schema_version": 0,
          "private": "bnVsbA==",
          "dependencies": [
            "module.databases.snowflake_database.this",
            "module.databases.snowflake_schema.this",
            "module.rbac.snowflake_account_role.schema_access_roles",
            "module.warehouses.snowflake_warehouse.this"
          ]
        },
        {
          "index_key": "CSTA_MARKETING_SHARED_ARTIFACTS_READ_WRITE_CREATE",
          "schema_version": 0,
          "attributes": {
            "account_role_name": "CSTA_MARKETING_SHARED_ARTIFACTS_READ_WRITE_CREATE",
            "all_privileges": false,
            "always_apply": false,
            "always_apply_trigger": null,
            "id": "\"CSTA_MARKETING_SHARED_ARTIFACTS_READ_WRITE_CREATE\"|false|false|SELECT|OnSchemaObject|OnFuture|VIEWS|InSchema|\"CSTA_MARKETING_SHARED\".\"ARTIFACTS\"",
            "on_account": false,
            "on_account_object": [],
            "on_schema": [],
            "on_schema_object": [
              {
                "all": [],
                "future": [
                  {
                    "in_database": "",
                    "in_schema": "CSTA_MARKETING_SHARED.ARTIFACTS",
                    "object_type_plural": "VIEWS"
                  }
                ],
                "object_name": "",
                "object_type": ""
              }
            ],
            "privileges": [
              "SELECT"
            ],
            "with_grant_option": false
          },
          "sensitive_attributes": [],
          "identity_schema_version": 0,
          "private": "bnVsbA==",
          "dependencies": [
            "module.databases.snowflake_database.this",
            "module.databases.snowflake_schema.this",
            "module.rbac.snowflake_account_role.schema_access_roles",
            "module.warehouses.snowflake_warehouse.this"
          ]
        },
        {
          "index_key": "CSTA_MARKETING_SHARED_OBSERVABILITY_READ",
          "schema_version": 0,
          "attributes": {
            "account_role_name": "CSTA_MARKETING_SHARED_OBSERVABILITY_READ",
            "all_privileges": false,
            "always_apply": false,
            "always_apply_trigger": null,
            "id": "\"CSTA_MARKETING_SHARED_OBSERVABILITY_READ\"|false|false|SELECT|OnSchemaObject|OnFuture|VIEWS|InSchema|\"CSTA_MARKETING_SHARED\".\"OBSERVABILITY\"",
            "on_account": false,
            "on_account_object": [],
            "on_schema": [],
            "on_schema_object": [
              {
                "all": [],
                "future": [
                  {
                    "in_database": "",
                    "in_schema": "CSTA_MARKETING_SHARED.OBSERVABILITY",
                    "object_type_plural": "VIEWS"
                  }
                ],
                "object_name": "",
                "object_type": ""
              }
            ],
            "privileges": [
              "SELECT"
            ],
            "with_grant_option": false
          },
          "sensitive_attributes": [],
          "identity_schema_version": 0,
          "private": "bnVsbA==",
          "dependencies": [
            "module.databases.snowflake_database.this",
            "module.databases.snowflake_schema.this",
            "module.rbac.snowflake_account_role.schema_access_roles",
            "module.warehouses.snowflake_warehouse.this"
          ]
        },
        {
          "index_key": "CSTA_MARKETING_SHARED_OBSERVABILITY_READ_WRITE",
          "schema_version": 0,
          "attributes": {
            "account_role_name": "CSTA_MARKETING_SHARED_OBSERVABILITY_READ_WRITE",
            "all_privileges": false,
            "always_apply": false,
            "always_apply_trigger": null,
            "id": "\"CSTA_MARKETING_SHARED_OBSERVABILITY_READ_WRITE\"|false|false|SELECT|OnSchemaObject|OnFuture|VIEWS|InSchema|\"CSTA_MARKETING_SHARED\".\"OBSERVABILITY\"",
            "on_account": false,
            "on_account_object": [],
            "on_schema": [],
            "on_schema_object": [
              {
                "all": [],
                "future": [
                  {
                    "in_database": "",
                    "in_schema": "CSTA_MARKETING_SHARED.OBSERVABILITY",
                    "object_type_plural": "VIEWS"
                  }
                ],
                "object_name": "",
                "object_type": ""
              }
            ],
            "privileges": [
              "SELECT"
            ],
            "with_grant_option": false
          },
          "sensitive_attributes": [],
          "identity_schema_version": 0,
          "private": "bnVsbA==",
          "dependencies": [
            "module.databases.snowflake_database.this",
            "module.databases.snowflake_schema.this",
            "module.rbac.snowflake_account_role.schema_access_roles",
            "module.warehouses.snowflake_warehouse.this"
          ]
        },
        {
          "index_key": "CSTA_MARKETING_SHARED_OBSERVABILITY_READ_WRITE_CREATE",
          "schema_version": 0,
          "attributes": {
            "account_role_name": "CSTA_MARKETING_SHARED_OBSERVABILITY_READ_WRITE_CREATE",
            "all_privileges": false,
            "always_apply": false,
            "always_apply_trigger": null,
            "id": "\"CSTA_MARKETING_SHARED_OBSERVABILITY_READ_WRITE_CREATE\"|false|false|SELECT|OnSchemaObject|OnFuture|VIEWS|InSchema|\"CSTA_MARKETING_SHARED\".\"OBSERVABILITY\"",
            "on_account": false,
            "on_account_object": [],
            "on_schema": [],
            "on_schema_object": [
              {
                "all": [],
                "future": [
                  {
                    "in_database": "",
                    "in_schema": "CSTA_MARKETING_SHARED.OBSERVABILITY",
                    "object_type_plural": "VIEWS"
                  }
                ],
                "object_name": "",
                "object_type": ""
              }
            ],
            "privileges": [
              "SELECT"
            ],
            "with_grant_option": false
          },
          "sensitive_attributes": [],
          "identity_schema_version": 0,
          "private": "bnVsbA==",
          "dependencies": [
            "module.databases.snowflake_database.this",
            "module.databases.snowflake_schema.this",
            "module.rbac.snowflake_account_role.schema_access_roles",
            "module.warehouses.snowflake_warehouse.this"
          ]
        },
        {
          "index_key": "CSTA_MARKETING_UAT_BRONZE_READ",
          "schema_version": 0,
          "attributes": {
            "account_role_name": "CSTA_MARKETING_UAT_BRONZE_READ",
            "all_privileges": false,
            "always_apply": false,
            "always_apply_trigger": null,
            "id": "\"CSTA_MARKETING_UAT_BRONZE_READ\"|false|false|SELECT|OnSchemaObject|OnFuture|VIEWS|InSchema|\"CSTA_MARKETING_UAT\".\"BRONZE\"",
            "on_account": false,
            "on_account_object": [],
            "on_schema": [],
            "on_schema_object": [
              {
                "all": [],
                "future": [
                  {
                    "in_database": "",
                    "in_schema": "CSTA_MARKETING_UAT.BRONZE",
                    "object_type_plural": "VIEWS"
                  }
                ],
                "object_name": "",
                "object_type": ""
              }
            ],
            "privileges": [
              "SELECT"
            ],
            "with_grant_option": false
          },
          "sensitive_attributes": [],
          "identity_schema_version": 0,
          "private": "bnVsbA==",
          "dependencies": [
            "module.databases.snowflake_database.this",
            "module.databases.snowflake_schema.this",
            "module.rbac.snowflake_account_role.schema_access_roles",
            "module.warehouses.snowflake_warehouse.this"
          ]
        },
        {
          "index_key": "CSTA_MARKETING_UAT_BRONZE_READ_WRITE",
          "schema_version": 0,
          "attributes": {
            "account_role_name": "CSTA_MARKETING_UAT_BRONZE_READ_WRITE",
            "all_privileges": false,
            "always_apply": false,
            "always_apply_trigger": null,
            "id": "\"CSTA_MARKETING_UAT_BRONZE_READ_WRITE\"|false|false|SELECT|OnSchemaObject|OnFuture|VIEWS|InSchema|\"CSTA_MARKETING_UAT\".\"BRONZE\"",
            "on_account": false,
            "on_account_object": [],
            "on_schema": [],
            "on_schema_object": [
              {
                "all": [],
                "future": [
                  {
                    "in_database": "",
                    "in_schema": "CSTA_MARKETING_UAT.BRONZE",
                    "object_type_plural": "VIEWS"
                  }
                ],
                "object_name": "",
                "object_type": ""
              }
            ],
            "privileges": [
              "SELECT"
            ],
            "with_grant_option": false
          },
          "sensitive_attributes": [],
          "identity_schema_version": 0,
          "private": "bnVsbA==",
          "dependencies": [
            "module.databases.snowflake_database.this",
            "module.databases.snowflake_schema.this",
            "module.rbac.snowflake_account_role.schema_access_roles",
            "module.warehouses.snowflake_warehouse.this"
          ]
        },
        {
          "index_key": "CSTA_MARKETING_UAT_BRONZE_READ_WRITE_CREATE",
          "schema_version": 0,
          "attributes": {
            "account_role_name": "CSTA_MARKETING_UAT_BRONZE_READ_WRITE_CREATE",
            "all_privileges": false,
            "always_apply": false,
            "always_apply_trigger": null,
            "id": "\"CSTA_MARKETING_UAT_BRONZE_READ_WRITE_CREATE\"|false|false|SELECT|OnSchemaObject|OnFuture|VIEWS|InSchema|\"CSTA_MARKETING_UAT\".\"BRONZE\"",
            "on_account": false,
            "on_account_object": [],
            "on_schema": [],
            "on_schema_object": [
              {
                "all": [],
                "future": [
                  {
                    "in_database": "",
                    "in_schema": "CSTA_MARKETING_UAT.BRONZE",
                    "object_type_plural": "VIEWS"
                  }
                ],
                "object_name": "",
                "object_type": ""
              }
            ],
            "privileges": [
              "SELECT"
            ],
            "with_grant_option": false
          },
          "sensitive_attributes": [],
          "identity_schema_version": 0,
          "private": "bnVsbA==",
          "dependencies": [
            "module.databases.snowflake_database.this",
            "module.databases.snowflake_schema.this",
            "module.rbac.snowflake_account_role.schema_access_roles",
            "module.warehouses.snowflake_warehouse.this"
          ]
        },
        {
          "index_key": "CSTA_MARKETING_UAT_GOLD_READ",
          "schema_version": 0,
          "attributes": {
            "account_role_name": "CSTA_MARKETING_UAT_GOLD_READ",
            "all_privileges": false,
            "always_apply": false,
            "always_apply_trigger": null,
            "id": "\"CSTA_MARKETING_UAT_GOLD_READ\"|false|false|SELECT|OnSchemaObject|OnFuture|VIEWS|InSchema|\"CSTA_MARKETING_UAT\".\"GOLD\"",
            "on_account": false,
            "on_account_object": [],
            "on_schema": [],
            "on_schema_object": [
              {
                "all": [],
                "future": [
                  {
                    "in_database": "",
                    "in_schema": "CSTA_MARKETING_UAT.GOLD",
                    "object_type_plural": "VIEWS"
                  }
                ],
                "object_name": "",
                "object_type": ""
              }
            ],
            "privileges": [
              "SELECT"
            ],
            "with_grant_option": false
          },
          "sensitive_attributes": [],
          "identity_schema_version": 0,
          "private": "bnVsbA==",
          "dependencies": [
            "module.databases.snowflake_database.this",
            "module.databases.snowflake_schema.this",
            "module.rbac.snowflake_account_role.schema_access_roles",
            "module.warehouses.snowflake_warehouse.this"
          ]
        },
        {
          "index_key": "CSTA_MARKETING_UAT_GOLD_READ_WRITE",
          "schema_version": 0,
          "attributes": {
            "account_role_name": "CSTA_MARKETING_UAT_GOLD_READ_WRITE",
            "all_privileges": false,
            "always_apply": false,
            "always_apply_trigger": null,
            "id": "\"CSTA_MARKETING_UAT_GOLD_READ_WRITE\"|false|false|SELECT|OnSchemaObject|OnFuture|VIEWS|InSchema|\"CSTA_MARKETING_UAT\".\"GOLD\"",
            "on_account": false,
            "on_account_object": [],
            "on_schema": [],
            "on_schema_object": [
              {
                "all": [],
                "future": [
                  {
                    "in_database": "",
                    "in_schema": "CSTA_MARKETING_UAT.GOLD",
                    "object_type_plural": "VIEWS"
                  }
                ],
                "object_name": "",
                "object_type": ""
              }
            ],
            "privileges": [
              "SELECT"
            ],
            "with_grant_option": false
          },
          "sensitive_attributes": [],
          "identity_schema_version": 0,
          "private": "bnVsbA==",
          "dependencies": [
            "module.databases.snowflake_database.this",
            "module.databases.snowflake_schema.this",
            "module.rbac.snowflake_account_role.schema_access_roles",
            "module.warehouses.snowflake_warehouse.this"
          ]
        },
        {
          "index_key": "CSTA_MARKETING_UAT_GOLD_READ_WRITE_CREATE",
          "schema_version": 0,
          "attributes": {
            "account_role_name": "CSTA_MARKETING_UAT_GOLD_READ_WRITE_CREATE",
            "all_privileges": false,
            "always_apply": false,
            "always_apply_trigger": null,
            "id": "\"CSTA_MARKETING_UAT_GOLD_READ_WRITE_CREATE\"|false|false|SELECT|OnSchemaObject|OnFuture|VIEWS|InSchema|\"CSTA_MARKETING_UAT\".\"GOLD\"",
            "on_account": false,
            "on_account_object": [],
            "on_schema": [],
            "on_schema_object": [
              {
                "all": [],
                "future": [
                  {
                    "in_database": "",
                    "in_schema": "CSTA_MARKETING_UAT.GOLD",
                    "object_type_plural": "VIEWS"
                  }
                ],
                "object_name": "",
                "object_type": ""
              }
            ],
            "privileges": [
              "SELECT"
            ],
            "with_grant_option": false
          },
          "sensitive_attributes": [],
          "identity_schema_version": 0,
          "private": "bnVsbA==",
          "dependencies": [
            "module.databases.snowflake_database.this",
            "module.databases.snowflake_schema.this",
            "module.rbac.snowflake_account_role.schema_access_roles",
            "module.warehouses.snowflake_warehouse.this"
          ]
        },
        {
          "index_key": "CSTA_MARKETING_UAT_ORCHESTRATION_READ",
          "schema_version": 0,
          "attributes": {
            "account_role_name": "CSTA_MARKETING_UAT_ORCHESTRATION_READ",
            "all_privileges": false,
            "always_apply": false,
            "always_apply_trigger": null,
            "id": "\"CSTA_MARKETING_UAT_ORCHESTRATION_READ\"|false|false|SELECT|OnSchemaObject|OnFuture|VIEWS|InSchema|\"CSTA_MARKETING_UAT\".\"ORCHESTRATION\"",
            "on_account": false,
            "on_account_object": [],
            "on_schema": [],
            "on_schema_object": [
              {
                "all": [],
                "future": [
                  {
                    "in_database": "",
                    "in_schema": "CSTA_MARKETING_UAT.ORCHESTRATION",
                    "object_type_plural": "VIEWS"
                  }
                ],
                "object_name": "",
                "object_type": ""
              }
            ],
            "privileges": [
              "SELECT"
            ],
            "with_grant_option": false
          },
          "sensitive_attributes": [],
          "identity_schema_version": 0,
          "private": "bnVsbA==",
          "dependencies": [
            "module.databases.snowflake_database.this",
            "module.databases.snowflake_schema.this",
            "module.rbac.snowflake_account_role.schema_access_roles",
            "module.warehouses.snowflake_warehouse.this"
          ]
        },
        {
          "index_key": "CSTA_MARKETING_UAT_ORCHESTRATION_READ_WRITE",
          "schema_version": 0,
          "attributes": {
            "account_role_name": "CSTA_MARKETING_UAT_ORCHESTRATION_READ_WRITE",
            "all_privileges": false,
            "always_apply": false,
            "always_apply_trigger": null,
            "id": "\"CSTA_MARKETING_UAT_ORCHESTRATION_READ_WRITE\"|false|false|SELECT|OnSchemaObject|OnFuture|VIEWS|InSchema|\"CSTA_MARKETING_UAT\".\"ORCHESTRATION\"",
            "on_account": false,
            "on_account_object": [],
            "on_schema": [],
            "on_schema_object": [
              {
                "all": [],
                "future": [
                  {
                    "in_database": "",
                    "in_schema": "CSTA_MARKETING_UAT.ORCHESTRATION",
                    "object_type_plural": "VIEWS"
                  }
                ],
                "object_name": "",
                "object_type": ""
              }
            ],
            "privileges": [
              "SELECT"
            ],
            "with_grant_option": false
          },
          "sensitive_attributes": [],
          "identity_schema_version": 0,
          "private": "bnVsbA==",
          "dependencies": [
            "module.databases.snowflake_database.this",
            "module.databases.snowflake_schema.this",
            "module.rbac.snowflake_account_role.schema_access_roles",
            "module.warehouses.snowflake_warehouse.this"
          ]
        },
        {
          "index_key": "CSTA_MARKETING_UAT_ORCHESTRATION_READ_WRITE_CREATE",
          "schema_version": 0,
          "attributes": {
            "account_role_name": "CSTA_MARKETING_UAT_ORCHESTRATION_READ_WRITE_CREATE",
            "all_privileges": false,
            "always_apply": false,
            "always_apply_trigger": null,
            "id": "\"CSTA_MARKETING_UAT_ORCHESTRATION_READ_WRITE_CREATE\"|false|false|SELECT|OnSchemaObject|OnFuture|VIEWS|InSchema|\"CSTA_MARKETING_UAT\".\"ORCHESTRATION\"",
            "on_account": false,
            "on_account_object": [],
            "on_schema": [],
            "on_schema_object": [
              {
                "all": [],
                "future": [
                  {
                    "in_database": "",
                    "in_schema": "CSTA_MARKETING_UAT.ORCHESTRATION",
                    "object_type_plural": "VIEWS"
                  }
                ],
                "object_name": "",
                "object_type": ""
              }
            ],
            "privileges": [
              "SELECT"
            ],
            "with_grant_option": false
          },
          "sensitive_attributes": [],
          "identity_schema_version": 0,
          "private": "bnVsbA==",
          "dependencies": [
            "module.databases.snowflake_database.this",
            "module.databases.snowflake_schema.this",
            "module.rbac.snowflake_account_role.schema_access_roles",
            "module.warehouses.snowflake_warehouse.this"
          ]
        },
        {
          "index_key": "CSTA_MARKETING_UAT_SILVER_READ",
          "schema_version": 0,
          "attributes": {
            "account_role_name": "CSTA_MARKETING_UAT_SILVER_READ",
            "all_privileges": false,
            "always_apply": false,
            "always_apply_trigger": null,
            "id": "\"CSTA_MARKETING_UAT_SILVER_READ\"|false|false|SELECT|OnSchemaObject|OnFuture|VIEWS|InSchema|\"CSTA_MARKETING_UAT\".\"SILVER\"",
            "on_account": false,
            "on_account_object": [],
            "on_schema": [],
            "on_schema_object": [
              {
                "all": [],
                "future": [
                  {
                    "in_database": "",
                    "in_schema": "CSTA_MARKETING_UAT.SILVER",
                    "object_type_plural": "VIEWS"
                  }
                ],
                "object_name": "",
                "object_type": ""
              }
            ],
            "privileges": [
              "SELECT"
            ],
            "with_grant_option": false
          },
          "sensitive_attributes": [],
          "identity_schema_version": 0,
          "private": "bnVsbA==",
          "dependencies": [
            "module.databases.snowflake_database.this",
            "module.databases.snowflake_schema.this",
            "module.rbac.snowflake_account_role.schema_access_roles",
            "module.warehouses.snowflake_warehouse.this"
          ]
        },
        {
          "index_key": "CSTA_MARKETING_UAT_SILVER_READ_WRITE",
          "schema_version": 0,
          "attributes": {
            "account_role_name": "CSTA_MARKETING_UAT_SILVER_READ_WRITE",
            "all_privileges": false,
            "always_apply": false,
            "always_apply_trigger": null,
            "id": "\"CSTA_MARKETING_UAT_SILVER_READ_WRITE\"|false|false|SELECT|OnSchemaObject|OnFuture|VIEWS|InSchema|\"CSTA_MARKETING_UAT\".\"SILVER\"",
            "on_account": false,
            "on_account_object": [],
            "on_schema": [],
            "on_schema_object": [
              {
                "all": [],
                "future": [
                  {
                    "in_database": "",
                    "in_schema": "CSTA_MARKETING_UAT.SILVER",
                    "object_type_plural": "VIEWS"
                  }
                ],
                "object_name": "",
                "object_type": ""
              }
            ],
            "privileges": [
              "SELECT"
            ],
            "with_grant_option": false
          },
          "sensitive_attributes": [],
          "identity_schema_version": 0,
          "private": "bnVsbA==",
          "dependencies": [
            "module.databases.snowflake_database.this",
            "module.databases.snowflake_schema.this",
            "module.rbac.snowflake_account_role.schema_access_roles",
            "module.warehouses.snowflake_warehouse.this"
          ]
        },
        {
          "index_key": "CSTA_MARKETING_UAT_SILVER_READ_WRITE_CREATE",
          "schema_version": 0,
          "attributes": {
            "account_role_name": "CSTA_MARKETING_UAT_SILVER_READ_WRITE_CREATE",
            "all_privileges": false,
            "always_apply": false,
            "always_apply_trigger": null,
            "id": "\"CSTA_MARKETING_UAT_SILVER_READ_WRITE_CREATE\"|false|false|SELECT|OnSchemaObject|OnFuture|VIEWS|InSchema|\"CSTA_MARKETING_UAT\".\"SILVER\"",
            "on_account": false,
            "on_account_object": [],
            "on_schema": [],
            "on_schema_object": [
              {
                "all": [],
                "future": [
                  {
                    "in_database": "",
                    "in_schema": "CSTA_MARKETING_UAT.SILVER",
                    "object_type_plural": "VIEWS"
                  }
                ],
                "object_name": "",
                "object_type": ""
              }
            ],
            "privileges": [
              "SELECT"
            ],
            "with_grant_option": false
          },
          "sensitive_attributes": [],
          "identity_schema_version": 0,
          "private": "bnVsbA==",
          "dependencies": [
            "module.databases.snowflake_database.this",
            "module.databases.snowflake_schema.this",
            "module.rbac.snowflake_account_role.schema_access_roles",
            "module.warehouses.snowflake_warehouse.this"
          ]
        }
      ]
    },
    {
      "module": "module.rbac",
      "mode": "managed",
      "type": "snowflake_grant_privileges_to_account_role",
      "name": "schema_usage",
      "provider": "provider[\"registry.terraform.io/snowflakedb/snowflake\"]",
      "instances": [
        {
          "index_key": "CSTA_MARKETING_DEV_BRONZE_READ",
          "schema_version": 0,
          "attributes": {
            "account_role_name": "CSTA_MARKETING_DEV_BRONZE_READ",
            "all_privileges": false,
            "always_apply": false,
            "always_apply_trigger": null,
            "id": "\"CSTA_MARKETING_DEV_BRONZE_READ\"|false|false|USAGE|OnSchema|OnSchema|\"CSTA_MARKETING_DEV\".\"BRONZE\"",
            "on_account": false,
            "on_account_object": [],
            "on_schema": [
              {
                "all_schemas_in_database": "",
                "future_schemas_in_database": "",
                "schema_name": "CSTA_MARKETING_DEV.BRONZE"
              }
            ],
            "on_schema_object": [],
            "privileges": [
              "USAGE"
            ],
            "with_grant_option": false
          },
          "sensitive_attributes": [],
          "identity_schema_version": 0,
          "private": "bnVsbA==",
          "dependencies": [
            "module.databases.snowflake_database.this",
            "module.databases.snowflake_schema.this",
            "module.rbac.snowflake_account_role.schema_access_roles",
            "module.warehouses.snowflake_warehouse.this"
          ]
        },
        {
          "index_key": "CSTA_MARKETING_DEV_BRONZE_READ_WRITE",
          "schema_version": 0,
          "attributes": {
            "account_role_name": "CSTA_MARKETING_DEV_BRONZE_READ_WRITE",
            "all_privileges": false,
            "always_apply": false,
            "always_apply_trigger": null,
            "id": "\"CSTA_MARKETING_DEV_BRONZE_READ_WRITE\"|false|false|USAGE|OnSchema|OnSchema|\"CSTA_MARKETING_DEV\".\"BRONZE\"",
            "on_account": false,
            "on_account_object": [],
            "on_schema": [
              {
                "all_schemas_in_database": "",
                "future_schemas_in_database": "",
                "schema_name": "CSTA_MARKETING_DEV.BRONZE"
              }
            ],
            "on_schema_object": [],
            "privileges": [
              "USAGE"
            ],
            "with_grant_option": false
          },
          "sensitive_attributes": [],
          "identity_schema_version": 0,
          "private": "bnVsbA==",
          "dependencies": [
            "module.databases.snowflake_database.this",
            "module.databases.snowflake_schema.this",
            "module.rbac.snowflake_account_role.schema_access_roles",
            "module.warehouses.snowflake_warehouse.this"
          ]
        },
        {
          "index_key": "CSTA_MARKETING_DEV_BRONZE_READ_WRITE_CREATE",
          "schema_version": 0,
          "attributes": {
            "account_role_name": "CSTA_MARKETING_DEV_BRONZE_READ_WRITE_CREATE",
            "all_privileges": false,
            "always_apply": false,
            "always_apply_trigger": null,
            "id": "\"CSTA_MARKETING_DEV_BRONZE_READ_WRITE_CREATE\"|false|false|USAGE|OnSchema|OnSchema|\"CSTA_MARKETING_DEV\".\"BRONZE\"",
            "on_account": false,
            "on_account_object": [],
            "on_schema": [
              {
                "all_schemas_in_database": "",
                "future_schemas_in_database": "",
                "schema_name": "CSTA_MARKETING_DEV.BRONZE"
              }
            ],
            "on_schema_object": [],
            "privileges": [
              "USAGE"
            ],
            "with_grant_option": false
          },
          "sensitive_attributes": [],
          "identity_schema_version": 0,
          "private": "bnVsbA==",
          "dependencies": [
            "module.databases.snowflake_database.this",
            "module.databases.snowflake_schema.this",
            "module.rbac.snowflake_account_role.schema_access_roles",
            "module.warehouses.snowflake_warehouse.this"
          ]
        },
        {
          "index_key": "CSTA_MARKETING_DEV_GOLD_READ",
          "schema_version": 0,
          "attributes": {
            "account_role_name": "CSTA_MARKETING_DEV_GOLD_READ",
            "all_privileges": false,
            "always_apply": false,
            "always_apply_trigger": null,
            "id": "\"CSTA_MARKETING_DEV_GOLD_READ\"|false|false|USAGE|OnSchema|OnSchema|\"CSTA_MARKETING_DEV\".\"GOLD\"",
            "on_account": false,
            "on_account_object": [],
            "on_schema": [
              {
                "all_schemas_in_database": "",
                "future_schemas_in_database": "",
                "schema_name": "CSTA_MARKETING_DEV.GOLD"
              }
            ],
            "on_schema_object": [],
            "privileges": [
              "USAGE"
            ],
            "with_grant_option": false
          },
          "sensitive_attributes": [],
          "identity_schema_version": 0,
          "private": "bnVsbA==",
          "dependencies": [
            "module.databases.snowflake_database.this",
            "module.databases.snowflake_schema.this",
            "module.rbac.snowflake_account_role.schema_access_roles",
            "module.warehouses.snowflake_warehouse.this"
          ]
        },
        {
          "index_key": "CSTA_MARKETING_DEV_GOLD_READ_WRITE",
          "schema_version": 0,
          "attributes": {
            "account_role_name": "CSTA_MARKETING_DEV_GOLD_READ_WRITE",
            "all_privileges": false,
            "always_apply": false,
            "always_apply_trigger": null,
            "id": "\"CSTA_MARKETING_DEV_GOLD_READ_WRITE\"|false|false|USAGE|OnSchema|OnSchema|\"CSTA_MARKETING_DEV\".\"GOLD\"",
            "on_account": false,
            "on_account_object": [],
            "on_schema": [
              {
                "all_schemas_in_database": "",
                "future_schemas_in_database": "",
                "schema_name": "CSTA_MARKETING_DEV.GOLD"
              }
            ],
            "on_schema_object": [],
            "privileges": [
              "USAGE"
            ],
            "with_grant_option": false
          },
          "sensitive_attributes": [],
          "identity_schema_version": 0,
          "private": "bnVsbA==",
          "dependencies": [
            "module.databases.snowflake_database.this",
            "module.databases.snowflake_schema.this",
            "module.rbac.snowflake_account_role.schema_access_roles",
            "module.warehouses.snowflake_warehouse.this"
          ]
        },
        {
          "index_key": "CSTA_MARKETING_DEV_GOLD_READ_WRITE_CREATE",
          "schema_version": 0,
          "attributes": {
            "account_role_name": "CSTA_MARKETING_DEV_GOLD_READ_WRITE_CREATE",
            "all_privileges": false,
            "always_apply": false,
            "always_apply_trigger": null,
            "id": "\"CSTA_MARKETING_DEV_GOLD_READ_WRITE_CREATE\"|false|false|USAGE|OnSchema|OnSchema|\"CSTA_MARKETING_DEV\".\"GOLD\"",
            "on_account": false,
            "on_account_object": [],
            "on_schema": [
              {
                "all_schemas_in_database": "",
                "future_schemas_in_database": "",
                "schema_name": "CSTA_MARKETING_DEV.GOLD"
              }
            ],
            "on_schema_object": [],
            "privileges": [
              "USAGE"
            ],
            "with_grant_option": false
          },
          "sensitive_attributes": [],
          "identity_schema_version": 0,
          "private": "bnVsbA==",
          "dependencies": [
            "module.databases.snowflake_database.this",
            "module.databases.snowflake_schema.this",
            "module.rbac.snowflake_account_role.schema_access_roles",
            "module.warehouses.snowflake_warehouse.this"
          ]
        },
        {
          "index_key": "CSTA_MARKETING_DEV_ORCHESTRATION_READ",
          "schema_version": 0,
          "attributes": {
            "account_role_name": "CSTA_MARKETING_DEV_ORCHESTRATION_READ",
            "all_privileges": false,
            "always_apply": false,
            "always_apply_trigger": null,
            "id": "\"CSTA_MARKETING_DEV_ORCHESTRATION_READ\"|false|false|USAGE|OnSchema|OnSchema|\"CSTA_MARKETING_DEV\".\"ORCHESTRATION\"",
            "on_account": false,
            "on_account_object": [],
            "on_schema": [
              {
                "all_schemas_in_database": "",
                "future_schemas_in_database": "",
                "schema_name": "CSTA_MARKETING_DEV.ORCHESTRATION"
              }
            ],
            "on_schema_object": [],
            "privileges": [
              "USAGE"
            ],
            "with_grant_option": false
          },
          "sensitive_attributes": [],
          "identity_schema_version": 0,
          "private": "bnVsbA==",
          "dependencies": [
            "module.databases.snowflake_database.this",
            "module.databases.snowflake_schema.this",
            "module.rbac.snowflake_account_role.schema_access_roles",
            "module.warehouses.snowflake_warehouse.this"
          ]
        },
        {
          "index_key": "CSTA_MARKETING_DEV_ORCHESTRATION_READ_WRITE",
          "schema_version": 0,
          "attributes": {
            "account_role_name": "CSTA_MARKETING_DEV_ORCHESTRATION_READ_WRITE",
            "all_privileges": false,
            "always_apply": false,
            "always_apply_trigger": null,
            "id": "\"CSTA_MARKETING_DEV_ORCHESTRATION_READ_WRITE\"|false|false|USAGE|OnSchema|OnSchema|\"CSTA_MARKETING_DEV\".\"ORCHESTRATION\"",
            "on_account": false,
            "on_account_object": [],
            "on_schema": [
              {
                "all_schemas_in_database": "",
                "future_schemas_in_database": "",
                "schema_name": "CSTA_MARKETING_DEV.ORCHESTRATION"
              }
            ],
            "on_schema_object": [],
            "privileges": [
              "USAGE"
            ],
            "with_grant_option": false
          },
          "sensitive_attributes": [],
          "identity_schema_version": 0,
          "private": "bnVsbA==",
          "dependencies": [
            "module.databases.snowflake_database.this",
            "module.databases.snowflake_schema.this",
            "module.rbac.snowflake_account_role.schema_access_roles",
            "module.warehouses.snowflake_warehouse.this"
          ]
        },
        {
          "index_key": "CSTA_MARKETING_DEV_ORCHESTRATION_READ_WRITE_CREATE",
          "schema_version": 0,
          "attributes": {
            "account_role_name": "CSTA_MARKETING_DEV_ORCHESTRATION_READ_WRITE_CREATE",
            "all_privileges": false,
            "always_apply": false,
            "always_apply_trigger": null,
            "id": "\"CSTA_MARKETING_DEV_ORCHESTRATION_READ_WRITE_CREATE\"|false|false|USAGE|OnSchema|OnSchema|\"CSTA_MARKETING_DEV\".\"ORCHESTRATION\"",
            "on_account": false,
            "on_account_object": [],
            "on_schema": [
              {
                "all_schemas_in_database": "",
                "future_schemas_in_database": "",
                "schema_name": "CSTA_MARKETING_DEV.ORCHESTRATION"
              }
            ],
            "on_schema_object": [],
            "privileges": [
              "USAGE"
            ],
            "with_grant_option": false
          },
          "sensitive_attributes": [],
          "identity_schema_version": 0,
          "private": "bnVsbA==",
          "dependencies": [
            "module.databases.snowflake_database.this",
            "module.databases.snowflake_schema.this",
            "module.rbac.snowflake_account_role.schema_access_roles",
            "module.warehouses.snowflake_warehouse.this"
          ]
        },
        {
          "index_key": "CSTA_MARKETING_DEV_SILVER_READ",
          "schema_version": 0,
          "attributes": {
            "account_role_name": "CSTA_MARKETING_DEV_SILVER_READ",
            "all_privileges": false,
            "always_apply": false,
            "always_apply_trigger": null,
            "id": "\"CSTA_MARKETING_DEV_SILVER_READ\"|false|false|USAGE|OnSchema|OnSchema|\"CSTA_MARKETING_DEV\".\"SILVER\"",
            "on_account": false,
            "on_account_object": [],
            "on_schema": [
              {
                "all_schemas_in_database": "",
                "future_schemas_in_database": "",
                "schema_name": "CSTA_MARKETING_DEV.SILVER"
              }
            ],
            "on_schema_object": [],
            "privileges": [
              "USAGE"
            ],
            "with_grant_option": false
          },
          "sensitive_attributes": [],
          "identity_schema_version": 0,
          "private": "bnVsbA==",
          "dependencies": [
            "module.databases.snowflake_database.this",
            "module.databases.snowflake_schema.this",
            "module.rbac.snowflake_account_role.schema_access_roles",
            "module.warehouses.snowflake_warehouse.this"
          ]
        },
        {
          "index_key": "CSTA_MARKETING_DEV_SILVER_READ_WRITE",
          "schema_version": 0,
          "attributes": {
            "account_role_name": "CSTA_MARKETING_DEV_SILVER_READ_WRITE",
            "all_privileges": false,
            "always_apply": false,
            "always_apply_trigger": null,
            "id": "\"CSTA_MARKETING_DEV_SILVER_READ_WRITE\"|false|false|USAGE|OnSchema|OnSchema|\"CSTA_MARKETING_DEV\".\"SILVER\"",
            "on_account": false,
            "on_account_object": [],
            "on_schema": [
              {
                "all_schemas_in_database": "",
                "future_schemas_in_database": "",
                "schema_name": "CSTA_MARKETING_DEV.SILVER"
              }
            ],
            "on_schema_object": [],
            "privileges": [
              "USAGE"
            ],
            "with_grant_option": false
          },
          "sensitive_attributes": [],
          "identity_schema_version": 0,
          "private": "bnVsbA==",
          "dependencies": [
            "module.databases.snowflake_database.this",
            "module.databases.snowflake_schema.this",
            "module.rbac.snowflake_account_role.schema_access_roles",
            "module.warehouses.snowflake_warehouse.this"
          ]
        },
        {
          "index_key": "CSTA_MARKETING_DEV_SILVER_READ_WRITE_CREATE",
          "schema_version": 0,
          "attributes": {
            "account_role_name": "CSTA_MARKETING_DEV_SILVER_READ_WRITE_CREATE",
            "all_privileges": false,
            "always_apply": false,
            "always_apply_trigger": null,
            "id": "\"CSTA_MARKETING_DEV_SILVER_READ_WRITE_CREATE\"|false|false|USAGE|OnSchema|OnSchema|\"CSTA_MARKETING_DEV\".\"SILVER\"",
            "on_account": false,
            "on_account_object": [],
            "on_schema": [
              {
                "all_schemas_in_database": "",
                "future_schemas_in_database": "",
                "schema_name": "CSTA_MARKETING_DEV.SILVER"
              }
            ],
            "on_schema_object": [],
            "privileges": [
              "USAGE"
            ],
            "with_grant_option": false
          },
          "sensitive_attributes": [],
          "identity_schema_version": 0,
          "private": "bnVsbA==",
          "dependencies": [
            "module.databases.snowflake_database.this",
            "module.databases.snowflake_schema.this",
            "module.rbac.snowflake_account_role.schema_access_roles",
            "module.warehouses.snowflake_warehouse.this"
          ]
        },
        {
          "index_key": "CSTA_MARKETING_PROD_BRONZE_READ",
          "schema_version": 0,
          "attributes": {
            "account_role_name": "CSTA_MARKETING_PROD_BRONZE_READ",
            "all_privileges": false,
            "always_apply": false,
            "always_apply_trigger": null,
            "id": "\"CSTA_MARKETING_PROD_BRONZE_READ\"|false|false|USAGE|OnSchema|OnSchema|\"CSTA_MARKETING_PROD\".\"BRONZE\"",
            "on_account": false,
            "on_account_object": [],
            "on_schema": [
              {
                "all_schemas_in_database": "",
                "future_schemas_in_database": "",
                "schema_name": "CSTA_MARKETING_PROD.BRONZE"
              }
            ],
            "on_schema_object": [],
            "privileges": [
              "USAGE"
            ],
            "with_grant_option": false
          },
          "sensitive_attributes": [],
          "identity_schema_version": 0,
          "private": "bnVsbA==",
          "dependencies": [
            "module.databases.snowflake_database.this",
            "module.databases.snowflake_schema.this",
            "module.rbac.snowflake_account_role.schema_access_roles",
            "module.warehouses.snowflake_warehouse.this"
          ]
        },
        {
          "index_key": "CSTA_MARKETING_PROD_BRONZE_READ_WRITE",
          "schema_version": 0,
          "attributes": {
            "account_role_name": "CSTA_MARKETING_PROD_BRONZE_READ_WRITE",
            "all_privileges": false,
            "always_apply": false,
            "always_apply_trigger": null,
            "id": "\"CSTA_MARKETING_PROD_BRONZE_READ_WRITE\"|false|false|USAGE|OnSchema|OnSchema|\"CSTA_MARKETING_PROD\".\"BRONZE\"",
            "on_account": false,
            "on_account_object": [],
            "on_schema": [
              {
                "all_schemas_in_database": "",
                "future_schemas_in_database": "",
                "schema_name": "CSTA_MARKETING_PROD.BRONZE"
              }
            ],
            "on_schema_object": [],
            "privileges": [
              "USAGE"
            ],
            "with_grant_option": false
          },
          "sensitive_attributes": [],
          "identity_schema_version": 0,
          "private": "bnVsbA==",
          "dependencies": [
            "module.databases.snowflake_database.this",
            "module.databases.snowflake_schema.this",
            "module.rbac.snowflake_account_role.schema_access_roles",
            "module.warehouses.snowflake_warehouse.this"
          ]
        },
        {
          "index_key": "CSTA_MARKETING_PROD_BRONZE_READ_WRITE_CREATE",
          "schema_version": 0,
          "attributes": {
            "account_role_name": "CSTA_MARKETING_PROD_BRONZE_READ_WRITE_CREATE",
            "all_privileges": false,
            "always_apply": false,
            "always_apply_trigger": null,
            "id": "\"CSTA_MARKETING_PROD_BRONZE_READ_WRITE_CREATE\"|false|false|USAGE|OnSchema|OnSchema|\"CSTA_MARKETING_PROD\".\"BRONZE\"",
            "on_account": false,
            "on_account_object": [],
            "on_schema": [
              {
                "all_schemas_in_database": "",
                "future_schemas_in_database": "",
                "schema_name": "CSTA_MARKETING_PROD.BRONZE"
              }
            ],
            "on_schema_object": [],
            "privileges": [
              "USAGE"
            ],
            "with_grant_option": false
          },
          "sensitive_attributes": [],
          "identity_schema_version": 0,
          "private": "bnVsbA==",
          "dependencies": [
            "module.databases.snowflake_database.this",
            "module.databases.snowflake_schema.this",
            "module.rbac.snowflake_account_role.schema_access_roles",
            "module.warehouses.snowflake_warehouse.this"
          ]
        },
        {
          "index_key": "CSTA_MARKETING_PROD_GOLD_READ",
          "schema_version": 0,
          "attributes": {
            "account_role_name": "CSTA_MARKETING_PROD_GOLD_READ",
            "all_privileges": false,
            "always_apply": false,
            "always_apply_trigger": null,
            "id": "\"CSTA_MARKETING_PROD_GOLD_READ\"|false|false|USAGE|OnSchema|OnSchema|\"CSTA_MARKETING_PROD\".\"GOLD\"",
            "on_account": false,
            "on_account_object": [],
            "on_schema": [
              {
                "all_schemas_in_database": "",
                "future_schemas_in_database": "",
                "schema_name": "CSTA_MARKETING_PROD.GOLD"
              }
            ],
            "on_schema_object": [],
            "privileges": [
              "USAGE"
            ],
            "with_grant_option": false
          },
          "sensitive_attributes": [],
          "identity_schema_version": 0,
          "private": "bnVsbA==",
          "dependencies": [
            "module.databases.snowflake_database.this",
            "module.databases.snowflake_schema.this",
            "module.rbac.snowflake_account_role.schema_access_roles",
            "module.warehouses.snowflake_warehouse.this"
          ]
        },
        {
          "index_key": "CSTA_MARKETING_PROD_GOLD_READ_WRITE",
          "schema_version": 0,
          "attributes": {
            "account_role_name": "CSTA_MARKETING_PROD_GOLD_READ_WRITE",
            "all_privileges": false,
            "always_apply": false,
            "always_apply_trigger": null,
            "id": "\"CSTA_MARKETING_PROD_GOLD_READ_WRITE\"|false|false|USAGE|OnSchema|OnSchema|\"CSTA_MARKETING_PROD\".\"GOLD\"",
            "on_account": false,
            "on_account_object": [],
            "on_schema": [
              {
                "all_schemas_in_database": "",
                "future_schemas_in_database": "",
                "schema_name": "CSTA_MARKETING_PROD.GOLD"
              }
            ],
            "on_schema_object": [],
            "privileges": [
              "USAGE"
            ],
            "with_grant_option": false
          },
          "sensitive_attributes": [],
          "identity_schema_version": 0,
          "private": "bnVsbA==",
          "dependencies": [
            "module.databases.snowflake_database.this",
            "module.databases.snowflake_schema.this",
            "module.rbac.snowflake_account_role.schema_access_roles",
            "module.warehouses.snowflake_warehouse.this"
          ]
        },
        {
          "index_key": "CSTA_MARKETING_PROD_GOLD_READ_WRITE_CREATE",
          "schema_version": 0,
          "attributes": {
            "account_role_name": "CSTA_MARKETING_PROD_GOLD_READ_WRITE_CREATE",
            "all_privileges": false,
            "always_apply": false,
            "always_apply_trigger": null,
            "id": "\"CSTA_MARKETING_PROD_GOLD_READ_WRITE_CREATE\"|false|false|USAGE|OnSchema|OnSchema|\"CSTA_MARKETING_PROD\".\"GOLD\"",
            "on_account": false,
            "on_account_object": [],
            "on_schema": [
              {
                "all_schemas_in_database": "",
                "future_schemas_in_database": "",
                "schema_name": "CSTA_MARKETING_PROD.GOLD"
              }
            ],
            "on_schema_object": [],
            "privileges": [
              "USAGE"
            ],
            "with_grant_option": false
          },
          "sensitive_attributes": [],
          "identity_schema_version": 0,
          "private": "bnVsbA==",
          "dependencies": [
            "module.databases.snowflake_database.this",
            "module.databases.snowflake_schema.this",
            "module.rbac.snowflake_account_role.schema_access_roles",
            "module.warehouses.snowflake_warehouse.this"
          ]
        },
        {
          "index_key": "CSTA_MARKETING_PROD_ORCHESTRATION_READ",
          "schema_version": 0,
          "attributes": {
            "account_role_name": "CSTA_MARKETING_PROD_ORCHESTRATION_READ",
            "all_privileges": false,
            "always_apply": false,
            "always_apply_trigger": null,
            "id": "\"CSTA_MARKETING_PROD_ORCHESTRATION_READ\"|false|false|USAGE|OnSchema|OnSchema|\"CSTA_MARKETING_PROD\".\"ORCHESTRATION\"",
            "on_account": false,
            "on_account_object": [],
            "on_schema": [
              {
                "all_schemas_in_database": "",
                "future_schemas_in_database": "",
                "schema_name": "CSTA_MARKETING_PROD.ORCHESTRATION"
              }
            ],
            "on_schema_object": [],
            "privileges": [
              "USAGE"
            ],
            "with_grant_option": false
          },
          "sensitive_attributes": [],
          "identity_schema_version": 0,
          "private": "bnVsbA==",
          "dependencies": [
            "module.databases.snowflake_database.this",
            "module.databases.snowflake_schema.this",
            "module.rbac.snowflake_account_role.schema_access_roles",
            "module.warehouses.snowflake_warehouse.this"
          ]
        },
        {
          "index_key": "CSTA_MARKETING_PROD_ORCHESTRATION_READ_WRITE",
          "schema_version": 0,
          "attributes": {
            "account_role_name": "CSTA_MARKETING_PROD_ORCHESTRATION_READ_WRITE",
            "all_privileges": false,
            "always_apply": false,
            "always_apply_trigger": null,
            "id": "\"CSTA_MARKETING_PROD_ORCHESTRATION_READ_WRITE\"|false|false|USAGE|OnSchema|OnSchema|\"CSTA_MARKETING_PROD\".\"ORCHESTRATION\"",
            "on_account": false,
            "on_account_object": [],
            "on_schema": [
              {
                "all_schemas_in_database": "",
                "future_schemas_in_database": "",
                "schema_name": "CSTA_MARKETING_PROD.ORCHESTRATION"
              }
            ],
            "on_schema_object": [],
            "privileges": [
              "USAGE"
            ],
            "with_grant_option": false
          },
          "sensitive_attributes": [],
          "identity_schema_version": 0,
          "private": "bnVsbA==",
          "dependencies": [
            "module.databases.snowflake_database.this",
            "module.databases.snowflake_schema.this",
            "module.rbac.snowflake_account_role.schema_access_roles",
            "module.warehouses.snowflake_warehouse.this"
          ]
        },
        {
          "index_key": "CSTA_MARKETING_PROD_ORCHESTRATION_READ_WRITE_CREATE",
          "schema_version": 0,
          "attributes": {
            "account_role_name": "CSTA_MARKETING_PROD_ORCHESTRATION_READ_WRITE_CREATE",
            "all_privileges": false,
            "always_apply": false,
            "always_apply_trigger": null,
            "id": "\"CSTA_MARKETING_PROD_ORCHESTRATION_READ_WRITE_CREATE\"|false|false|USAGE|OnSchema|OnSchema|\"CSTA_MARKETING_PROD\".\"ORCHESTRATION\"",
            "on_account": false,
            "on_account_object": [],
            "on_schema": [
              {
                "all_schemas_in_database": "",
                "future_schemas_in_database": "",
                "schema_name": "CSTA_MARKETING_PROD.ORCHESTRATION"
              }
            ],
            "on_schema_object": [],
            "privileges": [
              "USAGE"
            ],
            "with_grant_option": false
          },
          "sensitive_attributes": [],
          "identity_schema_version": 0,
          "private": "bnVsbA==",
          "dependencies": [
            "module.databases.snowflake_database.this",
            "module.databases.snowflake_schema.this",
            "module.rbac.snowflake_account_role.schema_access_roles",
            "module.warehouses.snowflake_warehouse.this"
          ]
        },
        {
          "index_key": "CSTA_MARKETING_PROD_SILVER_READ",
          "schema_version": 0,
          "attributes": {
            "account_role_name": "CSTA_MARKETING_PROD_SILVER_READ",
            "all_privileges": false,
            "always_apply": false,
            "always_apply_trigger": null,
            "id": "\"CSTA_MARKETING_PROD_SILVER_READ\"|false|false|USAGE|OnSchema|OnSchema|\"CSTA_MARKETING_PROD\".\"SILVER\"",
            "on_account": false,
            "on_account_object": [],
            "on_schema": [
              {
                "all_schemas_in_database": "",
                "future_schemas_in_database": "",
                "schema_name": "CSTA_MARKETING_PROD.SILVER"
              }
            ],
            "on_schema_object": [],
            "privileges": [
              "USAGE"
            ],
            "with_grant_option": false
          },
          "sensitive_attributes": [],
          "identity_schema_version": 0,
          "private": "bnVsbA==",
          "dependencies": [
            "module.databases.snowflake_database.this",
            "module.databases.snowflake_schema.this",
            "module.rbac.snowflake_account_role.schema_access_roles",
            "module.warehouses.snowflake_warehouse.this"
          ]
        },
        {
          "index_key": "CSTA_MARKETING_PROD_SILVER_READ_WRITE",
          "schema_version": 0,
          "attributes": {
            "account_role_name": "CSTA_MARKETING_PROD_SILVER_READ_WRITE",
            "all_privileges": false,
            "always_apply": false,
            "always_apply_trigger": null,
            "id": "\"CSTA_MARKETING_PROD_SILVER_READ_WRITE\"|false|false|USAGE|OnSchema|OnSchema|\"CSTA_MARKETING_PROD\".\"SILVER\"",
            "on_account": false,
            "on_account_object": [],
            "on_schema": [
              {
                "all_schemas_in_database": "",
                "future_schemas_in_database": "",
                "schema_name": "CSTA_MARKETING_PROD.SILVER"
              }
            ],
            "on_schema_object": [],
            "privileges": [
              "USAGE"
            ],
            "with_grant_option": false
          },
          "sensitive_attributes": [],
          "identity_schema_version": 0,
          "private": "bnVsbA==",
          "dependencies": [
            "module.databases.snowflake_database.this",
            "module.databases.snowflake_schema.this",
            "module.rbac.snowflake_account_role.schema_access_roles",
            "module.warehouses.snowflake_warehouse.this"
          ]
        },
        {
          "index_key": "CSTA_MARKETING_PROD_SILVER_READ_WRITE_CREATE",
          "schema_version": 0,
          "attributes": {
            "account_role_name": "CSTA_MARKETING_PROD_SILVER_READ_WRITE_CREATE",
            "all_privileges": false,
            "always_apply": false,
            "always_apply_trigger": null,
            "id": "\"CSTA_MARKETING_PROD_SILVER_READ_WRITE_CREATE\"|false|false|USAGE|OnSchema|OnSchema|\"CSTA_MARKETING_PROD\".\"SILVER\"",
            "on_account": false,
            "on_account_object": [],
            "on_schema": [
              {
                "all_schemas_in_database": "",
                "future_schemas_in_database": "",
                "schema_name": "CSTA_MARKETING_PROD.SILVER"
              }
            ],
            "on_schema_object": [],
            "privileges": [
              "USAGE"
            ],
            "with_grant_option": false
          },
          "sensitive_attributes": [],
          "identity_schema_version": 0,
          "private": "bnVsbA==",
          "dependencies": [
            "module.databases.snowflake_database.this",
            "module.databases.snowflake_schema.this",
            "module.rbac.snowflake_account_role.schema_access_roles",
            "module.warehouses.snowflake_warehouse.this"
          ]
        },
        {
          "index_key": "CSTA_MARKETING_SHARED_ARTIFACTS_READ",
          "schema_version": 0,
          "attributes": {
            "account_role_name": "CSTA_MARKETING_SHARED_ARTIFACTS_READ",
            "all_privileges": false,
            "always_apply": false,
            "always_apply_trigger": null,
            "id": "\"CSTA_MARKETING_SHARED_ARTIFACTS_READ\"|false|false|USAGE|OnSchema|OnSchema|\"CSTA_MARKETING_SHARED\".\"ARTIFACTS\"",
            "on_account": false,
            "on_account_object": [],
            "on_schema": [
              {
                "all_schemas_in_database": "",
                "future_schemas_in_database": "",
                "schema_name": "CSTA_MARKETING_SHARED.ARTIFACTS"
              }
            ],
            "on_schema_object": [],
            "privileges": [
              "USAGE"
            ],
            "with_grant_option": false
          },
          "sensitive_attributes": [],
          "identity_schema_version": 0,
          "private": "bnVsbA==",
          "dependencies": [
            "module.databases.snowflake_database.this",
            "module.databases.snowflake_schema.this",
            "module.rbac.snowflake_account_role.schema_access_roles",
            "module.warehouses.snowflake_warehouse.this"
          ]
        },
        {
          "index_key": "CSTA_MARKETING_SHARED_ARTIFACTS_READ_WRITE",
          "schema_version": 0,
          "attributes": {
            "account_role_name": "CSTA_MARKETING_SHARED_ARTIFACTS_READ_WRITE",
            "all_privileges": false,
            "always_apply": false,
            "always_apply_trigger": null,
            "id": "\"CSTA_MARKETING_SHARED_ARTIFACTS_READ_WRITE\"|false|false|USAGE|OnSchema|OnSchema|\"CSTA_MARKETING_SHARED\".\"ARTIFACTS\"",
            "on_account": false,
            "on_account_object": [],
            "on_schema": [
              {
                "all_schemas_in_database": "",
                "future_schemas_in_database": "",
                "schema_name": "CSTA_MARKETING_SHARED.ARTIFACTS"
              }
            ],
            "on_schema_object": [],
            "privileges": [
              "USAGE"
            ],
            "with_grant_option": false
          },
          "sensitive_attributes": [],
          "identity_schema_version": 0,
          "private": "bnVsbA==",
          "dependencies": [
            "module.databases.snowflake_database.this",
            "module.databases.snowflake_schema.this",
            "module.rbac.snowflake_account_role.schema_access_roles",
            "module.warehouses.snowflake_warehouse.this"
          ]
        },
        {
          "index_key": "CSTA_MARKETING_SHARED_ARTIFACTS_READ_WRITE_CREATE",
          "schema_version": 0,
          "attributes": {
            "account_role_name": "CSTA_MARKETING_SHARED_ARTIFACTS_READ_WRITE_CREATE",
            "all_privileges": false,
            "always_apply": false,
            "always_apply_trigger": null,
            "id": "\"CSTA_MARKETING_SHARED_ARTIFACTS_READ_WRITE_CREATE\"|false|false|USAGE|OnSchema|OnSchema|\"CSTA_MARKETING_SHARED\".\"ARTIFACTS\"",
            "on_account": false,
            "on_account_object": [],
            "on_schema": [
              {
                "all_schemas_in_database": "",
                "future_schemas_in_database": "",
                "schema_name": "CSTA_MARKETING_SHARED.ARTIFACTS"
              }
            ],
            "on_schema_object": [],
            "privileges": [
              "USAGE"
            ],
            "with_grant_option": false
          },
          "sensitive_attributes": [],
          "identity_schema_version": 0,
          "private": "bnVsbA==",
          "dependencies": [
            "module.databases.snowflake_database.this",
            "module.databases.snowflake_schema.this",
            "module.rbac.snowflake_account_role.schema_access_roles",
            "module.warehouses.snowflake_warehouse.this"
          ]
        },
        {
          "index_key": "CSTA_MARKETING_SHARED_OBSERVABILITY_READ",
          "schema_version": 0,
          "attributes": {
            "account_role_name": "CSTA_MARKETING_SHARED_OBSERVABILITY_READ",
            "all_privileges": false,
            "always_apply": false,
            "always_apply_trigger": null,
            "id": "\"CSTA_MARKETING_SHARED_OBSERVABILITY_READ\"|false|false|USAGE|OnSchema|OnSchema|\"CSTA_MARKETING_SHARED\".\"OBSERVABILITY\"",
            "on_account": false,
            "on_account_object": [],
            "on_schema": [
              {
                "all_schemas_in_database": "",
                "future_schemas_in_database": "",
                "schema_name": "CSTA_MARKETING_SHARED.OBSERVABILITY"
              }
            ],
            "on_schema_object": [],
            "privileges": [
              "USAGE"
            ],
            "with_grant_option": false
          },
          "sensitive_attributes": [],
          "identity_schema_version": 0,
          "private": "bnVsbA==",
          "dependencies": [
            "module.databases.snowflake_database.this",
            "module.databases.snowflake_schema.this",
            "module.rbac.snowflake_account_role.schema_access_roles",
            "module.warehouses.snowflake_warehouse.this"
          ]
        },
        {
          "index_key": "CSTA_MARKETING_SHARED_OBSERVABILITY_READ_WRITE",
          "schema_version": 0,
          "attributes": {
            "account_role_name": "CSTA_MARKETING_SHARED_OBSERVABILITY_READ_WRITE",
            "all_privileges": false,
            "always_apply": false,
            "always_apply_trigger": null,
            "id": "\"CSTA_MARKETING_SHARED_OBSERVABILITY_READ_WRITE\"|false|false|USAGE|OnSchema|OnSchema|\"CSTA_MARKETING_SHARED\".\"OBSERVABILITY\"",
            "on_account": false,
            "on_account_object": [],
            "on_schema": [
              {
                "all_schemas_in_database": "",
                "future_schemas_in_database": "",
                "schema_name": "CSTA_MARKETING_SHARED.OBSERVABILITY"
              }
            ],
            "on_schema_object": [],
            "privileges": [
              "USAGE"
            ],
            "with_grant_option": false
          },
          "sensitive_attributes": [],
          "identity_schema_version": 0,
          "private": "bnVsbA==",
          "dependencies": [
            "module.databases.snowflake_database.this",
            "module.databases.snowflake_schema.this",
            "module.rbac.snowflake_account_role.schema_access_roles",
            "module.warehouses.snowflake_warehouse.this"
          ]
        },
        {
          "index_key": "CSTA_MARKETING_SHARED_OBSERVABILITY_READ_WRITE_CREATE",
          "schema_version": 0,
          "attributes": {
            "account_role_name": "CSTA_MARKETING_SHARED_OBSERVABILITY_READ_WRITE_CREATE",
            "all_privileges": false,
            "always_apply": false,
            "always_apply_trigger": null,
            "id": "\"CSTA_MARKETING_SHARED_OBSERVABILITY_READ_WRITE_CREATE\"|false|false|USAGE|OnSchema|OnSchema|\"CSTA_MARKETING_SHARED\".\"OBSERVABILITY\"",
            "on_account": false,
            "on_account_object": [],
            "on_schema": [
              {
                "all_schemas_in_database": "",
                "future_schemas_in_database": "",
                "schema_name": "CSTA_MARKETING_SHARED.OBSERVABILITY"
              }
            ],
            "on_schema_object": [],
            "privileges": [
              "USAGE"
            ],
            "with_grant_option": false
          },
          "sensitive_attributes": [],
          "identity_schema_version": 0,
          "private": "bnVsbA==",
          "dependencies": [
            "module.databases.snowflake_database.this",
            "module.databases.snowflake_schema.this",
            "module.rbac.snowflake_account_role.schema_access_roles",
            "module.warehouses.snowflake_warehouse.this"
          ]
        },
        {
          "index_key": "CSTA_MARKETING_UAT_BRONZE_READ",
          "schema_version": 0,
          "attributes": {
            "account_role_name": "CSTA_MARKETING_UAT_BRONZE_READ",
            "all_privileges": false,
            "always_apply": false,
            "always_apply_trigger": null,
            "id": "\"CSTA_MARKETING_UAT_BRONZE_READ\"|false|false|USAGE|OnSchema|OnSchema|\"CSTA_MARKETING_UAT\".\"BRONZE\"",
            "on_account": false,
            "on_account_object": [],
            "on_schema": [
              {
                "all_schemas_in_database": "",
                "future_schemas_in_database": "",
                "schema_name": "CSTA_MARKETING_UAT.BRONZE"
              }
            ],
            "on_schema_object": [],
            "privileges": [
              "USAGE"
            ],
            "with_grant_option": false
          },
          "sensitive_attributes": [],
          "identity_schema_version": 0,
          "private": "bnVsbA==",
          "dependencies": [
            "module.databases.snowflake_database.this",
            "module.databases.snowflake_schema.this",
            "module.rbac.snowflake_account_role.schema_access_roles",
            "module.warehouses.snowflake_warehouse.this"
          ]
        },
        {
          "index_key": "CSTA_MARKETING_UAT_BRONZE_READ_WRITE",
          "schema_version": 0,
          "attributes": {
            "account_role_name": "CSTA_MARKETING_UAT_BRONZE_READ_WRITE",
            "all_privileges": false,
            "always_apply": false,
            "always_apply_trigger": null,
            "id": "\"CSTA_MARKETING_UAT_BRONZE_READ_WRITE\"|false|false|USAGE|OnSchema|OnSchema|\"CSTA_MARKETING_UAT\".\"BRONZE\"",
            "on_account": false,
            "on_account_object": [],
            "on_schema": [
              {
                "all_schemas_in_database": "",
                "future_schemas_in_database": "",
                "schema_name": "CSTA_MARKETING_UAT.BRONZE"
              }
            ],
            "on_schema_object": [],
            "privileges": [
              "USAGE"
            ],
            "with_grant_option": false
          },
          "sensitive_attributes": [],
          "identity_schema_version": 0,
          "private": "bnVsbA==",
          "dependencies": [
            "module.databases.snowflake_database.this",
            "module.databases.snowflake_schema.this",
            "module.rbac.snowflake_account_role.schema_access_roles",
            "module.warehouses.snowflake_warehouse.this"
          ]
        },
        {
          "index_key": "CSTA_MARKETING_UAT_BRONZE_READ_WRITE_CREATE",
          "schema_version": 0,
          "attributes": {
            "account_role_name": "CSTA_MARKETING_UAT_BRONZE_READ_WRITE_CREATE",
            "all_privileges": false,
            "always_apply": false,
            "always_apply_trigger": null,
            "id": "\"CSTA_MARKETING_UAT_BRONZE_READ_WRITE_CREATE\"|false|false|USAGE|OnSchema|OnSchema|\"CSTA_MARKETING_UAT\".\"BRONZE\"",
            "on_account": false,
            "on_account_object": [],
            "on_schema": [
              {
                "all_schemas_in_database": "",
                "future_schemas_in_database": "",
                "schema_name": "CSTA_MARKETING_UAT.BRONZE"
              }
            ],
            "on_schema_object": [],
            "privileges": [
              "USAGE"
            ],
            "with_grant_option": false
          },
          "sensitive_attributes": [],
          "identity_schema_version": 0,
          "private": "bnVsbA==",
          "dependencies": [
            "module.databases.snowflake_database.this",
            "module.databases.snowflake_schema.this",
            "module.rbac.snowflake_account_role.schema_access_roles",
            "module.warehouses.snowflake_warehouse.this"
          ]
        },
        {
          "index_key": "CSTA_MARKETING_UAT_GOLD_READ",
          "schema_version": 0,
          "attributes": {
            "account_role_name": "CSTA_MARKETING_UAT_GOLD_READ",
            "all_privileges": false,
            "always_apply": false,
            "always_apply_trigger": null,
            "id": "\"CSTA_MARKETING_UAT_GOLD_READ\"|false|false|USAGE|OnSchema|OnSchema|\"CSTA_MARKETING_UAT\".\"GOLD\"",
            "on_account": false,
            "on_account_object": [],
            "on_schema": [
              {
                "all_schemas_in_database": "",
                "future_schemas_in_database": "",
                "schema_name": "CSTA_MARKETING_UAT.GOLD"
              }
            ],
            "on_schema_object": [],
            "privileges": [
              "USAGE"
            ],
            "with_grant_option": false
          },
          "sensitive_attributes": [],
          "identity_schema_version": 0,
          "private": "bnVsbA==",
          "dependencies": [
            "module.databases.snowflake_database.this",
            "module.databases.snowflake_schema.this",
            "module.rbac.snowflake_account_role.schema_access_roles",
            "module.warehouses.snowflake_warehouse.this"
          ]
        },
        {
          "index_key": "CSTA_MARKETING_UAT_GOLD_READ_WRITE",
          "schema_version": 0,
          "attributes": {
            "account_role_name": "CSTA_MARKETING_UAT_GOLD_READ_WRITE",
            "all_privileges": false,
            "always_apply": false,
            "always_apply_trigger": null,
            "id": "\"CSTA_MARKETING_UAT_GOLD_READ_WRITE\"|false|false|USAGE|OnSchema|OnSchema|\"CSTA_MARKETING_UAT\".\"GOLD\"",
            "on_account": false,
            "on_account_object": [],
            "on_schema": [
              {
                "all_schemas_in_database": "",
                "future_schemas_in_database": "",
                "schema_name": "CSTA_MARKETING_UAT.GOLD"
              }
            ],
            "on_schema_object": [],
            "privileges": [
              "USAGE"
            ],
            "with_grant_option": false
          },
          "sensitive_attributes": [],
          "identity_schema_version": 0,
          "private": "bnVsbA==",
          "dependencies": [
            "module.databases.snowflake_database.this",
            "module.databases.snowflake_schema.this",
            "module.rbac.snowflake_account_role.schema_access_roles",
            "module.warehouses.snowflake_warehouse.this"
          ]
        },
        {
          "index_key": "CSTA_MARKETING_UAT_GOLD_READ_WRITE_CREATE",
          "schema_version": 0,
          "attributes": {
            "account_role_name": "CSTA_MARKETING_UAT_GOLD_READ_WRITE_CREATE",
            "all_privileges": false,
            "always_apply": false,
            "always_apply_trigger": null,
            "id": "\"CSTA_MARKETING_UAT_GOLD_READ_WRITE_CREATE\"|false|false|USAGE|OnSchema|OnSchema|\"CSTA_MARKETING_UAT\".\"GOLD\"",
            "on_account": false,
            "on_account_object": [],
            "on_schema": [
              {
                "all_schemas_in_database": "",
                "future_schemas_in_database": "",
                "schema_name": "CSTA_MARKETING_UAT.GOLD"
              }
            ],
            "on_schema_object": [],
            "privileges": [
              "USAGE"
            ],
            "with_grant_option": false
          },
          "sensitive_attributes": [],
          "identity_schema_version": 0,
          "private": "bnVsbA==",
          "dependencies": [
            "module.databases.snowflake_database.this",
            "module.databases.snowflake_schema.this",
            "module.rbac.snowflake_account_role.schema_access_roles",
            "module.warehouses.snowflake_warehouse.this"
          ]
        },
        {
          "index_key": "CSTA_MARKETING_UAT_ORCHESTRATION_READ",
          "schema_version": 0,
          "attributes": {
            "account_role_name": "CSTA_MARKETING_UAT_ORCHESTRATION_READ",
            "all_privileges": false,
            "always_apply": false,
            "always_apply_trigger": null,
            "id": "\"CSTA_MARKETING_UAT_ORCHESTRATION_READ\"|false|false|USAGE|OnSchema|OnSchema|\"CSTA_MARKETING_UAT\".\"ORCHESTRATION\"",
            "on_account": false,
            "on_account_object": [],
            "on_schema": [
              {
                "all_schemas_in_database": "",
                "future_schemas_in_database": "",
                "schema_name": "CSTA_MARKETING_UAT.ORCHESTRATION"
              }
            ],
            "on_schema_object": [],
            "privileges": [
              "USAGE"
            ],
            "with_grant_option": false
          },
          "sensitive_attributes": [],
          "identity_schema_version": 0,
          "private": "bnVsbA==",
          "dependencies": [
            "module.databases.snowflake_database.this",
            "module.databases.snowflake_schema.this",
            "module.rbac.snowflake_account_role.schema_access_roles",
            "module.warehouses.snowflake_warehouse.this"
          ]
        },
        {
          "index_key": "CSTA_MARKETING_UAT_ORCHESTRATION_READ_WRITE",
          "schema_version": 0,
          "attributes": {
            "account_role_name": "CSTA_MARKETING_UAT_ORCHESTRATION_READ_WRITE",
            "all_privileges": false,
            "always_apply": false,
            "always_apply_trigger": null,
            "id": "\"CSTA_MARKETING_UAT_ORCHESTRATION_READ_WRITE\"|false|false|USAGE|OnSchema|OnSchema|\"CSTA_MARKETING_UAT\".\"ORCHESTRATION\"",
            "on_account": false,
            "on_account_object": [],
            "on_schema": [
              {
                "all_schemas_in_database": "",
                "future_schemas_in_database": "",
                "schema_name": "CSTA_MARKETING_UAT.ORCHESTRATION"
              }
            ],
            "on_schema_object": [],
            "privileges": [
              "USAGE"
            ],
            "with_grant_option": false
          },
          "sensitive_attributes": [],
          "identity_schema_version": 0,
          "private": "bnVsbA==",
          "dependencies": [
            "module.databases.snowflake_database.this",
            "module.databases.snowflake_schema.this",
            "module.rbac.snowflake_account_role.schema_access_roles",
            "module.warehouses.snowflake_warehouse.this"
          ]
        },
        {
          "index_key": "CSTA_MARKETING_UAT_ORCHESTRATION_READ_WRITE_CREATE",
          "schema_version": 0,
          "attributes": {
            "account_role_name": "CSTA_MARKETING_UAT_ORCHESTRATION_READ_WRITE_CREATE",
            "all_privileges": false,
            "always_apply": false,
            "always_apply_trigger": null,
            "id": "\"CSTA_MARKETING_UAT_ORCHESTRATION_READ_WRITE_CREATE\"|false|false|USAGE|OnSchema|OnSchema|\"CSTA_MARKETING_UAT\".\"ORCHESTRATION\"",
            "on_account": false,
            "on_account_object": [],
            "on_schema": [
              {
                "all_schemas_in_database": "",
                "future_schemas_in_database": "",
                "schema_name": "CSTA_MARKETING_UAT.ORCHESTRATION"
              }
            ],
            "on_schema_object": [],
            "privileges": [
              "USAGE"
            ],
            "with_grant_option": false
          },
          "sensitive_attributes": [],
          "identity_schema_version": 0,
          "private": "bnVsbA==",
          "dependencies": [
            "module.databases.snowflake_database.this",
            "module.databases.snowflake_schema.this",
            "module.rbac.snowflake_account_role.schema_access_roles",
            "module.warehouses.snowflake_warehouse.this"
          ]
        },
        {
          "index_key": "CSTA_MARKETING_UAT_SILVER_READ",
          "schema_version": 0,
          "attributes": {
            "account_role_name": "CSTA_MARKETING_UAT_SILVER_READ",
            "all_privileges": false,
            "always_apply": false,
            "always_apply_trigger": null,
            "id": "\"CSTA_MARKETING_UAT_SILVER_READ\"|false|false|USAGE|OnSchema|OnSchema|\"CSTA_MARKETING_UAT\".\"SILVER\"",
            "on_account": false,
            "on_account_object": [],
            "on_schema": [
              {
                "all_schemas_in_database": "",
                "future_schemas_in_database": "",
                "schema_name": "CSTA_MARKETING_UAT.SILVER"
              }
            ],
            "on_schema_object": [],
            "privileges": [
              "USAGE"
            ],
            "with_grant_option": false
          },
          "sensitive_attributes": [],
          "identity_schema_version": 0,
          "private": "bnVsbA==",
          "dependencies": [
            "module.databases.snowflake_database.this",
            "module.databases.snowflake_schema.this",
            "module.rbac.snowflake_account_role.schema_access_roles",
            "module.warehouses.snowflake_warehouse.this"
          ]
        },
        {
          "index_key": "CSTA_MARKETING_UAT_SILVER_READ_WRITE",
          "schema_version": 0,
          "attributes": {
            "account_role_name": "CSTA_MARKETING_UAT_SILVER_READ_WRITE",
            "all_privileges": false,
            "always_apply": false,
            "always_apply_trigger": null,
            "id": "\"CSTA_MARKETING_UAT_SILVER_READ_WRITE\"|false|false|USAGE|OnSchema|OnSchema|\"CSTA_MARKETING_UAT\".\"SILVER\"",
            "on_account": false,
            "on_account_object": [],
            "on_schema": [
              {
                "all_schemas_in_database": "",
                "future_schemas_in_database": "",
                "schema_name": "CSTA_MARKETING_UAT.SILVER"
              }
            ],
            "on_schema_object": [],
            "privileges": [
              "USAGE"
            ],
            "with_grant_option": false
          },
          "sensitive_attributes": [],
          "identity_schema_version": 0,
          "private": "bnVsbA==",
          "dependencies": [
            "module.databases.snowflake_database.this",
            "module.databases.snowflake_schema.this",
            "module.rbac.snowflake_account_role.schema_access_roles",
            "module.warehouses.snowflake_warehouse.this"
          ]
        },
        {
          "index_key": "CSTA_MARKETING_UAT_SILVER_READ_WRITE_CREATE",
          "schema_version": 0,
          "attributes": {
            "account_role_name": "CSTA_MARKETING_UAT_SILVER_READ_WRITE_CREATE",
            "all_privileges": false,
            "always_apply": false,
            "always_apply_trigger": null,
            "id": "\"CSTA_MARKETING_UAT_SILVER_READ_WRITE_CREATE\"|false|false|USAGE|OnSchema|OnSchema|\"CSTA_MARKETING_UAT\".\"SILVER\"",
            "on_account": false,
            "on_account_object": [],
            "on_schema": [
              {
                "all_schemas_in_database": "",
                "future_schemas_in_database": "",
                "schema_name": "CSTA_MARKETING_UAT.SILVER"
              }
            ],
            "on_schema_object": [],
            "privileges": [
              "USAGE"
            ],
            "with_grant_option": false
          },
          "sensitive_attributes": [],
          "identity_schema_version": 0,
          "private": "bnVsbA==",
          "dependencies": [
            "module.databases.snowflake_database.this",
            "module.databases.snowflake_schema.this",
            "module.rbac.snowflake_account_role.schema_access_roles",
            "module.warehouses.snowflake_warehouse.this"
          ]
        }
      ]
    },
    {
      "module": "module.rbac",
      "mode": "managed",
      "type": "snowflake_grant_privileges_to_account_role",
      "name": "warehouse_usage",
      "provider": "provider[\"registry.terraform.io/snowflakedb/snowflake\"]",
      "instances": [
        {
          "index_key": "analyst_role_dev_wh",
          "schema_version": 0,
          "attributes": {
            "account_role_name": "CSTA_ANALYST_ROLE",
            "all_privileges": false,
            "always_apply": false,
            "always_apply_trigger": null,
            "id": "\"CSTA_ANALYST_ROLE\"|false|false|USAGE|OnAccountObject|WAREHOUSE|\"CSTA_DBT_DEV_WH\"",
            "on_account": false,
            "on_account_object": [
              {
                "object_name": "CSTA_DBT_DEV_WH",
                "object_type": "WAREHOUSE"
              }
            ],
            "on_schema": [],
            "on_schema_object": [],
            "privileges": [
              "USAGE"
            ],
            "with_grant_option": false
          },
          "sensitive_attributes": [],
          "identity_schema_version": 0,
          "private": "bnVsbA==",
          "dependencies": [
            "module.databases.snowflake_database.this",
            "module.databases.snowflake_schema.this",
            "module.rbac.snowflake_account_role.functional_roles",
            "module.warehouses.snowflake_warehouse.this"
          ]
        },
        {
          "index_key": "dev_role_dev_wh",
          "schema_version": 0,
          "attributes": {
            "account_role_name": "CSTA_DBT_DEV_ROLE",
            "all_privileges": false,
            "always_apply": false,
            "always_apply_trigger": null,
            "id": "\"CSTA_DBT_DEV_ROLE\"|false|false|USAGE|OnAccountObject|WAREHOUSE|\"CSTA_DBT_DEV_WH\"",
            "on_account": false,
            "on_account_object": [
              {
                "object_name": "CSTA_DBT_DEV_WH",
                "object_type": "WAREHOUSE"
              }
            ],
            "on_schema": [],
            "on_schema_object": [],
            "privileges": [
              "USAGE"
            ],
            "with_grant_option": false
          },
          "sensitive_attributes": [],
          "identity_schema_version": 0,
          "private": "bnVsbA==",
          "dependencies": [
            "module.databases.snowflake_database.this",
            "module.databases.snowflake_schema.this",
            "module.rbac.snowflake_account_role.functional_roles",
            "module.warehouses.snowflake_warehouse.this"
          ]
        },
        {
          "index_key": "dev_role_dev_wh2",
          "schema_version": 0,
          "attributes": {
            "account_role_name": "CSTA_DEV_ROLE",
            "all_privileges": false,
            "always_apply": false,
            "always_apply_trigger": null,
            "id": "\"CSTA_DEV_ROLE\"|false|false|USAGE|OnAccountObject|WAREHOUSE|\"CSTA_DBT_DEV_WH\"",
            "on_account": false,
            "on_account_object": [
              {
                "object_name": "CSTA_DBT_DEV_WH",
                "object_type": "WAREHOUSE"
              }
            ],
            "on_schema": [],
            "on_schema_object": [],
            "privileges": [
              "USAGE"
            ],
            "with_grant_option": false
          },
          "sensitive_attributes": [],
          "identity_schema_version": 0,
          "private": "bnVsbA==",
          "dependencies": [
            "module.databases.snowflake_database.this",
            "module.databases.snowflake_schema.this",
            "module.rbac.snowflake_account_role.functional_roles",
            "module.warehouses.snowflake_warehouse.this"
          ]
        },
        {
          "index_key": "observer_role_dev_wh",
          "schema_version": 0,
          "attributes": {
            "account_role_name": "CSTA_OBSERVER_ROLE",
            "all_privileges": false,
            "always_apply": false,
            "always_apply_trigger": null,
            "id": "\"CSTA_OBSERVER_ROLE\"|false|false|USAGE|OnAccountObject|WAREHOUSE|\"CSTA_DBT_DEV_WH\"",
            "on_account": false,
            "on_account_object": [
              {
                "object_name": "CSTA_DBT_DEV_WH",
                "object_type": "WAREHOUSE"
              }
            ],
            "on_schema": [],
            "on_schema_object": [],
            "privileges": [
              "USAGE"
            ],
            "with_grant_option": false
          },
          "sensitive_attributes": [],
          "identity_schema_version": 0,
          "private": "bnVsbA==",
          "dependencies": [
            "module.databases.snowflake_database.this",
            "module.databases.snowflake_schema.this",
            "module.rbac.snowflake_account_role.functional_roles",
            "module.warehouses.snowflake_warehouse.this"
          ]
        },
        {
          "index_key": "prod_role_prod_wh",
          "schema_version": 0,
          "attributes": {
            "account_role_name": "CSTA_DBT_PROD_ROLE",
            "all_privileges": false,
            "always_apply": false,
            "always_apply_trigger": null,
            "id": "\"CSTA_DBT_PROD_ROLE\"|false|false|USAGE|OnAccountObject|WAREHOUSE|\"CSTA_DBT_PROD_WH\"",
            "on_account": false,
            "on_account_object": [
              {
                "object_name": "CSTA_DBT_PROD_WH",
                "object_type": "WAREHOUSE"
              }
            ],
            "on_schema": [],
            "on_schema_object": [],
            "privileges": [
              "USAGE"
            ],
            "with_grant_option": false
          },
          "sensitive_attributes": [],
          "identity_schema_version": 0,
          "private": "bnVsbA==",
          "dependencies": [
            "module.databases.snowflake_database.this",
            "module.databases.snowflake_schema.this",
            "module.rbac.snowflake_account_role.functional_roles",
            "module.warehouses.snowflake_warehouse.this"
          ]
        },
        {
          "index_key": "uat_dev_role_uat_wh",
          "schema_version": 0,
          "attributes": {
            "account_role_name": "CSTA_UAT_DEV_ROLE",
            "all_privileges": false,
            "always_apply": false,
            "always_apply_trigger": null,
            "id": "\"CSTA_UAT_DEV_ROLE\"|false|false|USAGE|OnAccountObject|WAREHOUSE|\"CSTA_DBT_UAT_WH\"",
            "on_account": false,
            "on_account_object": [
              {
                "object_name": "CSTA_DBT_UAT_WH",
                "object_type": "WAREHOUSE"
              }
            ],
            "on_schema": [],
            "on_schema_object": [],
            "privileges": [
              "USAGE"
            ],
            "with_grant_option": false
          },
          "sensitive_attributes": [],
          "identity_schema_version": 0,
          "private": "bnVsbA==",
          "dependencies": [
            "module.databases.snowflake_database.this",
            "module.databases.snowflake_schema.this",
            "module.rbac.snowflake_account_role.functional_roles",
            "module.warehouses.snowflake_warehouse.this"
          ]
        },
        {
          "index_key": "uat_role_uat_wh",
          "schema_version": 0,
          "attributes": {
            "account_role_name": "CSTA_DBT_UAT_ROLE",
            "all_privileges": false,
            "always_apply": false,
            "always_apply_trigger": null,
            "id": "\"CSTA_DBT_UAT_ROLE\"|false|false|USAGE|OnAccountObject|WAREHOUSE|\"CSTA_DBT_UAT_WH\"",
            "on_account": false,
            "on_account_object": [
              {
                "object_name": "CSTA_DBT_UAT_WH",
                "object_type": "WAREHOUSE"
              }
            ],
            "on_schema": [],
            "on_schema_object": [],
            "privileges": [
              "USAGE"
            ],
            "with_grant_option": false
          },
          "sensitive_attributes": [],
          "identity_schema_version": 0,
          "private": "bnVsbA==",
          "dependencies": [
            "module.databases.snowflake_database.this",
            "module.databases.snowflake_schema.this",
            "module.rbac.snowflake_account_role.functional_roles",
            "module.warehouses.snowflake_warehouse.this"
          ]
        }
      ]
    },
    {
      "module": "module.stages",
      "mode": "managed",
      "type": "snowflake_grant_privileges_to_account_role",
      "name": "stage_read",
      "provider": "provider[\"registry.terraform.io/snowflakedb/snowflake\"]",
      "instances": [
        {
          "index_key": "CSTA_DBT_DEV_ROLE",
          "schema_version": 0,
          "attributes": {
            "account_role_name": "CSTA_DBT_DEV_ROLE",
            "all_privileges": false,
            "always_apply": false,
            "always_apply_trigger": null,
            "id": "\"CSTA_DBT_DEV_ROLE\"|false|false|READ|OnSchemaObject|OnObject|STAGE|\"CSTA_MARKETING_SHARED\".\"ARTIFACTS\".\"CSTA_DBT_ARTIFACTS\"",
            "on_account": false,
            "on_account_object": [],
            "on_schema": [],
            "on_schema_object": [
              {
                "all": [],
                "future": [],
                "object_name": "CSTA_MARKETING_SHARED.ARTIFACTS.CSTA_DBT_ARTIFACTS",
                "object_type": "STAGE"
              }
            ],
            "privileges": [
              "READ"
            ],
            "with_grant_option": false
          },
          "sensitive_attributes": [],
          "identity_schema_version": 0,
          "private": "bnVsbA==",
          "dependencies": [
            "module.databases.snowflake_database.this",
            "module.databases.snowflake_schema.this",
            "module.rbac.snowflake_account_role.db_access_roles",
            "module.rbac.snowflake_account_role.functional_roles",
            "module.rbac.snowflake_account_role.schema_access_roles",
            "module.rbac.snowflake_grant_account_role.anchor_under_sysadmin",
            "module.rbac.snowflake_grant_account_role.cortex_role_grants",
            "module.rbac.snowflake_grant_account_role.functional_access_role_grants",
            "module.rbac.snowflake_grant_account_role.streamlit_inherits_observer",
            "module.rbac.snowflake_grant_privileges_to_account_role.db_modify_create_schema",
            "module.rbac.snowflake_grant_privileges_to_account_role.db_modify_usage",
            "module.rbac.snowflake_grant_privileges_to_account_role.db_read_usage",
            "module.rbac.snowflake_grant_privileges_to_account_role.execute_task",
            "module.rbac.snowflake_grant_privileges_to_account_role.schema_create_procedure",
            "module.rbac.snowflake_grant_privileges_to_account_role.schema_create_stage",
            "module.rbac.snowflake_grant_privileges_to_account_role.schema_create_table",
            "module.rbac.snowflake_grant_privileges_to_account_role.schema_create_task",
            "module.rbac.snowflake_grant_privileges_to_account_role.schema_create_view",
            "module.rbac.snowflake_grant_privileges_to_account_role.schema_dml_all_tables",
            "module.rbac.snowflake_grant_privileges_to_account_role.schema_dml_future_tables",
            "module.rbac.snowflake_grant_privileges_to_account_role.schema_select_all_tables",
            "module.rbac.snowflake_grant_privileges_to_account_role.schema_select_all_views",
            "module.rbac.snowflake_grant_privileges_to_account_role.schema_select_future_tables",
            "module.rbac.snowflake_grant_privileges_to_account_role.schema_select_future_views",
            "module.rbac.snowflake_grant_privileges_to_account_role.schema_usage",
            "module.rbac.snowflake_grant_privileges_to_account_role.warehouse_usage",
            "module.stages.snowflake_stage.dbt_artifacts",
            "module.warehouses.snowflake_warehouse.this"
          ]
        },
        {
          "index_key": "CSTA_DBT_PROD_ROLE",
          "schema_version": 0,
          "attributes": {
            "account_role_name": "CSTA_DBT_PROD_ROLE",
            "all_privileges": false,
            "always_apply": false,
            "always_apply_trigger": null,
            "id": "\"CSTA_DBT_PROD_ROLE\"|false|false|READ|OnSchemaObject|OnObject|STAGE|\"CSTA_MARKETING_SHARED\".\"ARTIFACTS\".\"CSTA_DBT_ARTIFACTS\"",
            "on_account": false,
            "on_account_object": [],
            "on_schema": [],
            "on_schema_object": [
              {
                "all": [],
                "future": [],
                "object_name": "CSTA_MARKETING_SHARED.ARTIFACTS.CSTA_DBT_ARTIFACTS",
                "object_type": "STAGE"
              }
            ],
            "privileges": [
              "READ"
            ],
            "with_grant_option": false
          },
          "sensitive_attributes": [],
          "identity_schema_version": 0,
          "private": "bnVsbA==",
          "dependencies": [
            "module.databases.snowflake_database.this",
            "module.databases.snowflake_schema.this",
            "module.rbac.snowflake_account_role.db_access_roles",
            "module.rbac.snowflake_account_role.functional_roles",
            "module.rbac.snowflake_account_role.schema_access_roles",
            "module.rbac.snowflake_grant_account_role.anchor_under_sysadmin",
            "module.rbac.snowflake_grant_account_role.cortex_role_grants",
            "module.rbac.snowflake_grant_account_role.functional_access_role_grants",
            "module.rbac.snowflake_grant_account_role.streamlit_inherits_observer",
            "module.rbac.snowflake_grant_privileges_to_account_role.db_modify_create_schema",
            "module.rbac.snowflake_grant_privileges_to_account_role.db_modify_usage",
            "module.rbac.snowflake_grant_privileges_to_account_role.db_read_usage",
            "module.rbac.snowflake_grant_privileges_to_account_role.execute_task",
            "module.rbac.snowflake_grant_privileges_to_account_role.schema_create_procedure",
            "module.rbac.snowflake_grant_privileges_to_account_role.schema_create_stage",
            "module.rbac.snowflake_grant_privileges_to_account_role.schema_create_table",
            "module.rbac.snowflake_grant_privileges_to_account_role.schema_create_task",
            "module.rbac.snowflake_grant_privileges_to_account_role.schema_create_view",
            "module.rbac.snowflake_grant_privileges_to_account_role.schema_dml_all_tables",
            "module.rbac.snowflake_grant_privileges_to_account_role.schema_dml_future_tables",
            "module.rbac.snowflake_grant_privileges_to_account_role.schema_select_all_tables",
            "module.rbac.snowflake_grant_privileges_to_account_role.schema_select_all_views",
            "module.rbac.snowflake_grant_privileges_to_account_role.schema_select_future_tables",
            "module.rbac.snowflake_grant_privileges_to_account_role.schema_select_future_views",
            "module.rbac.snowflake_grant_privileges_to_account_role.schema_usage",
            "module.rbac.snowflake_grant_privileges_to_account_role.warehouse_usage",
            "module.stages.snowflake_stage.dbt_artifacts",
            "module.warehouses.snowflake_warehouse.this"
          ]
        },
        {
          "index_key": "CSTA_DBT_UAT_ROLE",
          "schema_version": 0,
          "attributes": {
            "account_role_name": "CSTA_DBT_UAT_ROLE",
            "all_privileges": false,
            "always_apply": false,
            "always_apply_trigger": null,
            "id": "\"CSTA_DBT_UAT_ROLE\"|false|false|READ|OnSchemaObject|OnObject|STAGE|\"CSTA_MARKETING_SHARED\".\"ARTIFACTS\".\"CSTA_DBT_ARTIFACTS\"",
            "on_account": false,
            "on_account_object": [],
            "on_schema": [],
            "on_schema_object": [
              {
                "all": [],
                "future": [],
                "object_name": "CSTA_MARKETING_SHARED.ARTIFACTS.CSTA_DBT_ARTIFACTS",
                "object_type": "STAGE"
              }
            ],
            "privileges": [
              "READ"
            ],
            "with_grant_option": false
          },
          "sensitive_attributes": [],
          "identity_schema_version": 0,
          "private": "bnVsbA==",
          "dependencies": [
            "module.databases.snowflake_database.this",
            "module.databases.snowflake_schema.this",
            "module.rbac.snowflake_account_role.db_access_roles",
            "module.rbac.snowflake_account_role.functional_roles",
            "module.rbac.snowflake_account_role.schema_access_roles",
            "module.rbac.snowflake_grant_account_role.anchor_under_sysadmin",
            "module.rbac.snowflake_grant_account_role.cortex_role_grants",
            "module.rbac.snowflake_grant_account_role.functional_access_role_grants",
            "module.rbac.snowflake_grant_account_role.streamlit_inherits_observer",
            "module.rbac.snowflake_grant_privileges_to_account_role.db_modify_create_schema",
            "module.rbac.snowflake_grant_privileges_to_account_role.db_modify_usage",
            "module.rbac.snowflake_grant_privileges_to_account_role.db_read_usage",
            "module.rbac.snowflake_grant_privileges_to_account_role.execute_task",
            "module.rbac.snowflake_grant_privileges_to_account_role.schema_create_procedure",
            "module.rbac.snowflake_grant_privileges_to_account_role.schema_create_stage",
            "module.rbac.snowflake_grant_privileges_to_account_role.schema_create_table",
            "module.rbac.snowflake_grant_privileges_to_account_role.schema_create_task",
            "module.rbac.snowflake_grant_privileges_to_account_role.schema_create_view",
            "module.rbac.snowflake_grant_privileges_to_account_role.schema_dml_all_tables",
            "module.rbac.snowflake_grant_privileges_to_account_role.schema_dml_future_tables",
            "module.rbac.snowflake_grant_privileges_to_account_role.schema_select_all_tables",
            "module.rbac.snowflake_grant_privileges_to_account_role.schema_select_all_views",
            "module.rbac.snowflake_grant_privileges_to_account_role.schema_select_future_tables",
            "module.rbac.snowflake_grant_privileges_to_account_role.schema_select_future_views",
            "module.rbac.snowflake_grant_privileges_to_account_role.schema_usage",
            "module.rbac.snowflake_grant_privileges_to_account_role.warehouse_usage",
            "module.stages.snowflake_stage.dbt_artifacts",
            "module.warehouses.snowflake_warehouse.this"
          ]
        },
        {
          "index_key": "CSTA_OBSERVER_ROLE",
          "schema_version": 0,
          "attributes": {
            "account_role_name": "CSTA_OBSERVER_ROLE",
            "all_privileges": false,
            "always_apply": false,
            "always_apply_trigger": null,
            "id": "\"CSTA_OBSERVER_ROLE\"|false|false|READ|OnSchemaObject|OnObject|STAGE|\"CSTA_MARKETING_SHARED\".\"ARTIFACTS\".\"CSTA_DBT_ARTIFACTS\"",
            "on_account": false,
            "on_account_object": [],
            "on_schema": [],
            "on_schema_object": [
              {
                "all": [],
                "future": [],
                "object_name": "CSTA_MARKETING_SHARED.ARTIFACTS.CSTA_DBT_ARTIFACTS",
                "object_type": "STAGE"
              }
            ],
            "privileges": [
              "READ"
            ],
            "with_grant_option": false
          },
          "sensitive_attributes": [],
          "identity_schema_version": 0,
          "private": "bnVsbA==",
          "dependencies": [
            "module.databases.snowflake_database.this",
            "module.databases.snowflake_schema.this",
            "module.rbac.snowflake_account_role.db_access_roles",
            "module.rbac.snowflake_account_role.functional_roles",
            "module.rbac.snowflake_account_role.schema_access_roles",
            "module.rbac.snowflake_grant_account_role.anchor_under_sysadmin",
            "module.rbac.snowflake_grant_account_role.cortex_role_grants",
            "module.rbac.snowflake_grant_account_role.functional_access_role_grants",
            "module.rbac.snowflake_grant_account_role.streamlit_inherits_observer",
            "module.rbac.snowflake_grant_privileges_to_account_role.db_modify_create_schema",
            "module.rbac.snowflake_grant_privileges_to_account_role.db_modify_usage",
            "module.rbac.snowflake_grant_privileges_to_account_role.db_read_usage",
            "module.rbac.snowflake_grant_privileges_to_account_role.execute_task",
            "module.rbac.snowflake_grant_privileges_to_account_role.schema_create_procedure",
            "module.rbac.snowflake_grant_privileges_to_account_role.schema_create_stage",
            "module.rbac.snowflake_grant_privileges_to_account_role.schema_create_table",
            "module.rbac.snowflake_grant_privileges_to_account_role.schema_create_task",
            "module.rbac.snowflake_grant_privileges_to_account_role.schema_create_view",
            "module.rbac.snowflake_grant_privileges_to_account_role.schema_dml_all_tables",
            "module.rbac.snowflake_grant_privileges_to_account_role.schema_dml_future_tables",
            "module.rbac.snowflake_grant_privileges_to_account_role.schema_select_all_tables",
            "module.rbac.snowflake_grant_privileges_to_account_role.schema_select_all_views",
            "module.rbac.snowflake_grant_privileges_to_account_role.schema_select_future_tables",
            "module.rbac.snowflake_grant_privileges_to_account_role.schema_select_future_views",
            "module.rbac.snowflake_grant_privileges_to_account_role.schema_usage",
            "module.rbac.snowflake_grant_privileges_to_account_role.warehouse_usage",
            "module.stages.snowflake_stage.dbt_artifacts",
            "module.warehouses.snowflake_warehouse.this"
          ]
        }
      ]
    },
    {
      "module": "module.stages",
      "mode": "managed",
      "type": "snowflake_grant_privileges_to_account_role",
      "name": "stage_write",
      "provider": "provider[\"registry.terraform.io/snowflakedb/snowflake\"]",
      "instances": [
        {
          "index_key": "CSTA_DBT_DEV_ROLE",
          "schema_version": 0,
          "attributes": {
            "account_role_name": "CSTA_DBT_DEV_ROLE",
            "all_privileges": false,
            "always_apply": false,
            "always_apply_trigger": null,
            "id": "\"CSTA_DBT_DEV_ROLE\"|false|false|WRITE|OnSchemaObject|OnObject|STAGE|\"CSTA_MARKETING_SHARED\".\"ARTIFACTS\".\"CSTA_DBT_ARTIFACTS\"",
            "on_account": false,
            "on_account_object": [],
            "on_schema": [],
            "on_schema_object": [
              {
                "all": [],
                "future": [],
                "object_name": "CSTA_MARKETING_SHARED.ARTIFACTS.CSTA_DBT_ARTIFACTS",
                "object_type": "STAGE"
              }
            ],
            "privileges": [
              "WRITE"
            ],
            "with_grant_option": false
          },
          "sensitive_attributes": [],
          "identity_schema_version": 0,
          "private": "bnVsbA==",
          "dependencies": [
            "module.databases.snowflake_database.this",
            "module.databases.snowflake_schema.this",
            "module.rbac.snowflake_account_role.db_access_roles",
            "module.rbac.snowflake_account_role.functional_roles",
            "module.rbac.snowflake_account_role.schema_access_roles",
            "module.rbac.snowflake_grant_account_role.anchor_under_sysadmin",
            "module.rbac.snowflake_grant_account_role.cortex_role_grants",
            "module.rbac.snowflake_grant_account_role.functional_access_role_grants",
            "module.rbac.snowflake_grant_account_role.streamlit_inherits_observer",
            "module.rbac.snowflake_grant_privileges_to_account_role.db_modify_create_schema",
            "module.rbac.snowflake_grant_privileges_to_account_role.db_modify_usage",
            "module.rbac.snowflake_grant_privileges_to_account_role.db_read_usage",
            "module.rbac.snowflake_grant_privileges_to_account_role.execute_task",
            "module.rbac.snowflake_grant_privileges_to_account_role.schema_create_procedure",
            "module.rbac.snowflake_grant_privileges_to_account_role.schema_create_stage",
            "module.rbac.snowflake_grant_privileges_to_account_role.schema_create_table",
            "module.rbac.snowflake_grant_privileges_to_account_role.schema_create_task",
            "module.rbac.snowflake_grant_privileges_to_account_role.schema_create_view",
            "module.rbac.snowflake_grant_privileges_to_account_role.schema_dml_all_tables",
            "module.rbac.snowflake_grant_privileges_to_account_role.schema_dml_future_tables",
            "module.rbac.snowflake_grant_privileges_to_account_role.schema_select_all_tables",
            "module.rbac.snowflake_grant_privileges_to_account_role.schema_select_all_views",
            "module.rbac.snowflake_grant_privileges_to_account_role.schema_select_future_tables",
            "module.rbac.snowflake_grant_privileges_to_account_role.schema_select_future_views",
            "module.rbac.snowflake_grant_privileges_to_account_role.schema_usage",
            "module.rbac.snowflake_grant_privileges_to_account_role.warehouse_usage",
            "module.stages.snowflake_grant_privileges_to_account_role.stage_read",
            "module.stages.snowflake_stage.dbt_artifacts",
            "module.warehouses.snowflake_warehouse.this"
          ]
        }
      ]
    },
    {
      "module": "module.stages",
      "mode": "managed",
      "type": "snowflake_secret_with_generic_string",
      "name": "profiles_yml",
      "provider": "provider[\"registry.terraform.io/snowflakedb/snowflake\"]",
      "instances": [
        {
          "index_key": "dev",
          "schema_version": 0,
          "attributes": {
            "comment": "dbt profiles.yml for dev environment; populate via ALTER SECRET after apply",
            "database": "CSTA_MARKETING_SHARED",
            "describe_output": [
              {
                "comment": "dbt profiles.yml for dev environment; populate via ALTER SECRET after apply",
                "created_on": "2026-06-19 00:08:31.208 -0700 PDT",
                "database_name": "CSTA_MARKETING_SHARED",
                "integration_name": "",
                "name": "PROFILES_YML_DEV",
                "oauth_access_token_expiry_time": "",
                "oauth_refresh_token_expiry_time": "",
                "oauth_scopes": [],
                "owner": "ACCOUNTADMIN",
                "schema_name": "ARTIFACTS",
                "secret_type": "GENERIC_STRING",
                "username": ""
              }
            ],
            "fully_qualified_name": "\"CSTA_MARKETING_SHARED\".\"ARTIFACTS\".\"PROFILES_YML_DEV\"",
            "id": "\"CSTA_MARKETING_SHARED\".\"ARTIFACTS\".\"PROFILES_YML_DEV\"",
            "name": "PROFILES_YML_DEV",
            "schema": "ARTIFACTS",
            "secret_string": "",
            "secret_type": "GENERIC_STRING",
            "show_output": [
              {
                "comment": "dbt profiles.yml for dev environment; populate via ALTER SECRET after apply",
                "created_on": "2026-06-19 00:08:31.208 -0700 PDT",
                "database_name": "CSTA_MARKETING_SHARED",
                "name": "PROFILES_YML_DEV",
                "oauth_scopes": [],
                "owner": "ACCOUNTADMIN",
                "owner_role_type": "ROLE",
                "schema_name": "ARTIFACTS",
                "secret_type": "GENERIC_STRING"
              }
            ]
          },
          "sensitive_attributes": [
            [
              {
                "type": "get_attr",
                "value": "secret_string"
              }
            ]
          ],
          "identity_schema_version": 0,
          "private": "bnVsbA==",
          "dependencies": [
            "module.databases.snowflake_database.this",
            "module.databases.snowflake_schema.this",
            "module.rbac.snowflake_account_role.db_access_roles",
            "module.rbac.snowflake_account_role.functional_roles",
            "module.rbac.snowflake_account_role.schema_access_roles",
            "module.rbac.snowflake_grant_account_role.anchor_under_sysadmin",
            "module.rbac.snowflake_grant_account_role.cortex_role_grants",
            "module.rbac.snowflake_grant_account_role.functional_access_role_grants",
            "module.rbac.snowflake_grant_account_role.streamlit_inherits_observer",
            "module.rbac.snowflake_grant_privileges_to_account_role.db_modify_create_schema",
            "module.rbac.snowflake_grant_privileges_to_account_role.db_modify_usage",
            "module.rbac.snowflake_grant_privileges_to_account_role.db_read_usage",
            "module.rbac.snowflake_grant_privileges_to_account_role.execute_task",
            "module.rbac.snowflake_grant_privileges_to_account_role.schema_create_procedure",
            "module.rbac.snowflake_grant_privileges_to_account_role.schema_create_stage",
            "module.rbac.snowflake_grant_privileges_to_account_role.schema_create_table",
            "module.rbac.snowflake_grant_privileges_to_account_role.schema_create_task",
            "module.rbac.snowflake_grant_privileges_to_account_role.schema_create_view",
            "module.rbac.snowflake_grant_privileges_to_account_role.schema_dml_all_tables",
            "module.rbac.snowflake_grant_privileges_to_account_role.schema_dml_future_tables",
            "module.rbac.snowflake_grant_privileges_to_account_role.schema_select_all_tables",
            "module.rbac.snowflake_grant_privileges_to_account_role.schema_select_all_views",
            "module.rbac.snowflake_grant_privileges_to_account_role.schema_select_future_tables",
            "module.rbac.snowflake_grant_privileges_to_account_role.schema_select_future_views",
            "module.rbac.snowflake_grant_privileges_to_account_role.schema_usage",
            "module.rbac.snowflake_grant_privileges_to_account_role.warehouse_usage",
            "module.warehouses.snowflake_warehouse.this"
          ]
        },
        {
          "index_key": "prod",
          "schema_version": 0,
          "attributes": {
            "comment": "dbt profiles.yml for prod environment; populate via ALTER SECRET after apply",
            "database": "CSTA_MARKETING_SHARED",
            "describe_output": [
              {
                "comment": "dbt profiles.yml for prod environment; populate via ALTER SECRET after apply",
                "created_on": "2026-06-19 00:08:31.017 -0700 PDT",
                "database_name": "CSTA_MARKETING_SHARED",
                "integration_name": "",
                "name": "PROFILES_YML_PROD",
                "oauth_access_token_expiry_time": "",
                "oauth_refresh_token_expiry_time": "",
                "oauth_scopes": [],
                "owner": "ACCOUNTADMIN",
                "schema_name": "ARTIFACTS",
                "secret_type": "GENERIC_STRING",
                "username": ""
              }
            ],
            "fully_qualified_name": "\"CSTA_MARKETING_SHARED\".\"ARTIFACTS\".\"PROFILES_YML_PROD\"",
            "id": "\"CSTA_MARKETING_SHARED\".\"ARTIFACTS\".\"PROFILES_YML_PROD\"",
            "name": "PROFILES_YML_PROD",
            "schema": "ARTIFACTS",
            "secret_string": "",
            "secret_type": "GENERIC_STRING",
            "show_output": [
              {
                "comment": "dbt profiles.yml for prod environment; populate via ALTER SECRET after apply",
                "created_on": "2026-06-19 00:08:31.017 -0700 PDT",
                "database_name": "CSTA_MARKETING_SHARED",
                "name": "PROFILES_YML_PROD",
                "oauth_scopes": [],
                "owner": "ACCOUNTADMIN",
                "owner_role_type": "ROLE",
                "schema_name": "ARTIFACTS",
                "secret_type": "GENERIC_STRING"
              }
            ]
          },
          "sensitive_attributes": [
            [
              {
                "type": "get_attr",
                "value": "secret_string"
              }
            ]
          ],
          "identity_schema_version": 0,
          "private": "bnVsbA==",
          "dependencies": [
            "module.databases.snowflake_database.this",
            "module.databases.snowflake_schema.this",
            "module.rbac.snowflake_account_role.db_access_roles",
            "module.rbac.snowflake_account_role.functional_roles",
            "module.rbac.snowflake_account_role.schema_access_roles",
            "module.rbac.snowflake_grant_account_role.anchor_under_sysadmin",
            "module.rbac.snowflake_grant_account_role.cortex_role_grants",
            "module.rbac.snowflake_grant_account_role.functional_access_role_grants",
            "module.rbac.snowflake_grant_account_role.streamlit_inherits_observer",
            "module.rbac.snowflake_grant_privileges_to_account_role.db_modify_create_schema",
            "module.rbac.snowflake_grant_privileges_to_account_role.db_modify_usage",
            "module.rbac.snowflake_grant_privileges_to_account_role.db_read_usage",
            "module.rbac.snowflake_grant_privileges_to_account_role.execute_task",
            "module.rbac.snowflake_grant_privileges_to_account_role.schema_create_procedure",
            "module.rbac.snowflake_grant_privileges_to_account_role.schema_create_stage",
            "module.rbac.snowflake_grant_privileges_to_account_role.schema_create_table",
            "module.rbac.snowflake_grant_privileges_to_account_role.schema_create_task",
            "module.rbac.snowflake_grant_privileges_to_account_role.schema_create_view",
            "module.rbac.snowflake_grant_privileges_to_account_role.schema_dml_all_tables",
            "module.rbac.snowflake_grant_privileges_to_account_role.schema_dml_future_tables",
            "module.rbac.snowflake_grant_privileges_to_account_role.schema_select_all_tables",
            "module.rbac.snowflake_grant_privileges_to_account_role.schema_select_all_views",
            "module.rbac.snowflake_grant_privileges_to_account_role.schema_select_future_tables",
            "module.rbac.snowflake_grant_privileges_to_account_role.schema_select_future_views",
            "module.rbac.snowflake_grant_privileges_to_account_role.schema_usage",
            "module.rbac.snowflake_grant_privileges_to_account_role.warehouse_usage",
            "module.warehouses.snowflake_warehouse.this"
          ]
        },
        {
          "index_key": "uat",
          "schema_version": 0,
          "attributes": {
            "comment": "dbt profiles.yml for uat environment; populate via ALTER SECRET after apply",
            "database": "CSTA_MARKETING_SHARED",
            "describe_output": [
              {
                "comment": "dbt profiles.yml for uat environment; populate via ALTER SECRET after apply",
                "created_on": "2026-06-19 00:08:31.211 -0700 PDT",
                "database_name": "CSTA_MARKETING_SHARED",
                "integration_name": "",
                "name": "PROFILES_YML_UAT",
                "oauth_access_token_expiry_time": "",
                "oauth_refresh_token_expiry_time": "",
                "oauth_scopes": [],
                "owner": "ACCOUNTADMIN",
                "schema_name": "ARTIFACTS",
                "secret_type": "GENERIC_STRING",
                "username": ""
              }
            ],
            "fully_qualified_name": "\"CSTA_MARKETING_SHARED\".\"ARTIFACTS\".\"PROFILES_YML_UAT\"",
            "id": "\"CSTA_MARKETING_SHARED\".\"ARTIFACTS\".\"PROFILES_YML_UAT\"",
            "name": "PROFILES_YML_UAT",
            "schema": "ARTIFACTS",
            "secret_string": "",
            "secret_type": "GENERIC_STRING",
            "show_output": [
              {
                "comment": "dbt profiles.yml for uat environment; populate via ALTER SECRET after apply",
                "created_on": "2026-06-19 00:08:31.211 -0700 PDT",
                "database_name": "CSTA_MARKETING_SHARED",
                "name": "PROFILES_YML_UAT",
                "oauth_scopes": [],
                "owner": "ACCOUNTADMIN",
                "owner_role_type": "ROLE",
                "schema_name": "ARTIFACTS",
                "secret_type": "GENERIC_STRING"
              }
            ]
          },
          "sensitive_attributes": [
            [
              {
                "type": "get_attr",
                "value": "secret_string"
              }
            ]
          ],
          "identity_schema_version": 0,
          "private": "bnVsbA==",
          "dependencies": [
            "module.databases.snowflake_database.this",
            "module.databases.snowflake_schema.this",
            "module.rbac.snowflake_account_role.db_access_roles",
            "module.rbac.snowflake_account_role.functional_roles",
            "module.rbac.snowflake_account_role.schema_access_roles",
            "module.rbac.snowflake_grant_account_role.anchor_under_sysadmin",
            "module.rbac.snowflake_grant_account_role.cortex_role_grants",
            "module.rbac.snowflake_grant_account_role.functional_access_role_grants",
            "module.rbac.snowflake_grant_account_role.streamlit_inherits_observer",
            "module.rbac.snowflake_grant_privileges_to_account_role.db_modify_create_schema",
            "module.rbac.snowflake_grant_privileges_to_account_role.db_modify_usage",
            "module.rbac.snowflake_grant_privileges_to_account_role.db_read_usage",
            "module.rbac.snowflake_grant_privileges_to_account_role.execute_task",
            "module.rbac.snowflake_grant_privileges_to_account_role.schema_create_procedure",
            "module.rbac.snowflake_grant_privileges_to_account_role.schema_create_stage",
            "module.rbac.snowflake_grant_privileges_to_account_role.schema_create_table",
            "module.rbac.snowflake_grant_privileges_to_account_role.schema_create_task",
            "module.rbac.snowflake_grant_privileges_to_account_role.schema_create_view",
            "module.rbac.snowflake_grant_privileges_to_account_role.schema_dml_all_tables",
            "module.rbac.snowflake_grant_privileges_to_account_role.schema_dml_future_tables",
            "module.rbac.snowflake_grant_privileges_to_account_role.schema_select_all_tables",
            "module.rbac.snowflake_grant_privileges_to_account_role.schema_select_all_views",
            "module.rbac.snowflake_grant_privileges_to_account_role.schema_select_future_tables",
            "module.rbac.snowflake_grant_privileges_to_account_role.schema_select_future_views",
            "module.rbac.snowflake_grant_privileges_to_account_role.schema_usage",
            "module.rbac.snowflake_grant_privileges_to_account_role.warehouse_usage",
            "module.warehouses.snowflake_warehouse.this"
          ]
        }
      ]
    },
    {
      "module": "module.stages",
      "mode": "managed",
      "type": "snowflake_stage",
      "name": "dbt_artifacts",
      "provider": "provider[\"registry.terraform.io/snowflakedb/snowflake\"]",
      "instances": [
        {
          "schema_version": 0,
          "attributes": {
            "aws_external_id": "",
            "comment": "Internal stage for dbt artefacts shared across dev/uat/prod environments",
            "copy_options": "",
            "credentials": null,
            "database": "CSTA_MARKETING_SHARED",
            "directory": "ENABLE = true",
            "encryption": "TYPE = 'SNOWFLAKE_SSE'",
            "file_format": "",
            "fully_qualified_name": "\"CSTA_MARKETING_SHARED\".\"ARTIFACTS\".\"CSTA_DBT_ARTIFACTS\"",
            "id": "CSTA_MARKETING_SHARED|ARTIFACTS|CSTA_DBT_ARTIFACTS",
            "name": "CSTA_DBT_ARTIFACTS",
            "schema": "ARTIFACTS",
            "snowflake_iam_user": "",
            "storage_integration": "",
            "tag": [],
            "url": ""
          },
          "sensitive_attributes": [
            [
              {
                "type": "get_attr",
                "value": "credentials"
              }
            ]
          ],
          "identity_schema_version": 0,
          "private": "bnVsbA==",
          "dependencies": [
            "module.databases.snowflake_database.this",
            "module.databases.snowflake_schema.this",
            "module.rbac.snowflake_account_role.db_access_roles",
            "module.rbac.snowflake_account_role.functional_roles",
            "module.rbac.snowflake_account_role.schema_access_roles",
            "module.rbac.snowflake_grant_account_role.anchor_under_sysadmin",
            "module.rbac.snowflake_grant_account_role.cortex_role_grants",
            "module.rbac.snowflake_grant_account_role.functional_access_role_grants",
            "module.rbac.snowflake_grant_account_role.streamlit_inherits_observer",
            "module.rbac.snowflake_grant_privileges_to_account_role.db_modify_create_schema",
            "module.rbac.snowflake_grant_privileges_to_account_role.db_modify_usage",
            "module.rbac.snowflake_grant_privileges_to_account_role.db_read_usage",
            "module.rbac.snowflake_grant_privileges_to_account_role.execute_task",
            "module.rbac.snowflake_grant_privileges_to_account_role.schema_create_procedure",
            "module.rbac.snowflake_grant_privileges_to_account_role.schema_create_stage",
            "module.rbac.snowflake_grant_privileges_to_account_role.schema_create_table",
            "module.rbac.snowflake_grant_privileges_to_account_role.schema_create_task",
            "module.rbac.snowflake_grant_privileges_to_account_role.schema_create_view",
            "module.rbac.snowflake_grant_privileges_to_account_role.schema_dml_all_tables",
            "module.rbac.snowflake_grant_privileges_to_account_role.schema_dml_future_tables",
            "module.rbac.snowflake_grant_privileges_to_account_role.schema_select_all_tables",
            "module.rbac.snowflake_grant_privileges_to_account_role.schema_select_all_views",
            "module.rbac.snowflake_grant_privileges_to_account_role.schema_select_future_tables",
            "module.rbac.snowflake_grant_privileges_to_account_role.schema_select_future_views",
            "module.rbac.snowflake_grant_privileges_to_account_role.schema_usage",
            "module.rbac.snowflake_grant_privileges_to_account_role.warehouse_usage",
            "module.warehouses.snowflake_warehouse.this"
          ]
        }
      ]
    },
    {
      "module": "module.warehouses",
      "mode": "managed",
      "type": "snowflake_warehouse",
      "name": "this",
      "provider": "provider[\"registry.terraform.io/snowflakedb/snowflake\"]",
      "instances": [
        {
          "index_key": "dev",
          "schema_version": 1,
          "attributes": {
            "auto_resume": "true",
            "auto_suspend": 60,
            "comment": "Dev environment — feature branch dbt runs and ad-hoc analyst queries",
            "enable_query_acceleration": "default",
            "fully_qualified_name": "\"CSTA_DBT_DEV_WH\"",
            "id": "CSTA_DBT_DEV_WH",
            "initially_suspended": null,
            "max_cluster_count": 0,
            "max_concurrency_level": 8,
            "min_cluster_count": 0,
            "name": "CSTA_DBT_DEV_WH",
            "parameters": [
              {
                "max_concurrency_level": [
                  {
                    "default": "8",
                    "description": "Maximum number of SQL statements a warehouse cluster can execute concurrently before queuing them. Small SQL statements count as a fraction of 1.",
                    "key": "MAX_CONCURRENCY_LEVEL",
                    "level": "",
                    "value": "8"
                  }
                ],
                "statement_queued_timeout_in_seconds": [
                  {
                    "default": "0",
                    "description": "Timeout in seconds for queued statements: statements will automatically be canceled if they are queued on a warehouse for longer than this amount of time; disabled if set to zero.",
                    "key": "STATEMENT_QUEUED_TIMEOUT_IN_SECONDS",
                    "level": "",
                    "value": "0"
                  }
                ],
                "statement_timeout_in_seconds": [
                  {
                    "default": "172800",
                    "description": "Timeout in seconds for statements: statements are automatically canceled if they run for longer; if set to zero, max value (604800) is enforced.",
                    "key": "STATEMENT_TIMEOUT_IN_SECONDS",
                    "level": "",
                    "value": "172800"
                  }
                ]
              }
            ],
            "query_acceleration_max_scale_factor": -1,
            "resource_monitor": "",
            "scaling_policy": "",
            "show_output": [
              {
                "auto_resume": true,
                "auto_suspend": 60,
                "available": 0,
                "comment": "Dev environment — feature branch dbt runs and ad-hoc analyst queries",
                "created_on": "2026-06-17 23:19:25.8 -0700 PDT",
                "enable_query_acceleration": true,
                "is_current": false,
                "is_default": false,
                "max_cluster_count": 1,
                "min_cluster_count": 1,
                "name": "CSTA_DBT_DEV_WH",
                "other": 0,
                "owner": "SYSADMIN",
                "owner_role_type": "ROLE",
                "provisioning": 0,
                "query_acceleration_max_scale_factor": 2,
                "queued": 0,
                "quiescing": 0,
                "resource_monitor": "",
                "resumed_on": "2026-06-17 23:19:25.807 -0700 PDT",
                "running": 0,
                "scaling_policy": "STANDARD",
                "size": "XSMALL",
                "started_clusters": 0,
                "state": "SUSPENDED",
                "type": "STANDARD",
                "updated_on": "2026-06-18 23:54:55.654 -0700 PDT"
              }
            ],
            "statement_queued_timeout_in_seconds": 0,
            "statement_timeout_in_seconds": 172800,
            "warehouse_size": "XSMALL",
            "warehouse_type": ""
          },
          "sensitive_attributes": [],
          "identity_schema_version": 0,
          "private": "eyJzY2hlbWFfdmVyc2lvbiI6IjEifQ==",
          "dependencies": [
            "module.databases.snowflake_database.this",
            "module.databases.snowflake_schema.this"
          ]
        },
        {
          "index_key": "prod",
          "schema_version": 1,
          "attributes": {
            "auto_resume": "true",
            "auto_suspend": 60,
            "comment": "Prod environment — scheduled prod pipeline (cron 04:00 UTC) and TASK_COST_REPORT",
            "enable_query_acceleration": "default",
            "fully_qualified_name": "\"CSTA_DBT_PROD_WH\"",
            "id": "CSTA_DBT_PROD_WH",
            "initially_suspended": null,
            "max_cluster_count": 0,
            "max_concurrency_level": 8,
            "min_cluster_count": 0,
            "name": "CSTA_DBT_PROD_WH",
            "parameters": [
              {
                "max_concurrency_level": [
                  {
                    "default": "8",
                    "description": "Maximum number of SQL statements a warehouse cluster can execute concurrently before queuing them. Small SQL statements count as a fraction of 1.",
                    "key": "MAX_CONCURRENCY_LEVEL",
                    "level": "",
                    "value": "8"
                  }
                ],
                "statement_queued_timeout_in_seconds": [
                  {
                    "default": "0",
                    "description": "Timeout in seconds for queued statements: statements will automatically be canceled if they are queued on a warehouse for longer than this amount of time; disabled if set to zero.",
                    "key": "STATEMENT_QUEUED_TIMEOUT_IN_SECONDS",
                    "level": "",
                    "value": "0"
                  }
                ],
                "statement_timeout_in_seconds": [
                  {
                    "default": "172800",
                    "description": "Timeout in seconds for statements: statements are automatically canceled if they run for longer; if set to zero, max value (604800) is enforced.",
                    "key": "STATEMENT_TIMEOUT_IN_SECONDS",
                    "level": "",
                    "value": "172800"
                  }
                ]
              }
            ],
            "query_acceleration_max_scale_factor": -1,
            "resource_monitor": "",
            "scaling_policy": "",
            "show_output": [
              {
                "auto_resume": true,
                "auto_suspend": 60,
                "available": 0,
                "comment": "Prod environment — scheduled prod pipeline (cron 04:00 UTC) and TASK_COST_REPORT",
                "created_on": "2026-06-17 23:19:27.261 -0700 PDT",
                "enable_query_acceleration": true,
                "is_current": false,
                "is_default": false,
                "max_cluster_count": 1,
                "min_cluster_count": 1,
                "name": "CSTA_DBT_PROD_WH",
                "other": 0,
                "owner": "SYSADMIN",
                "owner_role_type": "ROLE",
                "provisioning": 0,
                "query_acceleration_max_scale_factor": 2,
                "queued": 0,
                "quiescing": 0,
                "resource_monitor": "",
                "resumed_on": "2026-06-17 23:19:27.267 -0700 PDT",
                "running": 0,
                "scaling_policy": "STANDARD",
                "size": "MEDIUM",
                "started_clusters": 0,
                "state": "SUSPENDED",
                "type": "STANDARD",
                "updated_on": "2026-06-18 23:54:55.519 -0700 PDT"
              }
            ],
            "statement_queued_timeout_in_seconds": 0,
            "statement_timeout_in_seconds": 172800,
            "warehouse_size": "MEDIUM",
            "warehouse_type": ""
          },
          "sensitive_attributes": [],
          "identity_schema_version": 0,
          "private": "eyJzY2hlbWFfdmVyc2lvbiI6IjEifQ==",
          "dependencies": [
            "module.databases.snowflake_database.this",
            "module.databases.snowflake_schema.this"
          ]
        },
        {
          "index_key": "uat",
          "schema_version": 1,
          "attributes": {
            "auto_resume": "true",
            "auto_suspend": 60,
            "comment": "UAT environment — scheduled uat branch pipeline (cron 02:00 UTC)",
            "enable_query_acceleration": "default",
            "fully_qualified_name": "\"CSTA_DBT_UAT_WH\"",
            "id": "CSTA_DBT_UAT_WH",
            "initially_suspended": null,
            "max_cluster_count": 0,
            "max_concurrency_level": 8,
            "min_cluster_count": 0,
            "name": "CSTA_DBT_UAT_WH",
            "parameters": [
              {
                "max_concurrency_level": [
                  {
                    "default": "8",
                    "description": "Maximum number of SQL statements a warehouse cluster can execute concurrently before queuing them. Small SQL statements count as a fraction of 1.",
                    "key": "MAX_CONCURRENCY_LEVEL",
                    "level": "",
                    "value": "8"
                  }
                ],
                "statement_queued_timeout_in_seconds": [
                  {
                    "default": "0",
                    "description": "Timeout in seconds for queued statements: statements will automatically be canceled if they are queued on a warehouse for longer than this amount of time; disabled if set to zero.",
                    "key": "STATEMENT_QUEUED_TIMEOUT_IN_SECONDS",
                    "level": "",
                    "value": "0"
                  }
                ],
                "statement_timeout_in_seconds": [
                  {
                    "default": "172800",
                    "description": "Timeout in seconds for statements: statements are automatically canceled if they run for longer; if set to zero, max value (604800) is enforced.",
                    "key": "STATEMENT_TIMEOUT_IN_SECONDS",
                    "level": "",
                    "value": "172800"
                  }
                ]
              }
            ],
            "query_acceleration_max_scale_factor": -1,
            "resource_monitor": "",
            "scaling_policy": "",
            "show_output": [
              {
                "auto_resume": true,
                "auto_suspend": 60,
                "available": 0,
                "comment": "UAT environment — scheduled uat branch pipeline (cron 02:00 UTC)",
                "created_on": "2026-06-17 23:19:26.531 -0700 PDT",
                "enable_query_acceleration": true,
                "is_current": false,
                "is_default": false,
                "max_cluster_count": 1,
                "min_cluster_count": 1,
                "name": "CSTA_DBT_UAT_WH",
                "other": 0,
                "owner": "SYSADMIN",
                "owner_role_type": "ROLE",
                "provisioning": 0,
                "query_acceleration_max_scale_factor": 2,
                "queued": 0,
                "quiescing": 0,
                "resource_monitor": "",
                "resumed_on": "2026-06-17 23:19:26.531 -0700 PDT",
                "running": 0,
                "scaling_policy": "STANDARD",
                "size": "SMALL",
                "started_clusters": 0,
                "state": "SUSPENDED",
                "type": "STANDARD",
                "updated_on": "2026-06-18 23:54:55.731 -0700 PDT"
              }
            ],
            "statement_queued_timeout_in_seconds": 0,
            "statement_timeout_in_seconds": 172800,
            "warehouse_size": "SMALL",
            "warehouse_type": ""
          },
          "sensitive_attributes": [],
          "identity_schema_version": 0,
          "private": "eyJzY2hlbWFfdmVyc2lvbiI6IjEifQ==",
          "dependencies": [
            "module.databases.snowflake_database.this",
            "module.databases.snowflake_schema.this"
          ]
        }
      ]
    }
  ],
  "check_results": [
    {
      "object_kind": "var",
      "config_addr": "var.environment",
      "status": "pass",
      "objects": [
        {
          "object_addr": "var.environment",
          "status": "pass"
        }
      ]
    }
  ]
}
